{"format_version":"0.1","terraform_version":"0.14.0","variables":{"num_files":{"value":100},"words":{"value":{"adjectives":["bitter","sticky","thundering","abundant","chubby","grumpy"],"adverbs":["delicately","beautifully","quickly","truthfully","wearily"],"nouns":["army","panther","walnuts","sandwich","Zeus","banana","cat","jellyfish","jigsaw","violin","milk","sun"],"numbers":[42,27,101,73,-5,0],"verbs":["run","dance","love","respect","kicked","baked"]}}},"planned_values":{"root_module":{"resources":[{"address":"data.archive_file.mad_libs","mode":"data","type":"archive_file","name":"mad_libs","provider_name":"registry.terraform.io/hashicorp/archive","schema_version":0,"values":{"excludes":null,"output_path":"/Users/sogirala/Terraform-Labs/Functions/madlibs.zip","source":[],"source_content":null,"source_content_filename":null,"source_dir":"./madlibs","source_file":null,"type":"zip"}},{"address":"local_file.mad_libs[0]","mode":"managed","type":"local_file","name":"mad_libs","index":0,"provider_name":"registry.terraform.io/hashicorp/local","schema_version":0,"values":{"content_base64":null,"directory_permission":"0777","file_permission":"0777","filename":"madlibs/madlibs-0.txt","sensitive_content":null}},{"address":"local_file.mad_libs[10]","mode":"managed","type":"local_file","name":"mad_libs","index":10,"provider_name":"registry.terraform.io/hashicorp/local","schema_version":0,"values":{"content_base64":null,"directory_permission":"0777","file_permission":"0777","filename":"madlibs/madlibs-10.txt","sensitive_content":null}},{"address":"local_file.mad_libs[11]","mode":"managed","type":"local_file","name":"mad_libs","index":11,"provider_name":"registry.terraform.io/hashicorp/local","schema_version":0,"values":{"content_base64":null,"directory_permission":"0777","file_permission":"0777","filename":"madlibs/madlibs-11.txt","sensitive_content":null}},{"address":"local_file.mad_libs[12]","mode":"managed","type":"local_file","name":"mad_libs","index":12,"provider_name":"registry.terraform.io/hashicorp/local","schema_version":0,"values":{"content_base64":null,"directory_permission":"0777","file_permission":"0777","filename":"madlibs/madlibs-12.txt","sensitive_content":null}},{"address":"local_file.mad_libs[13]","mode":"managed","type":"local_file","name":"mad_libs","index":13,"provider_name":"registry.terraform.io/hashicorp/local","schema_version":0,"values":{"content_base64":null,"directory_permission":"0777","file_permission":"0777","filename":"madlibs/madlibs-13.txt","sensitive_content":null}},{"address":"local_file.mad_libs[14]","mode":"managed","type":"local_file","name":"mad_libs","index":14,"provider_name":"registry.terraform.io/hashicorp/local","schema_version":0,"values":{"content_base64":null,"directory_permission":"0777","file_permission":"0777","filename":"madlibs/madlibs-14.txt","sensitive_content":null}},{"address":"local_file.mad_libs[15]","mode":"managed","type":"local_file","name":"mad_libs","index":15,"provider_name":"registry.terraform.io/hashicorp/local","schema_version":0,"values":{"content_base64":null,"directory_permission":"0777","file_permission":"0777","filename":"madlibs/madlibs-15.txt","sensitive_content":null}},{"address":"local_file.mad_libs[16]","mode":"managed","type":"local_file","name":"mad_libs","index":16,"provider_name":"registry.terraform.io/hashicorp/local","schema_version":0,"values":{"content_base64":null,"directory_permission":"0777","file_permission":"0777","filename":"madlibs/madlibs-16.txt","sensitive_content":null}},{"address":"local_file.mad_libs[17]","mode":"managed","type":"local_file","name":"mad_libs","index":17,"provider_name":"registry.terraform.io/hashicorp/local","schema_version":0,"values":{"content_base64":null,"directory_permission":"0777","file_permission":"0777","filename":"madlibs/madlibs-17.txt","sensitive_content":null}},{"address":"local_file.mad_libs[18]","mode":"managed","type":"local_file","name":"mad_libs","index":18,"provider_name":"registry.terraform.io/hashicorp/local","schema_version":0,"values":{"content_base64":null,"directory_permission":"0777","file_permission":"0777","filename":"madlibs/madlibs-18.txt","sensitive_content":null}},{"address":"local_file.mad_libs[19]","mode":"managed","type":"local_file","name":"mad_libs","index":19,"provider_name":"registry.terraform.io/hashicorp/local","schema_version":0,"values":{"content_base64":null,"directory_permission":"0777","file_permission":"0777","filename":"madlibs/madlibs-19.txt","sensitive_content":null}},{"address":"local_file.mad_libs[1]","mode":"managed","type":"local_file","name":"mad_libs","index":1,"provider_name":"registry.terraform.io/hashicorp/local","schema_version":0,"values":{"content_base64":null,"directory_permission":"0777","file_permission":"0777","filename":"madlibs/madlibs-1.txt","sensitive_content":null}},{"address":"local_file.mad_libs[20]","mode":"managed","type":"local_file","name":"mad_libs","index":20,"provider_name":"registry.terraform.io/hashicorp/local","schema_version":0,"values":{"content_base64":null,"directory_permission":"0777","file_permission":"0777","filename":"madlibs/madlibs-20.txt","sensitive_content":null}},{"address":"local_file.mad_libs[21]","mode":"managed","type":"local_file","name":"mad_libs","index":21,"provider_name":"registry.terraform.io/hashicorp/local","schema_version":0,"values":{"content_base64":null,"directory_permission":"0777","file_permission":"0777","filename":"madlibs/madlibs-21.txt","sensitive_content":null}},{"address":"local_file.mad_libs[22]","mode":"managed","type":"local_file","name":"mad_libs","index":22,"provider_name":"registry.terraform.io/hashicorp/local","schema_version":0,"values":{"content_base64":null,"directory_permission":"0777","file_permission":"0777","filename":"madlibs/madlibs-22.txt","sensitive_content":null}},{"address":"local_file.mad_libs[23]","mode":"managed","type":"local_file","name":"mad_libs","index":23,"provider_name":"registry.terraform.io/hashicorp/local","schema_version":0,"values":{"content_base64":null,"directory_permission":"0777","file_permission":"0777","filename":"madlibs/madlibs-23.txt","sensitive_content":null}},{"address":"local_file.mad_libs[24]","mode":"managed","type":"local_file","name":"mad_libs","index":24,"provider_name":"registry.terraform.io/hashicorp/local","schema_version":0,"values":{"content_base64":null,"directory_permission":"0777","file_permission":"0777","filename":"madlibs/madlibs-24.txt","sensitive_content":null}},{"address":"local_file.mad_libs[25]","mode":"managed","type":"local_file","name":"mad_libs","index":25,"provider_name":"registry.terraform.io/hashicorp/local","schema_version":0,"values":{"content_base64":null,"directory_permission":"0777","file_permission":"0777","filename":"madlibs/madlibs-25.txt","sensitive_content":null}},{"address":"local_file.mad_libs[26]","mode":"managed","type":"local_file","name":"mad_libs","index":26,"provider_name":"registry.terraform.io/hashicorp/local","schema_version":0,"values":{"content_base64":null,"directory_permission":"0777","file_permission":"0777","filename":"madlibs/madlibs-26.txt","sensitive_content":null}},{"address":"local_file.mad_libs[27]","mode":"managed","type":"local_file","name":"mad_libs","index":27,"provider_name":"registry.terraform.io/hashicorp/local","schema_version":0,"values":{"content_base64":null,"directory_permission":"0777","file_permission":"0777","filename":"madlibs/madlibs-27.txt","sensitive_content":null}},{"address":"local_file.mad_libs[28]","mode":"managed","type":"local_file","name":"mad_libs","index":28,"provider_name":"registry.terraform.io/hashicorp/local","schema_version":0,"values":{"content_base64":null,"directory_permission":"0777","file_permission":"0777","filename":"madlibs/madlibs-28.txt","sensitive_content":null}},{"address":"local_file.mad_libs[29]","mode":"managed","type":"local_file","name":"mad_libs","index":29,"provider_name":"registry.terraform.io/hashicorp/local","schema_version":0,"values":{"content_base64":null,"directory_permission":"0777","file_permission":"0777","filename":"madlibs/madlibs-29.txt","sensitive_content":null}},{"address":"local_file.mad_libs[2]","mode":"managed","type":"local_file","name":"mad_libs","index":2,"provider_name":"registry.terraform.io/hashicorp/local","schema_version":0,"values":{"content_base64":null,"directory_permission":"0777","file_permission":"0777","filename":"madlibs/madlibs-2.txt","sensitive_content":null}},{"address":"local_file.mad_libs[30]","mode":"managed","type":"local_file","name":"mad_libs","index":30,"provider_name":"registry.terraform.io/hashicorp/local","schema_version":0,"values":{"content_base64":null,"directory_permission":"0777","file_permission":"0777","filename":"madlibs/madlibs-30.txt","sensitive_content":null}},{"address":"local_file.mad_libs[31]","mode":"managed","type":"local_file","name":"mad_libs","index":31,"provider_name":"registry.terraform.io/hashicorp/local","schema_version":0,"values":{"content_base64":null,"directory_permission":"0777","file_permission":"0777","filename":"madlibs/madlibs-31.txt","sensitive_content":null}},{"address":"local_file.mad_libs[32]","mode":"managed","type":"local_file","name":"mad_libs","index":32,"provider_name":"registry.terraform.io/hashicorp/local","schema_version":0,"values":{"content_base64":null,"directory_permission":"0777","file_permission":"0777","filename":"madlibs/madlibs-32.txt","sensitive_content":null}},{"address":"local_file.mad_libs[33]","mode":"managed","type":"local_file","name":"mad_libs","index":33,"provider_name":"registry.terraform.io/hashicorp/local","schema_version":0,"values":{"content_base64":null,"directory_permission":"0777","file_permission":"0777","filename":"madlibs/madlibs-33.txt","sensitive_content":null}},{"address":"local_file.mad_libs[34]","mode":"managed","type":"local_file","name":"mad_libs","index":34,"provider_name":"registry.terraform.io/hashicorp/local","schema_version":0,"values":{"content_base64":null,"directory_permission":"0777","file_permission":"0777","filename":"madlibs/madlibs-34.txt","sensitive_content":null}},{"address":"local_file.mad_libs[35]","mode":"managed","type":"local_file","name":"mad_libs","index":35,"provider_name":"registry.terraform.io/hashicorp/local","schema_version":0,"values":{"content_base64":null,"directory_permission":"0777","file_permission":"0777","filename":"madlibs/madlibs-35.txt","sensitive_content":null}},{"address":"local_file.mad_libs[36]","mode":"managed","type":"local_file","name":"mad_libs","index":36,"provider_name":"registry.terraform.io/hashicorp/local","schema_version":0,"values":{"content_base64":null,"directory_permission":"0777","file_permission":"0777","filename":"madlibs/madlibs-36.txt","sensitive_content":null}},{"address":"local_file.mad_libs[37]","mode":"managed","type":"local_file","name":"mad_libs","index":37,"provider_name":"registry.terraform.io/hashicorp/local","schema_version":0,"values":{"content_base64":null,"directory_permission":"0777","file_permission":"0777","filename":"madlibs/madlibs-37.txt","sensitive_content":null}},{"address":"local_file.mad_libs[38]","mode":"managed","type":"local_file","name":"mad_libs","index":38,"provider_name":"registry.terraform.io/hashicorp/local","schema_version":0,"values":{"content_base64":null,"directory_permission":"0777","file_permission":"0777","filename":"madlibs/madlibs-38.txt","sensitive_content":null}},{"address":"local_file.mad_libs[39]","mode":"managed","type":"local_file","name":"mad_libs","index":39,"provider_name":"registry.terraform.io/hashicorp/local","schema_version":0,"values":{"content_base64":null,"directory_permission":"0777","file_permission":"0777","filename":"madlibs/madlibs-39.txt","sensitive_content":null}},{"address":"local_file.mad_libs[3]","mode":"managed","type":"local_file","name":"mad_libs","index":3,"provider_name":"registry.terraform.io/hashicorp/local","schema_version":0,"values":{"content_base64":null,"directory_permission":"0777","file_permission":"0777","filename":"madlibs/madlibs-3.txt","sensitive_content":null}},{"address":"local_file.mad_libs[40]","mode":"managed","type":"local_file","name":"mad_libs","index":40,"provider_name":"registry.terraform.io/hashicorp/local","schema_version":0,"values":{"content_base64":null,"directory_permission":"0777","file_permission":"0777","filename":"madlibs/madlibs-40.txt","sensitive_content":null}},{"address":"local_file.mad_libs[41]","mode":"managed","type":"local_file","name":"mad_libs","index":41,"provider_name":"registry.terraform.io/hashicorp/local","schema_version":0,"values":{"content_base64":null,"directory_permission":"0777","file_permission":"0777","filename":"madlibs/madlibs-41.txt","sensitive_content":null}},{"address":"local_file.mad_libs[42]","mode":"managed","type":"local_file","name":"mad_libs","index":42,"provider_name":"registry.terraform.io/hashicorp/local","schema_version":0,"values":{"content_base64":null,"directory_permission":"0777","file_permission":"0777","filename":"madlibs/madlibs-42.txt","sensitive_content":null}},{"address":"local_file.mad_libs[43]","mode":"managed","type":"local_file","name":"mad_libs","index":43,"provider_name":"registry.terraform.io/hashicorp/local","schema_version":0,"values":{"content_base64":null,"directory_permission":"0777","file_permission":"0777","filename":"madlibs/madlibs-43.txt","sensitive_content":null}},{"address":"local_file.mad_libs[44]","mode":"managed","type":"local_file","name":"mad_libs","index":44,"provider_name":"registry.terraform.io/hashicorp/local","schema_version":0,"values":{"content_base64":null,"directory_permission":"0777","file_permission":"0777","filename":"madlibs/madlibs-44.txt","sensitive_content":null}},{"address":"local_file.mad_libs[45]","mode":"managed","type":"local_file","name":"mad_libs","index":45,"provider_name":"registry.terraform.io/hashicorp/local","schema_version":0,"values":{"content_base64":null,"directory_permission":"0777","file_permission":"0777","filename":"madlibs/madlibs-45.txt","sensitive_content":null}},{"address":"local_file.mad_libs[46]","mode":"managed","type":"local_file","name":"mad_libs","index":46,"provider_name":"registry.terraform.io/hashicorp/local","schema_version":0,"values":{"content_base64":null,"directory_permission":"0777","file_permission":"0777","filename":"madlibs/madlibs-46.txt","sensitive_content":null}},{"address":"local_file.mad_libs[47]","mode":"managed","type":"local_file","name":"mad_libs","index":47,"provider_name":"registry.terraform.io/hashicorp/local","schema_version":0,"values":{"content_base64":null,"directory_permission":"0777","file_permission":"0777","filename":"madlibs/madlibs-47.txt","sensitive_content":null}},{"address":"local_file.mad_libs[48]","mode":"managed","type":"local_file","name":"mad_libs","index":48,"provider_name":"registry.terraform.io/hashicorp/local","schema_version":0,"values":{"content_base64":null,"directory_permission":"0777","file_permission":"0777","filename":"madlibs/madlibs-48.txt","sensitive_content":null}},{"address":"local_file.mad_libs[49]","mode":"managed","type":"local_file","name":"mad_libs","index":49,"provider_name":"registry.terraform.io/hashicorp/local","schema_version":0,"values":{"content_base64":null,"directory_permission":"0777","file_permission":"0777","filename":"madlibs/madlibs-49.txt","sensitive_content":null}},{"address":"local_file.mad_libs[4]","mode":"managed","type":"local_file","name":"mad_libs","index":4,"provider_name":"registry.terraform.io/hashicorp/local","schema_version":0,"values":{"content_base64":null,"directory_permission":"0777","file_permission":"0777","filename":"madlibs/madlibs-4.txt","sensitive_content":null}},{"address":"local_file.mad_libs[50]","mode":"managed","type":"local_file","name":"mad_libs","index":50,"provider_name":"registry.terraform.io/hashicorp/local","schema_version":0,"values":{"content_base64":null,"directory_permission":"0777","file_permission":"0777","filename":"madlibs/madlibs-50.txt","sensitive_content":null}},{"address":"local_file.mad_libs[51]","mode":"managed","type":"local_file","name":"mad_libs","index":51,"provider_name":"registry.terraform.io/hashicorp/local","schema_version":0,"values":{"content_base64":null,"directory_permission":"0777","file_permission":"0777","filename":"madlibs/madlibs-51.txt","sensitive_content":null}},{"address":"local_file.mad_libs[52]","mode":"managed","type":"local_file","name":"mad_libs","index":52,"provider_name":"registry.terraform.io/hashicorp/local","schema_version":0,"values":{"content_base64":null,"directory_permission":"0777","file_permission":"0777","filename":"madlibs/madlibs-52.txt","sensitive_content":null}},{"address":"local_file.mad_libs[53]","mode":"managed","type":"local_file","name":"mad_libs","index":53,"provider_name":"registry.terraform.io/hashicorp/local","schema_version":0,"values":{"content_base64":null,"directory_permission":"0777","file_permission":"0777","filename":"madlibs/madlibs-53.txt","sensitive_content":null}},{"address":"local_file.mad_libs[54]","mode":"managed","type":"local_file","name":"mad_libs","index":54,"provider_name":"registry.terraform.io/hashicorp/local","schema_version":0,"values":{"content_base64":null,"directory_permission":"0777","file_permission":"0777","filename":"madlibs/madlibs-54.txt","sensitive_content":null}},{"address":"local_file.mad_libs[55]","mode":"managed","type":"local_file","name":"mad_libs","index":55,"provider_name":"registry.terraform.io/hashicorp/local","schema_version":0,"values":{"content_base64":null,"directory_permission":"0777","file_permission":"0777","filename":"madlibs/madlibs-55.txt","sensitive_content":null}},{"address":"local_file.mad_libs[56]","mode":"managed","type":"local_file","name":"mad_libs","index":56,"provider_name":"registry.terraform.io/hashicorp/local","schema_version":0,"values":{"content_base64":null,"directory_permission":"0777","file_permission":"0777","filename":"madlibs/madlibs-56.txt","sensitive_content":null}},{"address":"local_file.mad_libs[57]","mode":"managed","type":"local_file","name":"mad_libs","index":57,"provider_name":"registry.terraform.io/hashicorp/local","schema_version":0,"values":{"content_base64":null,"directory_permission":"0777","file_permission":"0777","filename":"madlibs/madlibs-57.txt","sensitive_content":null}},{"address":"local_file.mad_libs[58]","mode":"managed","type":"local_file","name":"mad_libs","index":58,"provider_name":"registry.terraform.io/hashicorp/local","schema_version":0,"values":{"content_base64":null,"directory_permission":"0777","file_permission":"0777","filename":"madlibs/madlibs-58.txt","sensitive_content":null}},{"address":"local_file.mad_libs[59]","mode":"managed","type":"local_file","name":"mad_libs","index":59,"provider_name":"registry.terraform.io/hashicorp/local","schema_version":0,"values":{"content_base64":null,"directory_permission":"0777","file_permission":"0777","filename":"madlibs/madlibs-59.txt","sensitive_content":null}},{"address":"local_file.mad_libs[5]","mode":"managed","type":"local_file","name":"mad_libs","index":5,"provider_name":"registry.terraform.io/hashicorp/local","schema_version":0,"values":{"content_base64":null,"directory_permission":"0777","file_permission":"0777","filename":"madlibs/madlibs-5.txt","sensitive_content":null}},{"address":"local_file.mad_libs[60]","mode":"managed","type":"local_file","name":"mad_libs","index":60,"provider_name":"registry.terraform.io/hashicorp/local","schema_version":0,"values":{"content_base64":null,"directory_permission":"0777","file_permission":"0777","filename":"madlibs/madlibs-60.txt","sensitive_content":null}},{"address":"local_file.mad_libs[61]","mode":"managed","type":"local_file","name":"mad_libs","index":61,"provider_name":"registry.terraform.io/hashicorp/local","schema_version":0,"values":{"content_base64":null,"directory_permission":"0777","file_permission":"0777","filename":"madlibs/madlibs-61.txt","sensitive_content":null}},{"address":"local_file.mad_libs[62]","mode":"managed","type":"local_file","name":"mad_libs","index":62,"provider_name":"registry.terraform.io/hashicorp/local","schema_version":0,"values":{"content_base64":null,"directory_permission":"0777","file_permission":"0777","filename":"madlibs/madlibs-62.txt","sensitive_content":null}},{"address":"local_file.mad_libs[63]","mode":"managed","type":"local_file","name":"mad_libs","index":63,"provider_name":"registry.terraform.io/hashicorp/local","schema_version":0,"values":{"content_base64":null,"directory_permission":"0777","file_permission":"0777","filename":"madlibs/madlibs-63.txt","sensitive_content":null}},{"address":"local_file.mad_libs[64]","mode":"managed","type":"local_file","name":"mad_libs","index":64,"provider_name":"registry.terraform.io/hashicorp/local","schema_version":0,"values":{"content_base64":null,"directory_permission":"0777","file_permission":"0777","filename":"madlibs/madlibs-64.txt","sensitive_content":null}},{"address":"local_file.mad_libs[65]","mode":"managed","type":"local_file","name":"mad_libs","index":65,"provider_name":"registry.terraform.io/hashicorp/local","schema_version":0,"values":{"content_base64":null,"directory_permission":"0777","file_permission":"0777","filename":"madlibs/madlibs-65.txt","sensitive_content":null}},{"address":"local_file.mad_libs[66]","mode":"managed","type":"local_file","name":"mad_libs","index":66,"provider_name":"registry.terraform.io/hashicorp/local","schema_version":0,"values":{"content_base64":null,"directory_permission":"0777","file_permission":"0777","filename":"madlibs/madlibs-66.txt","sensitive_content":null}},{"address":"local_file.mad_libs[67]","mode":"managed","type":"local_file","name":"mad_libs","index":67,"provider_name":"registry.terraform.io/hashicorp/local","schema_version":0,"values":{"content_base64":null,"directory_permission":"0777","file_permission":"0777","filename":"madlibs/madlibs-67.txt","sensitive_content":null}},{"address":"local_file.mad_libs[68]","mode":"managed","type":"local_file","name":"mad_libs","index":68,"provider_name":"registry.terraform.io/hashicorp/local","schema_version":0,"values":{"content_base64":null,"directory_permission":"0777","file_permission":"0777","filename":"madlibs/madlibs-68.txt","sensitive_content":null}},{"address":"local_file.mad_libs[69]","mode":"managed","type":"local_file","name":"mad_libs","index":69,"provider_name":"registry.terraform.io/hashicorp/local","schema_version":0,"values":{"content_base64":null,"directory_permission":"0777","file_permission":"0777","filename":"madlibs/madlibs-69.txt","sensitive_content":null}},{"address":"local_file.mad_libs[6]","mode":"managed","type":"local_file","name":"mad_libs","index":6,"provider_name":"registry.terraform.io/hashicorp/local","schema_version":0,"values":{"content_base64":null,"directory_permission":"0777","file_permission":"0777","filename":"madlibs/madlibs-6.txt","sensitive_content":null}},{"address":"local_file.mad_libs[70]","mode":"managed","type":"local_file","name":"mad_libs","index":70,"provider_name":"registry.terraform.io/hashicorp/local","schema_version":0,"values":{"content_base64":null,"directory_permission":"0777","file_permission":"0777","filename":"madlibs/madlibs-70.txt","sensitive_content":null}},{"address":"local_file.mad_libs[71]","mode":"managed","type":"local_file","name":"mad_libs","index":71,"provider_name":"registry.terraform.io/hashicorp/local","schema_version":0,"values":{"content_base64":null,"directory_permission":"0777","file_permission":"0777","filename":"madlibs/madlibs-71.txt","sensitive_content":null}},{"address":"local_file.mad_libs[72]","mode":"managed","type":"local_file","name":"mad_libs","index":72,"provider_name":"registry.terraform.io/hashicorp/local","schema_version":0,"values":{"content_base64":null,"directory_permission":"0777","file_permission":"0777","filename":"madlibs/madlibs-72.txt","sensitive_content":null}},{"address":"local_file.mad_libs[73]","mode":"managed","type":"local_file","name":"mad_libs","index":73,"provider_name":"registry.terraform.io/hashicorp/local","schema_version":0,"values":{"content_base64":null,"directory_permission":"0777","file_permission":"0777","filename":"madlibs/madlibs-73.txt","sensitive_content":null}},{"address":"local_file.mad_libs[74]","mode":"managed","type":"local_file","name":"mad_libs","index":74,"provider_name":"registry.terraform.io/hashicorp/local","schema_version":0,"values":{"content_base64":null,"directory_permission":"0777","file_permission":"0777","filename":"madlibs/madlibs-74.txt","sensitive_content":null}},{"address":"local_file.mad_libs[75]","mode":"managed","type":"local_file","name":"mad_libs","index":75,"provider_name":"registry.terraform.io/hashicorp/local","schema_version":0,"values":{"content_base64":null,"directory_permission":"0777","file_permission":"0777","filename":"madlibs/madlibs-75.txt","sensitive_content":null}},{"address":"local_file.mad_libs[76]","mode":"managed","type":"local_file","name":"mad_libs","index":76,"provider_name":"registry.terraform.io/hashicorp/local","schema_version":0,"values":{"content_base64":null,"directory_permission":"0777","file_permission":"0777","filename":"madlibs/madlibs-76.txt","sensitive_content":null}},{"address":"local_file.mad_libs[77]","mode":"managed","type":"local_file","name":"mad_libs","index":77,"provider_name":"registry.terraform.io/hashicorp/local","schema_version":0,"values":{"content_base64":null,"directory_permission":"0777","file_permission":"0777","filename":"madlibs/madlibs-77.txt","sensitive_content":null}},{"address":"local_file.mad_libs[78]","mode":"managed","type":"local_file","name":"mad_libs","index":78,"provider_name":"registry.terraform.io/hashicorp/local","schema_version":0,"values":{"content_base64":null,"directory_permission":"0777","file_permission":"0777","filename":"madlibs/madlibs-78.txt","sensitive_content":null}},{"address":"local_file.mad_libs[79]","mode":"managed","type":"local_file","name":"mad_libs","index":79,"provider_name":"registry.terraform.io/hashicorp/local","schema_version":0,"values":{"content_base64":null,"directory_permission":"0777","file_permission":"0777","filename":"madlibs/madlibs-79.txt","sensitive_content":null}},{"address":"local_file.mad_libs[7]","mode":"managed","type":"local_file","name":"mad_libs","index":7,"provider_name":"registry.terraform.io/hashicorp/local","schema_version":0,"values":{"content_base64":null,"directory_permission":"0777","file_permission":"0777","filename":"madlibs/madlibs-7.txt","sensitive_content":null}},{"address":"local_file.mad_libs[80]","mode":"managed","type":"local_file","name":"mad_libs","index":80,"provider_name":"registry.terraform.io/hashicorp/local","schema_version":0,"values":{"content_base64":null,"directory_permission":"0777","file_permission":"0777","filename":"madlibs/madlibs-80.txt","sensitive_content":null}},{"address":"local_file.mad_libs[81]","mode":"managed","type":"local_file","name":"mad_libs","index":81,"provider_name":"registry.terraform.io/hashicorp/local","schema_version":0,"values":{"content_base64":null,"directory_permission":"0777","file_permission":"0777","filename":"madlibs/madlibs-81.txt","sensitive_content":null}},{"address":"local_file.mad_libs[82]","mode":"managed","type":"local_file","name":"mad_libs","index":82,"provider_name":"registry.terraform.io/hashicorp/local","schema_version":0,"values":{"content_base64":null,"directory_permission":"0777","file_permission":"0777","filename":"madlibs/madlibs-82.txt","sensitive_content":null}},{"address":"local_file.mad_libs[83]","mode":"managed","type":"local_file","name":"mad_libs","index":83,"provider_name":"registry.terraform.io/hashicorp/local","schema_version":0,"values":{"content_base64":null,"directory_permission":"0777","file_permission":"0777","filename":"madlibs/madlibs-83.txt","sensitive_content":null}},{"address":"local_file.mad_libs[84]","mode":"managed","type":"local_file","name":"mad_libs","index":84,"provider_name":"registry.terraform.io/hashicorp/local","schema_version":0,"values":{"content_base64":null,"directory_permission":"0777","file_permission":"0777","filename":"madlibs/madlibs-84.txt","sensitive_content":null}},{"address":"local_file.mad_libs[85]","mode":"managed","type":"local_file","name":"mad_libs","index":85,"provider_name":"registry.terraform.io/hashicorp/local","schema_version":0,"values":{"content_base64":null,"directory_permission":"0777","file_permission":"0777","filename":"madlibs/madlibs-85.txt","sensitive_content":null}},{"address":"local_file.mad_libs[86]","mode":"managed","type":"local_file","name":"mad_libs","index":86,"provider_name":"registry.terraform.io/hashicorp/local","schema_version":0,"values":{"content_base64":null,"directory_permission":"0777","file_permission":"0777","filename":"madlibs/madlibs-86.txt","sensitive_content":null}},{"address":"local_file.mad_libs[87]","mode":"managed","type":"local_file","name":"mad_libs","index":87,"provider_name":"registry.terraform.io/hashicorp/local","schema_version":0,"values":{"content_base64":null,"directory_permission":"0777","file_permission":"0777","filename":"madlibs/madlibs-87.txt","sensitive_content":null}},{"address":"local_file.mad_libs[88]","mode":"managed","type":"local_file","name":"mad_libs","index":88,"provider_name":"registry.terraform.io/hashicorp/local","schema_version":0,"values":{"content_base64":null,"directory_permission":"0777","file_permission":"0777","filename":"madlibs/madlibs-88.txt","sensitive_content":null}},{"address":"local_file.mad_libs[89]","mode":"managed","type":"local_file","name":"mad_libs","index":89,"provider_name":"registry.terraform.io/hashicorp/local","schema_version":0,"values":{"content_base64":null,"directory_permission":"0777","file_permission":"0777","filename":"madlibs/madlibs-89.txt","sensitive_content":null}},{"address":"local_file.mad_libs[8]","mode":"managed","type":"local_file","name":"mad_libs","index":8,"provider_name":"registry.terraform.io/hashicorp/local","schema_version":0,"values":{"content_base64":null,"directory_permission":"0777","file_permission":"0777","filename":"madlibs/madlibs-8.txt","sensitive_content":null}},{"address":"local_file.mad_libs[90]","mode":"managed","type":"local_file","name":"mad_libs","index":90,"provider_name":"registry.terraform.io/hashicorp/local","schema_version":0,"values":{"content_base64":null,"directory_permission":"0777","file_permission":"0777","filename":"madlibs/madlibs-90.txt","sensitive_content":null}},{"address":"local_file.mad_libs[91]","mode":"managed","type":"local_file","name":"mad_libs","index":91,"provider_name":"registry.terraform.io/hashicorp/local","schema_version":0,"values":{"content_base64":null,"directory_permission":"0777","file_permission":"0777","filename":"madlibs/madlibs-91.txt","sensitive_content":null}},{"address":"local_file.mad_libs[92]","mode":"managed","type":"local_file","name":"mad_libs","index":92,"provider_name":"registry.terraform.io/hashicorp/local","schema_version":0,"values":{"content_base64":null,"directory_permission":"0777","file_permission":"0777","filename":"madlibs/madlibs-92.txt","sensitive_content":null}},{"address":"local_file.mad_libs[93]","mode":"managed","type":"local_file","name":"mad_libs","index":93,"provider_name":"registry.terraform.io/hashicorp/local","schema_version":0,"values":{"content_base64":null,"directory_permission":"0777","file_permission":"0777","filename":"madlibs/madlibs-93.txt","sensitive_content":null}},{"address":"local_file.mad_libs[94]","mode":"managed","type":"local_file","name":"mad_libs","index":94,"provider_name":"registry.terraform.io/hashicorp/local","schema_version":0,"values":{"content_base64":null,"directory_permission":"0777","file_permission":"0777","filename":"madlibs/madlibs-94.txt","sensitive_content":null}},{"address":"local_file.mad_libs[95]","mode":"managed","type":"local_file","name":"mad_libs","index":95,"provider_name":"registry.terraform.io/hashicorp/local","schema_version":0,"values":{"content_base64":null,"directory_permission":"0777","file_permission":"0777","filename":"madlibs/madlibs-95.txt","sensitive_content":null}},{"address":"local_file.mad_libs[96]","mode":"managed","type":"local_file","name":"mad_libs","index":96,"provider_name":"registry.terraform.io/hashicorp/local","schema_version":0,"values":{"content_base64":null,"directory_permission":"0777","file_permission":"0777","filename":"madlibs/madlibs-96.txt","sensitive_content":null}},{"address":"local_file.mad_libs[97]","mode":"managed","type":"local_file","name":"mad_libs","index":97,"provider_name":"registry.terraform.io/hashicorp/local","schema_version":0,"values":{"content_base64":null,"directory_permission":"0777","file_permission":"0777","filename":"madlibs/madlibs-97.txt","sensitive_content":null}},{"address":"local_file.mad_libs[98]","mode":"managed","type":"local_file","name":"mad_libs","index":98,"provider_name":"registry.terraform.io/hashicorp/local","schema_version":0,"values":{"content_base64":null,"directory_permission":"0777","file_permission":"0777","filename":"madlibs/madlibs-98.txt","sensitive_content":null}},{"address":"local_file.mad_libs[99]","mode":"managed","type":"local_file","name":"mad_libs","index":99,"provider_name":"registry.terraform.io/hashicorp/local","schema_version":0,"values":{"content_base64":null,"directory_permission":"0777","file_permission":"0777","filename":"madlibs/madlibs-99.txt","sensitive_content":null}},{"address":"local_file.mad_libs[9]","mode":"managed","type":"local_file","name":"mad_libs","index":9,"provider_name":"registry.terraform.io/hashicorp/local","schema_version":0,"values":{"content_base64":null,"directory_permission":"0777","file_permission":"0777","filename":"madlibs/madlibs-9.txt","sensitive_content":null}},{"address":"random_shuffle.random_adjectives[0]","mode":"managed","type":"random_shuffle","name":"random_adjectives","index":0,"provider_name":"registry.terraform.io/hashicorp/random","schema_version":0,"values":{"input":["BITTER","STICKY","THUNDERING","ABUNDANT","CHUBBY","GRUMPY"],"keepers":null,"result_count":null,"seed":null}},{"address":"random_shuffle.random_adjectives[10]","mode":"managed","type":"random_shuffle","name":"random_adjectives","index":10,"provider_name":"registry.terraform.io/hashicorp/random","schema_version":0,"values":{"input":["BITTER","STICKY","THUNDERING","ABUNDANT","CHUBBY","GRUMPY"],"keepers":null,"result_count":null,"seed":null}},{"address":"random_shuffle.random_adjectives[11]","mode":"managed","type":"random_shuffle","name":"random_adjectives","index":11,"provider_name":"registry.terraform.io/hashicorp/random","schema_version":0,"values":{"input":["BITTER","STICKY","THUNDERING","ABUNDANT","CHUBBY","GRUMPY"],"keepers":null,"result_count":null,"seed":null}},{"address":"random_shuffle.random_adjectives[12]","mode":"managed","type":"random_shuffle","name":"random_adjectives","index":12,"provider_name":"registry.terraform.io/hashicorp/random","schema_version":0,"values":{"input":["BITTER","STICKY","THUNDERING","ABUNDANT","CHUBBY","GRUMPY"],"keepers":null,"result_count":null,"seed":null}},{"address":"random_shuffle.random_adjectives[13]","mode":"managed","type":"random_shuffle","name":"random_adjectives","index":13,"provider_name":"registry.terraform.io/hashicorp/random","schema_version":0,"values":{"input":["BITTER","STICKY","THUNDERING","ABUNDANT","CHUBBY","GRUMPY"],"keepers":null,"result_count":null,"seed":null}},{"address":"random_shuffle.random_adjectives[14]","mode":"managed","type":"random_shuffle","name":"random_adjectives","index":14,"provider_name":"registry.terraform.io/hashicorp/random","schema_version":0,"values":{"input":["BITTER","STICKY","THUNDERING","ABUNDANT","CHUBBY","GRUMPY"],"keepers":null,"result_count":null,"seed":null}},{"address":"random_shuffle.random_adjectives[15]","mode":"managed","type":"random_shuffle","name":"random_adjectives","index":15,"provider_name":"registry.terraform.io/hashicorp/random","schema_version":0,"values":{"input":["BITTER","STICKY","THUNDERING","ABUNDANT","CHUBBY","GRUMPY"],"keepers":null,"result_count":null,"seed":null}},{"address":"random_shuffle.random_adjectives[16]","mode":"managed","type":"random_shuffle","name":"random_adjectives","index":16,"provider_name":"registry.terraform.io/hashicorp/random","schema_version":0,"values":{"input":["BITTER","STICKY","THUNDERING","ABUNDANT","CHUBBY","GRUMPY"],"keepers":null,"result_count":null,"seed":null}},{"address":"random_shuffle.random_adjectives[17]","mode":"managed","type":"random_shuffle","name":"random_adjectives","index":17,"provider_name":"registry.terraform.io/hashicorp/random","schema_version":0,"values":{"input":["BITTER","STICKY","THUNDERING","ABUNDANT","CHUBBY","GRUMPY"],"keepers":null,"result_count":null,"seed":null}},{"address":"random_shuffle.random_adjectives[18]","mode":"managed","type":"random_shuffle","name":"random_adjectives","index":18,"provider_name":"registry.terraform.io/hashicorp/random","schema_version":0,"values":{"input":["BITTER","STICKY","THUNDERING","ABUNDANT","CHUBBY","GRUMPY"],"keepers":null,"result_count":null,"seed":null}},{"address":"random_shuffle.random_adjectives[19]","mode":"managed","type":"random_shuffle","name":"random_adjectives","index":19,"provider_name":"registry.terraform.io/hashicorp/random","schema_version":0,"values":{"input":["BITTER","STICKY","THUNDERING","ABUNDANT","CHUBBY","GRUMPY"],"keepers":null,"result_count":null,"seed":null}},{"address":"random_shuffle.random_adjectives[1]","mode":"managed","type":"random_shuffle","name":"random_adjectives","index":1,"provider_name":"registry.terraform.io/hashicorp/random","schema_version":0,"values":{"input":["BITTER","STICKY","THUNDERING","ABUNDANT","CHUBBY","GRUMPY"],"keepers":null,"result_count":null,"seed":null}},{"address":"random_shuffle.random_adjectives[20]","mode":"managed","type":"random_shuffle","name":"random_adjectives","index":20,"provider_name":"registry.terraform.io/hashicorp/random","schema_version":0,"values":{"input":["BITTER","STICKY","THUNDERING","ABUNDANT","CHUBBY","GRUMPY"],"keepers":null,"result_count":null,"seed":null}},{"address":"random_shuffle.random_adjectives[21]","mode":"managed","type":"random_shuffle","name":"random_adjectives","index":21,"provider_name":"registry.terraform.io/hashicorp/random","schema_version":0,"values":{"input":["BITTER","STICKY","THUNDERING","ABUNDANT","CHUBBY","GRUMPY"],"keepers":null,"result_count":null,"seed":null}},{"address":"random_shuffle.random_adjectives[22]","mode":"managed","type":"random_shuffle","name":"random_adjectives","index":22,"provider_name":"registry.terraform.io/hashicorp/random","schema_version":0,"values":{"input":["BITTER","STICKY","THUNDERING","ABUNDANT","CHUBBY","GRUMPY"],"keepers":null,"result_count":null,"seed":null}},{"address":"random_shuffle.random_adjectives[23]","mode":"managed","type":"random_shuffle","name":"random_adjectives","index":23,"provider_name":"registry.terraform.io/hashicorp/random","schema_version":0,"values":{"input":["BITTER","STICKY","THUNDERING","ABUNDANT","CHUBBY","GRUMPY"],"keepers":null,"result_count":null,"seed":null}},{"address":"random_shuffle.random_adjectives[24]","mode":"managed","type":"random_shuffle","name":"random_adjectives","index":24,"provider_name":"registry.terraform.io/hashicorp/random","schema_version":0,"values":{"input":["BITTER","STICKY","THUNDERING","ABUNDANT","CHUBBY","GRUMPY"],"keepers":null,"result_count":null,"seed":null}},{"address":"random_shuffle.random_adjectives[25]","mode":"managed","type":"random_shuffle","name":"random_adjectives","index":25,"provider_name":"registry.terraform.io/hashicorp/random","schema_version":0,"values":{"input":["BITTER","STICKY","THUNDERING","ABUNDANT","CHUBBY","GRUMPY"],"keepers":null,"result_count":null,"seed":null}},{"address":"random_shuffle.random_adjectives[26]","mode":"managed","type":"random_shuffle","name":"random_adjectives","index":26,"provider_name":"registry.terraform.io/hashicorp/random","schema_version":0,"values":{"input":["BITTER","STICKY","THUNDERING","ABUNDANT","CHUBBY","GRUMPY"],"keepers":null,"result_count":null,"seed":null}},{"address":"random_shuffle.random_adjectives[27]","mode":"managed","type":"random_shuffle","name":"random_adjectives","index":27,"provider_name":"registry.terraform.io/hashicorp/random","schema_version":0,"values":{"input":["BITTER","STICKY","THUNDERING","ABUNDANT","CHUBBY","GRUMPY"],"keepers":null,"result_count":null,"seed":null}},{"address":"random_shuffle.random_adjectives[28]","mode":"managed","type":"random_shuffle","name":"random_adjectives","index":28,"provider_name":"registry.terraform.io/hashicorp/random","schema_version":0,"values":{"input":["BITTER","STICKY","THUNDERING","ABUNDANT","CHUBBY","GRUMPY"],"keepers":null,"result_count":null,"seed":null}},{"address":"random_shuffle.random_adjectives[29]","mode":"managed","type":"random_shuffle","name":"random_adjectives","index":29,"provider_name":"registry.terraform.io/hashicorp/random","schema_version":0,"values":{"input":["BITTER","STICKY","THUNDERING","ABUNDANT","CHUBBY","GRUMPY"],"keepers":null,"result_count":null,"seed":null}},{"address":"random_shuffle.random_adjectives[2]","mode":"managed","type":"random_shuffle","name":"random_adjectives","index":2,"provider_name":"registry.terraform.io/hashicorp/random","schema_version":0,"values":{"input":["BITTER","STICKY","THUNDERING","ABUNDANT","CHUBBY","GRUMPY"],"keepers":null,"result_count":null,"seed":null}},{"address":"random_shuffle.random_adjectives[30]","mode":"managed","type":"random_shuffle","name":"random_adjectives","index":30,"provider_name":"registry.terraform.io/hashicorp/random","schema_version":0,"values":{"input":["BITTER","STICKY","THUNDERING","ABUNDANT","CHUBBY","GRUMPY"],"keepers":null,"result_count":null,"seed":null}},{"address":"random_shuffle.random_adjectives[31]","mode":"managed","type":"random_shuffle","name":"random_adjectives","index":31,"provider_name":"registry.terraform.io/hashicorp/random","schema_version":0,"values":{"input":["BITTER","STICKY","THUNDERING","ABUNDANT","CHUBBY","GRUMPY"],"keepers":null,"result_count":null,"seed":null}},{"address":"random_shuffle.random_adjectives[32]","mode":"managed","type":"random_shuffle","name":"random_adjectives","index":32,"provider_name":"registry.terraform.io/hashicorp/random","schema_version":0,"values":{"input":["BITTER","STICKY","THUNDERING","ABUNDANT","CHUBBY","GRUMPY"],"keepers":null,"result_count":null,"seed":null}},{"address":"random_shuffle.random_adjectives[33]","mode":"managed","type":"random_shuffle","name":"random_adjectives","index":33,"provider_name":"registry.terraform.io/hashicorp/random","schema_version":0,"values":{"input":["BITTER","STICKY","THUNDERING","ABUNDANT","CHUBBY","GRUMPY"],"keepers":null,"result_count":null,"seed":null}},{"address":"random_shuffle.random_adjectives[34]","mode":"managed","type":"random_shuffle","name":"random_adjectives","index":34,"provider_name":"registry.terraform.io/hashicorp/random","schema_version":0,"values":{"input":["BITTER","STICKY","THUNDERING","ABUNDANT","CHUBBY","GRUMPY"],"keepers":null,"result_count":null,"seed":null}},{"address":"random_shuffle.random_adjectives[35]","mode":"managed","type":"random_shuffle","name":"random_adjectives","index":35,"provider_name":"registry.terraform.io/hashicorp/random","schema_version":0,"values":{"input":["BITTER","STICKY","THUNDERING","ABUNDANT","CHUBBY","GRUMPY"],"keepers":null,"result_count":null,"seed":null}},{"address":"random_shuffle.random_adjectives[36]","mode":"managed","type":"random_shuffle","name":"random_adjectives","index":36,"provider_name":"registry.terraform.io/hashicorp/random","schema_version":0,"values":{"input":["BITTER","STICKY","THUNDERING","ABUNDANT","CHUBBY","GRUMPY"],"keepers":null,"result_count":null,"seed":null}},{"address":"random_shuffle.random_adjectives[37]","mode":"managed","type":"random_shuffle","name":"random_adjectives","index":37,"provider_name":"registry.terraform.io/hashicorp/random","schema_version":0,"values":{"input":["BITTER","STICKY","THUNDERING","ABUNDANT","CHUBBY","GRUMPY"],"keepers":null,"result_count":null,"seed":null}},{"address":"random_shuffle.random_adjectives[38]","mode":"managed","type":"random_shuffle","name":"random_adjectives","index":38,"provider_name":"registry.terraform.io/hashicorp/random","schema_version":0,"values":{"input":["BITTER","STICKY","THUNDERING","ABUNDANT","CHUBBY","GRUMPY"],"keepers":null,"result_count":null,"seed":null}},{"address":"random_shuffle.random_adjectives[39]","mode":"managed","type":"random_shuffle","name":"random_adjectives","index":39,"provider_name":"registry.terraform.io/hashicorp/random","schema_version":0,"values":{"input":["BITTER","STICKY","THUNDERING","ABUNDANT","CHUBBY","GRUMPY"],"keepers":null,"result_count":null,"seed":null}},{"address":"random_shuffle.random_adjectives[3]","mode":"managed","type":"random_shuffle","name":"random_adjectives","index":3,"provider_name":"registry.terraform.io/hashicorp/random","schema_version":0,"values":{"input":["BITTER","STICKY","THUNDERING","ABUNDANT","CHUBBY","GRUMPY"],"keepers":null,"result_count":null,"seed":null}},{"address":"random_shuffle.random_adjectives[40]","mode":"managed","type":"random_shuffle","name":"random_adjectives","index":40,"provider_name":"registry.terraform.io/hashicorp/random","schema_version":0,"values":{"input":["BITTER","STICKY","THUNDERING","ABUNDANT","CHUBBY","GRUMPY"],"keepers":null,"result_count":null,"seed":null}},{"address":"random_shuffle.random_adjectives[41]","mode":"managed","type":"random_shuffle","name":"random_adjectives","index":41,"provider_name":"registry.terraform.io/hashicorp/random","schema_version":0,"values":{"input":["BITTER","STICKY","THUNDERING","ABUNDANT","CHUBBY","GRUMPY"],"keepers":null,"result_count":null,"seed":null}},{"address":"random_shuffle.random_adjectives[42]","mode":"managed","type":"random_shuffle","name":"random_adjectives","index":42,"provider_name":"registry.terraform.io/hashicorp/random","schema_version":0,"values":{"input":["BITTER","STICKY","THUNDERING","ABUNDANT","CHUBBY","GRUMPY"],"keepers":null,"result_count":null,"seed":null}},{"address":"random_shuffle.random_adjectives[43]","mode":"managed","type":"random_shuffle","name":"random_adjectives","index":43,"provider_name":"registry.terraform.io/hashicorp/random","schema_version":0,"values":{"input":["BITTER","STICKY","THUNDERING","ABUNDANT","CHUBBY","GRUMPY"],"keepers":null,"result_count":null,"seed":null}},{"address":"random_shuffle.random_adjectives[44]","mode":"managed","type":"random_shuffle","name":"random_adjectives","index":44,"provider_name":"registry.terraform.io/hashicorp/random","schema_version":0,"values":{"input":["BITTER","STICKY","THUNDERING","ABUNDANT","CHUBBY","GRUMPY"],"keepers":null,"result_count":null,"seed":null}},{"address":"random_shuffle.random_adjectives[45]","mode":"managed","type":"random_shuffle","name":"random_adjectives","index":45,"provider_name":"registry.terraform.io/hashicorp/random","schema_version":0,"values":{"input":["BITTER","STICKY","THUNDERING","ABUNDANT","CHUBBY","GRUMPY"],"keepers":null,"result_count":null,"seed":null}},{"address":"random_shuffle.random_adjectives[46]","mode":"managed","type":"random_shuffle","name":"random_adjectives","index":46,"provider_name":"registry.terraform.io/hashicorp/random","schema_version":0,"values":{"input":["BITTER","STICKY","THUNDERING","ABUNDANT","CHUBBY","GRUMPY"],"keepers":null,"result_count":null,"seed":null}},{"address":"random_shuffle.random_adjectives[47]","mode":"managed","type":"random_shuffle","name":"random_adjectives","index":47,"provider_name":"registry.terraform.io/hashicorp/random","schema_version":0,"values":{"input":["BITTER","STICKY","THUNDERING","ABUNDANT","CHUBBY","GRUMPY"],"keepers":null,"result_count":null,"seed":null}},{"address":"random_shuffle.random_adjectives[48]","mode":"managed","type":"random_shuffle","name":"random_adjectives","index":48,"provider_name":"registry.terraform.io/hashicorp/random","schema_version":0,"values":{"input":["BITTER","STICKY","THUNDERING","ABUNDANT","CHUBBY","GRUMPY"],"keepers":null,"result_count":null,"seed":null}},{"address":"random_shuffle.random_adjectives[49]","mode":"managed","type":"random_shuffle","name":"random_adjectives","index":49,"provider_name":"registry.terraform.io/hashicorp/random","schema_version":0,"values":{"input":["BITTER","STICKY","THUNDERING","ABUNDANT","CHUBBY","GRUMPY"],"keepers":null,"result_count":null,"seed":null}},{"address":"random_shuffle.random_adjectives[4]","mode":"managed","type":"random_shuffle","name":"random_adjectives","index":4,"provider_name":"registry.terraform.io/hashicorp/random","schema_version":0,"values":{"input":["BITTER","STICKY","THUNDERING","ABUNDANT","CHUBBY","GRUMPY"],"keepers":null,"result_count":null,"seed":null}},{"address":"random_shuffle.random_adjectives[50]","mode":"managed","type":"random_shuffle","name":"random_adjectives","index":50,"provider_name":"registry.terraform.io/hashicorp/random","schema_version":0,"values":{"input":["BITTER","STICKY","THUNDERING","ABUNDANT","CHUBBY","GRUMPY"],"keepers":null,"result_count":null,"seed":null}},{"address":"random_shuffle.random_adjectives[51]","mode":"managed","type":"random_shuffle","name":"random_adjectives","index":51,"provider_name":"registry.terraform.io/hashicorp/random","schema_version":0,"values":{"input":["BITTER","STICKY","THUNDERING","ABUNDANT","CHUBBY","GRUMPY"],"keepers":null,"result_count":null,"seed":null}},{"address":"random_shuffle.random_adjectives[52]","mode":"managed","type":"random_shuffle","name":"random_adjectives","index":52,"provider_name":"registry.terraform.io/hashicorp/random","schema_version":0,"values":{"input":["BITTER","STICKY","THUNDERING","ABUNDANT","CHUBBY","GRUMPY"],"keepers":null,"result_count":null,"seed":null}},{"address":"random_shuffle.random_adjectives[53]","mode":"managed","type":"random_shuffle","name":"random_adjectives","index":53,"provider_name":"registry.terraform.io/hashicorp/random","schema_version":0,"values":{"input":["BITTER","STICKY","THUNDERING","ABUNDANT","CHUBBY","GRUMPY"],"keepers":null,"result_count":null,"seed":null}},{"address":"random_shuffle.random_adjectives[54]","mode":"managed","type":"random_shuffle","name":"random_adjectives","index":54,"provider_name":"registry.terraform.io/hashicorp/random","schema_version":0,"values":{"input":["BITTER","STICKY","THUNDERING","ABUNDANT","CHUBBY","GRUMPY"],"keepers":null,"result_count":null,"seed":null}},{"address":"random_shuffle.random_adjectives[55]","mode":"managed","type":"random_shuffle","name":"random_adjectives","index":55,"provider_name":"registry.terraform.io/hashicorp/random","schema_version":0,"values":{"input":["BITTER","STICKY","THUNDERING","ABUNDANT","CHUBBY","GRUMPY"],"keepers":null,"result_count":null,"seed":null}},{"address":"random_shuffle.random_adjectives[56]","mode":"managed","type":"random_shuffle","name":"random_adjectives","index":56,"provider_name":"registry.terraform.io/hashicorp/random","schema_version":0,"values":{"input":["BITTER","STICKY","THUNDERING","ABUNDANT","CHUBBY","GRUMPY"],"keepers":null,"result_count":null,"seed":null}},{"address":"random_shuffle.random_adjectives[57]","mode":"managed","type":"random_shuffle","name":"random_adjectives","index":57,"provider_name":"registry.terraform.io/hashicorp/random","schema_version":0,"values":{"input":["BITTER","STICKY","THUNDERING","ABUNDANT","CHUBBY","GRUMPY"],"keepers":null,"result_count":null,"seed":null}},{"address":"random_shuffle.random_adjectives[58]","mode":"managed","type":"random_shuffle","name":"random_adjectives","index":58,"provider_name":"registry.terraform.io/hashicorp/random","schema_version":0,"values":{"input":["BITTER","STICKY","THUNDERING","ABUNDANT","CHUBBY","GRUMPY"],"keepers":null,"result_count":null,"seed":null}},{"address":"random_shuffle.random_adjectives[59]","mode":"managed","type":"random_shuffle","name":"random_adjectives","index":59,"provider_name":"registry.terraform.io/hashicorp/random","schema_version":0,"values":{"input":["BITTER","STICKY","THUNDERING","ABUNDANT","CHUBBY","GRUMPY"],"keepers":null,"result_count":null,"seed":null}},{"address":"random_shuffle.random_adjectives[5]","mode":"managed","type":"random_shuffle","name":"random_adjectives","index":5,"provider_name":"registry.terraform.io/hashicorp/random","schema_version":0,"values":{"input":["BITTER","STICKY","THUNDERING","ABUNDANT","CHUBBY","GRUMPY"],"keepers":null,"result_count":null,"seed":null}},{"address":"random_shuffle.random_adjectives[60]","mode":"managed","type":"random_shuffle","name":"random_adjectives","index":60,"provider_name":"registry.terraform.io/hashicorp/random","schema_version":0,"values":{"input":["BITTER","STICKY","THUNDERING","ABUNDANT","CHUBBY","GRUMPY"],"keepers":null,"result_count":null,"seed":null}},{"address":"random_shuffle.random_adjectives[61]","mode":"managed","type":"random_shuffle","name":"random_adjectives","index":61,"provider_name":"registry.terraform.io/hashicorp/random","schema_version":0,"values":{"input":["BITTER","STICKY","THUNDERING","ABUNDANT","CHUBBY","GRUMPY"],"keepers":null,"result_count":null,"seed":null}},{"address":"random_shuffle.random_adjectives[62]","mode":"managed","type":"random_shuffle","name":"random_adjectives","index":62,"provider_name":"registry.terraform.io/hashicorp/random","schema_version":0,"values":{"input":["BITTER","STICKY","THUNDERING","ABUNDANT","CHUBBY","GRUMPY"],"keepers":null,"result_count":null,"seed":null}},{"address":"random_shuffle.random_adjectives[63]","mode":"managed","type":"random_shuffle","name":"random_adjectives","index":63,"provider_name":"registry.terraform.io/hashicorp/random","schema_version":0,"values":{"input":["BITTER","STICKY","THUNDERING","ABUNDANT","CHUBBY","GRUMPY"],"keepers":null,"result_count":null,"seed":null}},{"address":"random_shuffle.random_adjectives[64]","mode":"managed","type":"random_shuffle","name":"random_adjectives","index":64,"provider_name":"registry.terraform.io/hashicorp/random","schema_version":0,"values":{"input":["BITTER","STICKY","THUNDERING","ABUNDANT","CHUBBY","GRUMPY"],"keepers":null,"result_count":null,"seed":null}},{"address":"random_shuffle.random_adjectives[65]","mode":"managed","type":"random_shuffle","name":"random_adjectives","index":65,"provider_name":"registry.terraform.io/hashicorp/random","schema_version":0,"values":{"input":["BITTER","STICKY","THUNDERING","ABUNDANT","CHUBBY","GRUMPY"],"keepers":null,"result_count":null,"seed":null}},{"address":"random_shuffle.random_adjectives[66]","mode":"managed","type":"random_shuffle","name":"random_adjectives","index":66,"provider_name":"registry.terraform.io/hashicorp/random","schema_version":0,"values":{"input":["BITTER","STICKY","THUNDERING","ABUNDANT","CHUBBY","GRUMPY"],"keepers":null,"result_count":null,"seed":null}},{"address":"random_shuffle.random_adjectives[67]","mode":"managed","type":"random_shuffle","name":"random_adjectives","index":67,"provider_name":"registry.terraform.io/hashicorp/random","schema_version":0,"values":{"input":["BITTER","STICKY","THUNDERING","ABUNDANT","CHUBBY","GRUMPY"],"keepers":null,"result_count":null,"seed":null}},{"address":"random_shuffle.random_adjectives[68]","mode":"managed","type":"random_shuffle","name":"random_adjectives","index":68,"provider_name":"registry.terraform.io/hashicorp/random","schema_version":0,"values":{"input":["BITTER","STICKY","THUNDERING","ABUNDANT","CHUBBY","GRUMPY"],"keepers":null,"result_count":null,"seed":null}},{"address":"random_shuffle.random_adjectives[69]","mode":"managed","type":"random_shuffle","name":"random_adjectives","index":69,"provider_name":"registry.terraform.io/hashicorp/random","schema_version":0,"values":{"input":["BITTER","STICKY","THUNDERING","ABUNDANT","CHUBBY","GRUMPY"],"keepers":null,"result_count":null,"seed":null}},{"address":"random_shuffle.random_adjectives[6]","mode":"managed","type":"random_shuffle","name":"random_adjectives","index":6,"provider_name":"registry.terraform.io/hashicorp/random","schema_version":0,"values":{"input":["BITTER","STICKY","THUNDERING","ABUNDANT","CHUBBY","GRUMPY"],"keepers":null,"result_count":null,"seed":null}},{"address":"random_shuffle.random_adjectives[70]","mode":"managed","type":"random_shuffle","name":"random_adjectives","index":70,"provider_name":"registry.terraform.io/hashicorp/random","schema_version":0,"values":{"input":["BITTER","STICKY","THUNDERING","ABUNDANT","CHUBBY","GRUMPY"],"keepers":null,"result_count":null,"seed":null}},{"address":"random_shuffle.random_adjectives[71]","mode":"managed","type":"random_shuffle","name":"random_adjectives","index":71,"provider_name":"registry.terraform.io/hashicorp/random","schema_version":0,"values":{"input":["BITTER","STICKY","THUNDERING","ABUNDANT","CHUBBY","GRUMPY"],"keepers":null,"result_count":null,"seed":null}},{"address":"random_shuffle.random_adjectives[72]","mode":"managed","type":"random_shuffle","name":"random_adjectives","index":72,"provider_name":"registry.terraform.io/hashicorp/random","schema_version":0,"values":{"input":["BITTER","STICKY","THUNDERING","ABUNDANT","CHUBBY","GRUMPY"],"keepers":null,"result_count":null,"seed":null}},{"address":"random_shuffle.random_adjectives[73]","mode":"managed","type":"random_shuffle","name":"random_adjectives","index":73,"provider_name":"registry.terraform.io/hashicorp/random","schema_version":0,"values":{"input":["BITTER","STICKY","THUNDERING","ABUNDANT","CHUBBY","GRUMPY"],"keepers":null,"result_count":null,"seed":null}},{"address":"random_shuffle.random_adjectives[74]","mode":"managed","type":"random_shuffle","name":"random_adjectives","index":74,"provider_name":"registry.terraform.io/hashicorp/random","schema_version":0,"values":{"input":["BITTER","STICKY","THUNDERING","ABUNDANT","CHUBBY","GRUMPY"],"keepers":null,"result_count":null,"seed":null}},{"address":"random_shuffle.random_adjectives[75]","mode":"managed","type":"random_shuffle","name":"random_adjectives","index":75,"provider_name":"registry.terraform.io/hashicorp/random","schema_version":0,"values":{"input":["BITTER","STICKY","THUNDERING","ABUNDANT","CHUBBY","GRUMPY"],"keepers":null,"result_count":null,"seed":null}},{"address":"random_shuffle.random_adjectives[76]","mode":"managed","type":"random_shuffle","name":"random_adjectives","index":76,"provider_name":"registry.terraform.io/hashicorp/random","schema_version":0,"values":{"input":["BITTER","STICKY","THUNDERING","ABUNDANT","CHUBBY","GRUMPY"],"keepers":null,"result_count":null,"seed":null}},{"address":"random_shuffle.random_adjectives[77]","mode":"managed","type":"random_shuffle","name":"random_adjectives","index":77,"provider_name":"registry.terraform.io/hashicorp/random","schema_version":0,"values":{"input":["BITTER","STICKY","THUNDERING","ABUNDANT","CHUBBY","GRUMPY"],"keepers":null,"result_count":null,"seed":null}},{"address":"random_shuffle.random_adjectives[78]","mode":"managed","type":"random_shuffle","name":"random_adjectives","index":78,"provider_name":"registry.terraform.io/hashicorp/random","schema_version":0,"values":{"input":["BITTER","STICKY","THUNDERING","ABUNDANT","CHUBBY","GRUMPY"],"keepers":null,"result_count":null,"seed":null}},{"address":"random_shuffle.random_adjectives[79]","mode":"managed","type":"random_shuffle","name":"random_adjectives","index":79,"provider_name":"registry.terraform.io/hashicorp/random","schema_version":0,"values":{"input":["BITTER","STICKY","THUNDERING","ABUNDANT","CHUBBY","GRUMPY"],"keepers":null,"result_count":null,"seed":null}},{"address":"random_shuffle.random_adjectives[7]","mode":"managed","type":"random_shuffle","name":"random_adjectives","index":7,"provider_name":"registry.terraform.io/hashicorp/random","schema_version":0,"values":{"input":["BITTER","STICKY","THUNDERING","ABUNDANT","CHUBBY","GRUMPY"],"keepers":null,"result_count":null,"seed":null}},{"address":"random_shuffle.random_adjectives[80]","mode":"managed","type":"random_shuffle","name":"random_adjectives","index":80,"provider_name":"registry.terraform.io/hashicorp/random","schema_version":0,"values":{"input":["BITTER","STICKY","THUNDERING","ABUNDANT","CHUBBY","GRUMPY"],"keepers":null,"result_count":null,"seed":null}},{"address":"random_shuffle.random_adjectives[81]","mode":"managed","type":"random_shuffle","name":"random_adjectives","index":81,"provider_name":"registry.terraform.io/hashicorp/random","schema_version":0,"values":{"input":["BITTER","STICKY","THUNDERING","ABUNDANT","CHUBBY","GRUMPY"],"keepers":null,"result_count":null,"seed":null}},{"address":"random_shuffle.random_adjectives[82]","mode":"managed","type":"random_shuffle","name":"random_adjectives","index":82,"provider_name":"registry.terraform.io/hashicorp/random","schema_version":0,"values":{"input":["BITTER","STICKY","THUNDERING","ABUNDANT","CHUBBY","GRUMPY"],"keepers":null,"result_count":null,"seed":null}},{"address":"random_shuffle.random_adjectives[83]","mode":"managed","type":"random_shuffle","name":"random_adjectives","index":83,"provider_name":"registry.terraform.io/hashicorp/random","schema_version":0,"values":{"input":["BITTER","STICKY","THUNDERING","ABUNDANT","CHUBBY","GRUMPY"],"keepers":null,"result_count":null,"seed":null}},{"address":"random_shuffle.random_adjectives[84]","mode":"managed","type":"random_shuffle","name":"random_adjectives","index":84,"provider_name":"registry.terraform.io/hashicorp/random","schema_version":0,"values":{"input":["BITTER","STICKY","THUNDERING","ABUNDANT","CHUBBY","GRUMPY"],"keepers":null,"result_count":null,"seed":null}},{"address":"random_shuffle.random_adjectives[85]","mode":"managed","type":"random_shuffle","name":"random_adjectives","index":85,"provider_name":"registry.terraform.io/hashicorp/random","schema_version":0,"values":{"input":["BITTER","STICKY","THUNDERING","ABUNDANT","CHUBBY","GRUMPY"],"keepers":null,"result_count":null,"seed":null}},{"address":"random_shuffle.random_adjectives[86]","mode":"managed","type":"random_shuffle","name":"random_adjectives","index":86,"provider_name":"registry.terraform.io/hashicorp/random","schema_version":0,"values":{"input":["BITTER","STICKY","THUNDERING","ABUNDANT","CHUBBY","GRUMPY"],"keepers":null,"result_count":null,"seed":null}},{"address":"random_shuffle.random_adjectives[87]","mode":"managed","type":"random_shuffle","name":"random_adjectives","index":87,"provider_name":"registry.terraform.io/hashicorp/random","schema_version":0,"values":{"input":["BITTER","STICKY","THUNDERING","ABUNDANT","CHUBBY","GRUMPY"],"keepers":null,"result_count":null,"seed":null}},{"address":"random_shuffle.random_adjectives[88]","mode":"managed","type":"random_shuffle","name":"random_adjectives","index":88,"provider_name":"registry.terraform.io/hashicorp/random","schema_version":0,"values":{"input":["BITTER","STICKY","THUNDERING","ABUNDANT","CHUBBY","GRUMPY"],"keepers":null,"result_count":null,"seed":null}},{"address":"random_shuffle.random_adjectives[89]","mode":"managed","type":"random_shuffle","name":"random_adjectives","index":89,"provider_name":"registry.terraform.io/hashicorp/random","schema_version":0,"values":{"input":["BITTER","STICKY","THUNDERING","ABUNDANT","CHUBBY","GRUMPY"],"keepers":null,"result_count":null,"seed":null}},{"address":"random_shuffle.random_adjectives[8]","mode":"managed","type":"random_shuffle","name":"random_adjectives","index":8,"provider_name":"registry.terraform.io/hashicorp/random","schema_version":0,"values":{"input":["BITTER","STICKY","THUNDERING","ABUNDANT","CHUBBY","GRUMPY"],"keepers":null,"result_count":null,"seed":null}},{"address":"random_shuffle.random_adjectives[90]","mode":"managed","type":"random_shuffle","name":"random_adjectives","index":90,"provider_name":"registry.terraform.io/hashicorp/random","schema_version":0,"values":{"input":["BITTER","STICKY","THUNDERING","ABUNDANT","CHUBBY","GRUMPY"],"keepers":null,"result_count":null,"seed":null}},{"address":"random_shuffle.random_adjectives[91]","mode":"managed","type":"random_shuffle","name":"random_adjectives","index":91,"provider_name":"registry.terraform.io/hashicorp/random","schema_version":0,"values":{"input":["BITTER","STICKY","THUNDERING","ABUNDANT","CHUBBY","GRUMPY"],"keepers":null,"result_count":null,"seed":null}},{"address":"random_shuffle.random_adjectives[92]","mode":"managed","type":"random_shuffle","name":"random_adjectives","index":92,"provider_name":"registry.terraform.io/hashicorp/random","schema_version":0,"values":{"input":["BITTER","STICKY","THUNDERING","ABUNDANT","CHUBBY","GRUMPY"],"keepers":null,"result_count":null,"seed":null}},{"address":"random_shuffle.random_adjectives[93]","mode":"managed","type":"random_shuffle","name":"random_adjectives","index":93,"provider_name":"registry.terraform.io/hashicorp/random","schema_version":0,"values":{"input":["BITTER","STICKY","THUNDERING","ABUNDANT","CHUBBY","GRUMPY"],"keepers":null,"result_count":null,"seed":null}},{"address":"random_shuffle.random_adjectives[94]","mode":"managed","type":"random_shuffle","name":"random_adjectives","index":94,"provider_name":"registry.terraform.io/hashicorp/random","schema_version":0,"values":{"input":["BITTER","STICKY","THUNDERING","ABUNDANT","CHUBBY","GRUMPY"],"keepers":null,"result_count":null,"seed":null}},{"address":"random_shuffle.random_adjectives[95]","mode":"managed","type":"random_shuffle","name":"random_adjectives","index":95,"provider_name":"registry.terraform.io/hashicorp/random","schema_version":0,"values":{"input":["BITTER","STICKY","THUNDERING","ABUNDANT","CHUBBY","GRUMPY"],"keepers":null,"result_count":null,"seed":null}},{"address":"random_shuffle.random_adjectives[96]","mode":"managed","type":"random_shuffle","name":"random_adjectives","index":96,"provider_name":"registry.terraform.io/hashicorp/random","schema_version":0,"values":{"input":["BITTER","STICKY","THUNDERING","ABUNDANT","CHUBBY","GRUMPY"],"keepers":null,"result_count":null,"seed":null}},{"address":"random_shuffle.random_adjectives[97]","mode":"managed","type":"random_shuffle","name":"random_adjectives","index":97,"provider_name":"registry.terraform.io/hashicorp/random","schema_version":0,"values":{"input":["BITTER","STICKY","THUNDERING","ABUNDANT","CHUBBY","GRUMPY"],"keepers":null,"result_count":null,"seed":null}},{"address":"random_shuffle.random_adjectives[98]","mode":"managed","type":"random_shuffle","name":"random_adjectives","index":98,"provider_name":"registry.terraform.io/hashicorp/random","schema_version":0,"values":{"input":["BITTER","STICKY","THUNDERING","ABUNDANT","CHUBBY","GRUMPY"],"keepers":null,"result_count":null,"seed":null}},{"address":"random_shuffle.random_adjectives[99]","mode":"managed","type":"random_shuffle","name":"random_adjectives","index":99,"provider_name":"registry.terraform.io/hashicorp/random","schema_version":0,"values":{"input":["BITTER","STICKY","THUNDERING","ABUNDANT","CHUBBY","GRUMPY"],"keepers":null,"result_count":null,"seed":null}},{"address":"random_shuffle.random_adjectives[9]","mode":"managed","type":"random_shuffle","name":"random_adjectives","index":9,"provider_name":"registry.terraform.io/hashicorp/random","schema_version":0,"values":{"input":["BITTER","STICKY","THUNDERING","ABUNDANT","CHUBBY","GRUMPY"],"keepers":null,"result_count":null,"seed":null}},{"address":"random_shuffle.random_adverbs[0]","mode":"managed","type":"random_shuffle","name":"random_adverbs","index":0,"provider_name":"registry.terraform.io/hashicorp/random","schema_version":0,"values":{"input":["DELICATELY","BEAUTIFULLY","QUICKLY","TRUTHFULLY","WEARILY"],"keepers":null,"result_count":null,"seed":null}},{"address":"random_shuffle.random_adverbs[10]","mode":"managed","type":"random_shuffle","name":"random_adverbs","index":10,"provider_name":"registry.terraform.io/hashicorp/random","schema_version":0,"values":{"input":["DELICATELY","BEAUTIFULLY","QUICKLY","TRUTHFULLY","WEARILY"],"keepers":null,"result_count":null,"seed":null}},{"address":"random_shuffle.random_adverbs[11]","mode":"managed","type":"random_shuffle","name":"random_adverbs","index":11,"provider_name":"registry.terraform.io/hashicorp/random","schema_version":0,"values":{"input":["DELICATELY","BEAUTIFULLY","QUICKLY","TRUTHFULLY","WEARILY"],"keepers":null,"result_count":null,"seed":null}},{"address":"random_shuffle.random_adverbs[12]","mode":"managed","type":"random_shuffle","name":"random_adverbs","index":12,"provider_name":"registry.terraform.io/hashicorp/random","schema_version":0,"values":{"input":["DELICATELY","BEAUTIFULLY","QUICKLY","TRUTHFULLY","WEARILY"],"keepers":null,"result_count":null,"seed":null}},{"address":"random_shuffle.random_adverbs[13]","mode":"managed","type":"random_shuffle","name":"random_adverbs","index":13,"provider_name":"registry.terraform.io/hashicorp/random","schema_version":0,"values":{"input":["DELICATELY","BEAUTIFULLY","QUICKLY","TRUTHFULLY","WEARILY"],"keepers":null,"result_count":null,"seed":null}},{"address":"random_shuffle.random_adverbs[14]","mode":"managed","type":"random_shuffle","name":"random_adverbs","index":14,"provider_name":"registry.terraform.io/hashicorp/random","schema_version":0,"values":{"input":["DELICATELY","BEAUTIFULLY","QUICKLY","TRUTHFULLY","WEARILY"],"keepers":null,"result_count":null,"seed":null}},{"address":"random_shuffle.random_adverbs[15]","mode":"managed","type":"random_shuffle","name":"random_adverbs","index":15,"provider_name":"registry.terraform.io/hashicorp/random","schema_version":0,"values":{"input":["DELICATELY","BEAUTIFULLY","QUICKLY","TRUTHFULLY","WEARILY"],"keepers":null,"result_count":null,"seed":null}},{"address":"random_shuffle.random_adverbs[16]","mode":"managed","type":"random_shuffle","name":"random_adverbs","index":16,"provider_name":"registry.terraform.io/hashicorp/random","schema_version":0,"values":{"input":["DELICATELY","BEAUTIFULLY","QUICKLY","TRUTHFULLY","WEARILY"],"keepers":null,"result_count":null,"seed":null}},{"address":"random_shuffle.random_adverbs[17]","mode":"managed","type":"random_shuffle","name":"random_adverbs","index":17,"provider_name":"registry.terraform.io/hashicorp/random","schema_version":0,"values":{"input":["DELICATELY","BEAUTIFULLY","QUICKLY","TRUTHFULLY","WEARILY"],"keepers":null,"result_count":null,"seed":null}},{"address":"random_shuffle.random_adverbs[18]","mode":"managed","type":"random_shuffle","name":"random_adverbs","index":18,"provider_name":"registry.terraform.io/hashicorp/random","schema_version":0,"values":{"input":["DELICATELY","BEAUTIFULLY","QUICKLY","TRUTHFULLY","WEARILY"],"keepers":null,"result_count":null,"seed":null}},{"address":"random_shuffle.random_adverbs[19]","mode":"managed","type":"random_shuffle","name":"random_adverbs","index":19,"provider_name":"registry.terraform.io/hashicorp/random","schema_version":0,"values":{"input":["DELICATELY","BEAUTIFULLY","QUICKLY","TRUTHFULLY","WEARILY"],"keepers":null,"result_count":null,"seed":null}},{"address":"random_shuffle.random_adverbs[1]","mode":"managed","type":"random_shuffle","name":"random_adverbs","index":1,"provider_name":"registry.terraform.io/hashicorp/random","schema_version":0,"values":{"input":["DELICATELY","BEAUTIFULLY","QUICKLY","TRUTHFULLY","WEARILY"],"keepers":null,"result_count":null,"seed":null}},{"address":"random_shuffle.random_adverbs[20]","mode":"managed","type":"random_shuffle","name":"random_adverbs","index":20,"provider_name":"registry.terraform.io/hashicorp/random","schema_version":0,"values":{"input":["DELICATELY","BEAUTIFULLY","QUICKLY","TRUTHFULLY","WEARILY"],"keepers":null,"result_count":null,"seed":null}},{"address":"random_shuffle.random_adverbs[21]","mode":"managed","type":"random_shuffle","name":"random_adverbs","index":21,"provider_name":"registry.terraform.io/hashicorp/random","schema_version":0,"values":{"input":["DELICATELY","BEAUTIFULLY","QUICKLY","TRUTHFULLY","WEARILY"],"keepers":null,"result_count":null,"seed":null}},{"address":"random_shuffle.random_adverbs[22]","mode":"managed","type":"random_shuffle","name":"random_adverbs","index":22,"provider_name":"registry.terraform.io/hashicorp/random","schema_version":0,"values":{"input":["DELICATELY","BEAUTIFULLY","QUICKLY","TRUTHFULLY","WEARILY"],"keepers":null,"result_count":null,"seed":null}},{"address":"random_shuffle.random_adverbs[23]","mode":"managed","type":"random_shuffle","name":"random_adverbs","index":23,"provider_name":"registry.terraform.io/hashicorp/random","schema_version":0,"values":{"input":["DELICATELY","BEAUTIFULLY","QUICKLY","TRUTHFULLY","WEARILY"],"keepers":null,"result_count":null,"seed":null}},{"address":"random_shuffle.random_adverbs[24]","mode":"managed","type":"random_shuffle","name":"random_adverbs","index":24,"provider_name":"registry.terraform.io/hashicorp/random","schema_version":0,"values":{"input":["DELICATELY","BEAUTIFULLY","QUICKLY","TRUTHFULLY","WEARILY"],"keepers":null,"result_count":null,"seed":null}},{"address":"random_shuffle.random_adverbs[25]","mode":"managed","type":"random_shuffle","name":"random_adverbs","index":25,"provider_name":"registry.terraform.io/hashicorp/random","schema_version":0,"values":{"input":["DELICATELY","BEAUTIFULLY","QUICKLY","TRUTHFULLY","WEARILY"],"keepers":null,"result_count":null,"seed":null}},{"address":"random_shuffle.random_adverbs[26]","mode":"managed","type":"random_shuffle","name":"random_adverbs","index":26,"provider_name":"registry.terraform.io/hashicorp/random","schema_version":0,"values":{"input":["DELICATELY","BEAUTIFULLY","QUICKLY","TRUTHFULLY","WEARILY"],"keepers":null,"result_count":null,"seed":null}},{"address":"random_shuffle.random_adverbs[27]","mode":"managed","type":"random_shuffle","name":"random_adverbs","index":27,"provider_name":"registry.terraform.io/hashicorp/random","schema_version":0,"values":{"input":["DELICATELY","BEAUTIFULLY","QUICKLY","TRUTHFULLY","WEARILY"],"keepers":null,"result_count":null,"seed":null}},{"address":"random_shuffle.random_adverbs[28]","mode":"managed","type":"random_shuffle","name":"random_adverbs","index":28,"provider_name":"registry.terraform.io/hashicorp/random","schema_version":0,"values":{"input":["DELICATELY","BEAUTIFULLY","QUICKLY","TRUTHFULLY","WEARILY"],"keepers":null,"result_count":null,"seed":null}},{"address":"random_shuffle.random_adverbs[29]","mode":"managed","type":"random_shuffle","name":"random_adverbs","index":29,"provider_name":"registry.terraform.io/hashicorp/random","schema_version":0,"values":{"input":["DELICATELY","BEAUTIFULLY","QUICKLY","TRUTHFULLY","WEARILY"],"keepers":null,"result_count":null,"seed":null}},{"address":"random_shuffle.random_adverbs[2]","mode":"managed","type":"random_shuffle","name":"random_adverbs","index":2,"provider_name":"registry.terraform.io/hashicorp/random","schema_version":0,"values":{"input":["DELICATELY","BEAUTIFULLY","QUICKLY","TRUTHFULLY","WEARILY"],"keepers":null,"result_count":null,"seed":null}},{"address":"random_shuffle.random_adverbs[30]","mode":"managed","type":"random_shuffle","name":"random_adverbs","index":30,"provider_name":"registry.terraform.io/hashicorp/random","schema_version":0,"values":{"input":["DELICATELY","BEAUTIFULLY","QUICKLY","TRUTHFULLY","WEARILY"],"keepers":null,"result_count":null,"seed":null}},{"address":"random_shuffle.random_adverbs[31]","mode":"managed","type":"random_shuffle","name":"random_adverbs","index":31,"provider_name":"registry.terraform.io/hashicorp/random","schema_version":0,"values":{"input":["DELICATELY","BEAUTIFULLY","QUICKLY","TRUTHFULLY","WEARILY"],"keepers":null,"result_count":null,"seed":null}},{"address":"random_shuffle.random_adverbs[32]","mode":"managed","type":"random_shuffle","name":"random_adverbs","index":32,"provider_name":"registry.terraform.io/hashicorp/random","schema_version":0,"values":{"input":["DELICATELY","BEAUTIFULLY","QUICKLY","TRUTHFULLY","WEARILY"],"keepers":null,"result_count":null,"seed":null}},{"address":"random_shuffle.random_adverbs[33]","mode":"managed","type":"random_shuffle","name":"random_adverbs","index":33,"provider_name":"registry.terraform.io/hashicorp/random","schema_version":0,"values":{"input":["DELICATELY","BEAUTIFULLY","QUICKLY","TRUTHFULLY","WEARILY"],"keepers":null,"result_count":null,"seed":null}},{"address":"random_shuffle.random_adverbs[34]","mode":"managed","type":"random_shuffle","name":"random_adverbs","index":34,"provider_name":"registry.terraform.io/hashicorp/random","schema_version":0,"values":{"input":["DELICATELY","BEAUTIFULLY","QUICKLY","TRUTHFULLY","WEARILY"],"keepers":null,"result_count":null,"seed":null}},{"address":"random_shuffle.random_adverbs[35]","mode":"managed","type":"random_shuffle","name":"random_adverbs","index":35,"provider_name":"registry.terraform.io/hashicorp/random","schema_version":0,"values":{"input":["DELICATELY","BEAUTIFULLY","QUICKLY","TRUTHFULLY","WEARILY"],"keepers":null,"result_count":null,"seed":null}},{"address":"random_shuffle.random_adverbs[36]","mode":"managed","type":"random_shuffle","name":"random_adverbs","index":36,"provider_name":"registry.terraform.io/hashicorp/random","schema_version":0,"values":{"input":["DELICATELY","BEAUTIFULLY","QUICKLY","TRUTHFULLY","WEARILY"],"keepers":null,"result_count":null,"seed":null}},{"address":"random_shuffle.random_adverbs[37]","mode":"managed","type":"random_shuffle","name":"random_adverbs","index":37,"provider_name":"registry.terraform.io/hashicorp/random","schema_version":0,"values":{"input":["DELICATELY","BEAUTIFULLY","QUICKLY","TRUTHFULLY","WEARILY"],"keepers":null,"result_count":null,"seed":null}},{"address":"random_shuffle.random_adverbs[38]","mode":"managed","type":"random_shuffle","name":"random_adverbs","index":38,"provider_name":"registry.terraform.io/hashicorp/random","schema_version":0,"values":{"input":["DELICATELY","BEAUTIFULLY","QUICKLY","TRUTHFULLY","WEARILY"],"keepers":null,"result_count":null,"seed":null}},{"address":"random_shuffle.random_adverbs[39]","mode":"managed","type":"random_shuffle","name":"random_adverbs","index":39,"provider_name":"registry.terraform.io/hashicorp/random","schema_version":0,"values":{"input":["DELICATELY","BEAUTIFULLY","QUICKLY","TRUTHFULLY","WEARILY"],"keepers":null,"result_count":null,"seed":null}},{"address":"random_shuffle.random_adverbs[3]","mode":"managed","type":"random_shuffle","name":"random_adverbs","index":3,"provider_name":"registry.terraform.io/hashicorp/random","schema_version":0,"values":{"input":["DELICATELY","BEAUTIFULLY","QUICKLY","TRUTHFULLY","WEARILY"],"keepers":null,"result_count":null,"seed":null}},{"address":"random_shuffle.random_adverbs[40]","mode":"managed","type":"random_shuffle","name":"random_adverbs","index":40,"provider_name":"registry.terraform.io/hashicorp/random","schema_version":0,"values":{"input":["DELICATELY","BEAUTIFULLY","QUICKLY","TRUTHFULLY","WEARILY"],"keepers":null,"result_count":null,"seed":null}},{"address":"random_shuffle.random_adverbs[41]","mode":"managed","type":"random_shuffle","name":"random_adverbs","index":41,"provider_name":"registry.terraform.io/hashicorp/random","schema_version":0,"values":{"input":["DELICATELY","BEAUTIFULLY","QUICKLY","TRUTHFULLY","WEARILY"],"keepers":null,"result_count":null,"seed":null}},{"address":"random_shuffle.random_adverbs[42]","mode":"managed","type":"random_shuffle","name":"random_adverbs","index":42,"provider_name":"registry.terraform.io/hashicorp/random","schema_version":0,"values":{"input":["DELICATELY","BEAUTIFULLY","QUICKLY","TRUTHFULLY","WEARILY"],"keepers":null,"result_count":null,"seed":null}},{"address":"random_shuffle.random_adverbs[43]","mode":"managed","type":"random_shuffle","name":"random_adverbs","index":43,"provider_name":"registry.terraform.io/hashicorp/random","schema_version":0,"values":{"input":["DELICATELY","BEAUTIFULLY","QUICKLY","TRUTHFULLY","WEARILY"],"keepers":null,"result_count":null,"seed":null}},{"address":"random_shuffle.random_adverbs[44]","mode":"managed","type":"random_shuffle","name":"random_adverbs","index":44,"provider_name":"registry.terraform.io/hashicorp/random","schema_version":0,"values":{"input":["DELICATELY","BEAUTIFULLY","QUICKLY","TRUTHFULLY","WEARILY"],"keepers":null,"result_count":null,"seed":null}},{"address":"random_shuffle.random_adverbs[45]","mode":"managed","type":"random_shuffle","name":"random_adverbs","index":45,"provider_name":"registry.terraform.io/hashicorp/random","schema_version":0,"values":{"input":["DELICATELY","BEAUTIFULLY","QUICKLY","TRUTHFULLY","WEARILY"],"keepers":null,"result_count":null,"seed":null}},{"address":"random_shuffle.random_adverbs[46]","mode":"managed","type":"random_shuffle","name":"random_adverbs","index":46,"provider_name":"registry.terraform.io/hashicorp/random","schema_version":0,"values":{"input":["DELICATELY","BEAUTIFULLY","QUICKLY","TRUTHFULLY","WEARILY"],"keepers":null,"result_count":null,"seed":null}},{"address":"random_shuffle.random_adverbs[47]","mode":"managed","type":"random_shuffle","name":"random_adverbs","index":47,"provider_name":"registry.terraform.io/hashicorp/random","schema_version":0,"values":{"input":["DELICATELY","BEAUTIFULLY","QUICKLY","TRUTHFULLY","WEARILY"],"keepers":null,"result_count":null,"seed":null}},{"address":"random_shuffle.random_adverbs[48]","mode":"managed","type":"random_shuffle","name":"random_adverbs","index":48,"provider_name":"registry.terraform.io/hashicorp/random","schema_version":0,"values":{"input":["DELICATELY","BEAUTIFULLY","QUICKLY","TRUTHFULLY","WEARILY"],"keepers":null,"result_count":null,"seed":null}},{"address":"random_shuffle.random_adverbs[49]","mode":"managed","type":"random_shuffle","name":"random_adverbs","index":49,"provider_name":"registry.terraform.io/hashicorp/random","schema_version":0,"values":{"input":["DELICATELY","BEAUTIFULLY","QUICKLY","TRUTHFULLY","WEARILY"],"keepers":null,"result_count":null,"seed":null}},{"address":"random_shuffle.random_adverbs[4]","mode":"managed","type":"random_shuffle","name":"random_adverbs","index":4,"provider_name":"registry.terraform.io/hashicorp/random","schema_version":0,"values":{"input":["DELICATELY","BEAUTIFULLY","QUICKLY","TRUTHFULLY","WEARILY"],"keepers":null,"result_count":null,"seed":null}},{"address":"random_shuffle.random_adverbs[50]","mode":"managed","type":"random_shuffle","name":"random_adverbs","index":50,"provider_name":"registry.terraform.io/hashicorp/random","schema_version":0,"values":{"input":["DELICATELY","BEAUTIFULLY","QUICKLY","TRUTHFULLY","WEARILY"],"keepers":null,"result_count":null,"seed":null}},{"address":"random_shuffle.random_adverbs[51]","mode":"managed","type":"random_shuffle","name":"random_adverbs","index":51,"provider_name":"registry.terraform.io/hashicorp/random","schema_version":0,"values":{"input":["DELICATELY","BEAUTIFULLY","QUICKLY","TRUTHFULLY","WEARILY"],"keepers":null,"result_count":null,"seed":null}},{"address":"random_shuffle.random_adverbs[52]","mode":"managed","type":"random_shuffle","name":"random_adverbs","index":52,"provider_name":"registry.terraform.io/hashicorp/random","schema_version":0,"values":{"input":["DELICATELY","BEAUTIFULLY","QUICKLY","TRUTHFULLY","WEARILY"],"keepers":null,"result_count":null,"seed":null}},{"address":"random_shuffle.random_adverbs[53]","mode":"managed","type":"random_shuffle","name":"random_adverbs","index":53,"provider_name":"registry.terraform.io/hashicorp/random","schema_version":0,"values":{"input":["DELICATELY","BEAUTIFULLY","QUICKLY","TRUTHFULLY","WEARILY"],"keepers":null,"result_count":null,"seed":null}},{"address":"random_shuffle.random_adverbs[54]","mode":"managed","type":"random_shuffle","name":"random_adverbs","index":54,"provider_name":"registry.terraform.io/hashicorp/random","schema_version":0,"values":{"input":["DELICATELY","BEAUTIFULLY","QUICKLY","TRUTHFULLY","WEARILY"],"keepers":null,"result_count":null,"seed":null}},{"address":"random_shuffle.random_adverbs[55]","mode":"managed","type":"random_shuffle","name":"random_adverbs","index":55,"provider_name":"registry.terraform.io/hashicorp/random","schema_version":0,"values":{"input":["DELICATELY","BEAUTIFULLY","QUICKLY","TRUTHFULLY","WEARILY"],"keepers":null,"result_count":null,"seed":null}},{"address":"random_shuffle.random_adverbs[56]","mode":"managed","type":"random_shuffle","name":"random_adverbs","index":56,"provider_name":"registry.terraform.io/hashicorp/random","schema_version":0,"values":{"input":["DELICATELY","BEAUTIFULLY","QUICKLY","TRUTHFULLY","WEARILY"],"keepers":null,"result_count":null,"seed":null}},{"address":"random_shuffle.random_adverbs[57]","mode":"managed","type":"random_shuffle","name":"random_adverbs","index":57,"provider_name":"registry.terraform.io/hashicorp/random","schema_version":0,"values":{"input":["DELICATELY","BEAUTIFULLY","QUICKLY","TRUTHFULLY","WEARILY"],"keepers":null,"result_count":null,"seed":null}},{"address":"random_shuffle.random_adverbs[58]","mode":"managed","type":"random_shuffle","name":"random_adverbs","index":58,"provider_name":"registry.terraform.io/hashicorp/random","schema_version":0,"values":{"input":["DELICATELY","BEAUTIFULLY","QUICKLY","TRUTHFULLY","WEARILY"],"keepers":null,"result_count":null,"seed":null}},{"address":"random_shuffle.random_adverbs[59]","mode":"managed","type":"random_shuffle","name":"random_adverbs","index":59,"provider_name":"registry.terraform.io/hashicorp/random","schema_version":0,"values":{"input":["DELICATELY","BEAUTIFULLY","QUICKLY","TRUTHFULLY","WEARILY"],"keepers":null,"result_count":null,"seed":null}},{"address":"random_shuffle.random_adverbs[5]","mode":"managed","type":"random_shuffle","name":"random_adverbs","index":5,"provider_name":"registry.terraform.io/hashicorp/random","schema_version":0,"values":{"input":["DELICATELY","BEAUTIFULLY","QUICKLY","TRUTHFULLY","WEARILY"],"keepers":null,"result_count":null,"seed":null}},{"address":"random_shuffle.random_adverbs[60]","mode":"managed","type":"random_shuffle","name":"random_adverbs","index":60,"provider_name":"registry.terraform.io/hashicorp/random","schema_version":0,"values":{"input":["DELICATELY","BEAUTIFULLY","QUICKLY","TRUTHFULLY","WEARILY"],"keepers":null,"result_count":null,"seed":null}},{"address":"random_shuffle.random_adverbs[61]","mode":"managed","type":"random_shuffle","name":"random_adverbs","index":61,"provider_name":"registry.terraform.io/hashicorp/random","schema_version":0,"values":{"input":["DELICATELY","BEAUTIFULLY","QUICKLY","TRUTHFULLY","WEARILY"],"keepers":null,"result_count":null,"seed":null}},{"address":"random_shuffle.random_adverbs[62]","mode":"managed","type":"random_shuffle","name":"random_adverbs","index":62,"provider_name":"registry.terraform.io/hashicorp/random","schema_version":0,"values":{"input":["DELICATELY","BEAUTIFULLY","QUICKLY","TRUTHFULLY","WEARILY"],"keepers":null,"result_count":null,"seed":null}},{"address":"random_shuffle.random_adverbs[63]","mode":"managed","type":"random_shuffle","name":"random_adverbs","index":63,"provider_name":"registry.terraform.io/hashicorp/random","schema_version":0,"values":{"input":["DELICATELY","BEAUTIFULLY","QUICKLY","TRUTHFULLY","WEARILY"],"keepers":null,"result_count":null,"seed":null}},{"address":"random_shuffle.random_adverbs[64]","mode":"managed","type":"random_shuffle","name":"random_adverbs","index":64,"provider_name":"registry.terraform.io/hashicorp/random","schema_version":0,"values":{"input":["DELICATELY","BEAUTIFULLY","QUICKLY","TRUTHFULLY","WEARILY"],"keepers":null,"result_count":null,"seed":null}},{"address":"random_shuffle.random_adverbs[65]","mode":"managed","type":"random_shuffle","name":"random_adverbs","index":65,"provider_name":"registry.terraform.io/hashicorp/random","schema_version":0,"values":{"input":["DELICATELY","BEAUTIFULLY","QUICKLY","TRUTHFULLY","WEARILY"],"keepers":null,"result_count":null,"seed":null}},{"address":"random_shuffle.random_adverbs[66]","mode":"managed","type":"random_shuffle","name":"random_adverbs","index":66,"provider_name":"registry.terraform.io/hashicorp/random","schema_version":0,"values":{"input":["DELICATELY","BEAUTIFULLY","QUICKLY","TRUTHFULLY","WEARILY"],"keepers":null,"result_count":null,"seed":null}},{"address":"random_shuffle.random_adverbs[67]","mode":"managed","type":"random_shuffle","name":"random_adverbs","index":67,"provider_name":"registry.terraform.io/hashicorp/random","schema_version":0,"values":{"input":["DELICATELY","BEAUTIFULLY","QUICKLY","TRUTHFULLY","WEARILY"],"keepers":null,"result_count":null,"seed":null}},{"address":"random_shuffle.random_adverbs[68]","mode":"managed","type":"random_shuffle","name":"random_adverbs","index":68,"provider_name":"registry.terraform.io/hashicorp/random","schema_version":0,"values":{"input":["DELICATELY","BEAUTIFULLY","QUICKLY","TRUTHFULLY","WEARILY"],"keepers":null,"result_count":null,"seed":null}},{"address":"random_shuffle.random_adverbs[69]","mode":"managed","type":"random_shuffle","name":"random_adverbs","index":69,"provider_name":"registry.terraform.io/hashicorp/random","schema_version":0,"values":{"input":["DELICATELY","BEAUTIFULLY","QUICKLY","TRUTHFULLY","WEARILY"],"keepers":null,"result_count":null,"seed":null}},{"address":"random_shuffle.random_adverbs[6]","mode":"managed","type":"random_shuffle","name":"random_adverbs","index":6,"provider_name":"registry.terraform.io/hashicorp/random","schema_version":0,"values":{"input":["DELICATELY","BEAUTIFULLY","QUICKLY","TRUTHFULLY","WEARILY"],"keepers":null,"result_count":null,"seed":null}},{"address":"random_shuffle.random_adverbs[70]","mode":"managed","type":"random_shuffle","name":"random_adverbs","index":70,"provider_name":"registry.terraform.io/hashicorp/random","schema_version":0,"values":{"input":["DELICATELY","BEAUTIFULLY","QUICKLY","TRUTHFULLY","WEARILY"],"keepers":null,"result_count":null,"seed":null}},{"address":"random_shuffle.random_adverbs[71]","mode":"managed","type":"random_shuffle","name":"random_adverbs","index":71,"provider_name":"registry.terraform.io/hashicorp/random","schema_version":0,"values":{"input":["DELICATELY","BEAUTIFULLY","QUICKLY","TRUTHFULLY","WEARILY"],"keepers":null,"result_count":null,"seed":null}},{"address":"random_shuffle.random_adverbs[72]","mode":"managed","type":"random_shuffle","name":"random_adverbs","index":72,"provider_name":"registry.terraform.io/hashicorp/random","schema_version":0,"values":{"input":["DELICATELY","BEAUTIFULLY","QUICKLY","TRUTHFULLY","WEARILY"],"keepers":null,"result_count":null,"seed":null}},{"address":"random_shuffle.random_adverbs[73]","mode":"managed","type":"random_shuffle","name":"random_adverbs","index":73,"provider_name":"registry.terraform.io/hashicorp/random","schema_version":0,"values":{"input":["DELICATELY","BEAUTIFULLY","QUICKLY","TRUTHFULLY","WEARILY"],"keepers":null,"result_count":null,"seed":null}},{"address":"random_shuffle.random_adverbs[74]","mode":"managed","type":"random_shuffle","name":"random_adverbs","index":74,"provider_name":"registry.terraform.io/hashicorp/random","schema_version":0,"values":{"input":["DELICATELY","BEAUTIFULLY","QUICKLY","TRUTHFULLY","WEARILY"],"keepers":null,"result_count":null,"seed":null}},{"address":"random_shuffle.random_adverbs[75]","mode":"managed","type":"random_shuffle","name":"random_adverbs","index":75,"provider_name":"registry.terraform.io/hashicorp/random","schema_version":0,"values":{"input":["DELICATELY","BEAUTIFULLY","QUICKLY","TRUTHFULLY","WEARILY"],"keepers":null,"result_count":null,"seed":null}},{"address":"random_shuffle.random_adverbs[76]","mode":"managed","type":"random_shuffle","name":"random_adverbs","index":76,"provider_name":"registry.terraform.io/hashicorp/random","schema_version":0,"values":{"input":["DELICATELY","BEAUTIFULLY","QUICKLY","TRUTHFULLY","WEARILY"],"keepers":null,"result_count":null,"seed":null}},{"address":"random_shuffle.random_adverbs[77]","mode":"managed","type":"random_shuffle","name":"random_adverbs","index":77,"provider_name":"registry.terraform.io/hashicorp/random","schema_version":0,"values":{"input":["DELICATELY","BEAUTIFULLY","QUICKLY","TRUTHFULLY","WEARILY"],"keepers":null,"result_count":null,"seed":null}},{"address":"random_shuffle.random_adverbs[78]","mode":"managed","type":"random_shuffle","name":"random_adverbs","index":78,"provider_name":"registry.terraform.io/hashicorp/random","schema_version":0,"values":{"input":["DELICATELY","BEAUTIFULLY","QUICKLY","TRUTHFULLY","WEARILY"],"keepers":null,"result_count":null,"seed":null}},{"address":"random_shuffle.random_adverbs[79]","mode":"managed","type":"random_shuffle","name":"random_adverbs","index":79,"provider_name":"registry.terraform.io/hashicorp/random","schema_version":0,"values":{"input":["DELICATELY","BEAUTIFULLY","QUICKLY","TRUTHFULLY","WEARILY"],"keepers":null,"result_count":null,"seed":null}},{"address":"random_shuffle.random_adverbs[7]","mode":"managed","type":"random_shuffle","name":"random_adverbs","index":7,"provider_name":"registry.terraform.io/hashicorp/random","schema_version":0,"values":{"input":["DELICATELY","BEAUTIFULLY","QUICKLY","TRUTHFULLY","WEARILY"],"keepers":null,"result_count":null,"seed":null}},{"address":"random_shuffle.random_adverbs[80]","mode":"managed","type":"random_shuffle","name":"random_adverbs","index":80,"provider_name":"registry.terraform.io/hashicorp/random","schema_version":0,"values":{"input":["DELICATELY","BEAUTIFULLY","QUICKLY","TRUTHFULLY","WEARILY"],"keepers":null,"result_count":null,"seed":null}},{"address":"random_shuffle.random_adverbs[81]","mode":"managed","type":"random_shuffle","name":"random_adverbs","index":81,"provider_name":"registry.terraform.io/hashicorp/random","schema_version":0,"values":{"input":["DELICATELY","BEAUTIFULLY","QUICKLY","TRUTHFULLY","WEARILY"],"keepers":null,"result_count":null,"seed":null}},{"address":"random_shuffle.random_adverbs[82]","mode":"managed","type":"random_shuffle","name":"random_adverbs","index":82,"provider_name":"registry.terraform.io/hashicorp/random","schema_version":0,"values":{"input":["DELICATELY","BEAUTIFULLY","QUICKLY","TRUTHFULLY","WEARILY"],"keepers":null,"result_count":null,"seed":null}},{"address":"random_shuffle.random_adverbs[83]","mode":"managed","type":"random_shuffle","name":"random_adverbs","index":83,"provider_name":"registry.terraform.io/hashicorp/random","schema_version":0,"values":{"input":["DELICATELY","BEAUTIFULLY","QUICKLY","TRUTHFULLY","WEARILY"],"keepers":null,"result_count":null,"seed":null}},{"address":"random_shuffle.random_adverbs[84]","mode":"managed","type":"random_shuffle","name":"random_adverbs","index":84,"provider_name":"registry.terraform.io/hashicorp/random","schema_version":0,"values":{"input":["DELICATELY","BEAUTIFULLY","QUICKLY","TRUTHFULLY","WEARILY"],"keepers":null,"result_count":null,"seed":null}},{"address":"random_shuffle.random_adverbs[85]","mode":"managed","type":"random_shuffle","name":"random_adverbs","index":85,"provider_name":"registry.terraform.io/hashicorp/random","schema_version":0,"values":{"input":["DELICATELY","BEAUTIFULLY","QUICKLY","TRUTHFULLY","WEARILY"],"keepers":null,"result_count":null,"seed":null}},{"address":"random_shuffle.random_adverbs[86]","mode":"managed","type":"random_shuffle","name":"random_adverbs","index":86,"provider_name":"registry.terraform.io/hashicorp/random","schema_version":0,"values":{"input":["DELICATELY","BEAUTIFULLY","QUICKLY","TRUTHFULLY","WEARILY"],"keepers":null,"result_count":null,"seed":null}},{"address":"random_shuffle.random_adverbs[87]","mode":"managed","type":"random_shuffle","name":"random_adverbs","index":87,"provider_name":"registry.terraform.io/hashicorp/random","schema_version":0,"values":{"input":["DELICATELY","BEAUTIFULLY","QUICKLY","TRUTHFULLY","WEARILY"],"keepers":null,"result_count":null,"seed":null}},{"address":"random_shuffle.random_adverbs[88]","mode":"managed","type":"random_shuffle","name":"random_adverbs","index":88,"provider_name":"registry.terraform.io/hashicorp/random","schema_version":0,"values":{"input":["DELICATELY","BEAUTIFULLY","QUICKLY","TRUTHFULLY","WEARILY"],"keepers":null,"result_count":null,"seed":null}},{"address":"random_shuffle.random_adverbs[89]","mode":"managed","type":"random_shuffle","name":"random_adverbs","index":89,"provider_name":"registry.terraform.io/hashicorp/random","schema_version":0,"values":{"input":["DELICATELY","BEAUTIFULLY","QUICKLY","TRUTHFULLY","WEARILY"],"keepers":null,"result_count":null,"seed":null}},{"address":"random_shuffle.random_adverbs[8]","mode":"managed","type":"random_shuffle","name":"random_adverbs","index":8,"provider_name":"registry.terraform.io/hashicorp/random","schema_version":0,"values":{"input":["DELICATELY","BEAUTIFULLY","QUICKLY","TRUTHFULLY","WEARILY"],"keepers":null,"result_count":null,"seed":null}},{"address":"random_shuffle.random_adverbs[90]","mode":"managed","type":"random_shuffle","name":"random_adverbs","index":90,"provider_name":"registry.terraform.io/hashicorp/random","schema_version":0,"values":{"input":["DELICATELY","BEAUTIFULLY","QUICKLY","TRUTHFULLY","WEARILY"],"keepers":null,"result_count":null,"seed":null}},{"address":"random_shuffle.random_adverbs[91]","mode":"managed","type":"random_shuffle","name":"random_adverbs","index":91,"provider_name":"registry.terraform.io/hashicorp/random","schema_version":0,"values":{"input":["DELICATELY","BEAUTIFULLY","QUICKLY","TRUTHFULLY","WEARILY"],"keepers":null,"result_count":null,"seed":null}},{"address":"random_shuffle.random_adverbs[92]","mode":"managed","type":"random_shuffle","name":"random_adverbs","index":92,"provider_name":"registry.terraform.io/hashicorp/random","schema_version":0,"values":{"input":["DELICATELY","BEAUTIFULLY","QUICKLY","TRUTHFULLY","WEARILY"],"keepers":null,"result_count":null,"seed":null}},{"address":"random_shuffle.random_adverbs[93]","mode":"managed","type":"random_shuffle","name":"random_adverbs","index":93,"provider_name":"registry.terraform.io/hashicorp/random","schema_version":0,"values":{"input":["DELICATELY","BEAUTIFULLY","QUICKLY","TRUTHFULLY","WEARILY"],"keepers":null,"result_count":null,"seed":null}},{"address":"random_shuffle.random_adverbs[94]","mode":"managed","type":"random_shuffle","name":"random_adverbs","index":94,"provider_name":"registry.terraform.io/hashicorp/random","schema_version":0,"values":{"input":["DELICATELY","BEAUTIFULLY","QUICKLY","TRUTHFULLY","WEARILY"],"keepers":null,"result_count":null,"seed":null}},{"address":"random_shuffle.random_adverbs[95]","mode":"managed","type":"random_shuffle","name":"random_adverbs","index":95,"provider_name":"registry.terraform.io/hashicorp/random","schema_version":0,"values":{"input":["DELICATELY","BEAUTIFULLY","QUICKLY","TRUTHFULLY","WEARILY"],"keepers":null,"result_count":null,"seed":null}},{"address":"random_shuffle.random_adverbs[96]","mode":"managed","type":"random_shuffle","name":"random_adverbs","index":96,"provider_name":"registry.terraform.io/hashicorp/random","schema_version":0,"values":{"input":["DELICATELY","BEAUTIFULLY","QUICKLY","TRUTHFULLY","WEARILY"],"keepers":null,"result_count":null,"seed":null}},{"address":"random_shuffle.random_adverbs[97]","mode":"managed","type":"random_shuffle","name":"random_adverbs","index":97,"provider_name":"registry.terraform.io/hashicorp/random","schema_version":0,"values":{"input":["DELICATELY","BEAUTIFULLY","QUICKLY","TRUTHFULLY","WEARILY"],"keepers":null,"result_count":null,"seed":null}},{"address":"random_shuffle.random_adverbs[98]","mode":"managed","type":"random_shuffle","name":"random_adverbs","index":98,"provider_name":"registry.terraform.io/hashicorp/random","schema_version":0,"values":{"input":["DELICATELY","BEAUTIFULLY","QUICKLY","TRUTHFULLY","WEARILY"],"keepers":null,"result_count":null,"seed":null}},{"address":"random_shuffle.random_adverbs[99]","mode":"managed","type":"random_shuffle","name":"random_adverbs","index":99,"provider_name":"registry.terraform.io/hashicorp/random","schema_version":0,"values":{"input":["DELICATELY","BEAUTIFULLY","QUICKLY","TRUTHFULLY","WEARILY"],"keepers":null,"result_count":null,"seed":null}},{"address":"random_shuffle.random_adverbs[9]","mode":"managed","type":"random_shuffle","name":"random_adverbs","index":9,"provider_name":"registry.terraform.io/hashicorp/random","schema_version":0,"values":{"input":["DELICATELY","BEAUTIFULLY","QUICKLY","TRUTHFULLY","WEARILY"],"keepers":null,"result_count":null,"seed":null}},{"address":"random_shuffle.random_nouns[0]","mode":"managed","type":"random_shuffle","name":"random_nouns","index":0,"provider_name":"registry.terraform.io/hashicorp/random","schema_version":0,"values":{"input":["ARMY","PANTHER","WALNUTS","SANDWICH","ZEUS","BANANA","CAT","JELLYFISH","JIGSAW","VIOLIN","MILK","SUN"],"keepers":null,"result_count":null,"seed":null}},{"address":"random_shuffle.random_nouns[10]","mode":"managed","type":"random_shuffle","name":"random_nouns","index":10,"provider_name":"registry.terraform.io/hashicorp/random","schema_version":0,"values":{"input":["ARMY","PANTHER","WALNUTS","SANDWICH","ZEUS","BANANA","CAT","JELLYFISH","JIGSAW","VIOLIN","MILK","SUN"],"keepers":null,"result_count":null,"seed":null}},{"address":"random_shuffle.random_nouns[11]","mode":"managed","type":"random_shuffle","name":"random_nouns","index":11,"provider_name":"registry.terraform.io/hashicorp/random","schema_version":0,"values":{"input":["ARMY","PANTHER","WALNUTS","SANDWICH","ZEUS","BANANA","CAT","JELLYFISH","JIGSAW","VIOLIN","MILK","SUN"],"keepers":null,"result_count":null,"seed":null}},{"address":"random_shuffle.random_nouns[12]","mode":"managed","type":"random_shuffle","name":"random_nouns","index":12,"provider_name":"registry.terraform.io/hashicorp/random","schema_version":0,"values":{"input":["ARMY","PANTHER","WALNUTS","SANDWICH","ZEUS","BANANA","CAT","JELLYFISH","JIGSAW","VIOLIN","MILK","SUN"],"keepers":null,"result_count":null,"seed":null}},{"address":"random_shuffle.random_nouns[13]","mode":"managed","type":"random_shuffle","name":"random_nouns","index":13,"provider_name":"registry.terraform.io/hashicorp/random","schema_version":0,"values":{"input":["ARMY","PANTHER","WALNUTS","SANDWICH","ZEUS","BANANA","CAT","JELLYFISH","JIGSAW","VIOLIN","MILK","SUN"],"keepers":null,"result_count":null,"seed":null}},{"address":"random_shuffle.random_nouns[14]","mode":"managed","type":"random_shuffle","name":"random_nouns","index":14,"provider_name":"registry.terraform.io/hashicorp/random","schema_version":0,"values":{"input":["ARMY","PANTHER","WALNUTS","SANDWICH","ZEUS","BANANA","CAT","JELLYFISH","JIGSAW","VIOLIN","MILK","SUN"],"keepers":null,"result_count":null,"seed":null}},{"address":"random_shuffle.random_nouns[15]","mode":"managed","type":"random_shuffle","name":"random_nouns","index":15,"provider_name":"registry.terraform.io/hashicorp/random","schema_version":0,"values":{"input":["ARMY","PANTHER","WALNUTS","SANDWICH","ZEUS","BANANA","CAT","JELLYFISH","JIGSAW","VIOLIN","MILK","SUN"],"keepers":null,"result_count":null,"seed":null}},{"address":"random_shuffle.random_nouns[16]","mode":"managed","type":"random_shuffle","name":"random_nouns","index":16,"provider_name":"registry.terraform.io/hashicorp/random","schema_version":0,"values":{"input":["ARMY","PANTHER","WALNUTS","SANDWICH","ZEUS","BANANA","CAT","JELLYFISH","JIGSAW","VIOLIN","MILK","SUN"],"keepers":null,"result_count":null,"seed":null}},{"address":"random_shuffle.random_nouns[17]","mode":"managed","type":"random_shuffle","name":"random_nouns","index":17,"provider_name":"registry.terraform.io/hashicorp/random","schema_version":0,"values":{"input":["ARMY","PANTHER","WALNUTS","SANDWICH","ZEUS","BANANA","CAT","JELLYFISH","JIGSAW","VIOLIN","MILK","SUN"],"keepers":null,"result_count":null,"seed":null}},{"address":"random_shuffle.random_nouns[18]","mode":"managed","type":"random_shuffle","name":"random_nouns","index":18,"provider_name":"registry.terraform.io/hashicorp/random","schema_version":0,"values":{"input":["ARMY","PANTHER","WALNUTS","SANDWICH","ZEUS","BANANA","CAT","JELLYFISH","JIGSAW","VIOLIN","MILK","SUN"],"keepers":null,"result_count":null,"seed":null}},{"address":"random_shuffle.random_nouns[19]","mode":"managed","type":"random_shuffle","name":"random_nouns","index":19,"provider_name":"registry.terraform.io/hashicorp/random","schema_version":0,"values":{"input":["ARMY","PANTHER","WALNUTS","SANDWICH","ZEUS","BANANA","CAT","JELLYFISH","JIGSAW","VIOLIN","MILK","SUN"],"keepers":null,"result_count":null,"seed":null}},{"address":"random_shuffle.random_nouns[1]","mode":"managed","type":"random_shuffle","name":"random_nouns","index":1,"provider_name":"registry.terraform.io/hashicorp/random","schema_version":0,"values":{"input":["ARMY","PANTHER","WALNUTS","SANDWICH","ZEUS","BANANA","CAT","JELLYFISH","JIGSAW","VIOLIN","MILK","SUN"],"keepers":null,"result_count":null,"seed":null}},{"address":"random_shuffle.random_nouns[20]","mode":"managed","type":"random_shuffle","name":"random_nouns","index":20,"provider_name":"registry.terraform.io/hashicorp/random","schema_version":0,"values":{"input":["ARMY","PANTHER","WALNUTS","SANDWICH","ZEUS","BANANA","CAT","JELLYFISH","JIGSAW","VIOLIN","MILK","SUN"],"keepers":null,"result_count":null,"seed":null}},{"address":"random_shuffle.random_nouns[21]","mode":"managed","type":"random_shuffle","name":"random_nouns","index":21,"provider_name":"registry.terraform.io/hashicorp/random","schema_version":0,"values":{"input":["ARMY","PANTHER","WALNUTS","SANDWICH","ZEUS","BANANA","CAT","JELLYFISH","JIGSAW","VIOLIN","MILK","SUN"],"keepers":null,"result_count":null,"seed":null}},{"address":"random_shuffle.random_nouns[22]","mode":"managed","type":"random_shuffle","name":"random_nouns","index":22,"provider_name":"registry.terraform.io/hashicorp/random","schema_version":0,"values":{"input":["ARMY","PANTHER","WALNUTS","SANDWICH","ZEUS","BANANA","CAT","JELLYFISH","JIGSAW","VIOLIN","MILK","SUN"],"keepers":null,"result_count":null,"seed":null}},{"address":"random_shuffle.random_nouns[23]","mode":"managed","type":"random_shuffle","name":"random_nouns","index":23,"provider_name":"registry.terraform.io/hashicorp/random","schema_version":0,"values":{"input":["ARMY","PANTHER","WALNUTS","SANDWICH","ZEUS","BANANA","CAT","JELLYFISH","JIGSAW","VIOLIN","MILK","SUN"],"keepers":null,"result_count":null,"seed":null}},{"address":"random_shuffle.random_nouns[24]","mode":"managed","type":"random_shuffle","name":"random_nouns","index":24,"provider_name":"registry.terraform.io/hashicorp/random","schema_version":0,"values":{"input":["ARMY","PANTHER","WALNUTS","SANDWICH","ZEUS","BANANA","CAT","JELLYFISH","JIGSAW","VIOLIN","MILK","SUN"],"keepers":null,"result_count":null,"seed":null}},{"address":"random_shuffle.random_nouns[25]","mode":"managed","type":"random_shuffle","name":"random_nouns","index":25,"provider_name":"registry.terraform.io/hashicorp/random","schema_version":0,"values":{"input":["ARMY","PANTHER","WALNUTS","SANDWICH","ZEUS","BANANA","CAT","JELLYFISH","JIGSAW","VIOLIN","MILK","SUN"],"keepers":null,"result_count":null,"seed":null}},{"address":"random_shuffle.random_nouns[26]","mode":"managed","type":"random_shuffle","name":"random_nouns","index":26,"provider_name":"registry.terraform.io/hashicorp/random","schema_version":0,"values":{"input":["ARMY","PANTHER","WALNUTS","SANDWICH","ZEUS","BANANA","CAT","JELLYFISH","JIGSAW","VIOLIN","MILK","SUN"],"keepers":null,"result_count":null,"seed":null}},{"address":"random_shuffle.random_nouns[27]","mode":"managed","type":"random_shuffle","name":"random_nouns","index":27,"provider_name":"registry.terraform.io/hashicorp/random","schema_version":0,"values":{"input":["ARMY","PANTHER","WALNUTS","SANDWICH","ZEUS","BANANA","CAT","JELLYFISH","JIGSAW","VIOLIN","MILK","SUN"],"keepers":null,"result_count":null,"seed":null}},{"address":"random_shuffle.random_nouns[28]","mode":"managed","type":"random_shuffle","name":"random_nouns","index":28,"provider_name":"registry.terraform.io/hashicorp/random","schema_version":0,"values":{"input":["ARMY","PANTHER","WALNUTS","SANDWICH","ZEUS","BANANA","CAT","JELLYFISH","JIGSAW","VIOLIN","MILK","SUN"],"keepers":null,"result_count":null,"seed":null}},{"address":"random_shuffle.random_nouns[29]","mode":"managed","type":"random_shuffle","name":"random_nouns","index":29,"provider_name":"registry.terraform.io/hashicorp/random","schema_version":0,"values":{"input":["ARMY","PANTHER","WALNUTS","SANDWICH","ZEUS","BANANA","CAT","JELLYFISH","JIGSAW","VIOLIN","MILK","SUN"],"keepers":null,"result_count":null,"seed":null}},{"address":"random_shuffle.random_nouns[2]","mode":"managed","type":"random_shuffle","name":"random_nouns","index":2,"provider_name":"registry.terraform.io/hashicorp/random","schema_version":0,"values":{"input":["ARMY","PANTHER","WALNUTS","SANDWICH","ZEUS","BANANA","CAT","JELLYFISH","JIGSAW","VIOLIN","MILK","SUN"],"keepers":null,"result_count":null,"seed":null}},{"address":"random_shuffle.random_nouns[30]","mode":"managed","type":"random_shuffle","name":"random_nouns","index":30,"provider_name":"registry.terraform.io/hashicorp/random","schema_version":0,"values":{"input":["ARMY","PANTHER","WALNUTS","SANDWICH","ZEUS","BANANA","CAT","JELLYFISH","JIGSAW","VIOLIN","MILK","SUN"],"keepers":null,"result_count":null,"seed":null}},{"address":"random_shuffle.random_nouns[31]","mode":"managed","type":"random_shuffle","name":"random_nouns","index":31,"provider_name":"registry.terraform.io/hashicorp/random","schema_version":0,"values":{"input":["ARMY","PANTHER","WALNUTS","SANDWICH","ZEUS","BANANA","CAT","JELLYFISH","JIGSAW","VIOLIN","MILK","SUN"],"keepers":null,"result_count":null,"seed":null}},{"address":"random_shuffle.random_nouns[32]","mode":"managed","type":"random_shuffle","name":"random_nouns","index":32,"provider_name":"registry.terraform.io/hashicorp/random","schema_version":0,"values":{"input":["ARMY","PANTHER","WALNUTS","SANDWICH","ZEUS","BANANA","CAT","JELLYFISH","JIGSAW","VIOLIN","MILK","SUN"],"keepers":null,"result_count":null,"seed":null}},{"address":"random_shuffle.random_nouns[33]","mode":"managed","type":"random_shuffle","name":"random_nouns","index":33,"provider_name":"registry.terraform.io/hashicorp/random","schema_version":0,"values":{"input":["ARMY","PANTHER","WALNUTS","SANDWICH","ZEUS","BANANA","CAT","JELLYFISH","JIGSAW","VIOLIN","MILK","SUN"],"keepers":null,"result_count":null,"seed":null}},{"address":"random_shuffle.random_nouns[34]","mode":"managed","type":"random_shuffle","name":"random_nouns","index":34,"provider_name":"registry.terraform.io/hashicorp/random","schema_version":0,"values":{"input":["ARMY","PANTHER","WALNUTS","SANDWICH","ZEUS","BANANA","CAT","JELLYFISH","JIGSAW","VIOLIN","MILK","SUN"],"keepers":null,"result_count":null,"seed":null}},{"address":"random_shuffle.random_nouns[35]","mode":"managed","type":"random_shuffle","name":"random_nouns","index":35,"provider_name":"registry.terraform.io/hashicorp/random","schema_version":0,"values":{"input":["ARMY","PANTHER","WALNUTS","SANDWICH","ZEUS","BANANA","CAT","JELLYFISH","JIGSAW","VIOLIN","MILK","SUN"],"keepers":null,"result_count":null,"seed":null}},{"address":"random_shuffle.random_nouns[36]","mode":"managed","type":"random_shuffle","name":"random_nouns","index":36,"provider_name":"registry.terraform.io/hashicorp/random","schema_version":0,"values":{"input":["ARMY","PANTHER","WALNUTS","SANDWICH","ZEUS","BANANA","CAT","JELLYFISH","JIGSAW","VIOLIN","MILK","SUN"],"keepers":null,"result_count":null,"seed":null}},{"address":"random_shuffle.random_nouns[37]","mode":"managed","type":"random_shuffle","name":"random_nouns","index":37,"provider_name":"registry.terraform.io/hashicorp/random","schema_version":0,"values":{"input":["ARMY","PANTHER","WALNUTS","SANDWICH","ZEUS","BANANA","CAT","JELLYFISH","JIGSAW","VIOLIN","MILK","SUN"],"keepers":null,"result_count":null,"seed":null}},{"address":"random_shuffle.random_nouns[38]","mode":"managed","type":"random_shuffle","name":"random_nouns","index":38,"provider_name":"registry.terraform.io/hashicorp/random","schema_version":0,"values":{"input":["ARMY","PANTHER","WALNUTS","SANDWICH","ZEUS","BANANA","CAT","JELLYFISH","JIGSAW","VIOLIN","MILK","SUN"],"keepers":null,"result_count":null,"seed":null}},{"address":"random_shuffle.random_nouns[39]","mode":"managed","type":"random_shuffle","name":"random_nouns","index":39,"provider_name":"registry.terraform.io/hashicorp/random","schema_version":0,"values":{"input":["ARMY","PANTHER","WALNUTS","SANDWICH","ZEUS","BANANA","CAT","JELLYFISH","JIGSAW","VIOLIN","MILK","SUN"],"keepers":null,"result_count":null,"seed":null}},{"address":"random_shuffle.random_nouns[3]","mode":"managed","type":"random_shuffle","name":"random_nouns","index":3,"provider_name":"registry.terraform.io/hashicorp/random","schema_version":0,"values":{"input":["ARMY","PANTHER","WALNUTS","SANDWICH","ZEUS","BANANA","CAT","JELLYFISH","JIGSAW","VIOLIN","MILK","SUN"],"keepers":null,"result_count":null,"seed":null}},{"address":"random_shuffle.random_nouns[40]","mode":"managed","type":"random_shuffle","name":"random_nouns","index":40,"provider_name":"registry.terraform.io/hashicorp/random","schema_version":0,"values":{"input":["ARMY","PANTHER","WALNUTS","SANDWICH","ZEUS","BANANA","CAT","JELLYFISH","JIGSAW","VIOLIN","MILK","SUN"],"keepers":null,"result_count":null,"seed":null}},{"address":"random_shuffle.random_nouns[41]","mode":"managed","type":"random_shuffle","name":"random_nouns","index":41,"provider_name":"registry.terraform.io/hashicorp/random","schema_version":0,"values":{"input":["ARMY","PANTHER","WALNUTS","SANDWICH","ZEUS","BANANA","CAT","JELLYFISH","JIGSAW","VIOLIN","MILK","SUN"],"keepers":null,"result_count":null,"seed":null}},{"address":"random_shuffle.random_nouns[42]","mode":"managed","type":"random_shuffle","name":"random_nouns","index":42,"provider_name":"registry.terraform.io/hashicorp/random","schema_version":0,"values":{"input":["ARMY","PANTHER","WALNUTS","SANDWICH","ZEUS","BANANA","CAT","JELLYFISH","JIGSAW","VIOLIN","MILK","SUN"],"keepers":null,"result_count":null,"seed":null}},{"address":"random_shuffle.random_nouns[43]","mode":"managed","type":"random_shuffle","name":"random_nouns","index":43,"provider_name":"registry.terraform.io/hashicorp/random","schema_version":0,"values":{"input":["ARMY","PANTHER","WALNUTS","SANDWICH","ZEUS","BANANA","CAT","JELLYFISH","JIGSAW","VIOLIN","MILK","SUN"],"keepers":null,"result_count":null,"seed":null}},{"address":"random_shuffle.random_nouns[44]","mode":"managed","type":"random_shuffle","name":"random_nouns","index":44,"provider_name":"registry.terraform.io/hashicorp/random","schema_version":0,"values":{"input":["ARMY","PANTHER","WALNUTS","SANDWICH","ZEUS","BANANA","CAT","JELLYFISH","JIGSAW","VIOLIN","MILK","SUN"],"keepers":null,"result_count":null,"seed":null}},{"address":"random_shuffle.random_nouns[45]","mode":"managed","type":"random_shuffle","name":"random_nouns","index":45,"provider_name":"registry.terraform.io/hashicorp/random","schema_version":0,"values":{"input":["ARMY","PANTHER","WALNUTS","SANDWICH","ZEUS","BANANA","CAT","JELLYFISH","JIGSAW","VIOLIN","MILK","SUN"],"keepers":null,"result_count":null,"seed":null}},{"address":"random_shuffle.random_nouns[46]","mode":"managed","type":"random_shuffle","name":"random_nouns","index":46,"provider_name":"registry.terraform.io/hashicorp/random","schema_version":0,"values":{"input":["ARMY","PANTHER","WALNUTS","SANDWICH","ZEUS","BANANA","CAT","JELLYFISH","JIGSAW","VIOLIN","MILK","SUN"],"keepers":null,"result_count":null,"seed":null}},{"address":"random_shuffle.random_nouns[47]","mode":"managed","type":"random_shuffle","name":"random_nouns","index":47,"provider_name":"registry.terraform.io/hashicorp/random","schema_version":0,"values":{"input":["ARMY","PANTHER","WALNUTS","SANDWICH","ZEUS","BANANA","CAT","JELLYFISH","JIGSAW","VIOLIN","MILK","SUN"],"keepers":null,"result_count":null,"seed":null}},{"address":"random_shuffle.random_nouns[48]","mode":"managed","type":"random_shuffle","name":"random_nouns","index":48,"provider_name":"registry.terraform.io/hashicorp/random","schema_version":0,"values":{"input":["ARMY","PANTHER","WALNUTS","SANDWICH","ZEUS","BANANA","CAT","JELLYFISH","JIGSAW","VIOLIN","MILK","SUN"],"keepers":null,"result_count":null,"seed":null}},{"address":"random_shuffle.random_nouns[49]","mode":"managed","type":"random_shuffle","name":"random_nouns","index":49,"provider_name":"registry.terraform.io/hashicorp/random","schema_version":0,"values":{"input":["ARMY","PANTHER","WALNUTS","SANDWICH","ZEUS","BANANA","CAT","JELLYFISH","JIGSAW","VIOLIN","MILK","SUN"],"keepers":null,"result_count":null,"seed":null}},{"address":"random_shuffle.random_nouns[4]","mode":"managed","type":"random_shuffle","name":"random_nouns","index":4,"provider_name":"registry.terraform.io/hashicorp/random","schema_version":0,"values":{"input":["ARMY","PANTHER","WALNUTS","SANDWICH","ZEUS","BANANA","CAT","JELLYFISH","JIGSAW","VIOLIN","MILK","SUN"],"keepers":null,"result_count":null,"seed":null}},{"address":"random_shuffle.random_nouns[50]","mode":"managed","type":"random_shuffle","name":"random_nouns","index":50,"provider_name":"registry.terraform.io/hashicorp/random","schema_version":0,"values":{"input":["ARMY","PANTHER","WALNUTS","SANDWICH","ZEUS","BANANA","CAT","JELLYFISH","JIGSAW","VIOLIN","MILK","SUN"],"keepers":null,"result_count":null,"seed":null}},{"address":"random_shuffle.random_nouns[51]","mode":"managed","type":"random_shuffle","name":"random_nouns","index":51,"provider_name":"registry.terraform.io/hashicorp/random","schema_version":0,"values":{"input":["ARMY","PANTHER","WALNUTS","SANDWICH","ZEUS","BANANA","CAT","JELLYFISH","JIGSAW","VIOLIN","MILK","SUN"],"keepers":null,"result_count":null,"seed":null}},{"address":"random_shuffle.random_nouns[52]","mode":"managed","type":"random_shuffle","name":"random_nouns","index":52,"provider_name":"registry.terraform.io/hashicorp/random","schema_version":0,"values":{"input":["ARMY","PANTHER","WALNUTS","SANDWICH","ZEUS","BANANA","CAT","JELLYFISH","JIGSAW","VIOLIN","MILK","SUN"],"keepers":null,"result_count":null,"seed":null}},{"address":"random_shuffle.random_nouns[53]","mode":"managed","type":"random_shuffle","name":"random_nouns","index":53,"provider_name":"registry.terraform.io/hashicorp/random","schema_version":0,"values":{"input":["ARMY","PANTHER","WALNUTS","SANDWICH","ZEUS","BANANA","CAT","JELLYFISH","JIGSAW","VIOLIN","MILK","SUN"],"keepers":null,"result_count":null,"seed":null}},{"address":"random_shuffle.random_nouns[54]","mode":"managed","type":"random_shuffle","name":"random_nouns","index":54,"provider_name":"registry.terraform.io/hashicorp/random","schema_version":0,"values":{"input":["ARMY","PANTHER","WALNUTS","SANDWICH","ZEUS","BANANA","CAT","JELLYFISH","JIGSAW","VIOLIN","MILK","SUN"],"keepers":null,"result_count":null,"seed":null}},{"address":"random_shuffle.random_nouns[55]","mode":"managed","type":"random_shuffle","name":"random_nouns","index":55,"provider_name":"registry.terraform.io/hashicorp/random","schema_version":0,"values":{"input":["ARMY","PANTHER","WALNUTS","SANDWICH","ZEUS","BANANA","CAT","JELLYFISH","JIGSAW","VIOLIN","MILK","SUN"],"keepers":null,"result_count":null,"seed":null}},{"address":"random_shuffle.random_nouns[56]","mode":"managed","type":"random_shuffle","name":"random_nouns","index":56,"provider_name":"registry.terraform.io/hashicorp/random","schema_version":0,"values":{"input":["ARMY","PANTHER","WALNUTS","SANDWICH","ZEUS","BANANA","CAT","JELLYFISH","JIGSAW","VIOLIN","MILK","SUN"],"keepers":null,"result_count":null,"seed":null}},{"address":"random_shuffle.random_nouns[57]","mode":"managed","type":"random_shuffle","name":"random_nouns","index":57,"provider_name":"registry.terraform.io/hashicorp/random","schema_version":0,"values":{"input":["ARMY","PANTHER","WALNUTS","SANDWICH","ZEUS","BANANA","CAT","JELLYFISH","JIGSAW","VIOLIN","MILK","SUN"],"keepers":null,"result_count":null,"seed":null}},{"address":"random_shuffle.random_nouns[58]","mode":"managed","type":"random_shuffle","name":"random_nouns","index":58,"provider_name":"registry.terraform.io/hashicorp/random","schema_version":0,"values":{"input":["ARMY","PANTHER","WALNUTS","SANDWICH","ZEUS","BANANA","CAT","JELLYFISH","JIGSAW","VIOLIN","MILK","SUN"],"keepers":null,"result_count":null,"seed":null}},{"address":"random_shuffle.random_nouns[59]","mode":"managed","type":"random_shuffle","name":"random_nouns","index":59,"provider_name":"registry.terraform.io/hashicorp/random","schema_version":0,"values":{"input":["ARMY","PANTHER","WALNUTS","SANDWICH","ZEUS","BANANA","CAT","JELLYFISH","JIGSAW","VIOLIN","MILK","SUN"],"keepers":null,"result_count":null,"seed":null}},{"address":"random_shuffle.random_nouns[5]","mode":"managed","type":"random_shuffle","name":"random_nouns","index":5,"provider_name":"registry.terraform.io/hashicorp/random","schema_version":0,"values":{"input":["ARMY","PANTHER","WALNUTS","SANDWICH","ZEUS","BANANA","CAT","JELLYFISH","JIGSAW","VIOLIN","MILK","SUN"],"keepers":null,"result_count":null,"seed":null}},{"address":"random_shuffle.random_nouns[60]","mode":"managed","type":"random_shuffle","name":"random_nouns","index":60,"provider_name":"registry.terraform.io/hashicorp/random","schema_version":0,"values":{"input":["ARMY","PANTHER","WALNUTS","SANDWICH","ZEUS","BANANA","CAT","JELLYFISH","JIGSAW","VIOLIN","MILK","SUN"],"keepers":null,"result_count":null,"seed":null}},{"address":"random_shuffle.random_nouns[61]","mode":"managed","type":"random_shuffle","name":"random_nouns","index":61,"provider_name":"registry.terraform.io/hashicorp/random","schema_version":0,"values":{"input":["ARMY","PANTHER","WALNUTS","SANDWICH","ZEUS","BANANA","CAT","JELLYFISH","JIGSAW","VIOLIN","MILK","SUN"],"keepers":null,"result_count":null,"seed":null}},{"address":"random_shuffle.random_nouns[62]","mode":"managed","type":"random_shuffle","name":"random_nouns","index":62,"provider_name":"registry.terraform.io/hashicorp/random","schema_version":0,"values":{"input":["ARMY","PANTHER","WALNUTS","SANDWICH","ZEUS","BANANA","CAT","JELLYFISH","JIGSAW","VIOLIN","MILK","SUN"],"keepers":null,"result_count":null,"seed":null}},{"address":"random_shuffle.random_nouns[63]","mode":"managed","type":"random_shuffle","name":"random_nouns","index":63,"provider_name":"registry.terraform.io/hashicorp/random","schema_version":0,"values":{"input":["ARMY","PANTHER","WALNUTS","SANDWICH","ZEUS","BANANA","CAT","JELLYFISH","JIGSAW","VIOLIN","MILK","SUN"],"keepers":null,"result_count":null,"seed":null}},{"address":"random_shuffle.random_nouns[64]","mode":"managed","type":"random_shuffle","name":"random_nouns","index":64,"provider_name":"registry.terraform.io/hashicorp/random","schema_version":0,"values":{"input":["ARMY","PANTHER","WALNUTS","SANDWICH","ZEUS","BANANA","CAT","JELLYFISH","JIGSAW","VIOLIN","MILK","SUN"],"keepers":null,"result_count":null,"seed":null}},{"address":"random_shuffle.random_nouns[65]","mode":"managed","type":"random_shuffle","name":"random_nouns","index":65,"provider_name":"registry.terraform.io/hashicorp/random","schema_version":0,"values":{"input":["ARMY","PANTHER","WALNUTS","SANDWICH","ZEUS","BANANA","CAT","JELLYFISH","JIGSAW","VIOLIN","MILK","SUN"],"keepers":null,"result_count":null,"seed":null}},{"address":"random_shuffle.random_nouns[66]","mode":"managed","type":"random_shuffle","name":"random_nouns","index":66,"provider_name":"registry.terraform.io/hashicorp/random","schema_version":0,"values":{"input":["ARMY","PANTHER","WALNUTS","SANDWICH","ZEUS","BANANA","CAT","JELLYFISH","JIGSAW","VIOLIN","MILK","SUN"],"keepers":null,"result_count":null,"seed":null}},{"address":"random_shuffle.random_nouns[67]","mode":"managed","type":"random_shuffle","name":"random_nouns","index":67,"provider_name":"registry.terraform.io/hashicorp/random","schema_version":0,"values":{"input":["ARMY","PANTHER","WALNUTS","SANDWICH","ZEUS","BANANA","CAT","JELLYFISH","JIGSAW","VIOLIN","MILK","SUN"],"keepers":null,"result_count":null,"seed":null}},{"address":"random_shuffle.random_nouns[68]","mode":"managed","type":"random_shuffle","name":"random_nouns","index":68,"provider_name":"registry.terraform.io/hashicorp/random","schema_version":0,"values":{"input":["ARMY","PANTHER","WALNUTS","SANDWICH","ZEUS","BANANA","CAT","JELLYFISH","JIGSAW","VIOLIN","MILK","SUN"],"keepers":null,"result_count":null,"seed":null}},{"address":"random_shuffle.random_nouns[69]","mode":"managed","type":"random_shuffle","name":"random_nouns","index":69,"provider_name":"registry.terraform.io/hashicorp/random","schema_version":0,"values":{"input":["ARMY","PANTHER","WALNUTS","SANDWICH","ZEUS","BANANA","CAT","JELLYFISH","JIGSAW","VIOLIN","MILK","SUN"],"keepers":null,"result_count":null,"seed":null}},{"address":"random_shuffle.random_nouns[6]","mode":"managed","type":"random_shuffle","name":"random_nouns","index":6,"provider_name":"registry.terraform.io/hashicorp/random","schema_version":0,"values":{"input":["ARMY","PANTHER","WALNUTS","SANDWICH","ZEUS","BANANA","CAT","JELLYFISH","JIGSAW","VIOLIN","MILK","SUN"],"keepers":null,"result_count":null,"seed":null}},{"address":"random_shuffle.random_nouns[70]","mode":"managed","type":"random_shuffle","name":"random_nouns","index":70,"provider_name":"registry.terraform.io/hashicorp/random","schema_version":0,"values":{"input":["ARMY","PANTHER","WALNUTS","SANDWICH","ZEUS","BANANA","CAT","JELLYFISH","JIGSAW","VIOLIN","MILK","SUN"],"keepers":null,"result_count":null,"seed":null}},{"address":"random_shuffle.random_nouns[71]","mode":"managed","type":"random_shuffle","name":"random_nouns","index":71,"provider_name":"registry.terraform.io/hashicorp/random","schema_version":0,"values":{"input":["ARMY","PANTHER","WALNUTS","SANDWICH","ZEUS","BANANA","CAT","JELLYFISH","JIGSAW","VIOLIN","MILK","SUN"],"keepers":null,"result_count":null,"seed":null}},{"address":"random_shuffle.random_nouns[72]","mode":"managed","type":"random_shuffle","name":"random_nouns","index":72,"provider_name":"registry.terraform.io/hashicorp/random","schema_version":0,"values":{"input":["ARMY","PANTHER","WALNUTS","SANDWICH","ZEUS","BANANA","CAT","JELLYFISH","JIGSAW","VIOLIN","MILK","SUN"],"keepers":null,"result_count":null,"seed":null}},{"address":"random_shuffle.random_nouns[73]","mode":"managed","type":"random_shuffle","name":"random_nouns","index":73,"provider_name":"registry.terraform.io/hashicorp/random","schema_version":0,"values":{"input":["ARMY","PANTHER","WALNUTS","SANDWICH","ZEUS","BANANA","CAT","JELLYFISH","JIGSAW","VIOLIN","MILK","SUN"],"keepers":null,"result_count":null,"seed":null}},{"address":"random_shuffle.random_nouns[74]","mode":"managed","type":"random_shuffle","name":"random_nouns","index":74,"provider_name":"registry.terraform.io/hashicorp/random","schema_version":0,"values":{"input":["ARMY","PANTHER","WALNUTS","SANDWICH","ZEUS","BANANA","CAT","JELLYFISH","JIGSAW","VIOLIN","MILK","SUN"],"keepers":null,"result_count":null,"seed":null}},{"address":"random_shuffle.random_nouns[75]","mode":"managed","type":"random_shuffle","name":"random_nouns","index":75,"provider_name":"registry.terraform.io/hashicorp/random","schema_version":0,"values":{"input":["ARMY","PANTHER","WALNUTS","SANDWICH","ZEUS","BANANA","CAT","JELLYFISH","JIGSAW","VIOLIN","MILK","SUN"],"keepers":null,"result_count":null,"seed":null}},{"address":"random_shuffle.random_nouns[76]","mode":"managed","type":"random_shuffle","name":"random_nouns","index":76,"provider_name":"registry.terraform.io/hashicorp/random","schema_version":0,"values":{"input":["ARMY","PANTHER","WALNUTS","SANDWICH","ZEUS","BANANA","CAT","JELLYFISH","JIGSAW","VIOLIN","MILK","SUN"],"keepers":null,"result_count":null,"seed":null}},{"address":"random_shuffle.random_nouns[77]","mode":"managed","type":"random_shuffle","name":"random_nouns","index":77,"provider_name":"registry.terraform.io/hashicorp/random","schema_version":0,"values":{"input":["ARMY","PANTHER","WALNUTS","SANDWICH","ZEUS","BANANA","CAT","JELLYFISH","JIGSAW","VIOLIN","MILK","SUN"],"keepers":null,"result_count":null,"seed":null}},{"address":"random_shuffle.random_nouns[78]","mode":"managed","type":"random_shuffle","name":"random_nouns","index":78,"provider_name":"registry.terraform.io/hashicorp/random","schema_version":0,"values":{"input":["ARMY","PANTHER","WALNUTS","SANDWICH","ZEUS","BANANA","CAT","JELLYFISH","JIGSAW","VIOLIN","MILK","SUN"],"keepers":null,"result_count":null,"seed":null}},{"address":"random_shuffle.random_nouns[79]","mode":"managed","type":"random_shuffle","name":"random_nouns","index":79,"provider_name":"registry.terraform.io/hashicorp/random","schema_version":0,"values":{"input":["ARMY","PANTHER","WALNUTS","SANDWICH","ZEUS","BANANA","CAT","JELLYFISH","JIGSAW","VIOLIN","MILK","SUN"],"keepers":null,"result_count":null,"seed":null}},{"address":"random_shuffle.random_nouns[7]","mode":"managed","type":"random_shuffle","name":"random_nouns","index":7,"provider_name":"registry.terraform.io/hashicorp/random","schema_version":0,"values":{"input":["ARMY","PANTHER","WALNUTS","SANDWICH","ZEUS","BANANA","CAT","JELLYFISH","JIGSAW","VIOLIN","MILK","SUN"],"keepers":null,"result_count":null,"seed":null}},{"address":"random_shuffle.random_nouns[80]","mode":"managed","type":"random_shuffle","name":"random_nouns","index":80,"provider_name":"registry.terraform.io/hashicorp/random","schema_version":0,"values":{"input":["ARMY","PANTHER","WALNUTS","SANDWICH","ZEUS","BANANA","CAT","JELLYFISH","JIGSAW","VIOLIN","MILK","SUN"],"keepers":null,"result_count":null,"seed":null}},{"address":"random_shuffle.random_nouns[81]","mode":"managed","type":"random_shuffle","name":"random_nouns","index":81,"provider_name":"registry.terraform.io/hashicorp/random","schema_version":0,"values":{"input":["ARMY","PANTHER","WALNUTS","SANDWICH","ZEUS","BANANA","CAT","JELLYFISH","JIGSAW","VIOLIN","MILK","SUN"],"keepers":null,"result_count":null,"seed":null}},{"address":"random_shuffle.random_nouns[82]","mode":"managed","type":"random_shuffle","name":"random_nouns","index":82,"provider_name":"registry.terraform.io/hashicorp/random","schema_version":0,"values":{"input":["ARMY","PANTHER","WALNUTS","SANDWICH","ZEUS","BANANA","CAT","JELLYFISH","JIGSAW","VIOLIN","MILK","SUN"],"keepers":null,"result_count":null,"seed":null}},{"address":"random_shuffle.random_nouns[83]","mode":"managed","type":"random_shuffle","name":"random_nouns","index":83,"provider_name":"registry.terraform.io/hashicorp/random","schema_version":0,"values":{"input":["ARMY","PANTHER","WALNUTS","SANDWICH","ZEUS","BANANA","CAT","JELLYFISH","JIGSAW","VIOLIN","MILK","SUN"],"keepers":null,"result_count":null,"seed":null}},{"address":"random_shuffle.random_nouns[84]","mode":"managed","type":"random_shuffle","name":"random_nouns","index":84,"provider_name":"registry.terraform.io/hashicorp/random","schema_version":0,"values":{"input":["ARMY","PANTHER","WALNUTS","SANDWICH","ZEUS","BANANA","CAT","JELLYFISH","JIGSAW","VIOLIN","MILK","SUN"],"keepers":null,"result_count":null,"seed":null}},{"address":"random_shuffle.random_nouns[85]","mode":"managed","type":"random_shuffle","name":"random_nouns","index":85,"provider_name":"registry.terraform.io/hashicorp/random","schema_version":0,"values":{"input":["ARMY","PANTHER","WALNUTS","SANDWICH","ZEUS","BANANA","CAT","JELLYFISH","JIGSAW","VIOLIN","MILK","SUN"],"keepers":null,"result_count":null,"seed":null}},{"address":"random_shuffle.random_nouns[86]","mode":"managed","type":"random_shuffle","name":"random_nouns","index":86,"provider_name":"registry.terraform.io/hashicorp/random","schema_version":0,"values":{"input":["ARMY","PANTHER","WALNUTS","SANDWICH","ZEUS","BANANA","CAT","JELLYFISH","JIGSAW","VIOLIN","MILK","SUN"],"keepers":null,"result_count":null,"seed":null}},{"address":"random_shuffle.random_nouns[87]","mode":"managed","type":"random_shuffle","name":"random_nouns","index":87,"provider_name":"registry.terraform.io/hashicorp/random","schema_version":0,"values":{"input":["ARMY","PANTHER","WALNUTS","SANDWICH","ZEUS","BANANA","CAT","JELLYFISH","JIGSAW","VIOLIN","MILK","SUN"],"keepers":null,"result_count":null,"seed":null}},{"address":"random_shuffle.random_nouns[88]","mode":"managed","type":"random_shuffle","name":"random_nouns","index":88,"provider_name":"registry.terraform.io/hashicorp/random","schema_version":0,"values":{"input":["ARMY","PANTHER","WALNUTS","SANDWICH","ZEUS","BANANA","CAT","JELLYFISH","JIGSAW","VIOLIN","MILK","SUN"],"keepers":null,"result_count":null,"seed":null}},{"address":"random_shuffle.random_nouns[89]","mode":"managed","type":"random_shuffle","name":"random_nouns","index":89,"provider_name":"registry.terraform.io/hashicorp/random","schema_version":0,"values":{"input":["ARMY","PANTHER","WALNUTS","SANDWICH","ZEUS","BANANA","CAT","JELLYFISH","JIGSAW","VIOLIN","MILK","SUN"],"keepers":null,"result_count":null,"seed":null}},{"address":"random_shuffle.random_nouns[8]","mode":"managed","type":"random_shuffle","name":"random_nouns","index":8,"provider_name":"registry.terraform.io/hashicorp/random","schema_version":0,"values":{"input":["ARMY","PANTHER","WALNUTS","SANDWICH","ZEUS","BANANA","CAT","JELLYFISH","JIGSAW","VIOLIN","MILK","SUN"],"keepers":null,"result_count":null,"seed":null}},{"address":"random_shuffle.random_nouns[90]","mode":"managed","type":"random_shuffle","name":"random_nouns","index":90,"provider_name":"registry.terraform.io/hashicorp/random","schema_version":0,"values":{"input":["ARMY","PANTHER","WALNUTS","SANDWICH","ZEUS","BANANA","CAT","JELLYFISH","JIGSAW","VIOLIN","MILK","SUN"],"keepers":null,"result_count":null,"seed":null}},{"address":"random_shuffle.random_nouns[91]","mode":"managed","type":"random_shuffle","name":"random_nouns","index":91,"provider_name":"registry.terraform.io/hashicorp/random","schema_version":0,"values":{"input":["ARMY","PANTHER","WALNUTS","SANDWICH","ZEUS","BANANA","CAT","JELLYFISH","JIGSAW","VIOLIN","MILK","SUN"],"keepers":null,"result_count":null,"seed":null}},{"address":"random_shuffle.random_nouns[92]","mode":"managed","type":"random_shuffle","name":"random_nouns","index":92,"provider_name":"registry.terraform.io/hashicorp/random","schema_version":0,"values":{"input":["ARMY","PANTHER","WALNUTS","SANDWICH","ZEUS","BANANA","CAT","JELLYFISH","JIGSAW","VIOLIN","MILK","SUN"],"keepers":null,"result_count":null,"seed":null}},{"address":"random_shuffle.random_nouns[93]","mode":"managed","type":"random_shuffle","name":"random_nouns","index":93,"provider_name":"registry.terraform.io/hashicorp/random","schema_version":0,"values":{"input":["ARMY","PANTHER","WALNUTS","SANDWICH","ZEUS","BANANA","CAT","JELLYFISH","JIGSAW","VIOLIN","MILK","SUN"],"keepers":null,"result_count":null,"seed":null}},{"address":"random_shuffle.random_nouns[94]","mode":"managed","type":"random_shuffle","name":"random_nouns","index":94,"provider_name":"registry.terraform.io/hashicorp/random","schema_version":0,"values":{"input":["ARMY","PANTHER","WALNUTS","SANDWICH","ZEUS","BANANA","CAT","JELLYFISH","JIGSAW","VIOLIN","MILK","SUN"],"keepers":null,"result_count":null,"seed":null}},{"address":"random_shuffle.random_nouns[95]","mode":"managed","type":"random_shuffle","name":"random_nouns","index":95,"provider_name":"registry.terraform.io/hashicorp/random","schema_version":0,"values":{"input":["ARMY","PANTHER","WALNUTS","SANDWICH","ZEUS","BANANA","CAT","JELLYFISH","JIGSAW","VIOLIN","MILK","SUN"],"keepers":null,"result_count":null,"seed":null}},{"address":"random_shuffle.random_nouns[96]","mode":"managed","type":"random_shuffle","name":"random_nouns","index":96,"provider_name":"registry.terraform.io/hashicorp/random","schema_version":0,"values":{"input":["ARMY","PANTHER","WALNUTS","SANDWICH","ZEUS","BANANA","CAT","JELLYFISH","JIGSAW","VIOLIN","MILK","SUN"],"keepers":null,"result_count":null,"seed":null}},{"address":"random_shuffle.random_nouns[97]","mode":"managed","type":"random_shuffle","name":"random_nouns","index":97,"provider_name":"registry.terraform.io/hashicorp/random","schema_version":0,"values":{"input":["ARMY","PANTHER","WALNUTS","SANDWICH","ZEUS","BANANA","CAT","JELLYFISH","JIGSAW","VIOLIN","MILK","SUN"],"keepers":null,"result_count":null,"seed":null}},{"address":"random_shuffle.random_nouns[98]","mode":"managed","type":"random_shuffle","name":"random_nouns","index":98,"provider_name":"registry.terraform.io/hashicorp/random","schema_version":0,"values":{"input":["ARMY","PANTHER","WALNUTS","SANDWICH","ZEUS","BANANA","CAT","JELLYFISH","JIGSAW","VIOLIN","MILK","SUN"],"keepers":null,"result_count":null,"seed":null}},{"address":"random_shuffle.random_nouns[99]","mode":"managed","type":"random_shuffle","name":"random_nouns","index":99,"provider_name":"registry.terraform.io/hashicorp/random","schema_version":0,"values":{"input":["ARMY","PANTHER","WALNUTS","SANDWICH","ZEUS","BANANA","CAT","JELLYFISH","JIGSAW","VIOLIN","MILK","SUN"],"keepers":null,"result_count":null,"seed":null}},{"address":"random_shuffle.random_nouns[9]","mode":"managed","type":"random_shuffle","name":"random_nouns","index":9,"provider_name":"registry.terraform.io/hashicorp/random","schema_version":0,"values":{"input":["ARMY","PANTHER","WALNUTS","SANDWICH","ZEUS","BANANA","CAT","JELLYFISH","JIGSAW","VIOLIN","MILK","SUN"],"keepers":null,"result_count":null,"seed":null}},{"address":"random_shuffle.random_numbers[0]","mode":"managed","type":"random_shuffle","name":"random_numbers","index":0,"provider_name":"registry.terraform.io/hashicorp/random","schema_version":0,"values":{"id":"-","input":["42","27","101","73","-5","0"],"keepers":null,"result":["101","-5","42","73","0","27"],"result_count":null,"seed":null}},{"address":"random_shuffle.random_numbers[10]","mode":"managed","type":"random_shuffle","name":"random_numbers","index":10,"provider_name":"registry.terraform.io/hashicorp/random","schema_version":0,"values":{"input":["42","27","101","73","-5","0"],"keepers":null,"result_count":null,"seed":null}},{"address":"random_shuffle.random_numbers[11]","mode":"managed","type":"random_shuffle","name":"random_numbers","index":11,"provider_name":"registry.terraform.io/hashicorp/random","schema_version":0,"values":{"input":["42","27","101","73","-5","0"],"keepers":null,"result_count":null,"seed":null}},{"address":"random_shuffle.random_numbers[12]","mode":"managed","type":"random_shuffle","name":"random_numbers","index":12,"provider_name":"registry.terraform.io/hashicorp/random","schema_version":0,"values":{"input":["42","27","101","73","-5","0"],"keepers":null,"result_count":null,"seed":null}},{"address":"random_shuffle.random_numbers[13]","mode":"managed","type":"random_shuffle","name":"random_numbers","index":13,"provider_name":"registry.terraform.io/hashicorp/random","schema_version":0,"values":{"input":["42","27","101","73","-5","0"],"keepers":null,"result_count":null,"seed":null}},{"address":"random_shuffle.random_numbers[14]","mode":"managed","type":"random_shuffle","name":"random_numbers","index":14,"provider_name":"registry.terraform.io/hashicorp/random","schema_version":0,"values":{"input":["42","27","101","73","-5","0"],"keepers":null,"result_count":null,"seed":null}},{"address":"random_shuffle.random_numbers[15]","mode":"managed","type":"random_shuffle","name":"random_numbers","index":15,"provider_name":"registry.terraform.io/hashicorp/random","schema_version":0,"values":{"input":["42","27","101","73","-5","0"],"keepers":null,"result_count":null,"seed":null}},{"address":"random_shuffle.random_numbers[16]","mode":"managed","type":"random_shuffle","name":"random_numbers","index":16,"provider_name":"registry.terraform.io/hashicorp/random","schema_version":0,"values":{"input":["42","27","101","73","-5","0"],"keepers":null,"result_count":null,"seed":null}},{"address":"random_shuffle.random_numbers[17]","mode":"managed","type":"random_shuffle","name":"random_numbers","index":17,"provider_name":"registry.terraform.io/hashicorp/random","schema_version":0,"values":{"input":["42","27","101","73","-5","0"],"keepers":null,"result_count":null,"seed":null}},{"address":"random_shuffle.random_numbers[18]","mode":"managed","type":"random_shuffle","name":"random_numbers","index":18,"provider_name":"registry.terraform.io/hashicorp/random","schema_version":0,"values":{"input":["42","27","101","73","-5","0"],"keepers":null,"result_count":null,"seed":null}},{"address":"random_shuffle.random_numbers[19]","mode":"managed","type":"random_shuffle","name":"random_numbers","index":19,"provider_name":"registry.terraform.io/hashicorp/random","schema_version":0,"values":{"input":["42","27","101","73","-5","0"],"keepers":null,"result_count":null,"seed":null}},{"address":"random_shuffle.random_numbers[1]","mode":"managed","type":"random_shuffle","name":"random_numbers","index":1,"provider_name":"registry.terraform.io/hashicorp/random","schema_version":0,"values":{"input":["42","27","101","73","-5","0"],"keepers":null,"result_count":null,"seed":null}},{"address":"random_shuffle.random_numbers[20]","mode":"managed","type":"random_shuffle","name":"random_numbers","index":20,"provider_name":"registry.terraform.io/hashicorp/random","schema_version":0,"values":{"input":["42","27","101","73","-5","0"],"keepers":null,"result_count":null,"seed":null}},{"address":"random_shuffle.random_numbers[21]","mode":"managed","type":"random_shuffle","name":"random_numbers","index":21,"provider_name":"registry.terraform.io/hashicorp/random","schema_version":0,"values":{"input":["42","27","101","73","-5","0"],"keepers":null,"result_count":null,"seed":null}},{"address":"random_shuffle.random_numbers[22]","mode":"managed","type":"random_shuffle","name":"random_numbers","index":22,"provider_name":"registry.terraform.io/hashicorp/random","schema_version":0,"values":{"input":["42","27","101","73","-5","0"],"keepers":null,"result_count":null,"seed":null}},{"address":"random_shuffle.random_numbers[23]","mode":"managed","type":"random_shuffle","name":"random_numbers","index":23,"provider_name":"registry.terraform.io/hashicorp/random","schema_version":0,"values":{"input":["42","27","101","73","-5","0"],"keepers":null,"result_count":null,"seed":null}},{"address":"random_shuffle.random_numbers[24]","mode":"managed","type":"random_shuffle","name":"random_numbers","index":24,"provider_name":"registry.terraform.io/hashicorp/random","schema_version":0,"values":{"input":["42","27","101","73","-5","0"],"keepers":null,"result_count":null,"seed":null}},{"address":"random_shuffle.random_numbers[25]","mode":"managed","type":"random_shuffle","name":"random_numbers","index":25,"provider_name":"registry.terraform.io/hashicorp/random","schema_version":0,"values":{"input":["42","27","101","73","-5","0"],"keepers":null,"result_count":null,"seed":null}},{"address":"random_shuffle.random_numbers[26]","mode":"managed","type":"random_shuffle","name":"random_numbers","index":26,"provider_name":"registry.terraform.io/hashicorp/random","schema_version":0,"values":{"input":["42","27","101","73","-5","0"],"keepers":null,"result_count":null,"seed":null}},{"address":"random_shuffle.random_numbers[27]","mode":"managed","type":"random_shuffle","name":"random_numbers","index":27,"provider_name":"registry.terraform.io/hashicorp/random","schema_version":0,"values":{"input":["42","27","101","73","-5","0"],"keepers":null,"result_count":null,"seed":null}},{"address":"random_shuffle.random_numbers[28]","mode":"managed","type":"random_shuffle","name":"random_numbers","index":28,"provider_name":"registry.terraform.io/hashicorp/random","schema_version":0,"values":{"input":["42","27","101","73","-5","0"],"keepers":null,"result_count":null,"seed":null}},{"address":"random_shuffle.random_numbers[29]","mode":"managed","type":"random_shuffle","name":"random_numbers","index":29,"provider_name":"registry.terraform.io/hashicorp/random","schema_version":0,"values":{"input":["42","27","101","73","-5","0"],"keepers":null,"result_count":null,"seed":null}},{"address":"random_shuffle.random_numbers[2]","mode":"managed","type":"random_shuffle","name":"random_numbers","index":2,"provider_name":"registry.terraform.io/hashicorp/random","schema_version":0,"values":{"input":["42","27","101","73","-5","0"],"keepers":null,"result_count":null,"seed":null}},{"address":"random_shuffle.random_numbers[30]","mode":"managed","type":"random_shuffle","name":"random_numbers","index":30,"provider_name":"registry.terraform.io/hashicorp/random","schema_version":0,"values":{"input":["42","27","101","73","-5","0"],"keepers":null,"result_count":null,"seed":null}},{"address":"random_shuffle.random_numbers[31]","mode":"managed","type":"random_shuffle","name":"random_numbers","index":31,"provider_name":"registry.terraform.io/hashicorp/random","schema_version":0,"values":{"input":["42","27","101","73","-5","0"],"keepers":null,"result_count":null,"seed":null}},{"address":"random_shuffle.random_numbers[32]","mode":"managed","type":"random_shuffle","name":"random_numbers","index":32,"provider_name":"registry.terraform.io/hashicorp/random","schema_version":0,"values":{"input":["42","27","101","73","-5","0"],"keepers":null,"result_count":null,"seed":null}},{"address":"random_shuffle.random_numbers[33]","mode":"managed","type":"random_shuffle","name":"random_numbers","index":33,"provider_name":"registry.terraform.io/hashicorp/random","schema_version":0,"values":{"input":["42","27","101","73","-5","0"],"keepers":null,"result_count":null,"seed":null}},{"address":"random_shuffle.random_numbers[34]","mode":"managed","type":"random_shuffle","name":"random_numbers","index":34,"provider_name":"registry.terraform.io/hashicorp/random","schema_version":0,"values":{"input":["42","27","101","73","-5","0"],"keepers":null,"result_count":null,"seed":null}},{"address":"random_shuffle.random_numbers[35]","mode":"managed","type":"random_shuffle","name":"random_numbers","index":35,"provider_name":"registry.terraform.io/hashicorp/random","schema_version":0,"values":{"input":["42","27","101","73","-5","0"],"keepers":null,"result_count":null,"seed":null}},{"address":"random_shuffle.random_numbers[36]","mode":"managed","type":"random_shuffle","name":"random_numbers","index":36,"provider_name":"registry.terraform.io/hashicorp/random","schema_version":0,"values":{"input":["42","27","101","73","-5","0"],"keepers":null,"result_count":null,"seed":null}},{"address":"random_shuffle.random_numbers[37]","mode":"managed","type":"random_shuffle","name":"random_numbers","index":37,"provider_name":"registry.terraform.io/hashicorp/random","schema_version":0,"values":{"input":["42","27","101","73","-5","0"],"keepers":null,"result_count":null,"seed":null}},{"address":"random_shuffle.random_numbers[38]","mode":"managed","type":"random_shuffle","name":"random_numbers","index":38,"provider_name":"registry.terraform.io/hashicorp/random","schema_version":0,"values":{"input":["42","27","101","73","-5","0"],"keepers":null,"result_count":null,"seed":null}},{"address":"random_shuffle.random_numbers[39]","mode":"managed","type":"random_shuffle","name":"random_numbers","index":39,"provider_name":"registry.terraform.io/hashicorp/random","schema_version":0,"values":{"input":["42","27","101","73","-5","0"],"keepers":null,"result_count":null,"seed":null}},{"address":"random_shuffle.random_numbers[3]","mode":"managed","type":"random_shuffle","name":"random_numbers","index":3,"provider_name":"registry.terraform.io/hashicorp/random","schema_version":0,"values":{"input":["42","27","101","73","-5","0"],"keepers":null,"result_count":null,"seed":null}},{"address":"random_shuffle.random_numbers[40]","mode":"managed","type":"random_shuffle","name":"random_numbers","index":40,"provider_name":"registry.terraform.io/hashicorp/random","schema_version":0,"values":{"input":["42","27","101","73","-5","0"],"keepers":null,"result_count":null,"seed":null}},{"address":"random_shuffle.random_numbers[41]","mode":"managed","type":"random_shuffle","name":"random_numbers","index":41,"provider_name":"registry.terraform.io/hashicorp/random","schema_version":0,"values":{"input":["42","27","101","73","-5","0"],"keepers":null,"result_count":null,"seed":null}},{"address":"random_shuffle.random_numbers[42]","mode":"managed","type":"random_shuffle","name":"random_numbers","index":42,"provider_name":"registry.terraform.io/hashicorp/random","schema_version":0,"values":{"input":["42","27","101","73","-5","0"],"keepers":null,"result_count":null,"seed":null}},{"address":"random_shuffle.random_numbers[43]","mode":"managed","type":"random_shuffle","name":"random_numbers","index":43,"provider_name":"registry.terraform.io/hashicorp/random","schema_version":0,"values":{"input":["42","27","101","73","-5","0"],"keepers":null,"result_count":null,"seed":null}},{"address":"random_shuffle.random_numbers[44]","mode":"managed","type":"random_shuffle","name":"random_numbers","index":44,"provider_name":"registry.terraform.io/hashicorp/random","schema_version":0,"values":{"input":["42","27","101","73","-5","0"],"keepers":null,"result_count":null,"seed":null}},{"address":"random_shuffle.random_numbers[45]","mode":"managed","type":"random_shuffle","name":"random_numbers","index":45,"provider_name":"registry.terraform.io/hashicorp/random","schema_version":0,"values":{"input":["42","27","101","73","-5","0"],"keepers":null,"result_count":null,"seed":null}},{"address":"random_shuffle.random_numbers[46]","mode":"managed","type":"random_shuffle","name":"random_numbers","index":46,"provider_name":"registry.terraform.io/hashicorp/random","schema_version":0,"values":{"input":["42","27","101","73","-5","0"],"keepers":null,"result_count":null,"seed":null}},{"address":"random_shuffle.random_numbers[47]","mode":"managed","type":"random_shuffle","name":"random_numbers","index":47,"provider_name":"registry.terraform.io/hashicorp/random","schema_version":0,"values":{"input":["42","27","101","73","-5","0"],"keepers":null,"result_count":null,"seed":null}},{"address":"random_shuffle.random_numbers[48]","mode":"managed","type":"random_shuffle","name":"random_numbers","index":48,"provider_name":"registry.terraform.io/hashicorp/random","schema_version":0,"values":{"input":["42","27","101","73","-5","0"],"keepers":null,"result_count":null,"seed":null}},{"address":"random_shuffle.random_numbers[49]","mode":"managed","type":"random_shuffle","name":"random_numbers","index":49,"provider_name":"registry.terraform.io/hashicorp/random","schema_version":0,"values":{"input":["42","27","101","73","-5","0"],"keepers":null,"result_count":null,"seed":null}},{"address":"random_shuffle.random_numbers[4]","mode":"managed","type":"random_shuffle","name":"random_numbers","index":4,"provider_name":"registry.terraform.io/hashicorp/random","schema_version":0,"values":{"input":["42","27","101","73","-5","0"],"keepers":null,"result_count":null,"seed":null}},{"address":"random_shuffle.random_numbers[50]","mode":"managed","type":"random_shuffle","name":"random_numbers","index":50,"provider_name":"registry.terraform.io/hashicorp/random","schema_version":0,"values":{"input":["42","27","101","73","-5","0"],"keepers":null,"result_count":null,"seed":null}},{"address":"random_shuffle.random_numbers[51]","mode":"managed","type":"random_shuffle","name":"random_numbers","index":51,"provider_name":"registry.terraform.io/hashicorp/random","schema_version":0,"values":{"input":["42","27","101","73","-5","0"],"keepers":null,"result_count":null,"seed":null}},{"address":"random_shuffle.random_numbers[52]","mode":"managed","type":"random_shuffle","name":"random_numbers","index":52,"provider_name":"registry.terraform.io/hashicorp/random","schema_version":0,"values":{"input":["42","27","101","73","-5","0"],"keepers":null,"result_count":null,"seed":null}},{"address":"random_shuffle.random_numbers[53]","mode":"managed","type":"random_shuffle","name":"random_numbers","index":53,"provider_name":"registry.terraform.io/hashicorp/random","schema_version":0,"values":{"input":["42","27","101","73","-5","0"],"keepers":null,"result_count":null,"seed":null}},{"address":"random_shuffle.random_numbers[54]","mode":"managed","type":"random_shuffle","name":"random_numbers","index":54,"provider_name":"registry.terraform.io/hashicorp/random","schema_version":0,"values":{"input":["42","27","101","73","-5","0"],"keepers":null,"result_count":null,"seed":null}},{"address":"random_shuffle.random_numbers[55]","mode":"managed","type":"random_shuffle","name":"random_numbers","index":55,"provider_name":"registry.terraform.io/hashicorp/random","schema_version":0,"values":{"input":["42","27","101","73","-5","0"],"keepers":null,"result_count":null,"seed":null}},{"address":"random_shuffle.random_numbers[56]","mode":"managed","type":"random_shuffle","name":"random_numbers","index":56,"provider_name":"registry.terraform.io/hashicorp/random","schema_version":0,"values":{"input":["42","27","101","73","-5","0"],"keepers":null,"result_count":null,"seed":null}},{"address":"random_shuffle.random_numbers[57]","mode":"managed","type":"random_shuffle","name":"random_numbers","index":57,"provider_name":"registry.terraform.io/hashicorp/random","schema_version":0,"values":{"input":["42","27","101","73","-5","0"],"keepers":null,"result_count":null,"seed":null}},{"address":"random_shuffle.random_numbers[58]","mode":"managed","type":"random_shuffle","name":"random_numbers","index":58,"provider_name":"registry.terraform.io/hashicorp/random","schema_version":0,"values":{"input":["42","27","101","73","-5","0"],"keepers":null,"result_count":null,"seed":null}},{"address":"random_shuffle.random_numbers[59]","mode":"managed","type":"random_shuffle","name":"random_numbers","index":59,"provider_name":"registry.terraform.io/hashicorp/random","schema_version":0,"values":{"input":["42","27","101","73","-5","0"],"keepers":null,"result_count":null,"seed":null}},{"address":"random_shuffle.random_numbers[5]","mode":"managed","type":"random_shuffle","name":"random_numbers","index":5,"provider_name":"registry.terraform.io/hashicorp/random","schema_version":0,"values":{"input":["42","27","101","73","-5","0"],"keepers":null,"result_count":null,"seed":null}},{"address":"random_shuffle.random_numbers[60]","mode":"managed","type":"random_shuffle","name":"random_numbers","index":60,"provider_name":"registry.terraform.io/hashicorp/random","schema_version":0,"values":{"input":["42","27","101","73","-5","0"],"keepers":null,"result_count":null,"seed":null}},{"address":"random_shuffle.random_numbers[61]","mode":"managed","type":"random_shuffle","name":"random_numbers","index":61,"provider_name":"registry.terraform.io/hashicorp/random","schema_version":0,"values":{"input":["42","27","101","73","-5","0"],"keepers":null,"result_count":null,"seed":null}},{"address":"random_shuffle.random_numbers[62]","mode":"managed","type":"random_shuffle","name":"random_numbers","index":62,"provider_name":"registry.terraform.io/hashicorp/random","schema_version":0,"values":{"input":["42","27","101","73","-5","0"],"keepers":null,"result_count":null,"seed":null}},{"address":"random_shuffle.random_numbers[63]","mode":"managed","type":"random_shuffle","name":"random_numbers","index":63,"provider_name":"registry.terraform.io/hashicorp/random","schema_version":0,"values":{"input":["42","27","101","73","-5","0"],"keepers":null,"result_count":null,"seed":null}},{"address":"random_shuffle.random_numbers[64]","mode":"managed","type":"random_shuffle","name":"random_numbers","index":64,"provider_name":"registry.terraform.io/hashicorp/random","schema_version":0,"values":{"input":["42","27","101","73","-5","0"],"keepers":null,"result_count":null,"seed":null}},{"address":"random_shuffle.random_numbers[65]","mode":"managed","type":"random_shuffle","name":"random_numbers","index":65,"provider_name":"registry.terraform.io/hashicorp/random","schema_version":0,"values":{"input":["42","27","101","73","-5","0"],"keepers":null,"result_count":null,"seed":null}},{"address":"random_shuffle.random_numbers[66]","mode":"managed","type":"random_shuffle","name":"random_numbers","index":66,"provider_name":"registry.terraform.io/hashicorp/random","schema_version":0,"values":{"input":["42","27","101","73","-5","0"],"keepers":null,"result_count":null,"seed":null}},{"address":"random_shuffle.random_numbers[67]","mode":"managed","type":"random_shuffle","name":"random_numbers","index":67,"provider_name":"registry.terraform.io/hashicorp/random","schema_version":0,"values":{"input":["42","27","101","73","-5","0"],"keepers":null,"result_count":null,"seed":null}},{"address":"random_shuffle.random_numbers[68]","mode":"managed","type":"random_shuffle","name":"random_numbers","index":68,"provider_name":"registry.terraform.io/hashicorp/random","schema_version":0,"values":{"input":["42","27","101","73","-5","0"],"keepers":null,"result_count":null,"seed":null}},{"address":"random_shuffle.random_numbers[69]","mode":"managed","type":"random_shuffle","name":"random_numbers","index":69,"provider_name":"registry.terraform.io/hashicorp/random","schema_version":0,"values":{"input":["42","27","101","73","-5","0"],"keepers":null,"result_count":null,"seed":null}},{"address":"random_shuffle.random_numbers[6]","mode":"managed","type":"random_shuffle","name":"random_numbers","index":6,"provider_name":"registry.terraform.io/hashicorp/random","schema_version":0,"values":{"input":["42","27","101","73","-5","0"],"keepers":null,"result_count":null,"seed":null}},{"address":"random_shuffle.random_numbers[70]","mode":"managed","type":"random_shuffle","name":"random_numbers","index":70,"provider_name":"registry.terraform.io/hashicorp/random","schema_version":0,"values":{"input":["42","27","101","73","-5","0"],"keepers":null,"result_count":null,"seed":null}},{"address":"random_shuffle.random_numbers[71]","mode":"managed","type":"random_shuffle","name":"random_numbers","index":71,"provider_name":"registry.terraform.io/hashicorp/random","schema_version":0,"values":{"input":["42","27","101","73","-5","0"],"keepers":null,"result_count":null,"seed":null}},{"address":"random_shuffle.random_numbers[72]","mode":"managed","type":"random_shuffle","name":"random_numbers","index":72,"provider_name":"registry.terraform.io/hashicorp/random","schema_version":0,"values":{"input":["42","27","101","73","-5","0"],"keepers":null,"result_count":null,"seed":null}},{"address":"random_shuffle.random_numbers[73]","mode":"managed","type":"random_shuffle","name":"random_numbers","index":73,"provider_name":"registry.terraform.io/hashicorp/random","schema_version":0,"values":{"input":["42","27","101","73","-5","0"],"keepers":null,"result_count":null,"seed":null}},{"address":"random_shuffle.random_numbers[74]","mode":"managed","type":"random_shuffle","name":"random_numbers","index":74,"provider_name":"registry.terraform.io/hashicorp/random","schema_version":0,"values":{"input":["42","27","101","73","-5","0"],"keepers":null,"result_count":null,"seed":null}},{"address":"random_shuffle.random_numbers[75]","mode":"managed","type":"random_shuffle","name":"random_numbers","index":75,"provider_name":"registry.terraform.io/hashicorp/random","schema_version":0,"values":{"input":["42","27","101","73","-5","0"],"keepers":null,"result_count":null,"seed":null}},{"address":"random_shuffle.random_numbers[76]","mode":"managed","type":"random_shuffle","name":"random_numbers","index":76,"provider_name":"registry.terraform.io/hashicorp/random","schema_version":0,"values":{"input":["42","27","101","73","-5","0"],"keepers":null,"result_count":null,"seed":null}},{"address":"random_shuffle.random_numbers[77]","mode":"managed","type":"random_shuffle","name":"random_numbers","index":77,"provider_name":"registry.terraform.io/hashicorp/random","schema_version":0,"values":{"input":["42","27","101","73","-5","0"],"keepers":null,"result_count":null,"seed":null}},{"address":"random_shuffle.random_numbers[78]","mode":"managed","type":"random_shuffle","name":"random_numbers","index":78,"provider_name":"registry.terraform.io/hashicorp/random","schema_version":0,"values":{"input":["42","27","101","73","-5","0"],"keepers":null,"result_count":null,"seed":null}},{"address":"random_shuffle.random_numbers[79]","mode":"managed","type":"random_shuffle","name":"random_numbers","index":79,"provider_name":"registry.terraform.io/hashicorp/random","schema_version":0,"values":{"input":["42","27","101","73","-5","0"],"keepers":null,"result_count":null,"seed":null}},{"address":"random_shuffle.random_numbers[7]","mode":"managed","type":"random_shuffle","name":"random_numbers","index":7,"provider_name":"registry.terraform.io/hashicorp/random","schema_version":0,"values":{"input":["42","27","101","73","-5","0"],"keepers":null,"result_count":null,"seed":null}},{"address":"random_shuffle.random_numbers[80]","mode":"managed","type":"random_shuffle","name":"random_numbers","index":80,"provider_name":"registry.terraform.io/hashicorp/random","schema_version":0,"values":{"input":["42","27","101","73","-5","0"],"keepers":null,"result_count":null,"seed":null}},{"address":"random_shuffle.random_numbers[81]","mode":"managed","type":"random_shuffle","name":"random_numbers","index":81,"provider_name":"registry.terraform.io/hashicorp/random","schema_version":0,"values":{"input":["42","27","101","73","-5","0"],"keepers":null,"result_count":null,"seed":null}},{"address":"random_shuffle.random_numbers[82]","mode":"managed","type":"random_shuffle","name":"random_numbers","index":82,"provider_name":"registry.terraform.io/hashicorp/random","schema_version":0,"values":{"input":["42","27","101","73","-5","0"],"keepers":null,"result_count":null,"seed":null}},{"address":"random_shuffle.random_numbers[83]","mode":"managed","type":"random_shuffle","name":"random_numbers","index":83,"provider_name":"registry.terraform.io/hashicorp/random","schema_version":0,"values":{"input":["42","27","101","73","-5","0"],"keepers":null,"result_count":null,"seed":null}},{"address":"random_shuffle.random_numbers[84]","mode":"managed","type":"random_shuffle","name":"random_numbers","index":84,"provider_name":"registry.terraform.io/hashicorp/random","schema_version":0,"values":{"input":["42","27","101","73","-5","0"],"keepers":null,"result_count":null,"seed":null}},{"address":"random_shuffle.random_numbers[85]","mode":"managed","type":"random_shuffle","name":"random_numbers","index":85,"provider_name":"registry.terraform.io/hashicorp/random","schema_version":0,"values":{"input":["42","27","101","73","-5","0"],"keepers":null,"result_count":null,"seed":null}},{"address":"random_shuffle.random_numbers[86]","mode":"managed","type":"random_shuffle","name":"random_numbers","index":86,"provider_name":"registry.terraform.io/hashicorp/random","schema_version":0,"values":{"input":["42","27","101","73","-5","0"],"keepers":null,"result_count":null,"seed":null}},{"address":"random_shuffle.random_numbers[87]","mode":"managed","type":"random_shuffle","name":"random_numbers","index":87,"provider_name":"registry.terraform.io/hashicorp/random","schema_version":0,"values":{"input":["42","27","101","73","-5","0"],"keepers":null,"result_count":null,"seed":null}},{"address":"random_shuffle.random_numbers[88]","mode":"managed","type":"random_shuffle","name":"random_numbers","index":88,"provider_name":"registry.terraform.io/hashicorp/random","schema_version":0,"values":{"input":["42","27","101","73","-5","0"],"keepers":null,"result_count":null,"seed":null}},{"address":"random_shuffle.random_numbers[89]","mode":"managed","type":"random_shuffle","name":"random_numbers","index":89,"provider_name":"registry.terraform.io/hashicorp/random","schema_version":0,"values":{"input":["42","27","101","73","-5","0"],"keepers":null,"result_count":null,"seed":null}},{"address":"random_shuffle.random_numbers[8]","mode":"managed","type":"random_shuffle","name":"random_numbers","index":8,"provider_name":"registry.terraform.io/hashicorp/random","schema_version":0,"values":{"input":["42","27","101","73","-5","0"],"keepers":null,"result_count":null,"seed":null}},{"address":"random_shuffle.random_numbers[90]","mode":"managed","type":"random_shuffle","name":"random_numbers","index":90,"provider_name":"registry.terraform.io/hashicorp/random","schema_version":0,"values":{"input":["42","27","101","73","-5","0"],"keepers":null,"result_count":null,"seed":null}},{"address":"random_shuffle.random_numbers[91]","mode":"managed","type":"random_shuffle","name":"random_numbers","index":91,"provider_name":"registry.terraform.io/hashicorp/random","schema_version":0,"values":{"input":["42","27","101","73","-5","0"],"keepers":null,"result_count":null,"seed":null}},{"address":"random_shuffle.random_numbers[92]","mode":"managed","type":"random_shuffle","name":"random_numbers","index":92,"provider_name":"registry.terraform.io/hashicorp/random","schema_version":0,"values":{"input":["42","27","101","73","-5","0"],"keepers":null,"result_count":null,"seed":null}},{"address":"random_shuffle.random_numbers[93]","mode":"managed","type":"random_shuffle","name":"random_numbers","index":93,"provider_name":"registry.terraform.io/hashicorp/random","schema_version":0,"values":{"input":["42","27","101","73","-5","0"],"keepers":null,"result_count":null,"seed":null}},{"address":"random_shuffle.random_numbers[94]","mode":"managed","type":"random_shuffle","name":"random_numbers","index":94,"provider_name":"registry.terraform.io/hashicorp/random","schema_version":0,"values":{"input":["42","27","101","73","-5","0"],"keepers":null,"result_count":null,"seed":null}},{"address":"random_shuffle.random_numbers[95]","mode":"managed","type":"random_shuffle","name":"random_numbers","index":95,"provider_name":"registry.terraform.io/hashicorp/random","schema_version":0,"values":{"input":["42","27","101","73","-5","0"],"keepers":null,"result_count":null,"seed":null}},{"address":"random_shuffle.random_numbers[96]","mode":"managed","type":"random_shuffle","name":"random_numbers","index":96,"provider_name":"registry.terraform.io/hashicorp/random","schema_version":0,"values":{"input":["42","27","101","73","-5","0"],"keepers":null,"result_count":null,"seed":null}},{"address":"random_shuffle.random_numbers[97]","mode":"managed","type":"random_shuffle","name":"random_numbers","index":97,"provider_name":"registry.terraform.io/hashicorp/random","schema_version":0,"values":{"input":["42","27","101","73","-5","0"],"keepers":null,"result_count":null,"seed":null}},{"address":"random_shuffle.random_numbers[98]","mode":"managed","type":"random_shuffle","name":"random_numbers","index":98,"provider_name":"registry.terraform.io/hashicorp/random","schema_version":0,"values":{"input":["42","27","101","73","-5","0"],"keepers":null,"result_count":null,"seed":null}},{"address":"random_shuffle.random_numbers[99]","mode":"managed","type":"random_shuffle","name":"random_numbers","index":99,"provider_name":"registry.terraform.io/hashicorp/random","schema_version":0,"values":{"input":["42","27","101","73","-5","0"],"keepers":null,"result_count":null,"seed":null}},{"address":"random_shuffle.random_numbers[9]","mode":"managed","type":"random_shuffle","name":"random_numbers","index":9,"provider_name":"registry.terraform.io/hashicorp/random","schema_version":0,"values":{"input":["42","27","101","73","-5","0"],"keepers":null,"result_count":null,"seed":null}},{"address":"random_shuffle.random_verbs[0]","mode":"managed","type":"random_shuffle","name":"random_verbs","index":0,"provider_name":"registry.terraform.io/hashicorp/random","schema_version":0,"values":{"input":["RUN","DANCE","LOVE","RESPECT","KICKED","BAKED"],"keepers":null,"result_count":null,"seed":null}},{"address":"random_shuffle.random_verbs[10]","mode":"managed","type":"random_shuffle","name":"random_verbs","index":10,"provider_name":"registry.terraform.io/hashicorp/random","schema_version":0,"values":{"input":["RUN","DANCE","LOVE","RESPECT","KICKED","BAKED"],"keepers":null,"result_count":null,"seed":null}},{"address":"random_shuffle.random_verbs[11]","mode":"managed","type":"random_shuffle","name":"random_verbs","index":11,"provider_name":"registry.terraform.io/hashicorp/random","schema_version":0,"values":{"input":["RUN","DANCE","LOVE","RESPECT","KICKED","BAKED"],"keepers":null,"result_count":null,"seed":null}},{"address":"random_shuffle.random_verbs[12]","mode":"managed","type":"random_shuffle","name":"random_verbs","index":12,"provider_name":"registry.terraform.io/hashicorp/random","schema_version":0,"values":{"input":["RUN","DANCE","LOVE","RESPECT","KICKED","BAKED"],"keepers":null,"result_count":null,"seed":null}},{"address":"random_shuffle.random_verbs[13]","mode":"managed","type":"random_shuffle","name":"random_verbs","index":13,"provider_name":"registry.terraform.io/hashicorp/random","schema_version":0,"values":{"input":["RUN","DANCE","LOVE","RESPECT","KICKED","BAKED"],"keepers":null,"result_count":null,"seed":null}},{"address":"random_shuffle.random_verbs[14]","mode":"managed","type":"random_shuffle","name":"random_verbs","index":14,"provider_name":"registry.terraform.io/hashicorp/random","schema_version":0,"values":{"input":["RUN","DANCE","LOVE","RESPECT","KICKED","BAKED"],"keepers":null,"result_count":null,"seed":null}},{"address":"random_shuffle.random_verbs[15]","mode":"managed","type":"random_shuffle","name":"random_verbs","index":15,"provider_name":"registry.terraform.io/hashicorp/random","schema_version":0,"values":{"input":["RUN","DANCE","LOVE","RESPECT","KICKED","BAKED"],"keepers":null,"result_count":null,"seed":null}},{"address":"random_shuffle.random_verbs[16]","mode":"managed","type":"random_shuffle","name":"random_verbs","index":16,"provider_name":"registry.terraform.io/hashicorp/random","schema_version":0,"values":{"input":["RUN","DANCE","LOVE","RESPECT","KICKED","BAKED"],"keepers":null,"result_count":null,"seed":null}},{"address":"random_shuffle.random_verbs[17]","mode":"managed","type":"random_shuffle","name":"random_verbs","index":17,"provider_name":"registry.terraform.io/hashicorp/random","schema_version":0,"values":{"input":["RUN","DANCE","LOVE","RESPECT","KICKED","BAKED"],"keepers":null,"result_count":null,"seed":null}},{"address":"random_shuffle.random_verbs[18]","mode":"managed","type":"random_shuffle","name":"random_verbs","index":18,"provider_name":"registry.terraform.io/hashicorp/random","schema_version":0,"values":{"input":["RUN","DANCE","LOVE","RESPECT","KICKED","BAKED"],"keepers":null,"result_count":null,"seed":null}},{"address":"random_shuffle.random_verbs[19]","mode":"managed","type":"random_shuffle","name":"random_verbs","index":19,"provider_name":"registry.terraform.io/hashicorp/random","schema_version":0,"values":{"input":["RUN","DANCE","LOVE","RESPECT","KICKED","BAKED"],"keepers":null,"result_count":null,"seed":null}},{"address":"random_shuffle.random_verbs[1]","mode":"managed","type":"random_shuffle","name":"random_verbs","index":1,"provider_name":"registry.terraform.io/hashicorp/random","schema_version":0,"values":{"input":["RUN","DANCE","LOVE","RESPECT","KICKED","BAKED"],"keepers":null,"result_count":null,"seed":null}},{"address":"random_shuffle.random_verbs[20]","mode":"managed","type":"random_shuffle","name":"random_verbs","index":20,"provider_name":"registry.terraform.io/hashicorp/random","schema_version":0,"values":{"input":["RUN","DANCE","LOVE","RESPECT","KICKED","BAKED"],"keepers":null,"result_count":null,"seed":null}},{"address":"random_shuffle.random_verbs[21]","mode":"managed","type":"random_shuffle","name":"random_verbs","index":21,"provider_name":"registry.terraform.io/hashicorp/random","schema_version":0,"values":{"input":["RUN","DANCE","LOVE","RESPECT","KICKED","BAKED"],"keepers":null,"result_count":null,"seed":null}},{"address":"random_shuffle.random_verbs[22]","mode":"managed","type":"random_shuffle","name":"random_verbs","index":22,"provider_name":"registry.terraform.io/hashicorp/random","schema_version":0,"values":{"input":["RUN","DANCE","LOVE","RESPECT","KICKED","BAKED"],"keepers":null,"result_count":null,"seed":null}},{"address":"random_shuffle.random_verbs[23]","mode":"managed","type":"random_shuffle","name":"random_verbs","index":23,"provider_name":"registry.terraform.io/hashicorp/random","schema_version":0,"values":{"input":["RUN","DANCE","LOVE","RESPECT","KICKED","BAKED"],"keepers":null,"result_count":null,"seed":null}},{"address":"random_shuffle.random_verbs[24]","mode":"managed","type":"random_shuffle","name":"random_verbs","index":24,"provider_name":"registry.terraform.io/hashicorp/random","schema_version":0,"values":{"input":["RUN","DANCE","LOVE","RESPECT","KICKED","BAKED"],"keepers":null,"result_count":null,"seed":null}},{"address":"random_shuffle.random_verbs[25]","mode":"managed","type":"random_shuffle","name":"random_verbs","index":25,"provider_name":"registry.terraform.io/hashicorp/random","schema_version":0,"values":{"input":["RUN","DANCE","LOVE","RESPECT","KICKED","BAKED"],"keepers":null,"result_count":null,"seed":null}},{"address":"random_shuffle.random_verbs[26]","mode":"managed","type":"random_shuffle","name":"random_verbs","index":26,"provider_name":"registry.terraform.io/hashicorp/random","schema_version":0,"values":{"input":["RUN","DANCE","LOVE","RESPECT","KICKED","BAKED"],"keepers":null,"result_count":null,"seed":null}},{"address":"random_shuffle.random_verbs[27]","mode":"managed","type":"random_shuffle","name":"random_verbs","index":27,"provider_name":"registry.terraform.io/hashicorp/random","schema_version":0,"values":{"input":["RUN","DANCE","LOVE","RESPECT","KICKED","BAKED"],"keepers":null,"result_count":null,"seed":null}},{"address":"random_shuffle.random_verbs[28]","mode":"managed","type":"random_shuffle","name":"random_verbs","index":28,"provider_name":"registry.terraform.io/hashicorp/random","schema_version":0,"values":{"input":["RUN","DANCE","LOVE","RESPECT","KICKED","BAKED"],"keepers":null,"result_count":null,"seed":null}},{"address":"random_shuffle.random_verbs[29]","mode":"managed","type":"random_shuffle","name":"random_verbs","index":29,"provider_name":"registry.terraform.io/hashicorp/random","schema_version":0,"values":{"input":["RUN","DANCE","LOVE","RESPECT","KICKED","BAKED"],"keepers":null,"result_count":null,"seed":null}},{"address":"random_shuffle.random_verbs[2]","mode":"managed","type":"random_shuffle","name":"random_verbs","index":2,"provider_name":"registry.terraform.io/hashicorp/random","schema_version":0,"values":{"input":["RUN","DANCE","LOVE","RESPECT","KICKED","BAKED"],"keepers":null,"result_count":null,"seed":null}},{"address":"random_shuffle.random_verbs[30]","mode":"managed","type":"random_shuffle","name":"random_verbs","index":30,"provider_name":"registry.terraform.io/hashicorp/random","schema_version":0,"values":{"input":["RUN","DANCE","LOVE","RESPECT","KICKED","BAKED"],"keepers":null,"result_count":null,"seed":null}},{"address":"random_shuffle.random_verbs[31]","mode":"managed","type":"random_shuffle","name":"random_verbs","index":31,"provider_name":"registry.terraform.io/hashicorp/random","schema_version":0,"values":{"input":["RUN","DANCE","LOVE","RESPECT","KICKED","BAKED"],"keepers":null,"result_count":null,"seed":null}},{"address":"random_shuffle.random_verbs[32]","mode":"managed","type":"random_shuffle","name":"random_verbs","index":32,"provider_name":"registry.terraform.io/hashicorp/random","schema_version":0,"values":{"input":["RUN","DANCE","LOVE","RESPECT","KICKED","BAKED"],"keepers":null,"result_count":null,"seed":null}},{"address":"random_shuffle.random_verbs[33]","mode":"managed","type":"random_shuffle","name":"random_verbs","index":33,"provider_name":"registry.terraform.io/hashicorp/random","schema_version":0,"values":{"input":["RUN","DANCE","LOVE","RESPECT","KICKED","BAKED"],"keepers":null,"result_count":null,"seed":null}},{"address":"random_shuffle.random_verbs[34]","mode":"managed","type":"random_shuffle","name":"random_verbs","index":34,"provider_name":"registry.terraform.io/hashicorp/random","schema_version":0,"values":{"input":["RUN","DANCE","LOVE","RESPECT","KICKED","BAKED"],"keepers":null,"result_count":null,"seed":null}},{"address":"random_shuffle.random_verbs[35]","mode":"managed","type":"random_shuffle","name":"random_verbs","index":35,"provider_name":"registry.terraform.io/hashicorp/random","schema_version":0,"values":{"input":["RUN","DANCE","LOVE","RESPECT","KICKED","BAKED"],"keepers":null,"result_count":null,"seed":null}},{"address":"random_shuffle.random_verbs[36]","mode":"managed","type":"random_shuffle","name":"random_verbs","index":36,"provider_name":"registry.terraform.io/hashicorp/random","schema_version":0,"values":{"input":["RUN","DANCE","LOVE","RESPECT","KICKED","BAKED"],"keepers":null,"result_count":null,"seed":null}},{"address":"random_shuffle.random_verbs[37]","mode":"managed","type":"random_shuffle","name":"random_verbs","index":37,"provider_name":"registry.terraform.io/hashicorp/random","schema_version":0,"values":{"input":["RUN","DANCE","LOVE","RESPECT","KICKED","BAKED"],"keepers":null,"result_count":null,"seed":null}},{"address":"random_shuffle.random_verbs[38]","mode":"managed","type":"random_shuffle","name":"random_verbs","index":38,"provider_name":"registry.terraform.io/hashicorp/random","schema_version":0,"values":{"input":["RUN","DANCE","LOVE","RESPECT","KICKED","BAKED"],"keepers":null,"result_count":null,"seed":null}},{"address":"random_shuffle.random_verbs[39]","mode":"managed","type":"random_shuffle","name":"random_verbs","index":39,"provider_name":"registry.terraform.io/hashicorp/random","schema_version":0,"values":{"input":["RUN","DANCE","LOVE","RESPECT","KICKED","BAKED"],"keepers":null,"result_count":null,"seed":null}},{"address":"random_shuffle.random_verbs[3]","mode":"managed","type":"random_shuffle","name":"random_verbs","index":3,"provider_name":"registry.terraform.io/hashicorp/random","schema_version":0,"values":{"input":["RUN","DANCE","LOVE","RESPECT","KICKED","BAKED"],"keepers":null,"result_count":null,"seed":null}},{"address":"random_shuffle.random_verbs[40]","mode":"managed","type":"random_shuffle","name":"random_verbs","index":40,"provider_name":"registry.terraform.io/hashicorp/random","schema_version":0,"values":{"input":["RUN","DANCE","LOVE","RESPECT","KICKED","BAKED"],"keepers":null,"result_count":null,"seed":null}},{"address":"random_shuffle.random_verbs[41]","mode":"managed","type":"random_shuffle","name":"random_verbs","index":41,"provider_name":"registry.terraform.io/hashicorp/random","schema_version":0,"values":{"input":["RUN","DANCE","LOVE","RESPECT","KICKED","BAKED"],"keepers":null,"result_count":null,"seed":null}},{"address":"random_shuffle.random_verbs[42]","mode":"managed","type":"random_shuffle","name":"random_verbs","index":42,"provider_name":"registry.terraform.io/hashicorp/random","schema_version":0,"values":{"input":["RUN","DANCE","LOVE","RESPECT","KICKED","BAKED"],"keepers":null,"result_count":null,"seed":null}},{"address":"random_shuffle.random_verbs[43]","mode":"managed","type":"random_shuffle","name":"random_verbs","index":43,"provider_name":"registry.terraform.io/hashicorp/random","schema_version":0,"values":{"input":["RUN","DANCE","LOVE","RESPECT","KICKED","BAKED"],"keepers":null,"result_count":null,"seed":null}},{"address":"random_shuffle.random_verbs[44]","mode":"managed","type":"random_shuffle","name":"random_verbs","index":44,"provider_name":"registry.terraform.io/hashicorp/random","schema_version":0,"values":{"input":["RUN","DANCE","LOVE","RESPECT","KICKED","BAKED"],"keepers":null,"result_count":null,"seed":null}},{"address":"random_shuffle.random_verbs[45]","mode":"managed","type":"random_shuffle","name":"random_verbs","index":45,"provider_name":"registry.terraform.io/hashicorp/random","schema_version":0,"values":{"input":["RUN","DANCE","LOVE","RESPECT","KICKED","BAKED"],"keepers":null,"result_count":null,"seed":null}},{"address":"random_shuffle.random_verbs[46]","mode":"managed","type":"random_shuffle","name":"random_verbs","index":46,"provider_name":"registry.terraform.io/hashicorp/random","schema_version":0,"values":{"input":["RUN","DANCE","LOVE","RESPECT","KICKED","BAKED"],"keepers":null,"result_count":null,"seed":null}},{"address":"random_shuffle.random_verbs[47]","mode":"managed","type":"random_shuffle","name":"random_verbs","index":47,"provider_name":"registry.terraform.io/hashicorp/random","schema_version":0,"values":{"input":["RUN","DANCE","LOVE","RESPECT","KICKED","BAKED"],"keepers":null,"result_count":null,"seed":null}},{"address":"random_shuffle.random_verbs[48]","mode":"managed","type":"random_shuffle","name":"random_verbs","index":48,"provider_name":"registry.terraform.io/hashicorp/random","schema_version":0,"values":{"input":["RUN","DANCE","LOVE","RESPECT","KICKED","BAKED"],"keepers":null,"result_count":null,"seed":null}},{"address":"random_shuffle.random_verbs[49]","mode":"managed","type":"random_shuffle","name":"random_verbs","index":49,"provider_name":"registry.terraform.io/hashicorp/random","schema_version":0,"values":{"input":["RUN","DANCE","LOVE","RESPECT","KICKED","BAKED"],"keepers":null,"result_count":null,"seed":null}},{"address":"random_shuffle.random_verbs[4]","mode":"managed","type":"random_shuffle","name":"random_verbs","index":4,"provider_name":"registry.terraform.io/hashicorp/random","schema_version":0,"values":{"input":["RUN","DANCE","LOVE","RESPECT","KICKED","BAKED"],"keepers":null,"result_count":null,"seed":null}},{"address":"random_shuffle.random_verbs[50]","mode":"managed","type":"random_shuffle","name":"random_verbs","index":50,"provider_name":"registry.terraform.io/hashicorp/random","schema_version":0,"values":{"input":["RUN","DANCE","LOVE","RESPECT","KICKED","BAKED"],"keepers":null,"result_count":null,"seed":null}},{"address":"random_shuffle.random_verbs[51]","mode":"managed","type":"random_shuffle","name":"random_verbs","index":51,"provider_name":"registry.terraform.io/hashicorp/random","schema_version":0,"values":{"input":["RUN","DANCE","LOVE","RESPECT","KICKED","BAKED"],"keepers":null,"result_count":null,"seed":null}},{"address":"random_shuffle.random_verbs[52]","mode":"managed","type":"random_shuffle","name":"random_verbs","index":52,"provider_name":"registry.terraform.io/hashicorp/random","schema_version":0,"values":{"input":["RUN","DANCE","LOVE","RESPECT","KICKED","BAKED"],"keepers":null,"result_count":null,"seed":null}},{"address":"random_shuffle.random_verbs[53]","mode":"managed","type":"random_shuffle","name":"random_verbs","index":53,"provider_name":"registry.terraform.io/hashicorp/random","schema_version":0,"values":{"input":["RUN","DANCE","LOVE","RESPECT","KICKED","BAKED"],"keepers":null,"result_count":null,"seed":null}},{"address":"random_shuffle.random_verbs[54]","mode":"managed","type":"random_shuffle","name":"random_verbs","index":54,"provider_name":"registry.terraform.io/hashicorp/random","schema_version":0,"values":{"input":["RUN","DANCE","LOVE","RESPECT","KICKED","BAKED"],"keepers":null,"result_count":null,"seed":null}},{"address":"random_shuffle.random_verbs[55]","mode":"managed","type":"random_shuffle","name":"random_verbs","index":55,"provider_name":"registry.terraform.io/hashicorp/random","schema_version":0,"values":{"input":["RUN","DANCE","LOVE","RESPECT","KICKED","BAKED"],"keepers":null,"result_count":null,"seed":null}},{"address":"random_shuffle.random_verbs[56]","mode":"managed","type":"random_shuffle","name":"random_verbs","index":56,"provider_name":"registry.terraform.io/hashicorp/random","schema_version":0,"values":{"input":["RUN","DANCE","LOVE","RESPECT","KICKED","BAKED"],"keepers":null,"result_count":null,"seed":null}},{"address":"random_shuffle.random_verbs[57]","mode":"managed","type":"random_shuffle","name":"random_verbs","index":57,"provider_name":"registry.terraform.io/hashicorp/random","schema_version":0,"values":{"input":["RUN","DANCE","LOVE","RESPECT","KICKED","BAKED"],"keepers":null,"result_count":null,"seed":null}},{"address":"random_shuffle.random_verbs[58]","mode":"managed","type":"random_shuffle","name":"random_verbs","index":58,"provider_name":"registry.terraform.io/hashicorp/random","schema_version":0,"values":{"input":["RUN","DANCE","LOVE","RESPECT","KICKED","BAKED"],"keepers":null,"result_count":null,"seed":null}},{"address":"random_shuffle.random_verbs[59]","mode":"managed","type":"random_shuffle","name":"random_verbs","index":59,"provider_name":"registry.terraform.io/hashicorp/random","schema_version":0,"values":{"input":["RUN","DANCE","LOVE","RESPECT","KICKED","BAKED"],"keepers":null,"result_count":null,"seed":null}},{"address":"random_shuffle.random_verbs[5]","mode":"managed","type":"random_shuffle","name":"random_verbs","index":5,"provider_name":"registry.terraform.io/hashicorp/random","schema_version":0,"values":{"input":["RUN","DANCE","LOVE","RESPECT","KICKED","BAKED"],"keepers":null,"result_count":null,"seed":null}},{"address":"random_shuffle.random_verbs[60]","mode":"managed","type":"random_shuffle","name":"random_verbs","index":60,"provider_name":"registry.terraform.io/hashicorp/random","schema_version":0,"values":{"input":["RUN","DANCE","LOVE","RESPECT","KICKED","BAKED"],"keepers":null,"result_count":null,"seed":null}},{"address":"random_shuffle.random_verbs[61]","mode":"managed","type":"random_shuffle","name":"random_verbs","index":61,"provider_name":"registry.terraform.io/hashicorp/random","schema_version":0,"values":{"input":["RUN","DANCE","LOVE","RESPECT","KICKED","BAKED"],"keepers":null,"result_count":null,"seed":null}},{"address":"random_shuffle.random_verbs[62]","mode":"managed","type":"random_shuffle","name":"random_verbs","index":62,"provider_name":"registry.terraform.io/hashicorp/random","schema_version":0,"values":{"input":["RUN","DANCE","LOVE","RESPECT","KICKED","BAKED"],"keepers":null,"result_count":null,"seed":null}},{"address":"random_shuffle.random_verbs[63]","mode":"managed","type":"random_shuffle","name":"random_verbs","index":63,"provider_name":"registry.terraform.io/hashicorp/random","schema_version":0,"values":{"input":["RUN","DANCE","LOVE","RESPECT","KICKED","BAKED"],"keepers":null,"result_count":null,"seed":null}},{"address":"random_shuffle.random_verbs[64]","mode":"managed","type":"random_shuffle","name":"random_verbs","index":64,"provider_name":"registry.terraform.io/hashicorp/random","schema_version":0,"values":{"input":["RUN","DANCE","LOVE","RESPECT","KICKED","BAKED"],"keepers":null,"result_count":null,"seed":null}},{"address":"random_shuffle.random_verbs[65]","mode":"managed","type":"random_shuffle","name":"random_verbs","index":65,"provider_name":"registry.terraform.io/hashicorp/random","schema_version":0,"values":{"input":["RUN","DANCE","LOVE","RESPECT","KICKED","BAKED"],"keepers":null,"result_count":null,"seed":null}},{"address":"random_shuffle.random_verbs[66]","mode":"managed","type":"random_shuffle","name":"random_verbs","index":66,"provider_name":"registry.terraform.io/hashicorp/random","schema_version":0,"values":{"input":["RUN","DANCE","LOVE","RESPECT","KICKED","BAKED"],"keepers":null,"result_count":null,"seed":null}},{"address":"random_shuffle.random_verbs[67]","mode":"managed","type":"random_shuffle","name":"random_verbs","index":67,"provider_name":"registry.terraform.io/hashicorp/random","schema_version":0,"values":{"input":["RUN","DANCE","LOVE","RESPECT","KICKED","BAKED"],"keepers":null,"result_count":null,"seed":null}},{"address":"random_shuffle.random_verbs[68]","mode":"managed","type":"random_shuffle","name":"random_verbs","index":68,"provider_name":"registry.terraform.io/hashicorp/random","schema_version":0,"values":{"input":["RUN","DANCE","LOVE","RESPECT","KICKED","BAKED"],"keepers":null,"result_count":null,"seed":null}},{"address":"random_shuffle.random_verbs[69]","mode":"managed","type":"random_shuffle","name":"random_verbs","index":69,"provider_name":"registry.terraform.io/hashicorp/random","schema_version":0,"values":{"input":["RUN","DANCE","LOVE","RESPECT","KICKED","BAKED"],"keepers":null,"result_count":null,"seed":null}},{"address":"random_shuffle.random_verbs[6]","mode":"managed","type":"random_shuffle","name":"random_verbs","index":6,"provider_name":"registry.terraform.io/hashicorp/random","schema_version":0,"values":{"input":["RUN","DANCE","LOVE","RESPECT","KICKED","BAKED"],"keepers":null,"result_count":null,"seed":null}},{"address":"random_shuffle.random_verbs[70]","mode":"managed","type":"random_shuffle","name":"random_verbs","index":70,"provider_name":"registry.terraform.io/hashicorp/random","schema_version":0,"values":{"input":["RUN","DANCE","LOVE","RESPECT","KICKED","BAKED"],"keepers":null,"result_count":null,"seed":null}},{"address":"random_shuffle.random_verbs[71]","mode":"managed","type":"random_shuffle","name":"random_verbs","index":71,"provider_name":"registry.terraform.io/hashicorp/random","schema_version":0,"values":{"input":["RUN","DANCE","LOVE","RESPECT","KICKED","BAKED"],"keepers":null,"result_count":null,"seed":null}},{"address":"random_shuffle.random_verbs[72]","mode":"managed","type":"random_shuffle","name":"random_verbs","index":72,"provider_name":"registry.terraform.io/hashicorp/random","schema_version":0,"values":{"input":["RUN","DANCE","LOVE","RESPECT","KICKED","BAKED"],"keepers":null,"result_count":null,"seed":null}},{"address":"random_shuffle.random_verbs[73]","mode":"managed","type":"random_shuffle","name":"random_verbs","index":73,"provider_name":"registry.terraform.io/hashicorp/random","schema_version":0,"values":{"input":["RUN","DANCE","LOVE","RESPECT","KICKED","BAKED"],"keepers":null,"result_count":null,"seed":null}},{"address":"random_shuffle.random_verbs[74]","mode":"managed","type":"random_shuffle","name":"random_verbs","index":74,"provider_name":"registry.terraform.io/hashicorp/random","schema_version":0,"values":{"input":["RUN","DANCE","LOVE","RESPECT","KICKED","BAKED"],"keepers":null,"result_count":null,"seed":null}},{"address":"random_shuffle.random_verbs[75]","mode":"managed","type":"random_shuffle","name":"random_verbs","index":75,"provider_name":"registry.terraform.io/hashicorp/random","schema_version":0,"values":{"input":["RUN","DANCE","LOVE","RESPECT","KICKED","BAKED"],"keepers":null,"result_count":null,"seed":null}},{"address":"random_shuffle.random_verbs[76]","mode":"managed","type":"random_shuffle","name":"random_verbs","index":76,"provider_name":"registry.terraform.io/hashicorp/random","schema_version":0,"values":{"input":["RUN","DANCE","LOVE","RESPECT","KICKED","BAKED"],"keepers":null,"result_count":null,"seed":null}},{"address":"random_shuffle.random_verbs[77]","mode":"managed","type":"random_shuffle","name":"random_verbs","index":77,"provider_name":"registry.terraform.io/hashicorp/random","schema_version":0,"values":{"input":["RUN","DANCE","LOVE","RESPECT","KICKED","BAKED"],"keepers":null,"result_count":null,"seed":null}},{"address":"random_shuffle.random_verbs[78]","mode":"managed","type":"random_shuffle","name":"random_verbs","index":78,"provider_name":"registry.terraform.io/hashicorp/random","schema_version":0,"values":{"input":["RUN","DANCE","LOVE","RESPECT","KICKED","BAKED"],"keepers":null,"result_count":null,"seed":null}},{"address":"random_shuffle.random_verbs[79]","mode":"managed","type":"random_shuffle","name":"random_verbs","index":79,"provider_name":"registry.terraform.io/hashicorp/random","schema_version":0,"values":{"input":["RUN","DANCE","LOVE","RESPECT","KICKED","BAKED"],"keepers":null,"result_count":null,"seed":null}},{"address":"random_shuffle.random_verbs[7]","mode":"managed","type":"random_shuffle","name":"random_verbs","index":7,"provider_name":"registry.terraform.io/hashicorp/random","schema_version":0,"values":{"input":["RUN","DANCE","LOVE","RESPECT","KICKED","BAKED"],"keepers":null,"result_count":null,"seed":null}},{"address":"random_shuffle.random_verbs[80]","mode":"managed","type":"random_shuffle","name":"random_verbs","index":80,"provider_name":"registry.terraform.io/hashicorp/random","schema_version":0,"values":{"input":["RUN","DANCE","LOVE","RESPECT","KICKED","BAKED"],"keepers":null,"result_count":null,"seed":null}},{"address":"random_shuffle.random_verbs[81]","mode":"managed","type":"random_shuffle","name":"random_verbs","index":81,"provider_name":"registry.terraform.io/hashicorp/random","schema_version":0,"values":{"input":["RUN","DANCE","LOVE","RESPECT","KICKED","BAKED"],"keepers":null,"result_count":null,"seed":null}},{"address":"random_shuffle.random_verbs[82]","mode":"managed","type":"random_shuffle","name":"random_verbs","index":82,"provider_name":"registry.terraform.io/hashicorp/random","schema_version":0,"values":{"input":["RUN","DANCE","LOVE","RESPECT","KICKED","BAKED"],"keepers":null,"result_count":null,"seed":null}},{"address":"random_shuffle.random_verbs[83]","mode":"managed","type":"random_shuffle","name":"random_verbs","index":83,"provider_name":"registry.terraform.io/hashicorp/random","schema_version":0,"values":{"input":["RUN","DANCE","LOVE","RESPECT","KICKED","BAKED"],"keepers":null,"result_count":null,"seed":null}},{"address":"random_shuffle.random_verbs[84]","mode":"managed","type":"random_shuffle","name":"random_verbs","index":84,"provider_name":"registry.terraform.io/hashicorp/random","schema_version":0,"values":{"input":["RUN","DANCE","LOVE","RESPECT","KICKED","BAKED"],"keepers":null,"result_count":null,"seed":null}},{"address":"random_shuffle.random_verbs[85]","mode":"managed","type":"random_shuffle","name":"random_verbs","index":85,"provider_name":"registry.terraform.io/hashicorp/random","schema_version":0,"values":{"input":["RUN","DANCE","LOVE","RESPECT","KICKED","BAKED"],"keepers":null,"result_count":null,"seed":null}},{"address":"random_shuffle.random_verbs[86]","mode":"managed","type":"random_shuffle","name":"random_verbs","index":86,"provider_name":"registry.terraform.io/hashicorp/random","schema_version":0,"values":{"input":["RUN","DANCE","LOVE","RESPECT","KICKED","BAKED"],"keepers":null,"result_count":null,"seed":null}},{"address":"random_shuffle.random_verbs[87]","mode":"managed","type":"random_shuffle","name":"random_verbs","index":87,"provider_name":"registry.terraform.io/hashicorp/random","schema_version":0,"values":{"input":["RUN","DANCE","LOVE","RESPECT","KICKED","BAKED"],"keepers":null,"result_count":null,"seed":null}},{"address":"random_shuffle.random_verbs[88]","mode":"managed","type":"random_shuffle","name":"random_verbs","index":88,"provider_name":"registry.terraform.io/hashicorp/random","schema_version":0,"values":{"input":["RUN","DANCE","LOVE","RESPECT","KICKED","BAKED"],"keepers":null,"result_count":null,"seed":null}},{"address":"random_shuffle.random_verbs[89]","mode":"managed","type":"random_shuffle","name":"random_verbs","index":89,"provider_name":"registry.terraform.io/hashicorp/random","schema_version":0,"values":{"input":["RUN","DANCE","LOVE","RESPECT","KICKED","BAKED"],"keepers":null,"result_count":null,"seed":null}},{"address":"random_shuffle.random_verbs[8]","mode":"managed","type":"random_shuffle","name":"random_verbs","index":8,"provider_name":"registry.terraform.io/hashicorp/random","schema_version":0,"values":{"input":["RUN","DANCE","LOVE","RESPECT","KICKED","BAKED"],"keepers":null,"result_count":null,"seed":null}},{"address":"random_shuffle.random_verbs[90]","mode":"managed","type":"random_shuffle","name":"random_verbs","index":90,"provider_name":"registry.terraform.io/hashicorp/random","schema_version":0,"values":{"input":["RUN","DANCE","LOVE","RESPECT","KICKED","BAKED"],"keepers":null,"result_count":null,"seed":null}},{"address":"random_shuffle.random_verbs[91]","mode":"managed","type":"random_shuffle","name":"random_verbs","index":91,"provider_name":"registry.terraform.io/hashicorp/random","schema_version":0,"values":{"input":["RUN","DANCE","LOVE","RESPECT","KICKED","BAKED"],"keepers":null,"result_count":null,"seed":null}},{"address":"random_shuffle.random_verbs[92]","mode":"managed","type":"random_shuffle","name":"random_verbs","index":92,"provider_name":"registry.terraform.io/hashicorp/random","schema_version":0,"values":{"input":["RUN","DANCE","LOVE","RESPECT","KICKED","BAKED"],"keepers":null,"result_count":null,"seed":null}},{"address":"random_shuffle.random_verbs[93]","mode":"managed","type":"random_shuffle","name":"random_verbs","index":93,"provider_name":"registry.terraform.io/hashicorp/random","schema_version":0,"values":{"input":["RUN","DANCE","LOVE","RESPECT","KICKED","BAKED"],"keepers":null,"result_count":null,"seed":null}},{"address":"random_shuffle.random_verbs[94]","mode":"managed","type":"random_shuffle","name":"random_verbs","index":94,"provider_name":"registry.terraform.io/hashicorp/random","schema_version":0,"values":{"input":["RUN","DANCE","LOVE","RESPECT","KICKED","BAKED"],"keepers":null,"result_count":null,"seed":null}},{"address":"random_shuffle.random_verbs[95]","mode":"managed","type":"random_shuffle","name":"random_verbs","index":95,"provider_name":"registry.terraform.io/hashicorp/random","schema_version":0,"values":{"input":["RUN","DANCE","LOVE","RESPECT","KICKED","BAKED"],"keepers":null,"result_count":null,"seed":null}},{"address":"random_shuffle.random_verbs[96]","mode":"managed","type":"random_shuffle","name":"random_verbs","index":96,"provider_name":"registry.terraform.io/hashicorp/random","schema_version":0,"values":{"input":["RUN","DANCE","LOVE","RESPECT","KICKED","BAKED"],"keepers":null,"result_count":null,"seed":null}},{"address":"random_shuffle.random_verbs[97]","mode":"managed","type":"random_shuffle","name":"random_verbs","index":97,"provider_name":"registry.terraform.io/hashicorp/random","schema_version":0,"values":{"input":["RUN","DANCE","LOVE","RESPECT","KICKED","BAKED"],"keepers":null,"result_count":null,"seed":null}},{"address":"random_shuffle.random_verbs[98]","mode":"managed","type":"random_shuffle","name":"random_verbs","index":98,"provider_name":"registry.terraform.io/hashicorp/random","schema_version":0,"values":{"input":["RUN","DANCE","LOVE","RESPECT","KICKED","BAKED"],"keepers":null,"result_count":null,"seed":null}},{"address":"random_shuffle.random_verbs[99]","mode":"managed","type":"random_shuffle","name":"random_verbs","index":99,"provider_name":"registry.terraform.io/hashicorp/random","schema_version":0,"values":{"input":["RUN","DANCE","LOVE","RESPECT","KICKED","BAKED"],"keepers":null,"result_count":null,"seed":null}},{"address":"random_shuffle.random_verbs[9]","mode":"managed","type":"random_shuffle","name":"random_verbs","index":9,"provider_name":"registry.terraform.io/hashicorp/random","schema_version":0,"values":{"input":["RUN","DANCE","LOVE","RESPECT","KICKED","BAKED"],"keepers":null,"result_count":null,"seed":null}}]}},"resource_changes":[{"address":"data.archive_file.mad_libs","mode":"data","type":"archive_file","name":"mad_libs","provider_name":"registry.terraform.io/hashicorp/archive","change":{"actions":["read"],"before":null,"after":{"excludes":null,"output_path":"/Users/sogirala/Terraform-Labs/Functions/madlibs.zip","source":[],"source_content":null,"source_content_filename":null,"source_dir":"./madlibs","source_file":null,"type":"zip"},"after_unknown":{"id":true,"output_base64sha256":true,"output_md5":true,"output_sha":true,"output_size":true,"source":[]}}},{"address":"local_file.mad_libs[0]","mode":"managed","type":"local_file","name":"mad_libs","index":0,"provider_name":"registry.terraform.io/hashicorp/local","change":{"actions":["create"],"before":null,"after":{"content_base64":null,"directory_permission":"0777","file_permission":"0777","filename":"madlibs/madlibs-0.txt","sensitive_content":null},"after_unknown":{"content":true,"id":true}}},{"address":"local_file.mad_libs[10]","mode":"managed","type":"local_file","name":"mad_libs","index":10,"provider_name":"registry.terraform.io/hashicorp/local","change":{"actions":["create"],"before":null,"after":{"content_base64":null,"directory_permission":"0777","file_permission":"0777","filename":"madlibs/madlibs-10.txt","sensitive_content":null},"after_unknown":{"content":true,"id":true}}},{"address":"local_file.mad_libs[11]","mode":"managed","type":"local_file","name":"mad_libs","index":11,"provider_name":"registry.terraform.io/hashicorp/local","change":{"actions":["create"],"before":null,"after":{"content_base64":null,"directory_permission":"0777","file_permission":"0777","filename":"madlibs/madlibs-11.txt","sensitive_content":null},"after_unknown":{"content":true,"id":true}}},{"address":"local_file.mad_libs[12]","mode":"managed","type":"local_file","name":"mad_libs","index":12,"provider_name":"registry.terraform.io/hashicorp/local","change":{"actions":["create"],"before":null,"after":{"content_base64":null,"directory_permission":"0777","file_permission":"0777","filename":"madlibs/madlibs-12.txt","sensitive_content":null},"after_unknown":{"content":true,"id":true}}},{"address":"local_file.mad_libs[13]","mode":"managed","type":"local_file","name":"mad_libs","index":13,"provider_name":"registry.terraform.io/hashicorp/local","change":{"actions":["create"],"before":null,"after":{"content_base64":null,"directory_permission":"0777","file_permission":"0777","filename":"madlibs/madlibs-13.txt","sensitive_content":null},"after_unknown":{"content":true,"id":true}}},{"address":"local_file.mad_libs[14]","mode":"managed","type":"local_file","name":"mad_libs","index":14,"provider_name":"registry.terraform.io/hashicorp/local","change":{"actions":["create"],"before":null,"after":{"content_base64":null,"directory_permission":"0777","file_permission":"0777","filename":"madlibs/madlibs-14.txt","sensitive_content":null},"after_unknown":{"content":true,"id":true}}},{"address":"local_file.mad_libs[15]","mode":"managed","type":"local_file","name":"mad_libs","index":15,"provider_name":"registry.terraform.io/hashicorp/local","change":{"actions":["create"],"before":null,"after":{"content_base64":null,"directory_permission":"0777","file_permission":"0777","filename":"madlibs/madlibs-15.txt","sensitive_content":null},"after_unknown":{"content":true,"id":true}}},{"address":"local_file.mad_libs[16]","mode":"managed","type":"local_file","name":"mad_libs","index":16,"provider_name":"registry.terraform.io/hashicorp/local","change":{"actions":["create"],"before":null,"after":{"content_base64":null,"directory_permission":"0777","file_permission":"0777","filename":"madlibs/madlibs-16.txt","sensitive_content":null},"after_unknown":{"content":true,"id":true}}},{"address":"local_file.mad_libs[17]","mode":"managed","type":"local_file","name":"mad_libs","index":17,"provider_name":"registry.terraform.io/hashicorp/local","change":{"actions":["create"],"before":null,"after":{"content_base64":null,"directory_permission":"0777","file_permission":"0777","filename":"madlibs/madlibs-17.txt","sensitive_content":null},"after_unknown":{"content":true,"id":true}}},{"address":"local_file.mad_libs[18]","mode":"managed","type":"local_file","name":"mad_libs","index":18,"provider_name":"registry.terraform.io/hashicorp/local","change":{"actions":["create"],"before":null,"after":{"content_base64":null,"directory_permission":"0777","file_permission":"0777","filename":"madlibs/madlibs-18.txt","sensitive_content":null},"after_unknown":{"content":true,"id":true}}},{"address":"local_file.mad_libs[19]","mode":"managed","type":"local_file","name":"mad_libs","index":19,"provider_name":"registry.terraform.io/hashicorp/local","change":{"actions":["create"],"before":null,"after":{"content_base64":null,"directory_permission":"0777","file_permission":"0777","filename":"madlibs/madlibs-19.txt","sensitive_content":null},"after_unknown":{"content":true,"id":true}}},{"address":"local_file.mad_libs[1]","mode":"managed","type":"local_file","name":"mad_libs","index":1,"provider_name":"registry.terraform.io/hashicorp/local","change":{"actions":["create"],"before":null,"after":{"content_base64":null,"directory_permission":"0777","file_permission":"0777","filename":"madlibs/madlibs-1.txt","sensitive_content":null},"after_unknown":{"content":true,"id":true}}},{"address":"local_file.mad_libs[20]","mode":"managed","type":"local_file","name":"mad_libs","index":20,"provider_name":"registry.terraform.io/hashicorp/local","change":{"actions":["create"],"before":null,"after":{"content_base64":null,"directory_permission":"0777","file_permission":"0777","filename":"madlibs/madlibs-20.txt","sensitive_content":null},"after_unknown":{"content":true,"id":true}}},{"address":"local_file.mad_libs[21]","mode":"managed","type":"local_file","name":"mad_libs","index":21,"provider_name":"registry.terraform.io/hashicorp/local","change":{"actions":["create"],"before":null,"after":{"content_base64":null,"directory_permission":"0777","file_permission":"0777","filename":"madlibs/madlibs-21.txt","sensitive_content":null},"after_unknown":{"content":true,"id":true}}},{"address":"local_file.mad_libs[22]","mode":"managed","type":"local_file","name":"mad_libs","index":22,"provider_name":"registry.terraform.io/hashicorp/local","change":{"actions":["create"],"before":null,"after":{"content_base64":null,"directory_permission":"0777","file_permission":"0777","filename":"madlibs/madlibs-22.txt","sensitive_content":null},"after_unknown":{"content":true,"id":true}}},{"address":"local_file.mad_libs[23]","mode":"managed","type":"local_file","name":"mad_libs","index":23,"provider_name":"registry.terraform.io/hashicorp/local","change":{"actions":["create"],"before":null,"after":{"content_base64":null,"directory_permission":"0777","file_permission":"0777","filename":"madlibs/madlibs-23.txt","sensitive_content":null},"after_unknown":{"content":true,"id":true}}},{"address":"local_file.mad_libs[24]","mode":"managed","type":"local_file","name":"mad_libs","index":24,"provider_name":"registry.terraform.io/hashicorp/local","change":{"actions":["create"],"before":null,"after":{"content_base64":null,"directory_permission":"0777","file_permission":"0777","filename":"madlibs/madlibs-24.txt","sensitive_content":null},"after_unknown":{"content":true,"id":true}}},{"address":"local_file.mad_libs[25]","mode":"managed","type":"local_file","name":"mad_libs","index":25,"provider_name":"registry.terraform.io/hashicorp/local","change":{"actions":["create"],"before":null,"after":{"content_base64":null,"directory_permission":"0777","file_permission":"0777","filename":"madlibs/madlibs-25.txt","sensitive_content":null},"after_unknown":{"content":true,"id":true}}},{"address":"local_file.mad_libs[26]","mode":"managed","type":"local_file","name":"mad_libs","index":26,"provider_name":"registry.terraform.io/hashicorp/local","change":{"actions":["create"],"before":null,"after":{"content_base64":null,"directory_permission":"0777","file_permission":"0777","filename":"madlibs/madlibs-26.txt","sensitive_content":null},"after_unknown":{"content":true,"id":true}}},{"address":"local_file.mad_libs[27]","mode":"managed","type":"local_file","name":"mad_libs","index":27,"provider_name":"registry.terraform.io/hashicorp/local","change":{"actions":["create"],"before":null,"after":{"content_base64":null,"directory_permission":"0777","file_permission":"0777","filename":"madlibs/madlibs-27.txt","sensitive_content":null},"after_unknown":{"content":true,"id":true}}},{"address":"local_file.mad_libs[28]","mode":"managed","type":"local_file","name":"mad_libs","index":28,"provider_name":"registry.terraform.io/hashicorp/local","change":{"actions":["create"],"before":null,"after":{"content_base64":null,"directory_permission":"0777","file_permission":"0777","filename":"madlibs/madlibs-28.txt","sensitive_content":null},"after_unknown":{"content":true,"id":true}}},{"address":"local_file.mad_libs[29]","mode":"managed","type":"local_file","name":"mad_libs","index":29,"provider_name":"registry.terraform.io/hashicorp/local","change":{"actions":["create"],"before":null,"after":{"content_base64":null,"directory_permission":"0777","file_permission":"0777","filename":"madlibs/madlibs-29.txt","sensitive_content":null},"after_unknown":{"content":true,"id":true}}},{"address":"local_file.mad_libs[2]","mode":"managed","type":"local_file","name":"mad_libs","index":2,"provider_name":"registry.terraform.io/hashicorp/local","change":{"actions":["create"],"before":null,"after":{"content_base64":null,"directory_permission":"0777","file_permission":"0777","filename":"madlibs/madlibs-2.txt","sensitive_content":null},"after_unknown":{"content":true,"id":true}}},{"address":"local_file.mad_libs[30]","mode":"managed","type":"local_file","name":"mad_libs","index":30,"provider_name":"registry.terraform.io/hashicorp/local","change":{"actions":["create"],"before":null,"after":{"content_base64":null,"directory_permission":"0777","file_permission":"0777","filename":"madlibs/madlibs-30.txt","sensitive_content":null},"after_unknown":{"content":true,"id":true}}},{"address":"local_file.mad_libs[31]","mode":"managed","type":"local_file","name":"mad_libs","index":31,"provider_name":"registry.terraform.io/hashicorp/local","change":{"actions":["create"],"before":null,"after":{"content_base64":null,"directory_permission":"0777","file_permission":"0777","filename":"madlibs/madlibs-31.txt","sensitive_content":null},"after_unknown":{"content":true,"id":true}}},{"address":"local_file.mad_libs[32]","mode":"managed","type":"local_file","name":"mad_libs","index":32,"provider_name":"registry.terraform.io/hashicorp/local","change":{"actions":["create"],"before":null,"after":{"content_base64":null,"directory_permission":"0777","file_permission":"0777","filename":"madlibs/madlibs-32.txt","sensitive_content":null},"after_unknown":{"content":true,"id":true}}},{"address":"local_file.mad_libs[33]","mode":"managed","type":"local_file","name":"mad_libs","index":33,"provider_name":"registry.terraform.io/hashicorp/local","change":{"actions":["create"],"before":null,"after":{"content_base64":null,"directory_permission":"0777","file_permission":"0777","filename":"madlibs/madlibs-33.txt","sensitive_content":null},"after_unknown":{"content":true,"id":true}}},{"address":"local_file.mad_libs[34]","mode":"managed","type":"local_file","name":"mad_libs","index":34,"provider_name":"registry.terraform.io/hashicorp/local","change":{"actions":["create"],"before":null,"after":{"content_base64":null,"directory_permission":"0777","file_permission":"0777","filename":"madlibs/madlibs-34.txt","sensitive_content":null},"after_unknown":{"content":true,"id":true}}},{"address":"local_file.mad_libs[35]","mode":"managed","type":"local_file","name":"mad_libs","index":35,"provider_name":"registry.terraform.io/hashicorp/local","change":{"actions":["create"],"before":null,"after":{"content_base64":null,"directory_permission":"0777","file_permission":"0777","filename":"madlibs/madlibs-35.txt","sensitive_content":null},"after_unknown":{"content":true,"id":true}}},{"address":"local_file.mad_libs[36]","mode":"managed","type":"local_file","name":"mad_libs","index":36,"provider_name":"registry.terraform.io/hashicorp/local","change":{"actions":["create"],"before":null,"after":{"content_base64":null,"directory_permission":"0777","file_permission":"0777","filename":"madlibs/madlibs-36.txt","sensitive_content":null},"after_unknown":{"content":true,"id":true}}},{"address":"local_file.mad_libs[37]","mode":"managed","type":"local_file","name":"mad_libs","index":37,"provider_name":"registry.terraform.io/hashicorp/local","change":{"actions":["create"],"before":null,"after":{"content_base64":null,"directory_permission":"0777","file_permission":"0777","filename":"madlibs/madlibs-37.txt","sensitive_content":null},"after_unknown":{"content":true,"id":true}}},{"address":"local_file.mad_libs[38]","mode":"managed","type":"local_file","name":"mad_libs","index":38,"provider_name":"registry.terraform.io/hashicorp/local","change":{"actions":["create"],"before":null,"after":{"content_base64":null,"directory_permission":"0777","file_permission":"0777","filename":"madlibs/madlibs-38.txt","sensitive_content":null},"after_unknown":{"content":true,"id":true}}},{"address":"local_file.mad_libs[39]","mode":"managed","type":"local_file","name":"mad_libs","index":39,"provider_name":"registry.terraform.io/hashicorp/local","change":{"actions":["create"],"before":null,"after":{"content_base64":null,"directory_permission":"0777","file_permission":"0777","filename":"madlibs/madlibs-39.txt","sensitive_content":null},"after_unknown":{"content":true,"id":true}}},{"address":"local_file.mad_libs[3]","mode":"managed","type":"local_file","name":"mad_libs","index":3,"provider_name":"registry.terraform.io/hashicorp/local","change":{"actions":["create"],"before":null,"after":{"content_base64":null,"directory_permission":"0777","file_permission":"0777","filename":"madlibs/madlibs-3.txt","sensitive_content":null},"after_unknown":{"content":true,"id":true}}},{"address":"local_file.mad_libs[40]","mode":"managed","type":"local_file","name":"mad_libs","index":40,"provider_name":"registry.terraform.io/hashicorp/local","change":{"actions":["create"],"before":null,"after":{"content_base64":null,"directory_permission":"0777","file_permission":"0777","filename":"madlibs/madlibs-40.txt","sensitive_content":null},"after_unknown":{"content":true,"id":true}}},{"address":"local_file.mad_libs[41]","mode":"managed","type":"local_file","name":"mad_libs","index":41,"provider_name":"registry.terraform.io/hashicorp/local","change":{"actions":["create"],"before":null,"after":{"content_base64":null,"directory_permission":"0777","file_permission":"0777","filename":"madlibs/madlibs-41.txt","sensitive_content":null},"after_unknown":{"content":true,"id":true}}},{"address":"local_file.mad_libs[42]","mode":"managed","type":"local_file","name":"mad_libs","index":42,"provider_name":"registry.terraform.io/hashicorp/local","change":{"actions":["create"],"before":null,"after":{"content_base64":null,"directory_permission":"0777","file_permission":"0777","filename":"madlibs/madlibs-42.txt","sensitive_content":null},"after_unknown":{"content":true,"id":true}}},{"address":"local_file.mad_libs[43]","mode":"managed","type":"local_file","name":"mad_libs","index":43,"provider_name":"registry.terraform.io/hashicorp/local","change":{"actions":["create"],"before":null,"after":{"content_base64":null,"directory_permission":"0777","file_permission":"0777","filename":"madlibs/madlibs-43.txt","sensitive_content":null},"after_unknown":{"content":true,"id":true}}},{"address":"local_file.mad_libs[44]","mode":"managed","type":"local_file","name":"mad_libs","index":44,"provider_name":"registry.terraform.io/hashicorp/local","change":{"actions":["create"],"before":null,"after":{"content_base64":null,"directory_permission":"0777","file_permission":"0777","filename":"madlibs/madlibs-44.txt","sensitive_content":null},"after_unknown":{"content":true,"id":true}}},{"address":"local_file.mad_libs[45]","mode":"managed","type":"local_file","name":"mad_libs","index":45,"provider_name":"registry.terraform.io/hashicorp/local","change":{"actions":["create"],"before":null,"after":{"content_base64":null,"directory_permission":"0777","file_permission":"0777","filename":"madlibs/madlibs-45.txt","sensitive_content":null},"after_unknown":{"content":true,"id":true}}},{"address":"local_file.mad_libs[46]","mode":"managed","type":"local_file","name":"mad_libs","index":46,"provider_name":"registry.terraform.io/hashicorp/local","change":{"actions":["create"],"before":null,"after":{"content_base64":null,"directory_permission":"0777","file_permission":"0777","filename":"madlibs/madlibs-46.txt","sensitive_content":null},"after_unknown":{"content":true,"id":true}}},{"address":"local_file.mad_libs[47]","mode":"managed","type":"local_file","name":"mad_libs","index":47,"provider_name":"registry.terraform.io/hashicorp/local","change":{"actions":["create"],"before":null,"after":{"content_base64":null,"directory_permission":"0777","file_permission":"0777","filename":"madlibs/madlibs-47.txt","sensitive_content":null},"after_unknown":{"content":true,"id":true}}},{"address":"local_file.mad_libs[48]","mode":"managed","type":"local_file","name":"mad_libs","index":48,"provider_name":"registry.terraform.io/hashicorp/local","change":{"actions":["create"],"before":null,"after":{"content_base64":null,"directory_permission":"0777","file_permission":"0777","filename":"madlibs/madlibs-48.txt","sensitive_content":null},"after_unknown":{"content":true,"id":true}}},{"address":"local_file.mad_libs[49]","mode":"managed","type":"local_file","name":"mad_libs","index":49,"provider_name":"registry.terraform.io/hashicorp/local","change":{"actions":["create"],"before":null,"after":{"content_base64":null,"directory_permission":"0777","file_permission":"0777","filename":"madlibs/madlibs-49.txt","sensitive_content":null},"after_unknown":{"content":true,"id":true}}},{"address":"local_file.mad_libs[4]","mode":"managed","type":"local_file","name":"mad_libs","index":4,"provider_name":"registry.terraform.io/hashicorp/local","change":{"actions":["create"],"before":null,"after":{"content_base64":null,"directory_permission":"0777","file_permission":"0777","filename":"madlibs/madlibs-4.txt","sensitive_content":null},"after_unknown":{"content":true,"id":true}}},{"address":"local_file.mad_libs[50]","mode":"managed","type":"local_file","name":"mad_libs","index":50,"provider_name":"registry.terraform.io/hashicorp/local","change":{"actions":["create"],"before":null,"after":{"content_base64":null,"directory_permission":"0777","file_permission":"0777","filename":"madlibs/madlibs-50.txt","sensitive_content":null},"after_unknown":{"content":true,"id":true}}},{"address":"local_file.mad_libs[51]","mode":"managed","type":"local_file","name":"mad_libs","index":51,"provider_name":"registry.terraform.io/hashicorp/local","change":{"actions":["create"],"before":null,"after":{"content_base64":null,"directory_permission":"0777","file_permission":"0777","filename":"madlibs/madlibs-51.txt","sensitive_content":null},"after_unknown":{"content":true,"id":true}}},{"address":"local_file.mad_libs[52]","mode":"managed","type":"local_file","name":"mad_libs","index":52,"provider_name":"registry.terraform.io/hashicorp/local","change":{"actions":["create"],"before":null,"after":{"content_base64":null,"directory_permission":"0777","file_permission":"0777","filename":"madlibs/madlibs-52.txt","sensitive_content":null},"after_unknown":{"content":true,"id":true}}},{"address":"local_file.mad_libs[53]","mode":"managed","type":"local_file","name":"mad_libs","index":53,"provider_name":"registry.terraform.io/hashicorp/local","change":{"actions":["create"],"before":null,"after":{"content_base64":null,"directory_permission":"0777","file_permission":"0777","filename":"madlibs/madlibs-53.txt","sensitive_content":null},"after_unknown":{"content":true,"id":true}}},{"address":"local_file.mad_libs[54]","mode":"managed","type":"local_file","name":"mad_libs","index":54,"provider_name":"registry.terraform.io/hashicorp/local","change":{"actions":["create"],"before":null,"after":{"content_base64":null,"directory_permission":"0777","file_permission":"0777","filename":"madlibs/madlibs-54.txt","sensitive_content":null},"after_unknown":{"content":true,"id":true}}},{"address":"local_file.mad_libs[55]","mode":"managed","type":"local_file","name":"mad_libs","index":55,"provider_name":"registry.terraform.io/hashicorp/local","change":{"actions":["create"],"before":null,"after":{"content_base64":null,"directory_permission":"0777","file_permission":"0777","filename":"madlibs/madlibs-55.txt","sensitive_content":null},"after_unknown":{"content":true,"id":true}}},{"address":"local_file.mad_libs[56]","mode":"managed","type":"local_file","name":"mad_libs","index":56,"provider_name":"registry.terraform.io/hashicorp/local","change":{"actions":["create"],"before":null,"after":{"content_base64":null,"directory_permission":"0777","file_permission":"0777","filename":"madlibs/madlibs-56.txt","sensitive_content":null},"after_unknown":{"content":true,"id":true}}},{"address":"local_file.mad_libs[57]","mode":"managed","type":"local_file","name":"mad_libs","index":57,"provider_name":"registry.terraform.io/hashicorp/local","change":{"actions":["create"],"before":null,"after":{"content_base64":null,"directory_permission":"0777","file_permission":"0777","filename":"madlibs/madlibs-57.txt","sensitive_content":null},"after_unknown":{"content":true,"id":true}}},{"address":"local_file.mad_libs[58]","mode":"managed","type":"local_file","name":"mad_libs","index":58,"provider_name":"registry.terraform.io/hashicorp/local","change":{"actions":["create"],"before":null,"after":{"content_base64":null,"directory_permission":"0777","file_permission":"0777","filename":"madlibs/madlibs-58.txt","sensitive_content":null},"after_unknown":{"content":true,"id":true}}},{"address":"local_file.mad_libs[59]","mode":"managed","type":"local_file","name":"mad_libs","index":59,"provider_name":"registry.terraform.io/hashicorp/local","change":{"actions":["create"],"before":null,"after":{"content_base64":null,"directory_permission":"0777","file_permission":"0777","filename":"madlibs/madlibs-59.txt","sensitive_content":null},"after_unknown":{"content":true,"id":true}}},{"address":"local_file.mad_libs[5]","mode":"managed","type":"local_file","name":"mad_libs","index":5,"provider_name":"registry.terraform.io/hashicorp/local","change":{"actions":["create"],"before":null,"after":{"content_base64":null,"directory_permission":"0777","file_permission":"0777","filename":"madlibs/madlibs-5.txt","sensitive_content":null},"after_unknown":{"content":true,"id":true}}},{"address":"local_file.mad_libs[60]","mode":"managed","type":"local_file","name":"mad_libs","index":60,"provider_name":"registry.terraform.io/hashicorp/local","change":{"actions":["create"],"before":null,"after":{"content_base64":null,"directory_permission":"0777","file_permission":"0777","filename":"madlibs/madlibs-60.txt","sensitive_content":null},"after_unknown":{"content":true,"id":true}}},{"address":"local_file.mad_libs[61]","mode":"managed","type":"local_file","name":"mad_libs","index":61,"provider_name":"registry.terraform.io/hashicorp/local","change":{"actions":["create"],"before":null,"after":{"content_base64":null,"directory_permission":"0777","file_permission":"0777","filename":"madlibs/madlibs-61.txt","sensitive_content":null},"after_unknown":{"content":true,"id":true}}},{"address":"local_file.mad_libs[62]","mode":"managed","type":"local_file","name":"mad_libs","index":62,"provider_name":"registry.terraform.io/hashicorp/local","change":{"actions":["create"],"before":null,"after":{"content_base64":null,"directory_permission":"0777","file_permission":"0777","filename":"madlibs/madlibs-62.txt","sensitive_content":null},"after_unknown":{"content":true,"id":true}}},{"address":"local_file.mad_libs[63]","mode":"managed","type":"local_file","name":"mad_libs","index":63,"provider_name":"registry.terraform.io/hashicorp/local","change":{"actions":["create"],"before":null,"after":{"content_base64":null,"directory_permission":"0777","file_permission":"0777","filename":"madlibs/madlibs-63.txt","sensitive_content":null},"after_unknown":{"content":true,"id":true}}},{"address":"local_file.mad_libs[64]","mode":"managed","type":"local_file","name":"mad_libs","index":64,"provider_name":"registry.terraform.io/hashicorp/local","change":{"actions":["create"],"before":null,"after":{"content_base64":null,"directory_permission":"0777","file_permission":"0777","filename":"madlibs/madlibs-64.txt","sensitive_content":null},"after_unknown":{"content":true,"id":true}}},{"address":"local_file.mad_libs[65]","mode":"managed","type":"local_file","name":"mad_libs","index":65,"provider_name":"registry.terraform.io/hashicorp/local","change":{"actions":["create"],"before":null,"after":{"content_base64":null,"directory_permission":"0777","file_permission":"0777","filename":"madlibs/madlibs-65.txt","sensitive_content":null},"after_unknown":{"content":true,"id":true}}},{"address":"local_file.mad_libs[66]","mode":"managed","type":"local_file","name":"mad_libs","index":66,"provider_name":"registry.terraform.io/hashicorp/local","change":{"actions":["create"],"before":null,"after":{"content_base64":null,"directory_permission":"0777","file_permission":"0777","filename":"madlibs/madlibs-66.txt","sensitive_content":null},"after_unknown":{"content":true,"id":true}}},{"address":"local_file.mad_libs[67]","mode":"managed","type":"local_file","name":"mad_libs","index":67,"provider_name":"registry.terraform.io/hashicorp/local","change":{"actions":["create"],"before":null,"after":{"content_base64":null,"directory_permission":"0777","file_permission":"0777","filename":"madlibs/madlibs-67.txt","sensitive_content":null},"after_unknown":{"content":true,"id":true}}},{"address":"local_file.mad_libs[68]","mode":"managed","type":"local_file","name":"mad_libs","index":68,"provider_name":"registry.terraform.io/hashicorp/local","change":{"actions":["create"],"before":null,"after":{"content_base64":null,"directory_permission":"0777","file_permission":"0777","filename":"madlibs/madlibs-68.txt","sensitive_content":null},"after_unknown":{"content":true,"id":true}}},{"address":"local_file.mad_libs[69]","mode":"managed","type":"local_file","name":"mad_libs","index":69,"provider_name":"registry.terraform.io/hashicorp/local","change":{"actions":["create"],"before":null,"after":{"content_base64":null,"directory_permission":"0777","file_permission":"0777","filename":"madlibs/madlibs-69.txt","sensitive_content":null},"after_unknown":{"content":true,"id":true}}},{"address":"local_file.mad_libs[6]","mode":"managed","type":"local_file","name":"mad_libs","index":6,"provider_name":"registry.terraform.io/hashicorp/local","change":{"actions":["create"],"before":null,"after":{"content_base64":null,"directory_permission":"0777","file_permission":"0777","filename":"madlibs/madlibs-6.txt","sensitive_content":null},"after_unknown":{"content":true,"id":true}}},{"address":"local_file.mad_libs[70]","mode":"managed","type":"local_file","name":"mad_libs","index":70,"provider_name":"registry.terraform.io/hashicorp/local","change":{"actions":["create"],"before":null,"after":{"content_base64":null,"directory_permission":"0777","file_permission":"0777","filename":"madlibs/madlibs-70.txt","sensitive_content":null},"after_unknown":{"content":true,"id":true}}},{"address":"local_file.mad_libs[71]","mode":"managed","type":"local_file","name":"mad_libs","index":71,"provider_name":"registry.terraform.io/hashicorp/local","change":{"actions":["create"],"before":null,"after":{"content_base64":null,"directory_permission":"0777","file_permission":"0777","filename":"madlibs/madlibs-71.txt","sensitive_content":null},"after_unknown":{"content":true,"id":true}}},{"address":"local_file.mad_libs[72]","mode":"managed","type":"local_file","name":"mad_libs","index":72,"provider_name":"registry.terraform.io/hashicorp/local","change":{"actions":["create"],"before":null,"after":{"content_base64":null,"directory_permission":"0777","file_permission":"0777","filename":"madlibs/madlibs-72.txt","sensitive_content":null},"after_unknown":{"content":true,"id":true}}},{"address":"local_file.mad_libs[73]","mode":"managed","type":"local_file","name":"mad_libs","index":73,"provider_name":"registry.terraform.io/hashicorp/local","change":{"actions":["create"],"before":null,"after":{"content_base64":null,"directory_permission":"0777","file_permission":"0777","filename":"madlibs/madlibs-73.txt","sensitive_content":null},"after_unknown":{"content":true,"id":true}}},{"address":"local_file.mad_libs[74]","mode":"managed","type":"local_file","name":"mad_libs","index":74,"provider_name":"registry.terraform.io/hashicorp/local","change":{"actions":["create"],"before":null,"after":{"content_base64":null,"directory_permission":"0777","file_permission":"0777","filename":"madlibs/madlibs-74.txt","sensitive_content":null},"after_unknown":{"content":true,"id":true}}},{"address":"local_file.mad_libs[75]","mode":"managed","type":"local_file","name":"mad_libs","index":75,"provider_name":"registry.terraform.io/hashicorp/local","change":{"actions":["create"],"before":null,"after":{"content_base64":null,"directory_permission":"0777","file_permission":"0777","filename":"madlibs/madlibs-75.txt","sensitive_content":null},"after_unknown":{"content":true,"id":true}}},{"address":"local_file.mad_libs[76]","mode":"managed","type":"local_file","name":"mad_libs","index":76,"provider_name":"registry.terraform.io/hashicorp/local","change":{"actions":["create"],"before":null,"after":{"content_base64":null,"directory_permission":"0777","file_permission":"0777","filename":"madlibs/madlibs-76.txt","sensitive_content":null},"after_unknown":{"content":true,"id":true}}},{"address":"local_file.mad_libs[77]","mode":"managed","type":"local_file","name":"mad_libs","index":77,"provider_name":"registry.terraform.io/hashicorp/local","change":{"actions":["create"],"before":null,"after":{"content_base64":null,"directory_permission":"0777","file_permission":"0777","filename":"madlibs/madlibs-77.txt","sensitive_content":null},"after_unknown":{"content":true,"id":true}}},{"address":"local_file.mad_libs[78]","mode":"managed","type":"local_file","name":"mad_libs","index":78,"provider_name":"registry.terraform.io/hashicorp/local","change":{"actions":["create"],"before":null,"after":{"content_base64":null,"directory_permission":"0777","file_permission":"0777","filename":"madlibs/madlibs-78.txt","sensitive_content":null},"after_unknown":{"content":true,"id":true}}},{"address":"local_file.mad_libs[79]","mode":"managed","type":"local_file","name":"mad_libs","index":79,"provider_name":"registry.terraform.io/hashicorp/local","change":{"actions":["create"],"before":null,"after":{"content_base64":null,"directory_permission":"0777","file_permission":"0777","filename":"madlibs/madlibs-79.txt","sensitive_content":null},"after_unknown":{"content":true,"id":true}}},{"address":"local_file.mad_libs[7]","mode":"managed","type":"local_file","name":"mad_libs","index":7,"provider_name":"registry.terraform.io/hashicorp/local","change":{"actions":["create"],"before":null,"after":{"content_base64":null,"directory_permission":"0777","file_permission":"0777","filename":"madlibs/madlibs-7.txt","sensitive_content":null},"after_unknown":{"content":true,"id":true}}},{"address":"local_file.mad_libs[80]","mode":"managed","type":"local_file","name":"mad_libs","index":80,"provider_name":"registry.terraform.io/hashicorp/local","change":{"actions":["create"],"before":null,"after":{"content_base64":null,"directory_permission":"0777","file_permission":"0777","filename":"madlibs/madlibs-80.txt","sensitive_content":null},"after_unknown":{"content":true,"id":true}}},{"address":"local_file.mad_libs[81]","mode":"managed","type":"local_file","name":"mad_libs","index":81,"provider_name":"registry.terraform.io/hashicorp/local","change":{"actions":["create"],"before":null,"after":{"content_base64":null,"directory_permission":"0777","file_permission":"0777","filename":"madlibs/madlibs-81.txt","sensitive_content":null},"after_unknown":{"content":true,"id":true}}},{"address":"local_file.mad_libs[82]","mode":"managed","type":"local_file","name":"mad_libs","index":82,"provider_name":"registry.terraform.io/hashicorp/local","change":{"actions":["create"],"before":null,"after":{"content_base64":null,"directory_permission":"0777","file_permission":"0777","filename":"madlibs/madlibs-82.txt","sensitive_content":null},"after_unknown":{"content":true,"id":true}}},{"address":"local_file.mad_libs[83]","mode":"managed","type":"local_file","name":"mad_libs","index":83,"provider_name":"registry.terraform.io/hashicorp/local","change":{"actions":["create"],"before":null,"after":{"content_base64":null,"directory_permission":"0777","file_permission":"0777","filename":"madlibs/madlibs-83.txt","sensitive_content":null},"after_unknown":{"content":true,"id":true}}},{"address":"local_file.mad_libs[84]","mode":"managed","type":"local_file","name":"mad_libs","index":84,"provider_name":"registry.terraform.io/hashicorp/local","change":{"actions":["create"],"before":null,"after":{"content_base64":null,"directory_permission":"0777","file_permission":"0777","filename":"madlibs/madlibs-84.txt","sensitive_content":null},"after_unknown":{"content":true,"id":true}}},{"address":"local_file.mad_libs[85]","mode":"managed","type":"local_file","name":"mad_libs","index":85,"provider_name":"registry.terraform.io/hashicorp/local","change":{"actions":["create"],"before":null,"after":{"content_base64":null,"directory_permission":"0777","file_permission":"0777","filename":"madlibs/madlibs-85.txt","sensitive_content":null},"after_unknown":{"content":true,"id":true}}},{"address":"local_file.mad_libs[86]","mode":"managed","type":"local_file","name":"mad_libs","index":86,"provider_name":"registry.terraform.io/hashicorp/local","change":{"actions":["create"],"before":null,"after":{"content_base64":null,"directory_permission":"0777","file_permission":"0777","filename":"madlibs/madlibs-86.txt","sensitive_content":null},"after_unknown":{"content":true,"id":true}}},{"address":"local_file.mad_libs[87]","mode":"managed","type":"local_file","name":"mad_libs","index":87,"provider_name":"registry.terraform.io/hashicorp/local","change":{"actions":["create"],"before":null,"after":{"content_base64":null,"directory_permission":"0777","file_permission":"0777","filename":"madlibs/madlibs-87.txt","sensitive_content":null},"after_unknown":{"content":true,"id":true}}},{"address":"local_file.mad_libs[88]","mode":"managed","type":"local_file","name":"mad_libs","index":88,"provider_name":"registry.terraform.io/hashicorp/local","change":{"actions":["create"],"before":null,"after":{"content_base64":null,"directory_permission":"0777","file_permission":"0777","filename":"madlibs/madlibs-88.txt","sensitive_content":null},"after_unknown":{"content":true,"id":true}}},{"address":"local_file.mad_libs[89]","mode":"managed","type":"local_file","name":"mad_libs","index":89,"provider_name":"registry.terraform.io/hashicorp/local","change":{"actions":["create"],"before":null,"after":{"content_base64":null,"directory_permission":"0777","file_permission":"0777","filename":"madlibs/madlibs-89.txt","sensitive_content":null},"after_unknown":{"content":true,"id":true}}},{"address":"local_file.mad_libs[8]","mode":"managed","type":"local_file","name":"mad_libs","index":8,"provider_name":"registry.terraform.io/hashicorp/local","change":{"actions":["create"],"before":null,"after":{"content_base64":null,"directory_permission":"0777","file_permission":"0777","filename":"madlibs/madlibs-8.txt","sensitive_content":null},"after_unknown":{"content":true,"id":true}}},{"address":"local_file.mad_libs[90]","mode":"managed","type":"local_file","name":"mad_libs","index":90,"provider_name":"registry.terraform.io/hashicorp/local","change":{"actions":["create"],"before":null,"after":{"content_base64":null,"directory_permission":"0777","file_permission":"0777","filename":"madlibs/madlibs-90.txt","sensitive_content":null},"after_unknown":{"content":true,"id":true}}},{"address":"local_file.mad_libs[91]","mode":"managed","type":"local_file","name":"mad_libs","index":91,"provider_name":"registry.terraform.io/hashicorp/local","change":{"actions":["create"],"before":null,"after":{"content_base64":null,"directory_permission":"0777","file_permission":"0777","filename":"madlibs/madlibs-91.txt","sensitive_content":null},"after_unknown":{"content":true,"id":true}}},{"address":"local_file.mad_libs[92]","mode":"managed","type":"local_file","name":"mad_libs","index":92,"provider_name":"registry.terraform.io/hashicorp/local","change":{"actions":["create"],"before":null,"after":{"content_base64":null,"directory_permission":"0777","file_permission":"0777","filename":"madlibs/madlibs-92.txt","sensitive_content":null},"after_unknown":{"content":true,"id":true}}},{"address":"local_file.mad_libs[93]","mode":"managed","type":"local_file","name":"mad_libs","index":93,"provider_name":"registry.terraform.io/hashicorp/local","change":{"actions":["create"],"before":null,"after":{"content_base64":null,"directory_permission":"0777","file_permission":"0777","filename":"madlibs/madlibs-93.txt","sensitive_content":null},"after_unknown":{"content":true,"id":true}}},{"address":"local_file.mad_libs[94]","mode":"managed","type":"local_file","name":"mad_libs","index":94,"provider_name":"registry.terraform.io/hashicorp/local","change":{"actions":["create"],"before":null,"after":{"content_base64":null,"directory_permission":"0777","file_permission":"0777","filename":"madlibs/madlibs-94.txt","sensitive_content":null},"after_unknown":{"content":true,"id":true}}},{"address":"local_file.mad_libs[95]","mode":"managed","type":"local_file","name":"mad_libs","index":95,"provider_name":"registry.terraform.io/hashicorp/local","change":{"actions":["create"],"before":null,"after":{"content_base64":null,"directory_permission":"0777","file_permission":"0777","filename":"madlibs/madlibs-95.txt","sensitive_content":null},"after_unknown":{"content":true,"id":true}}},{"address":"local_file.mad_libs[96]","mode":"managed","type":"local_file","name":"mad_libs","index":96,"provider_name":"registry.terraform.io/hashicorp/local","change":{"actions":["create"],"before":null,"after":{"content_base64":null,"directory_permission":"0777","file_permission":"0777","filename":"madlibs/madlibs-96.txt","sensitive_content":null},"after_unknown":{"content":true,"id":true}}},{"address":"local_file.mad_libs[97]","mode":"managed","type":"local_file","name":"mad_libs","index":97,"provider_name":"registry.terraform.io/hashicorp/local","change":{"actions":["create"],"before":null,"after":{"content_base64":null,"directory_permission":"0777","file_permission":"0777","filename":"madlibs/madlibs-97.txt","sensitive_content":null},"after_unknown":{"content":true,"id":true}}},{"address":"local_file.mad_libs[98]","mode":"managed","type":"local_file","name":"mad_libs","index":98,"provider_name":"registry.terraform.io/hashicorp/local","change":{"actions":["create"],"before":null,"after":{"content_base64":null,"directory_permission":"0777","file_permission":"0777","filename":"madlibs/madlibs-98.txt","sensitive_content":null},"after_unknown":{"content":true,"id":true}}},{"address":"local_file.mad_libs[99]","mode":"managed","type":"local_file","name":"mad_libs","index":99,"provider_name":"registry.terraform.io/hashicorp/local","change":{"actions":["create"],"before":null,"after":{"content_base64":null,"directory_permission":"0777","file_permission":"0777","filename":"madlibs/madlibs-99.txt","sensitive_content":null},"after_unknown":{"content":true,"id":true}}},{"address":"local_file.mad_libs[9]","mode":"managed","type":"local_file","name":"mad_libs","index":9,"provider_name":"registry.terraform.io/hashicorp/local","change":{"actions":["create"],"before":null,"after":{"content_base64":null,"directory_permission":"0777","file_permission":"0777","filename":"madlibs/madlibs-9.txt","sensitive_content":null},"after_unknown":{"content":true,"id":true}}},{"address":"random_shuffle.random_adjectives[0]","mode":"managed","type":"random_shuffle","name":"random_adjectives","index":0,"provider_name":"registry.terraform.io/hashicorp/random","change":{"actions":["delete","create"],"before":{"id":"-","input":["bitter","sticky","thundering","abundant","chubby","grumpy"],"keepers":null,"result":["sticky","chubby","bitter","grumpy","abundant","thundering"],"result_count":null,"seed":null},"after":{"input":["BITTER","STICKY","THUNDERING","ABUNDANT","CHUBBY","GRUMPY"],"keepers":null,"result_count":null,"seed":null},"after_unknown":{"id":true,"input":[false,false,false,false,false,false],"result":true}}},{"address":"random_shuffle.random_adjectives[10]","mode":"managed","type":"random_shuffle","name":"random_adjectives","index":10,"provider_name":"registry.terraform.io/hashicorp/random","change":{"actions":["create"],"before":null,"after":{"input":["BITTER","STICKY","THUNDERING","ABUNDANT","CHUBBY","GRUMPY"],"keepers":null,"result_count":null,"seed":null},"after_unknown":{"id":true,"input":[false,false,false,false,false,false],"result":true}}},{"address":"random_shuffle.random_adjectives[11]","mode":"managed","type":"random_shuffle","name":"random_adjectives","index":11,"provider_name":"registry.terraform.io/hashicorp/random","change":{"actions":["create"],"before":null,"after":{"input":["BITTER","STICKY","THUNDERING","ABUNDANT","CHUBBY","GRUMPY"],"keepers":null,"result_count":null,"seed":null},"after_unknown":{"id":true,"input":[false,false,false,false,false,false],"result":true}}},{"address":"random_shuffle.random_adjectives[12]","mode":"managed","type":"random_shuffle","name":"random_adjectives","index":12,"provider_name":"registry.terraform.io/hashicorp/random","change":{"actions":["create"],"before":null,"after":{"input":["BITTER","STICKY","THUNDERING","ABUNDANT","CHUBBY","GRUMPY"],"keepers":null,"result_count":null,"seed":null},"after_unknown":{"id":true,"input":[false,false,false,false,false,false],"result":true}}},{"address":"random_shuffle.random_adjectives[13]","mode":"managed","type":"random_shuffle","name":"random_adjectives","index":13,"provider_name":"registry.terraform.io/hashicorp/random","change":{"actions":["create"],"before":null,"after":{"input":["BITTER","STICKY","THUNDERING","ABUNDANT","CHUBBY","GRUMPY"],"keepers":null,"result_count":null,"seed":null},"after_unknown":{"id":true,"input":[false,false,false,false,false,false],"result":true}}},{"address":"random_shuffle.random_adjectives[14]","mode":"managed","type":"random_shuffle","name":"random_adjectives","index":14,"provider_name":"registry.terraform.io/hashicorp/random","change":{"actions":["create"],"before":null,"after":{"input":["BITTER","STICKY","THUNDERING","ABUNDANT","CHUBBY","GRUMPY"],"keepers":null,"result_count":null,"seed":null},"after_unknown":{"id":true,"input":[false,false,false,false,false,false],"result":true}}},{"address":"random_shuffle.random_adjectives[15]","mode":"managed","type":"random_shuffle","name":"random_adjectives","index":15,"provider_name":"registry.terraform.io/hashicorp/random","change":{"actions":["create"],"before":null,"after":{"input":["BITTER","STICKY","THUNDERING","ABUNDANT","CHUBBY","GRUMPY"],"keepers":null,"result_count":null,"seed":null},"after_unknown":{"id":true,"input":[false,false,false,false,false,false],"result":true}}},{"address":"random_shuffle.random_adjectives[16]","mode":"managed","type":"random_shuffle","name":"random_adjectives","index":16,"provider_name":"registry.terraform.io/hashicorp/random","change":{"actions":["create"],"before":null,"after":{"input":["BITTER","STICKY","THUNDERING","ABUNDANT","CHUBBY","GRUMPY"],"keepers":null,"result_count":null,"seed":null},"after_unknown":{"id":true,"input":[false,false,false,false,false,false],"result":true}}},{"address":"random_shuffle.random_adjectives[17]","mode":"managed","type":"random_shuffle","name":"random_adjectives","index":17,"provider_name":"registry.terraform.io/hashicorp/random","change":{"actions":["create"],"before":null,"after":{"input":["BITTER","STICKY","THUNDERING","ABUNDANT","CHUBBY","GRUMPY"],"keepers":null,"result_count":null,"seed":null},"after_unknown":{"id":true,"input":[false,false,false,false,false,false],"result":true}}},{"address":"random_shuffle.random_adjectives[18]","mode":"managed","type":"random_shuffle","name":"random_adjectives","index":18,"provider_name":"registry.terraform.io/hashicorp/random","change":{"actions":["create"],"before":null,"after":{"input":["BITTER","STICKY","THUNDERING","ABUNDANT","CHUBBY","GRUMPY"],"keepers":null,"result_count":null,"seed":null},"after_unknown":{"id":true,"input":[false,false,false,false,false,false],"result":true}}},{"address":"random_shuffle.random_adjectives[19]","mode":"managed","type":"random_shuffle","name":"random_adjectives","index":19,"provider_name":"registry.terraform.io/hashicorp/random","change":{"actions":["create"],"before":null,"after":{"input":["BITTER","STICKY","THUNDERING","ABUNDANT","CHUBBY","GRUMPY"],"keepers":null,"result_count":null,"seed":null},"after_unknown":{"id":true,"input":[false,false,false,false,false,false],"result":true}}},{"address":"random_shuffle.random_adjectives[1]","mode":"managed","type":"random_shuffle","name":"random_adjectives","index":1,"provider_name":"registry.terraform.io/hashicorp/random","change":{"actions":["create"],"before":null,"after":{"input":["BITTER","STICKY","THUNDERING","ABUNDANT","CHUBBY","GRUMPY"],"keepers":null,"result_count":null,"seed":null},"after_unknown":{"id":true,"input":[false,false,false,false,false,false],"result":true}}},{"address":"random_shuffle.random_adjectives[20]","mode":"managed","type":"random_shuffle","name":"random_adjectives","index":20,"provider_name":"registry.terraform.io/hashicorp/random","change":{"actions":["create"],"before":null,"after":{"input":["BITTER","STICKY","THUNDERING","ABUNDANT","CHUBBY","GRUMPY"],"keepers":null,"result_count":null,"seed":null},"after_unknown":{"id":true,"input":[false,false,false,false,false,false],"result":true}}},{"address":"random_shuffle.random_adjectives[21]","mode":"managed","type":"random_shuffle","name":"random_adjectives","index":21,"provider_name":"registry.terraform.io/hashicorp/random","change":{"actions":["create"],"before":null,"after":{"input":["BITTER","STICKY","THUNDERING","ABUNDANT","CHUBBY","GRUMPY"],"keepers":null,"result_count":null,"seed":null},"after_unknown":{"id":true,"input":[false,false,false,false,false,false],"result":true}}},{"address":"random_shuffle.random_adjectives[22]","mode":"managed","type":"random_shuffle","name":"random_adjectives","index":22,"provider_name":"registry.terraform.io/hashicorp/random","change":{"actions":["create"],"before":null,"after":{"input":["BITTER","STICKY","THUNDERING","ABUNDANT","CHUBBY","GRUMPY"],"keepers":null,"result_count":null,"seed":null},"after_unknown":{"id":true,"input":[false,false,false,false,false,false],"result":true}}},{"address":"random_shuffle.random_adjectives[23]","mode":"managed","type":"random_shuffle","name":"random_adjectives","index":23,"provider_name":"registry.terraform.io/hashicorp/random","change":{"actions":["create"],"before":null,"after":{"input":["BITTER","STICKY","THUNDERING","ABUNDANT","CHUBBY","GRUMPY"],"keepers":null,"result_count":null,"seed":null},"after_unknown":{"id":true,"input":[false,false,false,false,false,false],"result":true}}},{"address":"random_shuffle.random_adjectives[24]","mode":"managed","type":"random_shuffle","name":"random_adjectives","index":24,"provider_name":"registry.terraform.io/hashicorp/random","change":{"actions":["create"],"before":null,"after":{"input":["BITTER","STICKY","THUNDERING","ABUNDANT","CHUBBY","GRUMPY"],"keepers":null,"result_count":null,"seed":null},"after_unknown":{"id":true,"input":[false,false,false,false,false,false],"result":true}}},{"address":"random_shuffle.random_adjectives[25]","mode":"managed","type":"random_shuffle","name":"random_adjectives","index":25,"provider_name":"registry.terraform.io/hashicorp/random","change":{"actions":["create"],"before":null,"after":{"input":["BITTER","STICKY","THUNDERING","ABUNDANT","CHUBBY","GRUMPY"],"keepers":null,"result_count":null,"seed":null},"after_unknown":{"id":true,"input":[false,false,false,false,false,false],"result":true}}},{"address":"random_shuffle.random_adjectives[26]","mode":"managed","type":"random_shuffle","name":"random_adjectives","index":26,"provider_name":"registry.terraform.io/hashicorp/random","change":{"actions":["create"],"before":null,"after":{"input":["BITTER","STICKY","THUNDERING","ABUNDANT","CHUBBY","GRUMPY"],"keepers":null,"result_count":null,"seed":null},"after_unknown":{"id":true,"input":[false,false,false,false,false,false],"result":true}}},{"address":"random_shuffle.random_adjectives[27]","mode":"managed","type":"random_shuffle","name":"random_adjectives","index":27,"provider_name":"registry.terraform.io/hashicorp/random","change":{"actions":["create"],"before":null,"after":{"input":["BITTER","STICKY","THUNDERING","ABUNDANT","CHUBBY","GRUMPY"],"keepers":null,"result_count":null,"seed":null},"after_unknown":{"id":true,"input":[false,false,false,false,false,false],"result":true}}},{"address":"random_shuffle.random_adjectives[28]","mode":"managed","type":"random_shuffle","name":"random_adjectives","index":28,"provider_name":"registry.terraform.io/hashicorp/random","change":{"actions":["create"],"before":null,"after":{"input":["BITTER","STICKY","THUNDERING","ABUNDANT","CHUBBY","GRUMPY"],"keepers":null,"result_count":null,"seed":null},"after_unknown":{"id":true,"input":[false,false,false,false,false,false],"result":true}}},{"address":"random_shuffle.random_adjectives[29]","mode":"managed","type":"random_shuffle","name":"random_adjectives","index":29,"provider_name":"registry.terraform.io/hashicorp/random","change":{"actions":["create"],"before":null,"after":{"input":["BITTER","STICKY","THUNDERING","ABUNDANT","CHUBBY","GRUMPY"],"keepers":null,"result_count":null,"seed":null},"after_unknown":{"id":true,"input":[false,false,false,false,false,false],"result":true}}},{"address":"random_shuffle.random_adjectives[2]","mode":"managed","type":"random_shuffle","name":"random_adjectives","index":2,"provider_name":"registry.terraform.io/hashicorp/random","change":{"actions":["create"],"before":null,"after":{"input":["BITTER","STICKY","THUNDERING","ABUNDANT","CHUBBY","GRUMPY"],"keepers":null,"result_count":null,"seed":null},"after_unknown":{"id":true,"input":[false,false,false,false,false,false],"result":true}}},{"address":"random_shuffle.random_adjectives[30]","mode":"managed","type":"random_shuffle","name":"random_adjectives","index":30,"provider_name":"registry.terraform.io/hashicorp/random","change":{"actions":["create"],"before":null,"after":{"input":["BITTER","STICKY","THUNDERING","ABUNDANT","CHUBBY","GRUMPY"],"keepers":null,"result_count":null,"seed":null},"after_unknown":{"id":true,"input":[false,false,false,false,false,false],"result":true}}},{"address":"random_shuffle.random_adjectives[31]","mode":"managed","type":"random_shuffle","name":"random_adjectives","index":31,"provider_name":"registry.terraform.io/hashicorp/random","change":{"actions":["create"],"before":null,"after":{"input":["BITTER","STICKY","THUNDERING","ABUNDANT","CHUBBY","GRUMPY"],"keepers":null,"result_count":null,"seed":null},"after_unknown":{"id":true,"input":[false,false,false,false,false,false],"result":true}}},{"address":"random_shuffle.random_adjectives[32]","mode":"managed","type":"random_shuffle","name":"random_adjectives","index":32,"provider_name":"registry.terraform.io/hashicorp/random","change":{"actions":["create"],"before":null,"after":{"input":["BITTER","STICKY","THUNDERING","ABUNDANT","CHUBBY","GRUMPY"],"keepers":null,"result_count":null,"seed":null},"after_unknown":{"id":true,"input":[false,false,false,false,false,false],"result":true}}},{"address":"random_shuffle.random_adjectives[33]","mode":"managed","type":"random_shuffle","name":"random_adjectives","index":33,"provider_name":"registry.terraform.io/hashicorp/random","change":{"actions":["create"],"before":null,"after":{"input":["BITTER","STICKY","THUNDERING","ABUNDANT","CHUBBY","GRUMPY"],"keepers":null,"result_count":null,"seed":null},"after_unknown":{"id":true,"input":[false,false,false,false,false,false],"result":true}}},{"address":"random_shuffle.random_adjectives[34]","mode":"managed","type":"random_shuffle","name":"random_adjectives","index":34,"provider_name":"registry.terraform.io/hashicorp/random","change":{"actions":["create"],"before":null,"after":{"input":["BITTER","STICKY","THUNDERING","ABUNDANT","CHUBBY","GRUMPY"],"keepers":null,"result_count":null,"seed":null},"after_unknown":{"id":true,"input":[false,false,false,false,false,false],"result":true}}},{"address":"random_shuffle.random_adjectives[35]","mode":"managed","type":"random_shuffle","name":"random_adjectives","index":35,"provider_name":"registry.terraform.io/hashicorp/random","change":{"actions":["create"],"before":null,"after":{"input":["BITTER","STICKY","THUNDERING","ABUNDANT","CHUBBY","GRUMPY"],"keepers":null,"result_count":null,"seed":null},"after_unknown":{"id":true,"input":[false,false,false,false,false,false],"result":true}}},{"address":"random_shuffle.random_adjectives[36]","mode":"managed","type":"random_shuffle","name":"random_adjectives","index":36,"provider_name":"registry.terraform.io/hashicorp/random","change":{"actions":["create"],"before":null,"after":{"input":["BITTER","STICKY","THUNDERING","ABUNDANT","CHUBBY","GRUMPY"],"keepers":null,"result_count":null,"seed":null},"after_unknown":{"id":true,"input":[false,false,false,false,false,false],"result":true}}},{"address":"random_shuffle.random_adjectives[37]","mode":"managed","type":"random_shuffle","name":"random_adjectives","index":37,"provider_name":"registry.terraform.io/hashicorp/random","change":{"actions":["create"],"before":null,"after":{"input":["BITTER","STICKY","THUNDERING","ABUNDANT","CHUBBY","GRUMPY"],"keepers":null,"result_count":null,"seed":null},"after_unknown":{"id":true,"input":[false,false,false,false,false,false],"result":true}}},{"address":"random_shuffle.random_adjectives[38]","mode":"managed","type":"random_shuffle","name":"random_adjectives","index":38,"provider_name":"registry.terraform.io/hashicorp/random","change":{"actions":["create"],"before":null,"after":{"input":["BITTER","STICKY","THUNDERING","ABUNDANT","CHUBBY","GRUMPY"],"keepers":null,"result_count":null,"seed":null},"after_unknown":{"id":true,"input":[false,false,false,false,false,false],"result":true}}},{"address":"random_shuffle.random_adjectives[39]","mode":"managed","type":"random_shuffle","name":"random_adjectives","index":39,"provider_name":"registry.terraform.io/hashicorp/random","change":{"actions":["create"],"before":null,"after":{"input":["BITTER","STICKY","THUNDERING","ABUNDANT","CHUBBY","GRUMPY"],"keepers":null,"result_count":null,"seed":null},"after_unknown":{"id":true,"input":[false,false,false,false,false,false],"result":true}}},{"address":"random_shuffle.random_adjectives[3]","mode":"managed","type":"random_shuffle","name":"random_adjectives","index":3,"provider_name":"registry.terraform.io/hashicorp/random","change":{"actions":["create"],"before":null,"after":{"input":["BITTER","STICKY","THUNDERING","ABUNDANT","CHUBBY","GRUMPY"],"keepers":null,"result_count":null,"seed":null},"after_unknown":{"id":true,"input":[false,false,false,false,false,false],"result":true}}},{"address":"random_shuffle.random_adjectives[40]","mode":"managed","type":"random_shuffle","name":"random_adjectives","index":40,"provider_name":"registry.terraform.io/hashicorp/random","change":{"actions":["create"],"before":null,"after":{"input":["BITTER","STICKY","THUNDERING","ABUNDANT","CHUBBY","GRUMPY"],"keepers":null,"result_count":null,"seed":null},"after_unknown":{"id":true,"input":[false,false,false,false,false,false],"result":true}}},{"address":"random_shuffle.random_adjectives[41]","mode":"managed","type":"random_shuffle","name":"random_adjectives","index":41,"provider_name":"registry.terraform.io/hashicorp/random","change":{"actions":["create"],"before":null,"after":{"input":["BITTER","STICKY","THUNDERING","ABUNDANT","CHUBBY","GRUMPY"],"keepers":null,"result_count":null,"seed":null},"after_unknown":{"id":true,"input":[false,false,false,false,false,false],"result":true}}},{"address":"random_shuffle.random_adjectives[42]","mode":"managed","type":"random_shuffle","name":"random_adjectives","index":42,"provider_name":"registry.terraform.io/hashicorp/random","change":{"actions":["create"],"before":null,"after":{"input":["BITTER","STICKY","THUNDERING","ABUNDANT","CHUBBY","GRUMPY"],"keepers":null,"result_count":null,"seed":null},"after_unknown":{"id":true,"input":[false,false,false,false,false,false],"result":true}}},{"address":"random_shuffle.random_adjectives[43]","mode":"managed","type":"random_shuffle","name":"random_adjectives","index":43,"provider_name":"registry.terraform.io/hashicorp/random","change":{"actions":["create"],"before":null,"after":{"input":["BITTER","STICKY","THUNDERING","ABUNDANT","CHUBBY","GRUMPY"],"keepers":null,"result_count":null,"seed":null},"after_unknown":{"id":true,"input":[false,false,false,false,false,false],"result":true}}},{"address":"random_shuffle.random_adjectives[44]","mode":"managed","type":"random_shuffle","name":"random_adjectives","index":44,"provider_name":"registry.terraform.io/hashicorp/random","change":{"actions":["create"],"before":null,"after":{"input":["BITTER","STICKY","THUNDERING","ABUNDANT","CHUBBY","GRUMPY"],"keepers":null,"result_count":null,"seed":null},"after_unknown":{"id":true,"input":[false,false,false,false,false,false],"result":true}}},{"address":"random_shuffle.random_adjectives[45]","mode":"managed","type":"random_shuffle","name":"random_adjectives","index":45,"provider_name":"registry.terraform.io/hashicorp/random","change":{"actions":["create"],"before":null,"after":{"input":["BITTER","STICKY","THUNDERING","ABUNDANT","CHUBBY","GRUMPY"],"keepers":null,"result_count":null,"seed":null},"after_unknown":{"id":true,"input":[false,false,false,false,false,false],"result":true}}},{"address":"random_shuffle.random_adjectives[46]","mode":"managed","type":"random_shuffle","name":"random_adjectives","index":46,"provider_name":"registry.terraform.io/hashicorp/random","change":{"actions":["create"],"before":null,"after":{"input":["BITTER","STICKY","THUNDERING","ABUNDANT","CHUBBY","GRUMPY"],"keepers":null,"result_count":null,"seed":null},"after_unknown":{"id":true,"input":[false,false,false,false,false,false],"result":true}}},{"address":"random_shuffle.random_adjectives[47]","mode":"managed","type":"random_shuffle","name":"random_adjectives","index":47,"provider_name":"registry.terraform.io/hashicorp/random","change":{"actions":["create"],"before":null,"after":{"input":["BITTER","STICKY","THUNDERING","ABUNDANT","CHUBBY","GRUMPY"],"keepers":null,"result_count":null,"seed":null},"after_unknown":{"id":true,"input":[false,false,false,false,false,false],"result":true}}},{"address":"random_shuffle.random_adjectives[48]","mode":"managed","type":"random_shuffle","name":"random_adjectives","index":48,"provider_name":"registry.terraform.io/hashicorp/random","change":{"actions":["create"],"before":null,"after":{"input":["BITTER","STICKY","THUNDERING","ABUNDANT","CHUBBY","GRUMPY"],"keepers":null,"result_count":null,"seed":null},"after_unknown":{"id":true,"input":[false,false,false,false,false,false],"result":true}}},{"address":"random_shuffle.random_adjectives[49]","mode":"managed","type":"random_shuffle","name":"random_adjectives","index":49,"provider_name":"registry.terraform.io/hashicorp/random","change":{"actions":["create"],"before":null,"after":{"input":["BITTER","STICKY","THUNDERING","ABUNDANT","CHUBBY","GRUMPY"],"keepers":null,"result_count":null,"seed":null},"after_unknown":{"id":true,"input":[false,false,false,false,false,false],"result":true}}},{"address":"random_shuffle.random_adjectives[4]","mode":"managed","type":"random_shuffle","name":"random_adjectives","index":4,"provider_name":"registry.terraform.io/hashicorp/random","change":{"actions":["create"],"before":null,"after":{"input":["BITTER","STICKY","THUNDERING","ABUNDANT","CHUBBY","GRUMPY"],"keepers":null,"result_count":null,"seed":null},"after_unknown":{"id":true,"input":[false,false,false,false,false,false],"result":true}}},{"address":"random_shuffle.random_adjectives[50]","mode":"managed","type":"random_shuffle","name":"random_adjectives","index":50,"provider_name":"registry.terraform.io/hashicorp/random","change":{"actions":["create"],"before":null,"after":{"input":["BITTER","STICKY","THUNDERING","ABUNDANT","CHUBBY","GRUMPY"],"keepers":null,"result_count":null,"seed":null},"after_unknown":{"id":true,"input":[false,false,false,false,false,false],"result":true}}},{"address":"random_shuffle.random_adjectives[51]","mode":"managed","type":"random_shuffle","name":"random_adjectives","index":51,"provider_name":"registry.terraform.io/hashicorp/random","change":{"actions":["create"],"before":null,"after":{"input":["BITTER","STICKY","THUNDERING","ABUNDANT","CHUBBY","GRUMPY"],"keepers":null,"result_count":null,"seed":null},"after_unknown":{"id":true,"input":[false,false,false,false,false,false],"result":true}}},{"address":"random_shuffle.random_adjectives[52]","mode":"managed","type":"random_shuffle","name":"random_adjectives","index":52,"provider_name":"registry.terraform.io/hashicorp/random","change":{"actions":["create"],"before":null,"after":{"input":["BITTER","STICKY","THUNDERING","ABUNDANT","CHUBBY","GRUMPY"],"keepers":null,"result_count":null,"seed":null},"after_unknown":{"id":true,"input":[false,false,false,false,false,false],"result":true}}},{"address":"random_shuffle.random_adjectives[53]","mode":"managed","type":"random_shuffle","name":"random_adjectives","index":53,"provider_name":"registry.terraform.io/hashicorp/random","change":{"actions":["create"],"before":null,"after":{"input":["BITTER","STICKY","THUNDERING","ABUNDANT","CHUBBY","GRUMPY"],"keepers":null,"result_count":null,"seed":null},"after_unknown":{"id":true,"input":[false,false,false,false,false,false],"result":true}}},{"address":"random_shuffle.random_adjectives[54]","mode":"managed","type":"random_shuffle","name":"random_adjectives","index":54,"provider_name":"registry.terraform.io/hashicorp/random","change":{"actions":["create"],"before":null,"after":{"input":["BITTER","STICKY","THUNDERING","ABUNDANT","CHUBBY","GRUMPY"],"keepers":null,"result_count":null,"seed":null},"after_unknown":{"id":true,"input":[false,false,false,false,false,false],"result":true}}},{"address":"random_shuffle.random_adjectives[55]","mode":"managed","type":"random_shuffle","name":"random_adjectives","index":55,"provider_name":"registry.terraform.io/hashicorp/random","change":{"actions":["create"],"before":null,"after":{"input":["BITTER","STICKY","THUNDERING","ABUNDANT","CHUBBY","GRUMPY"],"keepers":null,"result_count":null,"seed":null},"after_unknown":{"id":true,"input":[false,false,false,false,false,false],"result":true}}},{"address":"random_shuffle.random_adjectives[56]","mode":"managed","type":"random_shuffle","name":"random_adjectives","index":56,"provider_name":"registry.terraform.io/hashicorp/random","change":{"actions":["create"],"before":null,"after":{"input":["BITTER","STICKY","THUNDERING","ABUNDANT","CHUBBY","GRUMPY"],"keepers":null,"result_count":null,"seed":null},"after_unknown":{"id":true,"input":[false,false,false,false,false,false],"result":true}}},{"address":"random_shuffle.random_adjectives[57]","mode":"managed","type":"random_shuffle","name":"random_adjectives","index":57,"provider_name":"registry.terraform.io/hashicorp/random","change":{"actions":["create"],"before":null,"after":{"input":["BITTER","STICKY","THUNDERING","ABUNDANT","CHUBBY","GRUMPY"],"keepers":null,"result_count":null,"seed":null},"after_unknown":{"id":true,"input":[false,false,false,false,false,false],"result":true}}},{"address":"random_shuffle.random_adjectives[58]","mode":"managed","type":"random_shuffle","name":"random_adjectives","index":58,"provider_name":"registry.terraform.io/hashicorp/random","change":{"actions":["create"],"before":null,"after":{"input":["BITTER","STICKY","THUNDERING","ABUNDANT","CHUBBY","GRUMPY"],"keepers":null,"result_count":null,"seed":null},"after_unknown":{"id":true,"input":[false,false,false,false,false,false],"result":true}}},{"address":"random_shuffle.random_adjectives[59]","mode":"managed","type":"random_shuffle","name":"random_adjectives","index":59,"provider_name":"registry.terraform.io/hashicorp/random","change":{"actions":["create"],"before":null,"after":{"input":["BITTER","STICKY","THUNDERING","ABUNDANT","CHUBBY","GRUMPY"],"keepers":null,"result_count":null,"seed":null},"after_unknown":{"id":true,"input":[false,false,false,false,false,false],"result":true}}},{"address":"random_shuffle.random_adjectives[5]","mode":"managed","type":"random_shuffle","name":"random_adjectives","index":5,"provider_name":"registry.terraform.io/hashicorp/random","change":{"actions":["create"],"before":null,"after":{"input":["BITTER","STICKY","THUNDERING","ABUNDANT","CHUBBY","GRUMPY"],"keepers":null,"result_count":null,"seed":null},"after_unknown":{"id":true,"input":[false,false,false,false,false,false],"result":true}}},{"address":"random_shuffle.random_adjectives[60]","mode":"managed","type":"random_shuffle","name":"random_adjectives","index":60,"provider_name":"registry.terraform.io/hashicorp/random","change":{"actions":["create"],"before":null,"after":{"input":["BITTER","STICKY","THUNDERING","ABUNDANT","CHUBBY","GRUMPY"],"keepers":null,"result_count":null,"seed":null},"after_unknown":{"id":true,"input":[false,false,false,false,false,false],"result":true}}},{"address":"random_shuffle.random_adjectives[61]","mode":"managed","type":"random_shuffle","name":"random_adjectives","index":61,"provider_name":"registry.terraform.io/hashicorp/random","change":{"actions":["create"],"before":null,"after":{"input":["BITTER","STICKY","THUNDERING","ABUNDANT","CHUBBY","GRUMPY"],"keepers":null,"result_count":null,"seed":null},"after_unknown":{"id":true,"input":[false,false,false,false,false,false],"result":true}}},{"address":"random_shuffle.random_adjectives[62]","mode":"managed","type":"random_shuffle","name":"random_adjectives","index":62,"provider_name":"registry.terraform.io/hashicorp/random","change":{"actions":["create"],"before":null,"after":{"input":["BITTER","STICKY","THUNDERING","ABUNDANT","CHUBBY","GRUMPY"],"keepers":null,"result_count":null,"seed":null},"after_unknown":{"id":true,"input":[false,false,false,false,false,false],"result":true}}},{"address":"random_shuffle.random_adjectives[63]","mode":"managed","type":"random_shuffle","name":"random_adjectives","index":63,"provider_name":"registry.terraform.io/hashicorp/random","change":{"actions":["create"],"before":null,"after":{"input":["BITTER","STICKY","THUNDERING","ABUNDANT","CHUBBY","GRUMPY"],"keepers":null,"result_count":null,"seed":null},"after_unknown":{"id":true,"input":[false,false,false,false,false,false],"result":true}}},{"address":"random_shuffle.random_adjectives[64]","mode":"managed","type":"random_shuffle","name":"random_adjectives","index":64,"provider_name":"registry.terraform.io/hashicorp/random","change":{"actions":["create"],"before":null,"after":{"input":["BITTER","STICKY","THUNDERING","ABUNDANT","CHUBBY","GRUMPY"],"keepers":null,"result_count":null,"seed":null},"after_unknown":{"id":true,"input":[false,false,false,false,false,false],"result":true}}},{"address":"random_shuffle.random_adjectives[65]","mode":"managed","type":"random_shuffle","name":"random_adjectives","index":65,"provider_name":"registry.terraform.io/hashicorp/random","change":{"actions":["create"],"before":null,"after":{"input":["BITTER","STICKY","THUNDERING","ABUNDANT","CHUBBY","GRUMPY"],"keepers":null,"result_count":null,"seed":null},"after_unknown":{"id":true,"input":[false,false,false,false,false,false],"result":true}}},{"address":"random_shuffle.random_adjectives[66]","mode":"managed","type":"random_shuffle","name":"random_adjectives","index":66,"provider_name":"registry.terraform.io/hashicorp/random","change":{"actions":["create"],"before":null,"after":{"input":["BITTER","STICKY","THUNDERING","ABUNDANT","CHUBBY","GRUMPY"],"keepers":null,"result_count":null,"seed":null},"after_unknown":{"id":true,"input":[false,false,false,false,false,false],"result":true}}},{"address":"random_shuffle.random_adjectives[67]","mode":"managed","type":"random_shuffle","name":"random_adjectives","index":67,"provider_name":"registry.terraform.io/hashicorp/random","change":{"actions":["create"],"before":null,"after":{"input":["BITTER","STICKY","THUNDERING","ABUNDANT","CHUBBY","GRUMPY"],"keepers":null,"result_count":null,"seed":null},"after_unknown":{"id":true,"input":[false,false,false,false,false,false],"result":true}}},{"address":"random_shuffle.random_adjectives[68]","mode":"managed","type":"random_shuffle","name":"random_adjectives","index":68,"provider_name":"registry.terraform.io/hashicorp/random","change":{"actions":["create"],"before":null,"after":{"input":["BITTER","STICKY","THUNDERING","ABUNDANT","CHUBBY","GRUMPY"],"keepers":null,"result_count":null,"seed":null},"after_unknown":{"id":true,"input":[false,false,false,false,false,false],"result":true}}},{"address":"random_shuffle.random_adjectives[69]","mode":"managed","type":"random_shuffle","name":"random_adjectives","index":69,"provider_name":"registry.terraform.io/hashicorp/random","change":{"actions":["create"],"before":null,"after":{"input":["BITTER","STICKY","THUNDERING","ABUNDANT","CHUBBY","GRUMPY"],"keepers":null,"result_count":null,"seed":null},"after_unknown":{"id":true,"input":[false,false,false,false,false,false],"result":true}}},{"address":"random_shuffle.random_adjectives[6]","mode":"managed","type":"random_shuffle","name":"random_adjectives","index":6,"provider_name":"registry.terraform.io/hashicorp/random","change":{"actions":["create"],"before":null,"after":{"input":["BITTER","STICKY","THUNDERING","ABUNDANT","CHUBBY","GRUMPY"],"keepers":null,"result_count":null,"seed":null},"after_unknown":{"id":true,"input":[false,false,false,false,false,false],"result":true}}},{"address":"random_shuffle.random_adjectives[70]","mode":"managed","type":"random_shuffle","name":"random_adjectives","index":70,"provider_name":"registry.terraform.io/hashicorp/random","change":{"actions":["create"],"before":null,"after":{"input":["BITTER","STICKY","THUNDERING","ABUNDANT","CHUBBY","GRUMPY"],"keepers":null,"result_count":null,"seed":null},"after_unknown":{"id":true,"input":[false,false,false,false,false,false],"result":true}}},{"address":"random_shuffle.random_adjectives[71]","mode":"managed","type":"random_shuffle","name":"random_adjectives","index":71,"provider_name":"registry.terraform.io/hashicorp/random","change":{"actions":["create"],"before":null,"after":{"input":["BITTER","STICKY","THUNDERING","ABUNDANT","CHUBBY","GRUMPY"],"keepers":null,"result_count":null,"seed":null},"after_unknown":{"id":true,"input":[false,false,false,false,false,false],"result":true}}},{"address":"random_shuffle.random_adjectives[72]","mode":"managed","type":"random_shuffle","name":"random_adjectives","index":72,"provider_name":"registry.terraform.io/hashicorp/random","change":{"actions":["create"],"before":null,"after":{"input":["BITTER","STICKY","THUNDERING","ABUNDANT","CHUBBY","GRUMPY"],"keepers":null,"result_count":null,"seed":null},"after_unknown":{"id":true,"input":[false,false,false,false,false,false],"result":true}}},{"address":"random_shuffle.random_adjectives[73]","mode":"managed","type":"random_shuffle","name":"random_adjectives","index":73,"provider_name":"registry.terraform.io/hashicorp/random","change":{"actions":["create"],"before":null,"after":{"input":["BITTER","STICKY","THUNDERING","ABUNDANT","CHUBBY","GRUMPY"],"keepers":null,"result_count":null,"seed":null},"after_unknown":{"id":true,"input":[false,false,false,false,false,false],"result":true}}},{"address":"random_shuffle.random_adjectives[74]","mode":"managed","type":"random_shuffle","name":"random_adjectives","index":74,"provider_name":"registry.terraform.io/hashicorp/random","change":{"actions":["create"],"before":null,"after":{"input":["BITTER","STICKY","THUNDERING","ABUNDANT","CHUBBY","GRUMPY"],"keepers":null,"result_count":null,"seed":null},"after_unknown":{"id":true,"input":[false,false,false,false,false,false],"result":true}}},{"address":"random_shuffle.random_adjectives[75]","mode":"managed","type":"random_shuffle","name":"random_adjectives","index":75,"provider_name":"registry.terraform.io/hashicorp/random","change":{"actions":["create"],"before":null,"after":{"input":["BITTER","STICKY","THUNDERING","ABUNDANT","CHUBBY","GRUMPY"],"keepers":null,"result_count":null,"seed":null},"after_unknown":{"id":true,"input":[false,false,false,false,false,false],"result":true}}},{"address":"random_shuffle.random_adjectives[76]","mode":"managed","type":"random_shuffle","name":"random_adjectives","index":76,"provider_name":"registry.terraform.io/hashicorp/random","change":{"actions":["create"],"before":null,"after":{"input":["BITTER","STICKY","THUNDERING","ABUNDANT","CHUBBY","GRUMPY"],"keepers":null,"result_count":null,"seed":null},"after_unknown":{"id":true,"input":[false,false,false,false,false,false],"result":true}}},{"address":"random_shuffle.random_adjectives[77]","mode":"managed","type":"random_shuffle","name":"random_adjectives","index":77,"provider_name":"registry.terraform.io/hashicorp/random","change":{"actions":["create"],"before":null,"after":{"input":["BITTER","STICKY","THUNDERING","ABUNDANT","CHUBBY","GRUMPY"],"keepers":null,"result_count":null,"seed":null},"after_unknown":{"id":true,"input":[false,false,false,false,false,false],"result":true}}},{"address":"random_shuffle.random_adjectives[78]","mode":"managed","type":"random_shuffle","name":"random_adjectives","index":78,"provider_name":"registry.terraform.io/hashicorp/random","change":{"actions":["create"],"before":null,"after":{"input":["BITTER","STICKY","THUNDERING","ABUNDANT","CHUBBY","GRUMPY"],"keepers":null,"result_count":null,"seed":null},"after_unknown":{"id":true,"input":[false,false,false,false,false,false],"result":true}}},{"address":"random_shuffle.random_adjectives[79]","mode":"managed","type":"random_shuffle","name":"random_adjectives","index":79,"provider_name":"registry.terraform.io/hashicorp/random","change":{"actions":["create"],"before":null,"after":{"input":["BITTER","STICKY","THUNDERING","ABUNDANT","CHUBBY","GRUMPY"],"keepers":null,"result_count":null,"seed":null},"after_unknown":{"id":true,"input":[false,false,false,false,false,false],"result":true}}},{"address":"random_shuffle.random_adjectives[7]","mode":"managed","type":"random_shuffle","name":"random_adjectives","index":7,"provider_name":"registry.terraform.io/hashicorp/random","change":{"actions":["create"],"before":null,"after":{"input":["BITTER","STICKY","THUNDERING","ABUNDANT","CHUBBY","GRUMPY"],"keepers":null,"result_count":null,"seed":null},"after_unknown":{"id":true,"input":[false,false,false,false,false,false],"result":true}}},{"address":"random_shuffle.random_adjectives[80]","mode":"managed","type":"random_shuffle","name":"random_adjectives","index":80,"provider_name":"registry.terraform.io/hashicorp/random","change":{"actions":["create"],"before":null,"after":{"input":["BITTER","STICKY","THUNDERING","ABUNDANT","CHUBBY","GRUMPY"],"keepers":null,"result_count":null,"seed":null},"after_unknown":{"id":true,"input":[false,false,false,false,false,false],"result":true}}},{"address":"random_shuffle.random_adjectives[81]","mode":"managed","type":"random_shuffle","name":"random_adjectives","index":81,"provider_name":"registry.terraform.io/hashicorp/random","change":{"actions":["create"],"before":null,"after":{"input":["BITTER","STICKY","THUNDERING","ABUNDANT","CHUBBY","GRUMPY"],"keepers":null,"result_count":null,"seed":null},"after_unknown":{"id":true,"input":[false,false,false,false,false,false],"result":true}}},{"address":"random_shuffle.random_adjectives[82]","mode":"managed","type":"random_shuffle","name":"random_adjectives","index":82,"provider_name":"registry.terraform.io/hashicorp/random","change":{"actions":["create"],"before":null,"after":{"input":["BITTER","STICKY","THUNDERING","ABUNDANT","CHUBBY","GRUMPY"],"keepers":null,"result_count":null,"seed":null},"after_unknown":{"id":true,"input":[false,false,false,false,false,false],"result":true}}},{"address":"random_shuffle.random_adjectives[83]","mode":"managed","type":"random_shuffle","name":"random_adjectives","index":83,"provider_name":"registry.terraform.io/hashicorp/random","change":{"actions":["create"],"before":null,"after":{"input":["BITTER","STICKY","THUNDERING","ABUNDANT","CHUBBY","GRUMPY"],"keepers":null,"result_count":null,"seed":null},"after_unknown":{"id":true,"input":[false,false,false,false,false,false],"result":true}}},{"address":"random_shuffle.random_adjectives[84]","mode":"managed","type":"random_shuffle","name":"random_adjectives","index":84,"provider_name":"registry.terraform.io/hashicorp/random","change":{"actions":["create"],"before":null,"after":{"input":["BITTER","STICKY","THUNDERING","ABUNDANT","CHUBBY","GRUMPY"],"keepers":null,"result_count":null,"seed":null},"after_unknown":{"id":true,"input":[false,false,false,false,false,false],"result":true}}},{"address":"random_shuffle.random_adjectives[85]","mode":"managed","type":"random_shuffle","name":"random_adjectives","index":85,"provider_name":"registry.terraform.io/hashicorp/random","change":{"actions":["create"],"before":null,"after":{"input":["BITTER","STICKY","THUNDERING","ABUNDANT","CHUBBY","GRUMPY"],"keepers":null,"result_count":null,"seed":null},"after_unknown":{"id":true,"input":[false,false,false,false,false,false],"result":true}}},{"address":"random_shuffle.random_adjectives[86]","mode":"managed","type":"random_shuffle","name":"random_adjectives","index":86,"provider_name":"registry.terraform.io/hashicorp/random","change":{"actions":["create"],"before":null,"after":{"input":["BITTER","STICKY","THUNDERING","ABUNDANT","CHUBBY","GRUMPY"],"keepers":null,"result_count":null,"seed":null},"after_unknown":{"id":true,"input":[false,false,false,false,false,false],"result":true}}},{"address":"random_shuffle.random_adjectives[87]","mode":"managed","type":"random_shuffle","name":"random_adjectives","index":87,"provider_name":"registry.terraform.io/hashicorp/random","change":{"actions":["create"],"before":null,"after":{"input":["BITTER","STICKY","THUNDERING","ABUNDANT","CHUBBY","GRUMPY"],"keepers":null,"result_count":null,"seed":null},"after_unknown":{"id":true,"input":[false,false,false,false,false,false],"result":true}}},{"address":"random_shuffle.random_adjectives[88]","mode":"managed","type":"random_shuffle","name":"random_adjectives","index":88,"provider_name":"registry.terraform.io/hashicorp/random","change":{"actions":["create"],"before":null,"after":{"input":["BITTER","STICKY","THUNDERING","ABUNDANT","CHUBBY","GRUMPY"],"keepers":null,"result_count":null,"seed":null},"after_unknown":{"id":true,"input":[false,false,false,false,false,false],"result":true}}},{"address":"random_shuffle.random_adjectives[89]","mode":"managed","type":"random_shuffle","name":"random_adjectives","index":89,"provider_name":"registry.terraform.io/hashicorp/random","change":{"actions":["create"],"before":null,"after":{"input":["BITTER","STICKY","THUNDERING","ABUNDANT","CHUBBY","GRUMPY"],"keepers":null,"result_count":null,"seed":null},"after_unknown":{"id":true,"input":[false,false,false,false,false,false],"result":true}}},{"address":"random_shuffle.random_adjectives[8]","mode":"managed","type":"random_shuffle","name":"random_adjectives","index":8,"provider_name":"registry.terraform.io/hashicorp/random","change":{"actions":["create"],"before":null,"after":{"input":["BITTER","STICKY","THUNDERING","ABUNDANT","CHUBBY","GRUMPY"],"keepers":null,"result_count":null,"seed":null},"after_unknown":{"id":true,"input":[false,false,false,false,false,false],"result":true}}},{"address":"random_shuffle.random_adjectives[90]","mode":"managed","type":"random_shuffle","name":"random_adjectives","index":90,"provider_name":"registry.terraform.io/hashicorp/random","change":{"actions":["create"],"before":null,"after":{"input":["BITTER","STICKY","THUNDERING","ABUNDANT","CHUBBY","GRUMPY"],"keepers":null,"result_count":null,"seed":null},"after_unknown":{"id":true,"input":[false,false,false,false,false,false],"result":true}}},{"address":"random_shuffle.random_adjectives[91]","mode":"managed","type":"random_shuffle","name":"random_adjectives","index":91,"provider_name":"registry.terraform.io/hashicorp/random","change":{"actions":["create"],"before":null,"after":{"input":["BITTER","STICKY","THUNDERING","ABUNDANT","CHUBBY","GRUMPY"],"keepers":null,"result_count":null,"seed":null},"after_unknown":{"id":true,"input":[false,false,false,false,false,false],"result":true}}},{"address":"random_shuffle.random_adjectives[92]","mode":"managed","type":"random_shuffle","name":"random_adjectives","index":92,"provider_name":"registry.terraform.io/hashicorp/random","change":{"actions":["create"],"before":null,"after":{"input":["BITTER","STICKY","THUNDERING","ABUNDANT","CHUBBY","GRUMPY"],"keepers":null,"result_count":null,"seed":null},"after_unknown":{"id":true,"input":[false,false,false,false,false,false],"result":true}}},{"address":"random_shuffle.random_adjectives[93]","mode":"managed","type":"random_shuffle","name":"random_adjectives","index":93,"provider_name":"registry.terraform.io/hashicorp/random","change":{"actions":["create"],"before":null,"after":{"input":["BITTER","STICKY","THUNDERING","ABUNDANT","CHUBBY","GRUMPY"],"keepers":null,"result_count":null,"seed":null},"after_unknown":{"id":true,"input":[false,false,false,false,false,false],"result":true}}},{"address":"random_shuffle.random_adjectives[94]","mode":"managed","type":"random_shuffle","name":"random_adjectives","index":94,"provider_name":"registry.terraform.io/hashicorp/random","change":{"actions":["create"],"before":null,"after":{"input":["BITTER","STICKY","THUNDERING","ABUNDANT","CHUBBY","GRUMPY"],"keepers":null,"result_count":null,"seed":null},"after_unknown":{"id":true,"input":[false,false,false,false,false,false],"result":true}}},{"address":"random_shuffle.random_adjectives[95]","mode":"managed","type":"random_shuffle","name":"random_adjectives","index":95,"provider_name":"registry.terraform.io/hashicorp/random","change":{"actions":["create"],"before":null,"after":{"input":["BITTER","STICKY","THUNDERING","ABUNDANT","CHUBBY","GRUMPY"],"keepers":null,"result_count":null,"seed":null},"after_unknown":{"id":true,"input":[false,false,false,false,false,false],"result":true}}},{"address":"random_shuffle.random_adjectives[96]","mode":"managed","type":"random_shuffle","name":"random_adjectives","index":96,"provider_name":"registry.terraform.io/hashicorp/random","change":{"actions":["create"],"before":null,"after":{"input":["BITTER","STICKY","THUNDERING","ABUNDANT","CHUBBY","GRUMPY"],"keepers":null,"result_count":null,"seed":null},"after_unknown":{"id":true,"input":[false,false,false,false,false,false],"result":true}}},{"address":"random_shuffle.random_adjectives[97]","mode":"managed","type":"random_shuffle","name":"random_adjectives","index":97,"provider_name":"registry.terraform.io/hashicorp/random","change":{"actions":["create"],"before":null,"after":{"input":["BITTER","STICKY","THUNDERING","ABUNDANT","CHUBBY","GRUMPY"],"keepers":null,"result_count":null,"seed":null},"after_unknown":{"id":true,"input":[false,false,false,false,false,false],"result":true}}},{"address":"random_shuffle.random_adjectives[98]","mode":"managed","type":"random_shuffle","name":"random_adjectives","index":98,"provider_name":"registry.terraform.io/hashicorp/random","change":{"actions":["create"],"before":null,"after":{"input":["BITTER","STICKY","THUNDERING","ABUNDANT","CHUBBY","GRUMPY"],"keepers":null,"result_count":null,"seed":null},"after_unknown":{"id":true,"input":[false,false,false,false,false,false],"result":true}}},{"address":"random_shuffle.random_adjectives[99]","mode":"managed","type":"random_shuffle","name":"random_adjectives","index":99,"provider_name":"registry.terraform.io/hashicorp/random","change":{"actions":["create"],"before":null,"after":{"input":["BITTER","STICKY","THUNDERING","ABUNDANT","CHUBBY","GRUMPY"],"keepers":null,"result_count":null,"seed":null},"after_unknown":{"id":true,"input":[false,false,false,false,false,false],"result":true}}},{"address":"random_shuffle.random_adjectives[9]","mode":"managed","type":"random_shuffle","name":"random_adjectives","index":9,"provider_name":"registry.terraform.io/hashicorp/random","change":{"actions":["create"],"before":null,"after":{"input":["BITTER","STICKY","THUNDERING","ABUNDANT","CHUBBY","GRUMPY"],"keepers":null,"result_count":null,"seed":null},"after_unknown":{"id":true,"input":[false,false,false,false,false,false],"result":true}}},{"address":"random_shuffle.random_adverbs[0]","mode":"managed","type":"random_shuffle","name":"random_adverbs","index":0,"provider_name":"registry.terraform.io/hashicorp/random","change":{"actions":["delete","create"],"before":{"id":"-","input":["delicately","beautifully","quickly","truthfully","wearily"],"keepers":null,"result":["beautifully","delicately","wearily","truthfully","quickly"],"result_count":null,"seed":null},"after":{"input":["DELICATELY","BEAUTIFULLY","QUICKLY","TRUTHFULLY","WEARILY"],"keepers":null,"result_count":null,"seed":null},"after_unknown":{"id":true,"input":[false,false,false,false,false],"result":true}}},{"address":"random_shuffle.random_adverbs[10]","mode":"managed","type":"random_shuffle","name":"random_adverbs","index":10,"provider_name":"registry.terraform.io/hashicorp/random","change":{"actions":["create"],"before":null,"after":{"input":["DELICATELY","BEAUTIFULLY","QUICKLY","TRUTHFULLY","WEARILY"],"keepers":null,"result_count":null,"seed":null},"after_unknown":{"id":true,"input":[false,false,false,false,false],"result":true}}},{"address":"random_shuffle.random_adverbs[11]","mode":"managed","type":"random_shuffle","name":"random_adverbs","index":11,"provider_name":"registry.terraform.io/hashicorp/random","change":{"actions":["create"],"before":null,"after":{"input":["DELICATELY","BEAUTIFULLY","QUICKLY","TRUTHFULLY","WEARILY"],"keepers":null,"result_count":null,"seed":null},"after_unknown":{"id":true,"input":[false,false,false,false,false],"result":true}}},{"address":"random_shuffle.random_adverbs[12]","mode":"managed","type":"random_shuffle","name":"random_adverbs","index":12,"provider_name":"registry.terraform.io/hashicorp/random","change":{"actions":["create"],"before":null,"after":{"input":["DELICATELY","BEAUTIFULLY","QUICKLY","TRUTHFULLY","WEARILY"],"keepers":null,"result_count":null,"seed":null},"after_unknown":{"id":true,"input":[false,false,false,false,false],"result":true}}},{"address":"random_shuffle.random_adverbs[13]","mode":"managed","type":"random_shuffle","name":"random_adverbs","index":13,"provider_name":"registry.terraform.io/hashicorp/random","change":{"actions":["create"],"before":null,"after":{"input":["DELICATELY","BEAUTIFULLY","QUICKLY","TRUTHFULLY","WEARILY"],"keepers":null,"result_count":null,"seed":null},"after_unknown":{"id":true,"input":[false,false,false,false,false],"result":true}}},{"address":"random_shuffle.random_adverbs[14]","mode":"managed","type":"random_shuffle","name":"random_adverbs","index":14,"provider_name":"registry.terraform.io/hashicorp/random","change":{"actions":["create"],"before":null,"after":{"input":["DELICATELY","BEAUTIFULLY","QUICKLY","TRUTHFULLY","WEARILY"],"keepers":null,"result_count":null,"seed":null},"after_unknown":{"id":true,"input":[false,false,false,false,false],"result":true}}},{"address":"random_shuffle.random_adverbs[15]","mode":"managed","type":"random_shuffle","name":"random_adverbs","index":15,"provider_name":"registry.terraform.io/hashicorp/random","change":{"actions":["create"],"before":null,"after":{"input":["DELICATELY","BEAUTIFULLY","QUICKLY","TRUTHFULLY","WEARILY"],"keepers":null,"result_count":null,"seed":null},"after_unknown":{"id":true,"input":[false,false,false,false,false],"result":true}}},{"address":"random_shuffle.random_adverbs[16]","mode":"managed","type":"random_shuffle","name":"random_adverbs","index":16,"provider_name":"registry.terraform.io/hashicorp/random","change":{"actions":["create"],"before":null,"after":{"input":["DELICATELY","BEAUTIFULLY","QUICKLY","TRUTHFULLY","WEARILY"],"keepers":null,"result_count":null,"seed":null},"after_unknown":{"id":true,"input":[false,false,false,false,false],"result":true}}},{"address":"random_shuffle.random_adverbs[17]","mode":"managed","type":"random_shuffle","name":"random_adverbs","index":17,"provider_name":"registry.terraform.io/hashicorp/random","change":{"actions":["create"],"before":null,"after":{"input":["DELICATELY","BEAUTIFULLY","QUICKLY","TRUTHFULLY","WEARILY"],"keepers":null,"result_count":null,"seed":null},"after_unknown":{"id":true,"input":[false,false,false,false,false],"result":true}}},{"address":"random_shuffle.random_adverbs[18]","mode":"managed","type":"random_shuffle","name":"random_adverbs","index":18,"provider_name":"registry.terraform.io/hashicorp/random","change":{"actions":["create"],"before":null,"after":{"input":["DELICATELY","BEAUTIFULLY","QUICKLY","TRUTHFULLY","WEARILY"],"keepers":null,"result_count":null,"seed":null},"after_unknown":{"id":true,"input":[false,false,false,false,false],"result":true}}},{"address":"random_shuffle.random_adverbs[19]","mode":"managed","type":"random_shuffle","name":"random_adverbs","index":19,"provider_name":"registry.terraform.io/hashicorp/random","change":{"actions":["create"],"before":null,"after":{"input":["DELICATELY","BEAUTIFULLY","QUICKLY","TRUTHFULLY","WEARILY"],"keepers":null,"result_count":null,"seed":null},"after_unknown":{"id":true,"input":[false,false,false,false,false],"result":true}}},{"address":"random_shuffle.random_adverbs[1]","mode":"managed","type":"random_shuffle","name":"random_adverbs","index":1,"provider_name":"registry.terraform.io/hashicorp/random","change":{"actions":["create"],"before":null,"after":{"input":["DELICATELY","BEAUTIFULLY","QUICKLY","TRUTHFULLY","WEARILY"],"keepers":null,"result_count":null,"seed":null},"after_unknown":{"id":true,"input":[false,false,false,false,false],"result":true}}},{"address":"random_shuffle.random_adverbs[20]","mode":"managed","type":"random_shuffle","name":"random_adverbs","index":20,"provider_name":"registry.terraform.io/hashicorp/random","change":{"actions":["create"],"before":null,"after":{"input":["DELICATELY","BEAUTIFULLY","QUICKLY","TRUTHFULLY","WEARILY"],"keepers":null,"result_count":null,"seed":null},"after_unknown":{"id":true,"input":[false,false,false,false,false],"result":true}}},{"address":"random_shuffle.random_adverbs[21]","mode":"managed","type":"random_shuffle","name":"random_adverbs","index":21,"provider_name":"registry.terraform.io/hashicorp/random","change":{"actions":["create"],"before":null,"after":{"input":["DELICATELY","BEAUTIFULLY","QUICKLY","TRUTHFULLY","WEARILY"],"keepers":null,"result_count":null,"seed":null},"after_unknown":{"id":true,"input":[false,false,false,false,false],"result":true}}},{"address":"random_shuffle.random_adverbs[22]","mode":"managed","type":"random_shuffle","name":"random_adverbs","index":22,"provider_name":"registry.terraform.io/hashicorp/random","change":{"actions":["create"],"before":null,"after":{"input":["DELICATELY","BEAUTIFULLY","QUICKLY","TRUTHFULLY","WEARILY"],"keepers":null,"result_count":null,"seed":null},"after_unknown":{"id":true,"input":[false,false,false,false,false],"result":true}}},{"address":"random_shuffle.random_adverbs[23]","mode":"managed","type":"random_shuffle","name":"random_adverbs","index":23,"provider_name":"registry.terraform.io/hashicorp/random","change":{"actions":["create"],"before":null,"after":{"input":["DELICATELY","BEAUTIFULLY","QUICKLY","TRUTHFULLY","WEARILY"],"keepers":null,"result_count":null,"seed":null},"after_unknown":{"id":true,"input":[false,false,false,false,false],"result":true}}},{"address":"random_shuffle.random_adverbs[24]","mode":"managed","type":"random_shuffle","name":"random_adverbs","index":24,"provider_name":"registry.terraform.io/hashicorp/random","change":{"actions":["create"],"before":null,"after":{"input":["DELICATELY","BEAUTIFULLY","QUICKLY","TRUTHFULLY","WEARILY"],"keepers":null,"result_count":null,"seed":null},"after_unknown":{"id":true,"input":[false,false,false,false,false],"result":true}}},{"address":"random_shuffle.random_adverbs[25]","mode":"managed","type":"random_shuffle","name":"random_adverbs","index":25,"provider_name":"registry.terraform.io/hashicorp/random","change":{"actions":["create"],"before":null,"after":{"input":["DELICATELY","BEAUTIFULLY","QUICKLY","TRUTHFULLY","WEARILY"],"keepers":null,"result_count":null,"seed":null},"after_unknown":{"id":true,"input":[false,false,false,false,false],"result":true}}},{"address":"random_shuffle.random_adverbs[26]","mode":"managed","type":"random_shuffle","name":"random_adverbs","index":26,"provider_name":"registry.terraform.io/hashicorp/random","change":{"actions":["create"],"before":null,"after":{"input":["DELICATELY","BEAUTIFULLY","QUICKLY","TRUTHFULLY","WEARILY"],"keepers":null,"result_count":null,"seed":null},"after_unknown":{"id":true,"input":[false,false,false,false,false],"result":true}}},{"address":"random_shuffle.random_adverbs[27]","mode":"managed","type":"random_shuffle","name":"random_adverbs","index":27,"provider_name":"registry.terraform.io/hashicorp/random","change":{"actions":["create"],"before":null,"after":{"input":["DELICATELY","BEAUTIFULLY","QUICKLY","TRUTHFULLY","WEARILY"],"keepers":null,"result_count":null,"seed":null},"after_unknown":{"id":true,"input":[false,false,false,false,false],"result":true}}},{"address":"random_shuffle.random_adverbs[28]","mode":"managed","type":"random_shuffle","name":"random_adverbs","index":28,"provider_name":"registry.terraform.io/hashicorp/random","change":{"actions":["create"],"before":null,"after":{"input":["DELICATELY","BEAUTIFULLY","QUICKLY","TRUTHFULLY","WEARILY"],"keepers":null,"result_count":null,"seed":null},"after_unknown":{"id":true,"input":[false,false,false,false,false],"result":true}}},{"address":"random_shuffle.random_adverbs[29]","mode":"managed","type":"random_shuffle","name":"random_adverbs","index":29,"provider_name":"registry.terraform.io/hashicorp/random","change":{"actions":["create"],"before":null,"after":{"input":["DELICATELY","BEAUTIFULLY","QUICKLY","TRUTHFULLY","WEARILY"],"keepers":null,"result_count":null,"seed":null},"after_unknown":{"id":true,"input":[false,false,false,false,false],"result":true}}},{"address":"random_shuffle.random_adverbs[2]","mode":"managed","type":"random_shuffle","name":"random_adverbs","index":2,"provider_name":"registry.terraform.io/hashicorp/random","change":{"actions":["create"],"before":null,"after":{"input":["DELICATELY","BEAUTIFULLY","QUICKLY","TRUTHFULLY","WEARILY"],"keepers":null,"result_count":null,"seed":null},"after_unknown":{"id":true,"input":[false,false,false,false,false],"result":true}}},{"address":"random_shuffle.random_adverbs[30]","mode":"managed","type":"random_shuffle","name":"random_adverbs","index":30,"provider_name":"registry.terraform.io/hashicorp/random","change":{"actions":["create"],"before":null,"after":{"input":["DELICATELY","BEAUTIFULLY","QUICKLY","TRUTHFULLY","WEARILY"],"keepers":null,"result_count":null,"seed":null},"after_unknown":{"id":true,"input":[false,false,false,false,false],"result":true}}},{"address":"random_shuffle.random_adverbs[31]","mode":"managed","type":"random_shuffle","name":"random_adverbs","index":31,"provider_name":"registry.terraform.io/hashicorp/random","change":{"actions":["create"],"before":null,"after":{"input":["DELICATELY","BEAUTIFULLY","QUICKLY","TRUTHFULLY","WEARILY"],"keepers":null,"result_count":null,"seed":null},"after_unknown":{"id":true,"input":[false,false,false,false,false],"result":true}}},{"address":"random_shuffle.random_adverbs[32]","mode":"managed","type":"random_shuffle","name":"random_adverbs","index":32,"provider_name":"registry.terraform.io/hashicorp/random","change":{"actions":["create"],"before":null,"after":{"input":["DELICATELY","BEAUTIFULLY","QUICKLY","TRUTHFULLY","WEARILY"],"keepers":null,"result_count":null,"seed":null},"after_unknown":{"id":true,"input":[false,false,false,false,false],"result":true}}},{"address":"random_shuffle.random_adverbs[33]","mode":"managed","type":"random_shuffle","name":"random_adverbs","index":33,"provider_name":"registry.terraform.io/hashicorp/random","change":{"actions":["create"],"before":null,"after":{"input":["DELICATELY","BEAUTIFULLY","QUICKLY","TRUTHFULLY","WEARILY"],"keepers":null,"result_count":null,"seed":null},"after_unknown":{"id":true,"input":[false,false,false,false,false],"result":true}}},{"address":"random_shuffle.random_adverbs[34]","mode":"managed","type":"random_shuffle","name":"random_adverbs","index":34,"provider_name":"registry.terraform.io/hashicorp/random","change":{"actions":["create"],"before":null,"after":{"input":["DELICATELY","BEAUTIFULLY","QUICKLY","TRUTHFULLY","WEARILY"],"keepers":null,"result_count":null,"seed":null},"after_unknown":{"id":true,"input":[false,false,false,false,false],"result":true}}},{"address":"random_shuffle.random_adverbs[35]","mode":"managed","type":"random_shuffle","name":"random_adverbs","index":35,"provider_name":"registry.terraform.io/hashicorp/random","change":{"actions":["create"],"before":null,"after":{"input":["DELICATELY","BEAUTIFULLY","QUICKLY","TRUTHFULLY","WEARILY"],"keepers":null,"result_count":null,"seed":null},"after_unknown":{"id":true,"input":[false,false,false,false,false],"result":true}}},{"address":"random_shuffle.random_adverbs[36]","mode":"managed","type":"random_shuffle","name":"random_adverbs","index":36,"provider_name":"registry.terraform.io/hashicorp/random","change":{"actions":["create"],"before":null,"after":{"input":["DELICATELY","BEAUTIFULLY","QUICKLY","TRUTHFULLY","WEARILY"],"keepers":null,"result_count":null,"seed":null},"after_unknown":{"id":true,"input":[false,false,false,false,false],"result":true}}},{"address":"random_shuffle.random_adverbs[37]","mode":"managed","type":"random_shuffle","name":"random_adverbs","index":37,"provider_name":"registry.terraform.io/hashicorp/random","change":{"actions":["create"],"before":null,"after":{"input":["DELICATELY","BEAUTIFULLY","QUICKLY","TRUTHFULLY","WEARILY"],"keepers":null,"result_count":null,"seed":null},"after_unknown":{"id":true,"input":[false,false,false,false,false],"result":true}}},{"address":"random_shuffle.random_adverbs[38]","mode":"managed","type":"random_shuffle","name":"random_adverbs","index":38,"provider_name":"registry.terraform.io/hashicorp/random","change":{"actions":["create"],"before":null,"after":{"input":["DELICATELY","BEAUTIFULLY","QUICKLY","TRUTHFULLY","WEARILY"],"keepers":null,"result_count":null,"seed":null},"after_unknown":{"id":true,"input":[false,false,false,false,false],"result":true}}},{"address":"random_shuffle.random_adverbs[39]","mode":"managed","type":"random_shuffle","name":"random_adverbs","index":39,"provider_name":"registry.terraform.io/hashicorp/random","change":{"actions":["create"],"before":null,"after":{"input":["DELICATELY","BEAUTIFULLY","QUICKLY","TRUTHFULLY","WEARILY"],"keepers":null,"result_count":null,"seed":null},"after_unknown":{"id":true,"input":[false,false,false,false,false],"result":true}}},{"address":"random_shuffle.random_adverbs[3]","mode":"managed","type":"random_shuffle","name":"random_adverbs","index":3,"provider_name":"registry.terraform.io/hashicorp/random","change":{"actions":["create"],"before":null,"after":{"input":["DELICATELY","BEAUTIFULLY","QUICKLY","TRUTHFULLY","WEARILY"],"keepers":null,"result_count":null,"seed":null},"after_unknown":{"id":true,"input":[false,false,false,false,false],"result":true}}},{"address":"random_shuffle.random_adverbs[40]","mode":"managed","type":"random_shuffle","name":"random_adverbs","index":40,"provider_name":"registry.terraform.io/hashicorp/random","change":{"actions":["create"],"before":null,"after":{"input":["DELICATELY","BEAUTIFULLY","QUICKLY","TRUTHFULLY","WEARILY"],"keepers":null,"result_count":null,"seed":null},"after_unknown":{"id":true,"input":[false,false,false,false,false],"result":true}}},{"address":"random_shuffle.random_adverbs[41]","mode":"managed","type":"random_shuffle","name":"random_adverbs","index":41,"provider_name":"registry.terraform.io/hashicorp/random","change":{"actions":["create"],"before":null,"after":{"input":["DELICATELY","BEAUTIFULLY","QUICKLY","TRUTHFULLY","WEARILY"],"keepers":null,"result_count":null,"seed":null},"after_unknown":{"id":true,"input":[false,false,false,false,false],"result":true}}},{"address":"random_shuffle.random_adverbs[42]","mode":"managed","type":"random_shuffle","name":"random_adverbs","index":42,"provider_name":"registry.terraform.io/hashicorp/random","change":{"actions":["create"],"before":null,"after":{"input":["DELICATELY","BEAUTIFULLY","QUICKLY","TRUTHFULLY","WEARILY"],"keepers":null,"result_count":null,"seed":null},"after_unknown":{"id":true,"input":[false,false,false,false,false],"result":true}}},{"address":"random_shuffle.random_adverbs[43]","mode":"managed","type":"random_shuffle","name":"random_adverbs","index":43,"provider_name":"registry.terraform.io/hashicorp/random","change":{"actions":["create"],"before":null,"after":{"input":["DELICATELY","BEAUTIFULLY","QUICKLY","TRUTHFULLY","WEARILY"],"keepers":null,"result_count":null,"seed":null},"after_unknown":{"id":true,"input":[false,false,false,false,false],"result":true}}},{"address":"random_shuffle.random_adverbs[44]","mode":"managed","type":"random_shuffle","name":"random_adverbs","index":44,"provider_name":"registry.terraform.io/hashicorp/random","change":{"actions":["create"],"before":null,"after":{"input":["DELICATELY","BEAUTIFULLY","QUICKLY","TRUTHFULLY","WEARILY"],"keepers":null,"result_count":null,"seed":null},"after_unknown":{"id":true,"input":[false,false,false,false,false],"result":true}}},{"address":"random_shuffle.random_adverbs[45]","mode":"managed","type":"random_shuffle","name":"random_adverbs","index":45,"provider_name":"registry.terraform.io/hashicorp/random","change":{"actions":["create"],"before":null,"after":{"input":["DELICATELY","BEAUTIFULLY","QUICKLY","TRUTHFULLY","WEARILY"],"keepers":null,"result_count":null,"seed":null},"after_unknown":{"id":true,"input":[false,false,false,false,false],"result":true}}},{"address":"random_shuffle.random_adverbs[46]","mode":"managed","type":"random_shuffle","name":"random_adverbs","index":46,"provider_name":"registry.terraform.io/hashicorp/random","change":{"actions":["create"],"before":null,"after":{"input":["DELICATELY","BEAUTIFULLY","QUICKLY","TRUTHFULLY","WEARILY"],"keepers":null,"result_count":null,"seed":null},"after_unknown":{"id":true,"input":[false,false,false,false,false],"result":true}}},{"address":"random_shuffle.random_adverbs[47]","mode":"managed","type":"random_shuffle","name":"random_adverbs","index":47,"provider_name":"registry.terraform.io/hashicorp/random","change":{"actions":["create"],"before":null,"after":{"input":["DELICATELY","BEAUTIFULLY","QUICKLY","TRUTHFULLY","WEARILY"],"keepers":null,"result_count":null,"seed":null},"after_unknown":{"id":true,"input":[false,false,false,false,false],"result":true}}},{"address":"random_shuffle.random_adverbs[48]","mode":"managed","type":"random_shuffle","name":"random_adverbs","index":48,"provider_name":"registry.terraform.io/hashicorp/random","change":{"actions":["create"],"before":null,"after":{"input":["DELICATELY","BEAUTIFULLY","QUICKLY","TRUTHFULLY","WEARILY"],"keepers":null,"result_count":null,"seed":null},"after_unknown":{"id":true,"input":[false,false,false,false,false],"result":true}}},{"address":"random_shuffle.random_adverbs[49]","mode":"managed","type":"random_shuffle","name":"random_adverbs","index":49,"provider_name":"registry.terraform.io/hashicorp/random","change":{"actions":["create"],"before":null,"after":{"input":["DELICATELY","BEAUTIFULLY","QUICKLY","TRUTHFULLY","WEARILY"],"keepers":null,"result_count":null,"seed":null},"after_unknown":{"id":true,"input":[false,false,false,false,false],"result":true}}},{"address":"random_shuffle.random_adverbs[4]","mode":"managed","type":"random_shuffle","name":"random_adverbs","index":4,"provider_name":"registry.terraform.io/hashicorp/random","change":{"actions":["create"],"before":null,"after":{"input":["DELICATELY","BEAUTIFULLY","QUICKLY","TRUTHFULLY","WEARILY"],"keepers":null,"result_count":null,"seed":null},"after_unknown":{"id":true,"input":[false,false,false,false,false],"result":true}}},{"address":"random_shuffle.random_adverbs[50]","mode":"managed","type":"random_shuffle","name":"random_adverbs","index":50,"provider_name":"registry.terraform.io/hashicorp/random","change":{"actions":["create"],"before":null,"after":{"input":["DELICATELY","BEAUTIFULLY","QUICKLY","TRUTHFULLY","WEARILY"],"keepers":null,"result_count":null,"seed":null},"after_unknown":{"id":true,"input":[false,false,false,false,false],"result":true}}},{"address":"random_shuffle.random_adverbs[51]","mode":"managed","type":"random_shuffle","name":"random_adverbs","index":51,"provider_name":"registry.terraform.io/hashicorp/random","change":{"actions":["create"],"before":null,"after":{"input":["DELICATELY","BEAUTIFULLY","QUICKLY","TRUTHFULLY","WEARILY"],"keepers":null,"result_count":null,"seed":null},"after_unknown":{"id":true,"input":[false,false,false,false,false],"result":true}}},{"address":"random_shuffle.random_adverbs[52]","mode":"managed","type":"random_shuffle","name":"random_adverbs","index":52,"provider_name":"registry.terraform.io/hashicorp/random","change":{"actions":["create"],"before":null,"after":{"input":["DELICATELY","BEAUTIFULLY","QUICKLY","TRUTHFULLY","WEARILY"],"keepers":null,"result_count":null,"seed":null},"after_unknown":{"id":true,"input":[false,false,false,false,false],"result":true}}},{"address":"random_shuffle.random_adverbs[53]","mode":"managed","type":"random_shuffle","name":"random_adverbs","index":53,"provider_name":"registry.terraform.io/hashicorp/random","change":{"actions":["create"],"before":null,"after":{"input":["DELICATELY","BEAUTIFULLY","QUICKLY","TRUTHFULLY","WEARILY"],"keepers":null,"result_count":null,"seed":null},"after_unknown":{"id":true,"input":[false,false,false,false,false],"result":true}}},{"address":"random_shuffle.random_adverbs[54]","mode":"managed","type":"random_shuffle","name":"random_adverbs","index":54,"provider_name":"registry.terraform.io/hashicorp/random","change":{"actions":["create"],"before":null,"after":{"input":["DELICATELY","BEAUTIFULLY","QUICKLY","TRUTHFULLY","WEARILY"],"keepers":null,"result_count":null,"seed":null},"after_unknown":{"id":true,"input":[false,false,false,false,false],"result":true}}},{"address":"random_shuffle.random_adverbs[55]","mode":"managed","type":"random_shuffle","name":"random_adverbs","index":55,"provider_name":"registry.terraform.io/hashicorp/random","change":{"actions":["create"],"before":null,"after":{"input":["DELICATELY","BEAUTIFULLY","QUICKLY","TRUTHFULLY","WEARILY"],"keepers":null,"result_count":null,"seed":null},"after_unknown":{"id":true,"input":[false,false,false,false,false],"result":true}}},{"address":"random_shuffle.random_adverbs[56]","mode":"managed","type":"random_shuffle","name":"random_adverbs","index":56,"provider_name":"registry.terraform.io/hashicorp/random","change":{"actions":["create"],"before":null,"after":{"input":["DELICATELY","BEAUTIFULLY","QUICKLY","TRUTHFULLY","WEARILY"],"keepers":null,"result_count":null,"seed":null},"after_unknown":{"id":true,"input":[false,false,false,false,false],"result":true}}},{"address":"random_shuffle.random_adverbs[57]","mode":"managed","type":"random_shuffle","name":"random_adverbs","index":57,"provider_name":"registry.terraform.io/hashicorp/random","change":{"actions":["create"],"before":null,"after":{"input":["DELICATELY","BEAUTIFULLY","QUICKLY","TRUTHFULLY","WEARILY"],"keepers":null,"result_count":null,"seed":null},"after_unknown":{"id":true,"input":[false,false,false,false,false],"result":true}}},{"address":"random_shuffle.random_adverbs[58]","mode":"managed","type":"random_shuffle","name":"random_adverbs","index":58,"provider_name":"registry.terraform.io/hashicorp/random","change":{"actions":["create"],"before":null,"after":{"input":["DELICATELY","BEAUTIFULLY","QUICKLY","TRUTHFULLY","WEARILY"],"keepers":null,"result_count":null,"seed":null},"after_unknown":{"id":true,"input":[false,false,false,false,false],"result":true}}},{"address":"random_shuffle.random_adverbs[59]","mode":"managed","type":"random_shuffle","name":"random_adverbs","index":59,"provider_name":"registry.terraform.io/hashicorp/random","change":{"actions":["create"],"before":null,"after":{"input":["DELICATELY","BEAUTIFULLY","QUICKLY","TRUTHFULLY","WEARILY"],"keepers":null,"result_count":null,"seed":null},"after_unknown":{"id":true,"input":[false,false,false,false,false],"result":true}}},{"address":"random_shuffle.random_adverbs[5]","mode":"managed","type":"random_shuffle","name":"random_adverbs","index":5,"provider_name":"registry.terraform.io/hashicorp/random","change":{"actions":["create"],"before":null,"after":{"input":["DELICATELY","BEAUTIFULLY","QUICKLY","TRUTHFULLY","WEARILY"],"keepers":null,"result_count":null,"seed":null},"after_unknown":{"id":true,"input":[false,false,false,false,false],"result":true}}},{"address":"random_shuffle.random_adverbs[60]","mode":"managed","type":"random_shuffle","name":"random_adverbs","index":60,"provider_name":"registry.terraform.io/hashicorp/random","change":{"actions":["create"],"before":null,"after":{"input":["DELICATELY","BEAUTIFULLY","QUICKLY","TRUTHFULLY","WEARILY"],"keepers":null,"result_count":null,"seed":null},"after_unknown":{"id":true,"input":[false,false,false,false,false],"result":true}}},{"address":"random_shuffle.random_adverbs[61]","mode":"managed","type":"random_shuffle","name":"random_adverbs","index":61,"provider_name":"registry.terraform.io/hashicorp/random","change":{"actions":["create"],"before":null,"after":{"input":["DELICATELY","BEAUTIFULLY","QUICKLY","TRUTHFULLY","WEARILY"],"keepers":null,"result_count":null,"seed":null},"after_unknown":{"id":true,"input":[false,false,false,false,false],"result":true}}},{"address":"random_shuffle.random_adverbs[62]","mode":"managed","type":"random_shuffle","name":"random_adverbs","index":62,"provider_name":"registry.terraform.io/hashicorp/random","change":{"actions":["create"],"before":null,"after":{"input":["DELICATELY","BEAUTIFULLY","QUICKLY","TRUTHFULLY","WEARILY"],"keepers":null,"result_count":null,"seed":null},"after_unknown":{"id":true,"input":[false,false,false,false,false],"result":true}}},{"address":"random_shuffle.random_adverbs[63]","mode":"managed","type":"random_shuffle","name":"random_adverbs","index":63,"provider_name":"registry.terraform.io/hashicorp/random","change":{"actions":["create"],"before":null,"after":{"input":["DELICATELY","BEAUTIFULLY","QUICKLY","TRUTHFULLY","WEARILY"],"keepers":null,"result_count":null,"seed":null},"after_unknown":{"id":true,"input":[false,false,false,false,false],"result":true}}},{"address":"random_shuffle.random_adverbs[64]","mode":"managed","type":"random_shuffle","name":"random_adverbs","index":64,"provider_name":"registry.terraform.io/hashicorp/random","change":{"actions":["create"],"before":null,"after":{"input":["DELICATELY","BEAUTIFULLY","QUICKLY","TRUTHFULLY","WEARILY"],"keepers":null,"result_count":null,"seed":null},"after_unknown":{"id":true,"input":[false,false,false,false,false],"result":true}}},{"address":"random_shuffle.random_adverbs[65]","mode":"managed","type":"random_shuffle","name":"random_adverbs","index":65,"provider_name":"registry.terraform.io/hashicorp/random","change":{"actions":["create"],"before":null,"after":{"input":["DELICATELY","BEAUTIFULLY","QUICKLY","TRUTHFULLY","WEARILY"],"keepers":null,"result_count":null,"seed":null},"after_unknown":{"id":true,"input":[false,false,false,false,false],"result":true}}},{"address":"random_shuffle.random_adverbs[66]","mode":"managed","type":"random_shuffle","name":"random_adverbs","index":66,"provider_name":"registry.terraform.io/hashicorp/random","change":{"actions":["create"],"before":null,"after":{"input":["DELICATELY","BEAUTIFULLY","QUICKLY","TRUTHFULLY","WEARILY"],"keepers":null,"result_count":null,"seed":null},"after_unknown":{"id":true,"input":[false,false,false,false,false],"result":true}}},{"address":"random_shuffle.random_adverbs[67]","mode":"managed","type":"random_shuffle","name":"random_adverbs","index":67,"provider_name":"registry.terraform.io/hashicorp/random","change":{"actions":["create"],"before":null,"after":{"input":["DELICATELY","BEAUTIFULLY","QUICKLY","TRUTHFULLY","WEARILY"],"keepers":null,"result_count":null,"seed":null},"after_unknown":{"id":true,"input":[false,false,false,false,false],"result":true}}},{"address":"random_shuffle.random_adverbs[68]","mode":"managed","type":"random_shuffle","name":"random_adverbs","index":68,"provider_name":"registry.terraform.io/hashicorp/random","change":{"actions":["create"],"before":null,"after":{"input":["DELICATELY","BEAUTIFULLY","QUICKLY","TRUTHFULLY","WEARILY"],"keepers":null,"result_count":null,"seed":null},"after_unknown":{"id":true,"input":[false,false,false,false,false],"result":true}}},{"address":"random_shuffle.random_adverbs[69]","mode":"managed","type":"random_shuffle","name":"random_adverbs","index":69,"provider_name":"registry.terraform.io/hashicorp/random","change":{"actions":["create"],"before":null,"after":{"input":["DELICATELY","BEAUTIFULLY","QUICKLY","TRUTHFULLY","WEARILY"],"keepers":null,"result_count":null,"seed":null},"after_unknown":{"id":true,"input":[false,false,false,false,false],"result":true}}},{"address":"random_shuffle.random_adverbs[6]","mode":"managed","type":"random_shuffle","name":"random_adverbs","index":6,"provider_name":"registry.terraform.io/hashicorp/random","change":{"actions":["create"],"before":null,"after":{"input":["DELICATELY","BEAUTIFULLY","QUICKLY","TRUTHFULLY","WEARILY"],"keepers":null,"result_count":null,"seed":null},"after_unknown":{"id":true,"input":[false,false,false,false,false],"result":true}}},{"address":"random_shuffle.random_adverbs[70]","mode":"managed","type":"random_shuffle","name":"random_adverbs","index":70,"provider_name":"registry.terraform.io/hashicorp/random","change":{"actions":["create"],"before":null,"after":{"input":["DELICATELY","BEAUTIFULLY","QUICKLY","TRUTHFULLY","WEARILY"],"keepers":null,"result_count":null,"seed":null},"after_unknown":{"id":true,"input":[false,false,false,false,false],"result":true}}},{"address":"random_shuffle.random_adverbs[71]","mode":"managed","type":"random_shuffle","name":"random_adverbs","index":71,"provider_name":"registry.terraform.io/hashicorp/random","change":{"actions":["create"],"before":null,"after":{"input":["DELICATELY","BEAUTIFULLY","QUICKLY","TRUTHFULLY","WEARILY"],"keepers":null,"result_count":null,"seed":null},"after_unknown":{"id":true,"input":[false,false,false,false,false],"result":true}}},{"address":"random_shuffle.random_adverbs[72]","mode":"managed","type":"random_shuffle","name":"random_adverbs","index":72,"provider_name":"registry.terraform.io/hashicorp/random","change":{"actions":["create"],"before":null,"after":{"input":["DELICATELY","BEAUTIFULLY","QUICKLY","TRUTHFULLY","WEARILY"],"keepers":null,"result_count":null,"seed":null},"after_unknown":{"id":true,"input":[false,false,false,false,false],"result":true}}},{"address":"random_shuffle.random_adverbs[73]","mode":"managed","type":"random_shuffle","name":"random_adverbs","index":73,"provider_name":"registry.terraform.io/hashicorp/random","change":{"actions":["create"],"before":null,"after":{"input":["DELICATELY","BEAUTIFULLY","QUICKLY","TRUTHFULLY","WEARILY"],"keepers":null,"result_count":null,"seed":null},"after_unknown":{"id":true,"input":[false,false,false,false,false],"result":true}}},{"address":"random_shuffle.random_adverbs[74]","mode":"managed","type":"random_shuffle","name":"random_adverbs","index":74,"provider_name":"registry.terraform.io/hashicorp/random","change":{"actions":["create"],"before":null,"after":{"input":["DELICATELY","BEAUTIFULLY","QUICKLY","TRUTHFULLY","WEARILY"],"keepers":null,"result_count":null,"seed":null},"after_unknown":{"id":true,"input":[false,false,false,false,false],"result":true}}},{"address":"random_shuffle.random_adverbs[75]","mode":"managed","type":"random_shuffle","name":"random_adverbs","index":75,"provider_name":"registry.terraform.io/hashicorp/random","change":{"actions":["create"],"before":null,"after":{"input":["DELICATELY","BEAUTIFULLY","QUICKLY","TRUTHFULLY","WEARILY"],"keepers":null,"result_count":null,"seed":null},"after_unknown":{"id":true,"input":[false,false,false,false,false],"result":true}}},{"address":"random_shuffle.random_adverbs[76]","mode":"managed","type":"random_shuffle","name":"random_adverbs","index":76,"provider_name":"registry.terraform.io/hashicorp/random","change":{"actions":["create"],"before":null,"after":{"input":["DELICATELY","BEAUTIFULLY","QUICKLY","TRUTHFULLY","WEARILY"],"keepers":null,"result_count":null,"seed":null},"after_unknown":{"id":true,"input":[false,false,false,false,false],"result":true}}},{"address":"random_shuffle.random_adverbs[77]","mode":"managed","type":"random_shuffle","name":"random_adverbs","index":77,"provider_name":"registry.terraform.io/hashicorp/random","change":{"actions":["create"],"before":null,"after":{"input":["DELICATELY","BEAUTIFULLY","QUICKLY","TRUTHFULLY","WEARILY"],"keepers":null,"result_count":null,"seed":null},"after_unknown":{"id":true,"input":[false,false,false,false,false],"result":true}}},{"address":"random_shuffle.random_adverbs[78]","mode":"managed","type":"random_shuffle","name":"random_adverbs","index":78,"provider_name":"registry.terraform.io/hashicorp/random","change":{"actions":["create"],"before":null,"after":{"input":["DELICATELY","BEAUTIFULLY","QUICKLY","TRUTHFULLY","WEARILY"],"keepers":null,"result_count":null,"seed":null},"after_unknown":{"id":true,"input":[false,false,false,false,false],"result":true}}},{"address":"random_shuffle.random_adverbs[79]","mode":"managed","type":"random_shuffle","name":"random_adverbs","index":79,"provider_name":"registry.terraform.io/hashicorp/random","change":{"actions":["create"],"before":null,"after":{"input":["DELICATELY","BEAUTIFULLY","QUICKLY","TRUTHFULLY","WEARILY"],"keepers":null,"result_count":null,"seed":null},"after_unknown":{"id":true,"input":[false,false,false,false,false],"result":true}}},{"address":"random_shuffle.random_adverbs[7]","mode":"managed","type":"random_shuffle","name":"random_adverbs","index":7,"provider_name":"registry.terraform.io/hashicorp/random","change":{"actions":["create"],"before":null,"after":{"input":["DELICATELY","BEAUTIFULLY","QUICKLY","TRUTHFULLY","WEARILY"],"keepers":null,"result_count":null,"seed":null},"after_unknown":{"id":true,"input":[false,false,false,false,false],"result":true}}},{"address":"random_shuffle.random_adverbs[80]","mode":"managed","type":"random_shuffle","name":"random_adverbs","index":80,"provider_name":"registry.terraform.io/hashicorp/random","change":{"actions":["create"],"before":null,"after":{"input":["DELICATELY","BEAUTIFULLY","QUICKLY","TRUTHFULLY","WEARILY"],"keepers":null,"result_count":null,"seed":null},"after_unknown":{"id":true,"input":[false,false,false,false,false],"result":true}}},{"address":"random_shuffle.random_adverbs[81]","mode":"managed","type":"random_shuffle","name":"random_adverbs","index":81,"provider_name":"registry.terraform.io/hashicorp/random","change":{"actions":["create"],"before":null,"after":{"input":["DELICATELY","BEAUTIFULLY","QUICKLY","TRUTHFULLY","WEARILY"],"keepers":null,"result_count":null,"seed":null},"after_unknown":{"id":true,"input":[false,false,false,false,false],"result":true}}},{"address":"random_shuffle.random_adverbs[82]","mode":"managed","type":"random_shuffle","name":"random_adverbs","index":82,"provider_name":"registry.terraform.io/hashicorp/random","change":{"actions":["create"],"before":null,"after":{"input":["DELICATELY","BEAUTIFULLY","QUICKLY","TRUTHFULLY","WEARILY"],"keepers":null,"result_count":null,"seed":null},"after_unknown":{"id":true,"input":[false,false,false,false,false],"result":true}}},{"address":"random_shuffle.random_adverbs[83]","mode":"managed","type":"random_shuffle","name":"random_adverbs","index":83,"provider_name":"registry.terraform.io/hashicorp/random","change":{"actions":["create"],"before":null,"after":{"input":["DELICATELY","BEAUTIFULLY","QUICKLY","TRUTHFULLY","WEARILY"],"keepers":null,"result_count":null,"seed":null},"after_unknown":{"id":true,"input":[false,false,false,false,false],"result":true}}},{"address":"random_shuffle.random_adverbs[84]","mode":"managed","type":"random_shuffle","name":"random_adverbs","index":84,"provider_name":"registry.terraform.io/hashicorp/random","change":{"actions":["create"],"before":null,"after":{"input":["DELICATELY","BEAUTIFULLY","QUICKLY","TRUTHFULLY","WEARILY"],"keepers":null,"result_count":null,"seed":null},"after_unknown":{"id":true,"input":[false,false,false,false,false],"result":true}}},{"address":"random_shuffle.random_adverbs[85]","mode":"managed","type":"random_shuffle","name":"random_adverbs","index":85,"provider_name":"registry.terraform.io/hashicorp/random","change":{"actions":["create"],"before":null,"after":{"input":["DELICATELY","BEAUTIFULLY","QUICKLY","TRUTHFULLY","WEARILY"],"keepers":null,"result_count":null,"seed":null},"after_unknown":{"id":true,"input":[false,false,false,false,false],"result":true}}},{"address":"random_shuffle.random_adverbs[86]","mode":"managed","type":"random_shuffle","name":"random_adverbs","index":86,"provider_name":"registry.terraform.io/hashicorp/random","change":{"actions":["create"],"before":null,"after":{"input":["DELICATELY","BEAUTIFULLY","QUICKLY","TRUTHFULLY","WEARILY"],"keepers":null,"result_count":null,"seed":null},"after_unknown":{"id":true,"input":[false,false,false,false,false],"result":true}}},{"address":"random_shuffle.random_adverbs[87]","mode":"managed","type":"random_shuffle","name":"random_adverbs","index":87,"provider_name":"registry.terraform.io/hashicorp/random","change":{"actions":["create"],"before":null,"after":{"input":["DELICATELY","BEAUTIFULLY","QUICKLY","TRUTHFULLY","WEARILY"],"keepers":null,"result_count":null,"seed":null},"after_unknown":{"id":true,"input":[false,false,false,false,false],"result":true}}},{"address":"random_shuffle.random_adverbs[88]","mode":"managed","type":"random_shuffle","name":"random_adverbs","index":88,"provider_name":"registry.terraform.io/hashicorp/random","change":{"actions":["create"],"before":null,"after":{"input":["DELICATELY","BEAUTIFULLY","QUICKLY","TRUTHFULLY","WEARILY"],"keepers":null,"result_count":null,"seed":null},"after_unknown":{"id":true,"input":[false,false,false,false,false],"result":true}}},{"address":"random_shuffle.random_adverbs[89]","mode":"managed","type":"random_shuffle","name":"random_adverbs","index":89,"provider_name":"registry.terraform.io/hashicorp/random","change":{"actions":["create"],"before":null,"after":{"input":["DELICATELY","BEAUTIFULLY","QUICKLY","TRUTHFULLY","WEARILY"],"keepers":null,"result_count":null,"seed":null},"after_unknown":{"id":true,"input":[false,false,false,false,false],"result":true}}},{"address":"random_shuffle.random_adverbs[8]","mode":"managed","type":"random_shuffle","name":"random_adverbs","index":8,"provider_name":"registry.terraform.io/hashicorp/random","change":{"actions":["create"],"before":null,"after":{"input":["DELICATELY","BEAUTIFULLY","QUICKLY","TRUTHFULLY","WEARILY"],"keepers":null,"result_count":null,"seed":null},"after_unknown":{"id":true,"input":[false,false,false,false,false],"result":true}}},{"address":"random_shuffle.random_adverbs[90]","mode":"managed","type":"random_shuffle","name":"random_adverbs","index":90,"provider_name":"registry.terraform.io/hashicorp/random","change":{"actions":["create"],"before":null,"after":{"input":["DELICATELY","BEAUTIFULLY","QUICKLY","TRUTHFULLY","WEARILY"],"keepers":null,"result_count":null,"seed":null},"after_unknown":{"id":true,"input":[false,false,false,false,false],"result":true}}},{"address":"random_shuffle.random_adverbs[91]","mode":"managed","type":"random_shuffle","name":"random_adverbs","index":91,"provider_name":"registry.terraform.io/hashicorp/random","change":{"actions":["create"],"before":null,"after":{"input":["DELICATELY","BEAUTIFULLY","QUICKLY","TRUTHFULLY","WEARILY"],"keepers":null,"result_count":null,"seed":null},"after_unknown":{"id":true,"input":[false,false,false,false,false],"result":true}}},{"address":"random_shuffle.random_adverbs[92]","mode":"managed","type":"random_shuffle","name":"random_adverbs","index":92,"provider_name":"registry.terraform.io/hashicorp/random","change":{"actions":["create"],"before":null,"after":{"input":["DELICATELY","BEAUTIFULLY","QUICKLY","TRUTHFULLY","WEARILY"],"keepers":null,"result_count":null,"seed":null},"after_unknown":{"id":true,"input":[false,false,false,false,false],"result":true}}},{"address":"random_shuffle.random_adverbs[93]","mode":"managed","type":"random_shuffle","name":"random_adverbs","index":93,"provider_name":"registry.terraform.io/hashicorp/random","change":{"actions":["create"],"before":null,"after":{"input":["DELICATELY","BEAUTIFULLY","QUICKLY","TRUTHFULLY","WEARILY"],"keepers":null,"result_count":null,"seed":null},"after_unknown":{"id":true,"input":[false,false,false,false,false],"result":true}}},{"address":"random_shuffle.random_adverbs[94]","mode":"managed","type":"random_shuffle","name":"random_adverbs","index":94,"provider_name":"registry.terraform.io/hashicorp/random","change":{"actions":["create"],"before":null,"after":{"input":["DELICATELY","BEAUTIFULLY","QUICKLY","TRUTHFULLY","WEARILY"],"keepers":null,"result_count":null,"seed":null},"after_unknown":{"id":true,"input":[false,false,false,false,false],"result":true}}},{"address":"random_shuffle.random_adverbs[95]","mode":"managed","type":"random_shuffle","name":"random_adverbs","index":95,"provider_name":"registry.terraform.io/hashicorp/random","change":{"actions":["create"],"before":null,"after":{"input":["DELICATELY","BEAUTIFULLY","QUICKLY","TRUTHFULLY","WEARILY"],"keepers":null,"result_count":null,"seed":null},"after_unknown":{"id":true,"input":[false,false,false,false,false],"result":true}}},{"address":"random_shuffle.random_adverbs[96]","mode":"managed","type":"random_shuffle","name":"random_adverbs","index":96,"provider_name":"registry.terraform.io/hashicorp/random","change":{"actions":["create"],"before":null,"after":{"input":["DELICATELY","BEAUTIFULLY","QUICKLY","TRUTHFULLY","WEARILY"],"keepers":null,"result_count":null,"seed":null},"after_unknown":{"id":true,"input":[false,false,false,false,false],"result":true}}},{"address":"random_shuffle.random_adverbs[97]","mode":"managed","type":"random_shuffle","name":"random_adverbs","index":97,"provider_name":"registry.terraform.io/hashicorp/random","change":{"actions":["create"],"before":null,"after":{"input":["DELICATELY","BEAUTIFULLY","QUICKLY","TRUTHFULLY","WEARILY"],"keepers":null,"result_count":null,"seed":null},"after_unknown":{"id":true,"input":[false,false,false,false,false],"result":true}}},{"address":"random_shuffle.random_adverbs[98]","mode":"managed","type":"random_shuffle","name":"random_adverbs","index":98,"provider_name":"registry.terraform.io/hashicorp/random","change":{"actions":["create"],"before":null,"after":{"input":["DELICATELY","BEAUTIFULLY","QUICKLY","TRUTHFULLY","WEARILY"],"keepers":null,"result_count":null,"seed":null},"after_unknown":{"id":true,"input":[false,false,false,false,false],"result":true}}},{"address":"random_shuffle.random_adverbs[99]","mode":"managed","type":"random_shuffle","name":"random_adverbs","index":99,"provider_name":"registry.terraform.io/hashicorp/random","change":{"actions":["create"],"before":null,"after":{"input":["DELICATELY","BEAUTIFULLY","QUICKLY","TRUTHFULLY","WEARILY"],"keepers":null,"result_count":null,"seed":null},"after_unknown":{"id":true,"input":[false,false,false,false,false],"result":true}}},{"address":"random_shuffle.random_adverbs[9]","mode":"managed","type":"random_shuffle","name":"random_adverbs","index":9,"provider_name":"registry.terraform.io/hashicorp/random","change":{"actions":["create"],"before":null,"after":{"input":["DELICATELY","BEAUTIFULLY","QUICKLY","TRUTHFULLY","WEARILY"],"keepers":null,"result_count":null,"seed":null},"after_unknown":{"id":true,"input":[false,false,false,false,false],"result":true}}},{"address":"random_shuffle.random_nouns[0]","mode":"managed","type":"random_shuffle","name":"random_nouns","index":0,"provider_name":"registry.terraform.io/hashicorp/random","change":{"actions":["delete","create"],"before":{"id":"-","input":["army","panther","walnuts","sandwich","Zeus","banana","cat","jellyfish","jigsaw","violin","milk","sun"],"keepers":null,"result":["sun","walnuts","army","banana","jellyfish","violin","milk","jigsaw","Zeus","cat","panther","sandwich"],"result_count":null,"seed":null},"after":{"input":["ARMY","PANTHER","WALNUTS","SANDWICH","ZEUS","BANANA","CAT","JELLYFISH","JIGSAW","VIOLIN","MILK","SUN"],"keepers":null,"result_count":null,"seed":null},"after_unknown":{"id":true,"input":[false,false,false,false,false,false,false,false,false,false,false,false],"result":true}}},{"address":"random_shuffle.random_nouns[10]","mode":"managed","type":"random_shuffle","name":"random_nouns","index":10,"provider_name":"registry.terraform.io/hashicorp/random","change":{"actions":["create"],"before":null,"after":{"input":["ARMY","PANTHER","WALNUTS","SANDWICH","ZEUS","BANANA","CAT","JELLYFISH","JIGSAW","VIOLIN","MILK","SUN"],"keepers":null,"result_count":null,"seed":null},"after_unknown":{"id":true,"input":[false,false,false,false,false,false,false,false,false,false,false,false],"result":true}}},{"address":"random_shuffle.random_nouns[11]","mode":"managed","type":"random_shuffle","name":"random_nouns","index":11,"provider_name":"registry.terraform.io/hashicorp/random","change":{"actions":["create"],"before":null,"after":{"input":["ARMY","PANTHER","WALNUTS","SANDWICH","ZEUS","BANANA","CAT","JELLYFISH","JIGSAW","VIOLIN","MILK","SUN"],"keepers":null,"result_count":null,"seed":null},"after_unknown":{"id":true,"input":[false,false,false,false,false,false,false,false,false,false,false,false],"result":true}}},{"address":"random_shuffle.random_nouns[12]","mode":"managed","type":"random_shuffle","name":"random_nouns","index":12,"provider_name":"registry.terraform.io/hashicorp/random","change":{"actions":["create"],"before":null,"after":{"input":["ARMY","PANTHER","WALNUTS","SANDWICH","ZEUS","BANANA","CAT","JELLYFISH","JIGSAW","VIOLIN","MILK","SUN"],"keepers":null,"result_count":null,"seed":null},"after_unknown":{"id":true,"input":[false,false,false,false,false,false,false,false,false,false,false,false],"result":true}}},{"address":"random_shuffle.random_nouns[13]","mode":"managed","type":"random_shuffle","name":"random_nouns","index":13,"provider_name":"registry.terraform.io/hashicorp/random","change":{"actions":["create"],"before":null,"after":{"input":["ARMY","PANTHER","WALNUTS","SANDWICH","ZEUS","BANANA","CAT","JELLYFISH","JIGSAW","VIOLIN","MILK","SUN"],"keepers":null,"result_count":null,"seed":null},"after_unknown":{"id":true,"input":[false,false,false,false,false,false,false,false,false,false,false,false],"result":true}}},{"address":"random_shuffle.random_nouns[14]","mode":"managed","type":"random_shuffle","name":"random_nouns","index":14,"provider_name":"registry.terraform.io/hashicorp/random","change":{"actions":["create"],"before":null,"after":{"input":["ARMY","PANTHER","WALNUTS","SANDWICH","ZEUS","BANANA","CAT","JELLYFISH","JIGSAW","VIOLIN","MILK","SUN"],"keepers":null,"result_count":null,"seed":null},"after_unknown":{"id":true,"input":[false,false,false,false,false,false,false,false,false,false,false,false],"result":true}}},{"address":"random_shuffle.random_nouns[15]","mode":"managed","type":"random_shuffle","name":"random_nouns","index":15,"provider_name":"registry.terraform.io/hashicorp/random","change":{"actions":["create"],"before":null,"after":{"input":["ARMY","PANTHER","WALNUTS","SANDWICH","ZEUS","BANANA","CAT","JELLYFISH","JIGSAW","VIOLIN","MILK","SUN"],"keepers":null,"result_count":null,"seed":null},"after_unknown":{"id":true,"input":[false,false,false,false,false,false,false,false,false,false,false,false],"result":true}}},{"address":"random_shuffle.random_nouns[16]","mode":"managed","type":"random_shuffle","name":"random_nouns","index":16,"provider_name":"registry.terraform.io/hashicorp/random","change":{"actions":["create"],"before":null,"after":{"input":["ARMY","PANTHER","WALNUTS","SANDWICH","ZEUS","BANANA","CAT","JELLYFISH","JIGSAW","VIOLIN","MILK","SUN"],"keepers":null,"result_count":null,"seed":null},"after_unknown":{"id":true,"input":[false,false,false,false,false,false,false,false,false,false,false,false],"result":true}}},{"address":"random_shuffle.random_nouns[17]","mode":"managed","type":"random_shuffle","name":"random_nouns","index":17,"provider_name":"registry.terraform.io/hashicorp/random","change":{"actions":["create"],"before":null,"after":{"input":["ARMY","PANTHER","WALNUTS","SANDWICH","ZEUS","BANANA","CAT","JELLYFISH","JIGSAW","VIOLIN","MILK","SUN"],"keepers":null,"result_count":null,"seed":null},"after_unknown":{"id":true,"input":[false,false,false,false,false,false,false,false,false,false,false,false],"result":true}}},{"address":"random_shuffle.random_nouns[18]","mode":"managed","type":"random_shuffle","name":"random_nouns","index":18,"provider_name":"registry.terraform.io/hashicorp/random","change":{"actions":["create"],"before":null,"after":{"input":["ARMY","PANTHER","WALNUTS","SANDWICH","ZEUS","BANANA","CAT","JELLYFISH","JIGSAW","VIOLIN","MILK","SUN"],"keepers":null,"result_count":null,"seed":null},"after_unknown":{"id":true,"input":[false,false,false,false,false,false,false,false,false,false,false,false],"result":true}}},{"address":"random_shuffle.random_nouns[19]","mode":"managed","type":"random_shuffle","name":"random_nouns","index":19,"provider_name":"registry.terraform.io/hashicorp/random","change":{"actions":["create"],"before":null,"after":{"input":["ARMY","PANTHER","WALNUTS","SANDWICH","ZEUS","BANANA","CAT","JELLYFISH","JIGSAW","VIOLIN","MILK","SUN"],"keepers":null,"result_count":null,"seed":null},"after_unknown":{"id":true,"input":[false,false,false,false,false,false,false,false,false,false,false,false],"result":true}}},{"address":"random_shuffle.random_nouns[1]","mode":"managed","type":"random_shuffle","name":"random_nouns","index":1,"provider_name":"registry.terraform.io/hashicorp/random","change":{"actions":["create"],"before":null,"after":{"input":["ARMY","PANTHER","WALNUTS","SANDWICH","ZEUS","BANANA","CAT","JELLYFISH","JIGSAW","VIOLIN","MILK","SUN"],"keepers":null,"result_count":null,"seed":null},"after_unknown":{"id":true,"input":[false,false,false,false,false,false,false,false,false,false,false,false],"result":true}}},{"address":"random_shuffle.random_nouns[20]","mode":"managed","type":"random_shuffle","name":"random_nouns","index":20,"provider_name":"registry.terraform.io/hashicorp/random","change":{"actions":["create"],"before":null,"after":{"input":["ARMY","PANTHER","WALNUTS","SANDWICH","ZEUS","BANANA","CAT","JELLYFISH","JIGSAW","VIOLIN","MILK","SUN"],"keepers":null,"result_count":null,"seed":null},"after_unknown":{"id":true,"input":[false,false,false,false,false,false,false,false,false,false,false,false],"result":true}}},{"address":"random_shuffle.random_nouns[21]","mode":"managed","type":"random_shuffle","name":"random_nouns","index":21,"provider_name":"registry.terraform.io/hashicorp/random","change":{"actions":["create"],"before":null,"after":{"input":["ARMY","PANTHER","WALNUTS","SANDWICH","ZEUS","BANANA","CAT","JELLYFISH","JIGSAW","VIOLIN","MILK","SUN"],"keepers":null,"result_count":null,"seed":null},"after_unknown":{"id":true,"input":[false,false,false,false,false,false,false,false,false,false,false,false],"result":true}}},{"address":"random_shuffle.random_nouns[22]","mode":"managed","type":"random_shuffle","name":"random_nouns","index":22,"provider_name":"registry.terraform.io/hashicorp/random","change":{"actions":["create"],"before":null,"after":{"input":["ARMY","PANTHER","WALNUTS","SANDWICH","ZEUS","BANANA","CAT","JELLYFISH","JIGSAW","VIOLIN","MILK","SUN"],"keepers":null,"result_count":null,"seed":null},"after_unknown":{"id":true,"input":[false,false,false,false,false,false,false,false,false,false,false,false],"result":true}}},{"address":"random_shuffle.random_nouns[23]","mode":"managed","type":"random_shuffle","name":"random_nouns","index":23,"provider_name":"registry.terraform.io/hashicorp/random","change":{"actions":["create"],"before":null,"after":{"input":["ARMY","PANTHER","WALNUTS","SANDWICH","ZEUS","BANANA","CAT","JELLYFISH","JIGSAW","VIOLIN","MILK","SUN"],"keepers":null,"result_count":null,"seed":null},"after_unknown":{"id":true,"input":[false,false,false,false,false,false,false,false,false,false,false,false],"result":true}}},{"address":"random_shuffle.random_nouns[24]","mode":"managed","type":"random_shuffle","name":"random_nouns","index":24,"provider_name":"registry.terraform.io/hashicorp/random","change":{"actions":["create"],"before":null,"after":{"input":["ARMY","PANTHER","WALNUTS","SANDWICH","ZEUS","BANANA","CAT","JELLYFISH","JIGSAW","VIOLIN","MILK","SUN"],"keepers":null,"result_count":null,"seed":null},"after_unknown":{"id":true,"input":[false,false,false,false,false,false,false,false,false,false,false,false],"result":true}}},{"address":"random_shuffle.random_nouns[25]","mode":"managed","type":"random_shuffle","name":"random_nouns","index":25,"provider_name":"registry.terraform.io/hashicorp/random","change":{"actions":["create"],"before":null,"after":{"input":["ARMY","PANTHER","WALNUTS","SANDWICH","ZEUS","BANANA","CAT","JELLYFISH","JIGSAW","VIOLIN","MILK","SUN"],"keepers":null,"result_count":null,"seed":null},"after_unknown":{"id":true,"input":[false,false,false,false,false,false,false,false,false,false,false,false],"result":true}}},{"address":"random_shuffle.random_nouns[26]","mode":"managed","type":"random_shuffle","name":"random_nouns","index":26,"provider_name":"registry.terraform.io/hashicorp/random","change":{"actions":["create"],"before":null,"after":{"input":["ARMY","PANTHER","WALNUTS","SANDWICH","ZEUS","BANANA","CAT","JELLYFISH","JIGSAW","VIOLIN","MILK","SUN"],"keepers":null,"result_count":null,"seed":null},"after_unknown":{"id":true,"input":[false,false,false,false,false,false,false,false,false,false,false,false],"result":true}}},{"address":"random_shuffle.random_nouns[27]","mode":"managed","type":"random_shuffle","name":"random_nouns","index":27,"provider_name":"registry.terraform.io/hashicorp/random","change":{"actions":["create"],"before":null,"after":{"input":["ARMY","PANTHER","WALNUTS","SANDWICH","ZEUS","BANANA","CAT","JELLYFISH","JIGSAW","VIOLIN","MILK","SUN"],"keepers":null,"result_count":null,"seed":null},"after_unknown":{"id":true,"input":[false,false,false,false,false,false,false,false,false,false,false,false],"result":true}}},{"address":"random_shuffle.random_nouns[28]","mode":"managed","type":"random_shuffle","name":"random_nouns","index":28,"provider_name":"registry.terraform.io/hashicorp/random","change":{"actions":["create"],"before":null,"after":{"input":["ARMY","PANTHER","WALNUTS","SANDWICH","ZEUS","BANANA","CAT","JELLYFISH","JIGSAW","VIOLIN","MILK","SUN"],"keepers":null,"result_count":null,"seed":null},"after_unknown":{"id":true,"input":[false,false,false,false,false,false,false,false,false,false,false,false],"result":true}}},{"address":"random_shuffle.random_nouns[29]","mode":"managed","type":"random_shuffle","name":"random_nouns","index":29,"provider_name":"registry.terraform.io/hashicorp/random","change":{"actions":["create"],"before":null,"after":{"input":["ARMY","PANTHER","WALNUTS","SANDWICH","ZEUS","BANANA","CAT","JELLYFISH","JIGSAW","VIOLIN","MILK","SUN"],"keepers":null,"result_count":null,"seed":null},"after_unknown":{"id":true,"input":[false,false,false,false,false,false,false,false,false,false,false,false],"result":true}}},{"address":"random_shuffle.random_nouns[2]","mode":"managed","type":"random_shuffle","name":"random_nouns","index":2,"provider_name":"registry.terraform.io/hashicorp/random","change":{"actions":["create"],"before":null,"after":{"input":["ARMY","PANTHER","WALNUTS","SANDWICH","ZEUS","BANANA","CAT","JELLYFISH","JIGSAW","VIOLIN","MILK","SUN"],"keepers":null,"result_count":null,"seed":null},"after_unknown":{"id":true,"input":[false,false,false,false,false,false,false,false,false,false,false,false],"result":true}}},{"address":"random_shuffle.random_nouns[30]","mode":"managed","type":"random_shuffle","name":"random_nouns","index":30,"provider_name":"registry.terraform.io/hashicorp/random","change":{"actions":["create"],"before":null,"after":{"input":["ARMY","PANTHER","WALNUTS","SANDWICH","ZEUS","BANANA","CAT","JELLYFISH","JIGSAW","VIOLIN","MILK","SUN"],"keepers":null,"result_count":null,"seed":null},"after_unknown":{"id":true,"input":[false,false,false,false,false,false,false,false,false,false,false,false],"result":true}}},{"address":"random_shuffle.random_nouns[31]","mode":"managed","type":"random_shuffle","name":"random_nouns","index":31,"provider_name":"registry.terraform.io/hashicorp/random","change":{"actions":["create"],"before":null,"after":{"input":["ARMY","PANTHER","WALNUTS","SANDWICH","ZEUS","BANANA","CAT","JELLYFISH","JIGSAW","VIOLIN","MILK","SUN"],"keepers":null,"result_count":null,"seed":null},"after_unknown":{"id":true,"input":[false,false,false,false,false,false,false,false,false,false,false,false],"result":true}}},{"address":"random_shuffle.random_nouns[32]","mode":"managed","type":"random_shuffle","name":"random_nouns","index":32,"provider_name":"registry.terraform.io/hashicorp/random","change":{"actions":["create"],"before":null,"after":{"input":["ARMY","PANTHER","WALNUTS","SANDWICH","ZEUS","BANANA","CAT","JELLYFISH","JIGSAW","VIOLIN","MILK","SUN"],"keepers":null,"result_count":null,"seed":null},"after_unknown":{"id":true,"input":[false,false,false,false,false,false,false,false,false,false,false,false],"result":true}}},{"address":"random_shuffle.random_nouns[33]","mode":"managed","type":"random_shuffle","name":"random_nouns","index":33,"provider_name":"registry.terraform.io/hashicorp/random","change":{"actions":["create"],"before":null,"after":{"input":["ARMY","PANTHER","WALNUTS","SANDWICH","ZEUS","BANANA","CAT","JELLYFISH","JIGSAW","VIOLIN","MILK","SUN"],"keepers":null,"result_count":null,"seed":null},"after_unknown":{"id":true,"input":[false,false,false,false,false,false,false,false,false,false,false,false],"result":true}}},{"address":"random_shuffle.random_nouns[34]","mode":"managed","type":"random_shuffle","name":"random_nouns","index":34,"provider_name":"registry.terraform.io/hashicorp/random","change":{"actions":["create"],"before":null,"after":{"input":["ARMY","PANTHER","WALNUTS","SANDWICH","ZEUS","BANANA","CAT","JELLYFISH","JIGSAW","VIOLIN","MILK","SUN"],"keepers":null,"result_count":null,"seed":null},"after_unknown":{"id":true,"input":[false,false,false,false,false,false,false,false,false,false,false,false],"result":true}}},{"address":"random_shuffle.random_nouns[35]","mode":"managed","type":"random_shuffle","name":"random_nouns","index":35,"provider_name":"registry.terraform.io/hashicorp/random","change":{"actions":["create"],"before":null,"after":{"input":["ARMY","PANTHER","WALNUTS","SANDWICH","ZEUS","BANANA","CAT","JELLYFISH","JIGSAW","VIOLIN","MILK","SUN"],"keepers":null,"result_count":null,"seed":null},"after_unknown":{"id":true,"input":[false,false,false,false,false,false,false,false,false,false,false,false],"result":true}}},{"address":"random_shuffle.random_nouns[36]","mode":"managed","type":"random_shuffle","name":"random_nouns","index":36,"provider_name":"registry.terraform.io/hashicorp/random","change":{"actions":["create"],"before":null,"after":{"input":["ARMY","PANTHER","WALNUTS","SANDWICH","ZEUS","BANANA","CAT","JELLYFISH","JIGSAW","VIOLIN","MILK","SUN"],"keepers":null,"result_count":null,"seed":null},"after_unknown":{"id":true,"input":[false,false,false,false,false,false,false,false,false,false,false,false],"result":true}}},{"address":"random_shuffle.random_nouns[37]","mode":"managed","type":"random_shuffle","name":"random_nouns","index":37,"provider_name":"registry.terraform.io/hashicorp/random","change":{"actions":["create"],"before":null,"after":{"input":["ARMY","PANTHER","WALNUTS","SANDWICH","ZEUS","BANANA","CAT","JELLYFISH","JIGSAW","VIOLIN","MILK","SUN"],"keepers":null,"result_count":null,"seed":null},"after_unknown":{"id":true,"input":[false,false,false,false,false,false,false,false,false,false,false,false],"result":true}}},{"address":"random_shuffle.random_nouns[38]","mode":"managed","type":"random_shuffle","name":"random_nouns","index":38,"provider_name":"registry.terraform.io/hashicorp/random","change":{"actions":["create"],"before":null,"after":{"input":["ARMY","PANTHER","WALNUTS","SANDWICH","ZEUS","BANANA","CAT","JELLYFISH","JIGSAW","VIOLIN","MILK","SUN"],"keepers":null,"result_count":null,"seed":null},"after_unknown":{"id":true,"input":[false,false,false,false,false,false,false,false,false,false,false,false],"result":true}}},{"address":"random_shuffle.random_nouns[39]","mode":"managed","type":"random_shuffle","name":"random_nouns","index":39,"provider_name":"registry.terraform.io/hashicorp/random","change":{"actions":["create"],"before":null,"after":{"input":["ARMY","PANTHER","WALNUTS","SANDWICH","ZEUS","BANANA","CAT","JELLYFISH","JIGSAW","VIOLIN","MILK","SUN"],"keepers":null,"result_count":null,"seed":null},"after_unknown":{"id":true,"input":[false,false,false,false,false,false,false,false,false,false,false,false],"result":true}}},{"address":"random_shuffle.random_nouns[3]","mode":"managed","type":"random_shuffle","name":"random_nouns","index":3,"provider_name":"registry.terraform.io/hashicorp/random","change":{"actions":["create"],"before":null,"after":{"input":["ARMY","PANTHER","WALNUTS","SANDWICH","ZEUS","BANANA","CAT","JELLYFISH","JIGSAW","VIOLIN","MILK","SUN"],"keepers":null,"result_count":null,"seed":null},"after_unknown":{"id":true,"input":[false,false,false,false,false,false,false,false,false,false,false,false],"result":true}}},{"address":"random_shuffle.random_nouns[40]","mode":"managed","type":"random_shuffle","name":"random_nouns","index":40,"provider_name":"registry.terraform.io/hashicorp/random","change":{"actions":["create"],"before":null,"after":{"input":["ARMY","PANTHER","WALNUTS","SANDWICH","ZEUS","BANANA","CAT","JELLYFISH","JIGSAW","VIOLIN","MILK","SUN"],"keepers":null,"result_count":null,"seed":null},"after_unknown":{"id":true,"input":[false,false,false,false,false,false,false,false,false,false,false,false],"result":true}}},{"address":"random_shuffle.random_nouns[41]","mode":"managed","type":"random_shuffle","name":"random_nouns","index":41,"provider_name":"registry.terraform.io/hashicorp/random","change":{"actions":["create"],"before":null,"after":{"input":["ARMY","PANTHER","WALNUTS","SANDWICH","ZEUS","BANANA","CAT","JELLYFISH","JIGSAW","VIOLIN","MILK","SUN"],"keepers":null,"result_count":null,"seed":null},"after_unknown":{"id":true,"input":[false,false,false,false,false,false,false,false,false,false,false,false],"result":true}}},{"address":"random_shuffle.random_nouns[42]","mode":"managed","type":"random_shuffle","name":"random_nouns","index":42,"provider_name":"registry.terraform.io/hashicorp/random","change":{"actions":["create"],"before":null,"after":{"input":["ARMY","PANTHER","WALNUTS","SANDWICH","ZEUS","BANANA","CAT","JELLYFISH","JIGSAW","VIOLIN","MILK","SUN"],"keepers":null,"result_count":null,"seed":null},"after_unknown":{"id":true,"input":[false,false,false,false,false,false,false,false,false,false,false,false],"result":true}}},{"address":"random_shuffle.random_nouns[43]","mode":"managed","type":"random_shuffle","name":"random_nouns","index":43,"provider_name":"registry.terraform.io/hashicorp/random","change":{"actions":["create"],"before":null,"after":{"input":["ARMY","PANTHER","WALNUTS","SANDWICH","ZEUS","BANANA","CAT","JELLYFISH","JIGSAW","VIOLIN","MILK","SUN"],"keepers":null,"result_count":null,"seed":null},"after_unknown":{"id":true,"input":[false,false,false,false,false,false,false,false,false,false,false,false],"result":true}}},{"address":"random_shuffle.random_nouns[44]","mode":"managed","type":"random_shuffle","name":"random_nouns","index":44,"provider_name":"registry.terraform.io/hashicorp/random","change":{"actions":["create"],"before":null,"after":{"input":["ARMY","PANTHER","WALNUTS","SANDWICH","ZEUS","BANANA","CAT","JELLYFISH","JIGSAW","VIOLIN","MILK","SUN"],"keepers":null,"result_count":null,"seed":null},"after_unknown":{"id":true,"input":[false,false,false,false,false,false,false,false,false,false,false,false],"result":true}}},{"address":"random_shuffle.random_nouns[45]","mode":"managed","type":"random_shuffle","name":"random_nouns","index":45,"provider_name":"registry.terraform.io/hashicorp/random","change":{"actions":["create"],"before":null,"after":{"input":["ARMY","PANTHER","WALNUTS","SANDWICH","ZEUS","BANANA","CAT","JELLYFISH","JIGSAW","VIOLIN","MILK","SUN"],"keepers":null,"result_count":null,"seed":null},"after_unknown":{"id":true,"input":[false,false,false,false,false,false,false,false,false,false,false,false],"result":true}}},{"address":"random_shuffle.random_nouns[46]","mode":"managed","type":"random_shuffle","name":"random_nouns","index":46,"provider_name":"registry.terraform.io/hashicorp/random","change":{"actions":["create"],"before":null,"after":{"input":["ARMY","PANTHER","WALNUTS","SANDWICH","ZEUS","BANANA","CAT","JELLYFISH","JIGSAW","VIOLIN","MILK","SUN"],"keepers":null,"result_count":null,"seed":null},"after_unknown":{"id":true,"input":[false,false,false,false,false,false,false,false,false,false,false,false],"result":true}}},{"address":"random_shuffle.random_nouns[47]","mode":"managed","type":"random_shuffle","name":"random_nouns","index":47,"provider_name":"registry.terraform.io/hashicorp/random","change":{"actions":["create"],"before":null,"after":{"input":["ARMY","PANTHER","WALNUTS","SANDWICH","ZEUS","BANANA","CAT","JELLYFISH","JIGSAW","VIOLIN","MILK","SUN"],"keepers":null,"result_count":null,"seed":null},"after_unknown":{"id":true,"input":[false,false,false,false,false,false,false,false,false,false,false,false],"result":true}}},{"address":"random_shuffle.random_nouns[48]","mode":"managed","type":"random_shuffle","name":"random_nouns","index":48,"provider_name":"registry.terraform.io/hashicorp/random","change":{"actions":["create"],"before":null,"after":{"input":["ARMY","PANTHER","WALNUTS","SANDWICH","ZEUS","BANANA","CAT","JELLYFISH","JIGSAW","VIOLIN","MILK","SUN"],"keepers":null,"result_count":null,"seed":null},"after_unknown":{"id":true,"input":[false,false,false,false,false,false,false,false,false,false,false,false],"result":true}}},{"address":"random_shuffle.random_nouns[49]","mode":"managed","type":"random_shuffle","name":"random_nouns","index":49,"provider_name":"registry.terraform.io/hashicorp/random","change":{"actions":["create"],"before":null,"after":{"input":["ARMY","PANTHER","WALNUTS","SANDWICH","ZEUS","BANANA","CAT","JELLYFISH","JIGSAW","VIOLIN","MILK","SUN"],"keepers":null,"result_count":null,"seed":null},"after_unknown":{"id":true,"input":[false,false,false,false,false,false,false,false,false,false,false,false],"result":true}}},{"address":"random_shuffle.random_nouns[4]","mode":"managed","type":"random_shuffle","name":"random_nouns","index":4,"provider_name":"registry.terraform.io/hashicorp/random","change":{"actions":["create"],"before":null,"after":{"input":["ARMY","PANTHER","WALNUTS","SANDWICH","ZEUS","BANANA","CAT","JELLYFISH","JIGSAW","VIOLIN","MILK","SUN"],"keepers":null,"result_count":null,"seed":null},"after_unknown":{"id":true,"input":[false,false,false,false,false,false,false,false,false,false,false,false],"result":true}}},{"address":"random_shuffle.random_nouns[50]","mode":"managed","type":"random_shuffle","name":"random_nouns","index":50,"provider_name":"registry.terraform.io/hashicorp/random","change":{"actions":["create"],"before":null,"after":{"input":["ARMY","PANTHER","WALNUTS","SANDWICH","ZEUS","BANANA","CAT","JELLYFISH","JIGSAW","VIOLIN","MILK","SUN"],"keepers":null,"result_count":null,"seed":null},"after_unknown":{"id":true,"input":[false,false,false,false,false,false,false,false,false,false,false,false],"result":true}}},{"address":"random_shuffle.random_nouns[51]","mode":"managed","type":"random_shuffle","name":"random_nouns","index":51,"provider_name":"registry.terraform.io/hashicorp/random","change":{"actions":["create"],"before":null,"after":{"input":["ARMY","PANTHER","WALNUTS","SANDWICH","ZEUS","BANANA","CAT","JELLYFISH","JIGSAW","VIOLIN","MILK","SUN"],"keepers":null,"result_count":null,"seed":null},"after_unknown":{"id":true,"input":[false,false,false,false,false,false,false,false,false,false,false,false],"result":true}}},{"address":"random_shuffle.random_nouns[52]","mode":"managed","type":"random_shuffle","name":"random_nouns","index":52,"provider_name":"registry.terraform.io/hashicorp/random","change":{"actions":["create"],"before":null,"after":{"input":["ARMY","PANTHER","WALNUTS","SANDWICH","ZEUS","BANANA","CAT","JELLYFISH","JIGSAW","VIOLIN","MILK","SUN"],"keepers":null,"result_count":null,"seed":null},"after_unknown":{"id":true,"input":[false,false,false,false,false,false,false,false,false,false,false,false],"result":true}}},{"address":"random_shuffle.random_nouns[53]","mode":"managed","type":"random_shuffle","name":"random_nouns","index":53,"provider_name":"registry.terraform.io/hashicorp/random","change":{"actions":["create"],"before":null,"after":{"input":["ARMY","PANTHER","WALNUTS","SANDWICH","ZEUS","BANANA","CAT","JELLYFISH","JIGSAW","VIOLIN","MILK","SUN"],"keepers":null,"result_count":null,"seed":null},"after_unknown":{"id":true,"input":[false,false,false,false,false,false,false,false,false,false,false,false],"result":true}}},{"address":"random_shuffle.random_nouns[54]","mode":"managed","type":"random_shuffle","name":"random_nouns","index":54,"provider_name":"registry.terraform.io/hashicorp/random","change":{"actions":["create"],"before":null,"after":{"input":["ARMY","PANTHER","WALNUTS","SANDWICH","ZEUS","BANANA","CAT","JELLYFISH","JIGSAW","VIOLIN","MILK","SUN"],"keepers":null,"result_count":null,"seed":null},"after_unknown":{"id":true,"input":[false,false,false,false,false,false,false,false,false,false,false,false],"result":true}}},{"address":"random_shuffle.random_nouns[55]","mode":"managed","type":"random_shuffle","name":"random_nouns","index":55,"provider_name":"registry.terraform.io/hashicorp/random","change":{"actions":["create"],"before":null,"after":{"input":["ARMY","PANTHER","WALNUTS","SANDWICH","ZEUS","BANANA","CAT","JELLYFISH","JIGSAW","VIOLIN","MILK","SUN"],"keepers":null,"result_count":null,"seed":null},"after_unknown":{"id":true,"input":[false,false,false,false,false,false,false,false,false,false,false,false],"result":true}}},{"address":"random_shuffle.random_nouns[56]","mode":"managed","type":"random_shuffle","name":"random_nouns","index":56,"provider_name":"registry.terraform.io/hashicorp/random","change":{"actions":["create"],"before":null,"after":{"input":["ARMY","PANTHER","WALNUTS","SANDWICH","ZEUS","BANANA","CAT","JELLYFISH","JIGSAW","VIOLIN","MILK","SUN"],"keepers":null,"result_count":null,"seed":null},"after_unknown":{"id":true,"input":[false,false,false,false,false,false,false,false,false,false,false,false],"result":true}}},{"address":"random_shuffle.random_nouns[57]","mode":"managed","type":"random_shuffle","name":"random_nouns","index":57,"provider_name":"registry.terraform.io/hashicorp/random","change":{"actions":["create"],"before":null,"after":{"input":["ARMY","PANTHER","WALNUTS","SANDWICH","ZEUS","BANANA","CAT","JELLYFISH","JIGSAW","VIOLIN","MILK","SUN"],"keepers":null,"result_count":null,"seed":null},"after_unknown":{"id":true,"input":[false,false,false,false,false,false,false,false,false,false,false,false],"result":true}}},{"address":"random_shuffle.random_nouns[58]","mode":"managed","type":"random_shuffle","name":"random_nouns","index":58,"provider_name":"registry.terraform.io/hashicorp/random","change":{"actions":["create"],"before":null,"after":{"input":["ARMY","PANTHER","WALNUTS","SANDWICH","ZEUS","BANANA","CAT","JELLYFISH","JIGSAW","VIOLIN","MILK","SUN"],"keepers":null,"result_count":null,"seed":null},"after_unknown":{"id":true,"input":[false,false,false,false,false,false,false,false,false,false,false,false],"result":true}}},{"address":"random_shuffle.random_nouns[59]","mode":"managed","type":"random_shuffle","name":"random_nouns","index":59,"provider_name":"registry.terraform.io/hashicorp/random","change":{"actions":["create"],"before":null,"after":{"input":["ARMY","PANTHER","WALNUTS","SANDWICH","ZEUS","BANANA","CAT","JELLYFISH","JIGSAW","VIOLIN","MILK","SUN"],"keepers":null,"result_count":null,"seed":null},"after_unknown":{"id":true,"input":[false,false,false,false,false,false,false,false,false,false,false,false],"result":true}}},{"address":"random_shuffle.random_nouns[5]","mode":"managed","type":"random_shuffle","name":"random_nouns","index":5,"provider_name":"registry.terraform.io/hashicorp/random","change":{"actions":["create"],"before":null,"after":{"input":["ARMY","PANTHER","WALNUTS","SANDWICH","ZEUS","BANANA","CAT","JELLYFISH","JIGSAW","VIOLIN","MILK","SUN"],"keepers":null,"result_count":null,"seed":null},"after_unknown":{"id":true,"input":[false,false,false,false,false,false,false,false,false,false,false,false],"result":true}}},{"address":"random_shuffle.random_nouns[60]","mode":"managed","type":"random_shuffle","name":"random_nouns","index":60,"provider_name":"registry.terraform.io/hashicorp/random","change":{"actions":["create"],"before":null,"after":{"input":["ARMY","PANTHER","WALNUTS","SANDWICH","ZEUS","BANANA","CAT","JELLYFISH","JIGSAW","VIOLIN","MILK","SUN"],"keepers":null,"result_count":null,"seed":null},"after_unknown":{"id":true,"input":[false,false,false,false,false,false,false,false,false,false,false,false],"result":true}}},{"address":"random_shuffle.random_nouns[61]","mode":"managed","type":"random_shuffle","name":"random_nouns","index":61,"provider_name":"registry.terraform.io/hashicorp/random","change":{"actions":["create"],"before":null,"after":{"input":["ARMY","PANTHER","WALNUTS","SANDWICH","ZEUS","BANANA","CAT","JELLYFISH","JIGSAW","VIOLIN","MILK","SUN"],"keepers":null,"result_count":null,"seed":null},"after_unknown":{"id":true,"input":[false,false,false,false,false,false,false,false,false,false,false,false],"result":true}}},{"address":"random_shuffle.random_nouns[62]","mode":"managed","type":"random_shuffle","name":"random_nouns","index":62,"provider_name":"registry.terraform.io/hashicorp/random","change":{"actions":["create"],"before":null,"after":{"input":["ARMY","PANTHER","WALNUTS","SANDWICH","ZEUS","BANANA","CAT","JELLYFISH","JIGSAW","VIOLIN","MILK","SUN"],"keepers":null,"result_count":null,"seed":null},"after_unknown":{"id":true,"input":[false,false,false,false,false,false,false,false,false,false,false,false],"result":true}}},{"address":"random_shuffle.random_nouns[63]","mode":"managed","type":"random_shuffle","name":"random_nouns","index":63,"provider_name":"registry.terraform.io/hashicorp/random","change":{"actions":["create"],"before":null,"after":{"input":["ARMY","PANTHER","WALNUTS","SANDWICH","ZEUS","BANANA","CAT","JELLYFISH","JIGSAW","VIOLIN","MILK","SUN"],"keepers":null,"result_count":null,"seed":null},"after_unknown":{"id":true,"input":[false,false,false,false,false,false,false,false,false,false,false,false],"result":true}}},{"address":"random_shuffle.random_nouns[64]","mode":"managed","type":"random_shuffle","name":"random_nouns","index":64,"provider_name":"registry.terraform.io/hashicorp/random","change":{"actions":["create"],"before":null,"after":{"input":["ARMY","PANTHER","WALNUTS","SANDWICH","ZEUS","BANANA","CAT","JELLYFISH","JIGSAW","VIOLIN","MILK","SUN"],"keepers":null,"result_count":null,"seed":null},"after_unknown":{"id":true,"input":[false,false,false,false,false,false,false,false,false,false,false,false],"result":true}}},{"address":"random_shuffle.random_nouns[65]","mode":"managed","type":"random_shuffle","name":"random_nouns","index":65,"provider_name":"registry.terraform.io/hashicorp/random","change":{"actions":["create"],"before":null,"after":{"input":["ARMY","PANTHER","WALNUTS","SANDWICH","ZEUS","BANANA","CAT","JELLYFISH","JIGSAW","VIOLIN","MILK","SUN"],"keepers":null,"result_count":null,"seed":null},"after_unknown":{"id":true,"input":[false,false,false,false,false,false,false,false,false,false,false,false],"result":true}}},{"address":"random_shuffle.random_nouns[66]","mode":"managed","type":"random_shuffle","name":"random_nouns","index":66,"provider_name":"registry.terraform.io/hashicorp/random","change":{"actions":["create"],"before":null,"after":{"input":["ARMY","PANTHER","WALNUTS","SANDWICH","ZEUS","BANANA","CAT","JELLYFISH","JIGSAW","VIOLIN","MILK","SUN"],"keepers":null,"result_count":null,"seed":null},"after_unknown":{"id":true,"input":[false,false,false,false,false,false,false,false,false,false,false,false],"result":true}}},{"address":"random_shuffle.random_nouns[67]","mode":"managed","type":"random_shuffle","name":"random_nouns","index":67,"provider_name":"registry.terraform.io/hashicorp/random","change":{"actions":["create"],"before":null,"after":{"input":["ARMY","PANTHER","WALNUTS","SANDWICH","ZEUS","BANANA","CAT","JELLYFISH","JIGSAW","VIOLIN","MILK","SUN"],"keepers":null,"result_count":null,"seed":null},"after_unknown":{"id":true,"input":[false,false,false,false,false,false,false,false,false,false,false,false],"result":true}}},{"address":"random_shuffle.random_nouns[68]","mode":"managed","type":"random_shuffle","name":"random_nouns","index":68,"provider_name":"registry.terraform.io/hashicorp/random","change":{"actions":["create"],"before":null,"after":{"input":["ARMY","PANTHER","WALNUTS","SANDWICH","ZEUS","BANANA","CAT","JELLYFISH","JIGSAW","VIOLIN","MILK","SUN"],"keepers":null,"result_count":null,"seed":null},"after_unknown":{"id":true,"input":[false,false,false,false,false,false,false,false,false,false,false,false],"result":true}}},{"address":"random_shuffle.random_nouns[69]","mode":"managed","type":"random_shuffle","name":"random_nouns","index":69,"provider_name":"registry.terraform.io/hashicorp/random","change":{"actions":["create"],"before":null,"after":{"input":["ARMY","PANTHER","WALNUTS","SANDWICH","ZEUS","BANANA","CAT","JELLYFISH","JIGSAW","VIOLIN","MILK","SUN"],"keepers":null,"result_count":null,"seed":null},"after_unknown":{"id":true,"input":[false,false,false,false,false,false,false,false,false,false,false,false],"result":true}}},{"address":"random_shuffle.random_nouns[6]","mode":"managed","type":"random_shuffle","name":"random_nouns","index":6,"provider_name":"registry.terraform.io/hashicorp/random","change":{"actions":["create"],"before":null,"after":{"input":["ARMY","PANTHER","WALNUTS","SANDWICH","ZEUS","BANANA","CAT","JELLYFISH","JIGSAW","VIOLIN","MILK","SUN"],"keepers":null,"result_count":null,"seed":null},"after_unknown":{"id":true,"input":[false,false,false,false,false,false,false,false,false,false,false,false],"result":true}}},{"address":"random_shuffle.random_nouns[70]","mode":"managed","type":"random_shuffle","name":"random_nouns","index":70,"provider_name":"registry.terraform.io/hashicorp/random","change":{"actions":["create"],"before":null,"after":{"input":["ARMY","PANTHER","WALNUTS","SANDWICH","ZEUS","BANANA","CAT","JELLYFISH","JIGSAW","VIOLIN","MILK","SUN"],"keepers":null,"result_count":null,"seed":null},"after_unknown":{"id":true,"input":[false,false,false,false,false,false,false,false,false,false,false,false],"result":true}}},{"address":"random_shuffle.random_nouns[71]","mode":"managed","type":"random_shuffle","name":"random_nouns","index":71,"provider_name":"registry.terraform.io/hashicorp/random","change":{"actions":["create"],"before":null,"after":{"input":["ARMY","PANTHER","WALNUTS","SANDWICH","ZEUS","BANANA","CAT","JELLYFISH","JIGSAW","VIOLIN","MILK","SUN"],"keepers":null,"result_count":null,"seed":null},"after_unknown":{"id":true,"input":[false,false,false,false,false,false,false,false,false,false,false,false],"result":true}}},{"address":"random_shuffle.random_nouns[72]","mode":"managed","type":"random_shuffle","name":"random_nouns","index":72,"provider_name":"registry.terraform.io/hashicorp/random","change":{"actions":["create"],"before":null,"after":{"input":["ARMY","PANTHER","WALNUTS","SANDWICH","ZEUS","BANANA","CAT","JELLYFISH","JIGSAW","VIOLIN","MILK","SUN"],"keepers":null,"result_count":null,"seed":null},"after_unknown":{"id":true,"input":[false,false,false,false,false,false,false,false,false,false,false,false],"result":true}}},{"address":"random_shuffle.random_nouns[73]","mode":"managed","type":"random_shuffle","name":"random_nouns","index":73,"provider_name":"registry.terraform.io/hashicorp/random","change":{"actions":["create"],"before":null,"after":{"input":["ARMY","PANTHER","WALNUTS","SANDWICH","ZEUS","BANANA","CAT","JELLYFISH","JIGSAW","VIOLIN","MILK","SUN"],"keepers":null,"result_count":null,"seed":null},"after_unknown":{"id":true,"input":[false,false,false,false,false,false,false,false,false,false,false,false],"result":true}}},{"address":"random_shuffle.random_nouns[74]","mode":"managed","type":"random_shuffle","name":"random_nouns","index":74,"provider_name":"registry.terraform.io/hashicorp/random","change":{"actions":["create"],"before":null,"after":{"input":["ARMY","PANTHER","WALNUTS","SANDWICH","ZEUS","BANANA","CAT","JELLYFISH","JIGSAW","VIOLIN","MILK","SUN"],"keepers":null,"result_count":null,"seed":null},"after_unknown":{"id":true,"input":[false,false,false,false,false,false,false,false,false,false,false,false],"result":true}}},{"address":"random_shuffle.random_nouns[75]","mode":"managed","type":"random_shuffle","name":"random_nouns","index":75,"provider_name":"registry.terraform.io/hashicorp/random","change":{"actions":["create"],"before":null,"after":{"input":["ARMY","PANTHER","WALNUTS","SANDWICH","ZEUS","BANANA","CAT","JELLYFISH","JIGSAW","VIOLIN","MILK","SUN"],"keepers":null,"result_count":null,"seed":null},"after_unknown":{"id":true,"input":[false,false,false,false,false,false,false,false,false,false,false,false],"result":true}}},{"address":"random_shuffle.random_nouns[76]","mode":"managed","type":"random_shuffle","name":"random_nouns","index":76,"provider_name":"registry.terraform.io/hashicorp/random","change":{"actions":["create"],"before":null,"after":{"input":["ARMY","PANTHER","WALNUTS","SANDWICH","ZEUS","BANANA","CAT","JELLYFISH","JIGSAW","VIOLIN","MILK","SUN"],"keepers":null,"result_count":null,"seed":null},"after_unknown":{"id":true,"input":[false,false,false,false,false,false,false,false,false,false,false,false],"result":true}}},{"address":"random_shuffle.random_nouns[77]","mode":"managed","type":"random_shuffle","name":"random_nouns","index":77,"provider_name":"registry.terraform.io/hashicorp/random","change":{"actions":["create"],"before":null,"after":{"input":["ARMY","PANTHER","WALNUTS","SANDWICH","ZEUS","BANANA","CAT","JELLYFISH","JIGSAW","VIOLIN","MILK","SUN"],"keepers":null,"result_count":null,"seed":null},"after_unknown":{"id":true,"input":[false,false,false,false,false,false,false,false,false,false,false,false],"result":true}}},{"address":"random_shuffle.random_nouns[78]","mode":"managed","type":"random_shuffle","name":"random_nouns","index":78,"provider_name":"registry.terraform.io/hashicorp/random","change":{"actions":["create"],"before":null,"after":{"input":["ARMY","PANTHER","WALNUTS","SANDWICH","ZEUS","BANANA","CAT","JELLYFISH","JIGSAW","VIOLIN","MILK","SUN"],"keepers":null,"result_count":null,"seed":null},"after_unknown":{"id":true,"input":[false,false,false,false,false,false,false,false,false,false,false,false],"result":true}}},{"address":"random_shuffle.random_nouns[79]","mode":"managed","type":"random_shuffle","name":"random_nouns","index":79,"provider_name":"registry.terraform.io/hashicorp/random","change":{"actions":["create"],"before":null,"after":{"input":["ARMY","PANTHER","WALNUTS","SANDWICH","ZEUS","BANANA","CAT","JELLYFISH","JIGSAW","VIOLIN","MILK","SUN"],"keepers":null,"result_count":null,"seed":null},"after_unknown":{"id":true,"input":[false,false,false,false,false,false,false,false,false,false,false,false],"result":true}}},{"address":"random_shuffle.random_nouns[7]","mode":"managed","type":"random_shuffle","name":"random_nouns","index":7,"provider_name":"registry.terraform.io/hashicorp/random","change":{"actions":["create"],"before":null,"after":{"input":["ARMY","PANTHER","WALNUTS","SANDWICH","ZEUS","BANANA","CAT","JELLYFISH","JIGSAW","VIOLIN","MILK","SUN"],"keepers":null,"result_count":null,"seed":null},"after_unknown":{"id":true,"input":[false,false,false,false,false,false,false,false,false,false,false,false],"result":true}}},{"address":"random_shuffle.random_nouns[80]","mode":"managed","type":"random_shuffle","name":"random_nouns","index":80,"provider_name":"registry.terraform.io/hashicorp/random","change":{"actions":["create"],"before":null,"after":{"input":["ARMY","PANTHER","WALNUTS","SANDWICH","ZEUS","BANANA","CAT","JELLYFISH","JIGSAW","VIOLIN","MILK","SUN"],"keepers":null,"result_count":null,"seed":null},"after_unknown":{"id":true,"input":[false,false,false,false,false,false,false,false,false,false,false,false],"result":true}}},{"address":"random_shuffle.random_nouns[81]","mode":"managed","type":"random_shuffle","name":"random_nouns","index":81,"provider_name":"registry.terraform.io/hashicorp/random","change":{"actions":["create"],"before":null,"after":{"input":["ARMY","PANTHER","WALNUTS","SANDWICH","ZEUS","BANANA","CAT","JELLYFISH","JIGSAW","VIOLIN","MILK","SUN"],"keepers":null,"result_count":null,"seed":null},"after_unknown":{"id":true,"input":[false,false,false,false,false,false,false,false,false,false,false,false],"result":true}}},{"address":"random_shuffle.random_nouns[82]","mode":"managed","type":"random_shuffle","name":"random_nouns","index":82,"provider_name":"registry.terraform.io/hashicorp/random","change":{"actions":["create"],"before":null,"after":{"input":["ARMY","PANTHER","WALNUTS","SANDWICH","ZEUS","BANANA","CAT","JELLYFISH","JIGSAW","VIOLIN","MILK","SUN"],"keepers":null,"result_count":null,"seed":null},"after_unknown":{"id":true,"input":[false,false,false,false,false,false,false,false,false,false,false,false],"result":true}}},{"address":"random_shuffle.random_nouns[83]","mode":"managed","type":"random_shuffle","name":"random_nouns","index":83,"provider_name":"registry.terraform.io/hashicorp/random","change":{"actions":["create"],"before":null,"after":{"input":["ARMY","PANTHER","WALNUTS","SANDWICH","ZEUS","BANANA","CAT","JELLYFISH","JIGSAW","VIOLIN","MILK","SUN"],"keepers":null,"result_count":null,"seed":null},"after_unknown":{"id":true,"input":[false,false,false,false,false,false,false,false,false,false,false,false],"result":true}}},{"address":"random_shuffle.random_nouns[84]","mode":"managed","type":"random_shuffle","name":"random_nouns","index":84,"provider_name":"registry.terraform.io/hashicorp/random","change":{"actions":["create"],"before":null,"after":{"input":["ARMY","PANTHER","WALNUTS","SANDWICH","ZEUS","BANANA","CAT","JELLYFISH","JIGSAW","VIOLIN","MILK","SUN"],"keepers":null,"result_count":null,"seed":null},"after_unknown":{"id":true,"input":[false,false,false,false,false,false,false,false,false,false,false,false],"result":true}}},{"address":"random_shuffle.random_nouns[85]","mode":"managed","type":"random_shuffle","name":"random_nouns","index":85,"provider_name":"registry.terraform.io/hashicorp/random","change":{"actions":["create"],"before":null,"after":{"input":["ARMY","PANTHER","WALNUTS","SANDWICH","ZEUS","BANANA","CAT","JELLYFISH","JIGSAW","VIOLIN","MILK","SUN"],"keepers":null,"result_count":null,"seed":null},"after_unknown":{"id":true,"input":[false,false,false,false,false,false,false,false,false,false,false,false],"result":true}}},{"address":"random_shuffle.random_nouns[86]","mode":"managed","type":"random_shuffle","name":"random_nouns","index":86,"provider_name":"registry.terraform.io/hashicorp/random","change":{"actions":["create"],"before":null,"after":{"input":["ARMY","PANTHER","WALNUTS","SANDWICH","ZEUS","BANANA","CAT","JELLYFISH","JIGSAW","VIOLIN","MILK","SUN"],"keepers":null,"result_count":null,"seed":null},"after_unknown":{"id":true,"input":[false,false,false,false,false,false,false,false,false,false,false,false],"result":true}}},{"address":"random_shuffle.random_nouns[87]","mode":"managed","type":"random_shuffle","name":"random_nouns","index":87,"provider_name":"registry.terraform.io/hashicorp/random","change":{"actions":["create"],"before":null,"after":{"input":["ARMY","PANTHER","WALNUTS","SANDWICH","ZEUS","BANANA","CAT","JELLYFISH","JIGSAW","VIOLIN","MILK","SUN"],"keepers":null,"result_count":null,"seed":null},"after_unknown":{"id":true,"input":[false,false,false,false,false,false,false,false,false,false,false,false],"result":true}}},{"address":"random_shuffle.random_nouns[88]","mode":"managed","type":"random_shuffle","name":"random_nouns","index":88,"provider_name":"registry.terraform.io/hashicorp/random","change":{"actions":["create"],"before":null,"after":{"input":["ARMY","PANTHER","WALNUTS","SANDWICH","ZEUS","BANANA","CAT","JELLYFISH","JIGSAW","VIOLIN","MILK","SUN"],"keepers":null,"result_count":null,"seed":null},"after_unknown":{"id":true,"input":[false,false,false,false,false,false,false,false,false,false,false,false],"result":true}}},{"address":"random_shuffle.random_nouns[89]","mode":"managed","type":"random_shuffle","name":"random_nouns","index":89,"provider_name":"registry.terraform.io/hashicorp/random","change":{"actions":["create"],"before":null,"after":{"input":["ARMY","PANTHER","WALNUTS","SANDWICH","ZEUS","BANANA","CAT","JELLYFISH","JIGSAW","VIOLIN","MILK","SUN"],"keepers":null,"result_count":null,"seed":null},"after_unknown":{"id":true,"input":[false,false,false,false,false,false,false,false,false,false,false,false],"result":true}}},{"address":"random_shuffle.random_nouns[8]","mode":"managed","type":"random_shuffle","name":"random_nouns","index":8,"provider_name":"registry.terraform.io/hashicorp/random","change":{"actions":["create"],"before":null,"after":{"input":["ARMY","PANTHER","WALNUTS","SANDWICH","ZEUS","BANANA","CAT","JELLYFISH","JIGSAW","VIOLIN","MILK","SUN"],"keepers":null,"result_count":null,"seed":null},"after_unknown":{"id":true,"input":[false,false,false,false,false,false,false,false,false,false,false,false],"result":true}}},{"address":"random_shuffle.random_nouns[90]","mode":"managed","type":"random_shuffle","name":"random_nouns","index":90,"provider_name":"registry.terraform.io/hashicorp/random","change":{"actions":["create"],"before":null,"after":{"input":["ARMY","PANTHER","WALNUTS","SANDWICH","ZEUS","BANANA","CAT","JELLYFISH","JIGSAW","VIOLIN","MILK","SUN"],"keepers":null,"result_count":null,"seed":null},"after_unknown":{"id":true,"input":[false,false,false,false,false,false,false,false,false,false,false,false],"result":true}}},{"address":"random_shuffle.random_nouns[91]","mode":"managed","type":"random_shuffle","name":"random_nouns","index":91,"provider_name":"registry.terraform.io/hashicorp/random","change":{"actions":["create"],"before":null,"after":{"input":["ARMY","PANTHER","WALNUTS","SANDWICH","ZEUS","BANANA","CAT","JELLYFISH","JIGSAW","VIOLIN","MILK","SUN"],"keepers":null,"result_count":null,"seed":null},"after_unknown":{"id":true,"input":[false,false,false,false,false,false,false,false,false,false,false,false],"result":true}}},{"address":"random_shuffle.random_nouns[92]","mode":"managed","type":"random_shuffle","name":"random_nouns","index":92,"provider_name":"registry.terraform.io/hashicorp/random","change":{"actions":["create"],"before":null,"after":{"input":["ARMY","PANTHER","WALNUTS","SANDWICH","ZEUS","BANANA","CAT","JELLYFISH","JIGSAW","VIOLIN","MILK","SUN"],"keepers":null,"result_count":null,"seed":null},"after_unknown":{"id":true,"input":[false,false,false,false,false,false,false,false,false,false,false,false],"result":true}}},{"address":"random_shuffle.random_nouns[93]","mode":"managed","type":"random_shuffle","name":"random_nouns","index":93,"provider_name":"registry.terraform.io/hashicorp/random","change":{"actions":["create"],"before":null,"after":{"input":["ARMY","PANTHER","WALNUTS","SANDWICH","ZEUS","BANANA","CAT","JELLYFISH","JIGSAW","VIOLIN","MILK","SUN"],"keepers":null,"result_count":null,"seed":null},"after_unknown":{"id":true,"input":[false,false,false,false,false,false,false,false,false,false,false,false],"result":true}}},{"address":"random_shuffle.random_nouns[94]","mode":"managed","type":"random_shuffle","name":"random_nouns","index":94,"provider_name":"registry.terraform.io/hashicorp/random","change":{"actions":["create"],"before":null,"after":{"input":["ARMY","PANTHER","WALNUTS","SANDWICH","ZEUS","BANANA","CAT","JELLYFISH","JIGSAW","VIOLIN","MILK","SUN"],"keepers":null,"result_count":null,"seed":null},"after_unknown":{"id":true,"input":[false,false,false,false,false,false,false,false,false,false,false,false],"result":true}}},{"address":"random_shuffle.random_nouns[95]","mode":"managed","type":"random_shuffle","name":"random_nouns","index":95,"provider_name":"registry.terraform.io/hashicorp/random","change":{"actions":["create"],"before":null,"after":{"input":["ARMY","PANTHER","WALNUTS","SANDWICH","ZEUS","BANANA","CAT","JELLYFISH","JIGSAW","VIOLIN","MILK","SUN"],"keepers":null,"result_count":null,"seed":null},"after_unknown":{"id":true,"input":[false,false,false,false,false,false,false,false,false,false,false,false],"result":true}}},{"address":"random_shuffle.random_nouns[96]","mode":"managed","type":"random_shuffle","name":"random_nouns","index":96,"provider_name":"registry.terraform.io/hashicorp/random","change":{"actions":["create"],"before":null,"after":{"input":["ARMY","PANTHER","WALNUTS","SANDWICH","ZEUS","BANANA","CAT","JELLYFISH","JIGSAW","VIOLIN","MILK","SUN"],"keepers":null,"result_count":null,"seed":null},"after_unknown":{"id":true,"input":[false,false,false,false,false,false,false,false,false,false,false,false],"result":true}}},{"address":"random_shuffle.random_nouns[97]","mode":"managed","type":"random_shuffle","name":"random_nouns","index":97,"provider_name":"registry.terraform.io/hashicorp/random","change":{"actions":["create"],"before":null,"after":{"input":["ARMY","PANTHER","WALNUTS","SANDWICH","ZEUS","BANANA","CAT","JELLYFISH","JIGSAW","VIOLIN","MILK","SUN"],"keepers":null,"result_count":null,"seed":null},"after_unknown":{"id":true,"input":[false,false,false,false,false,false,false,false,false,false,false,false],"result":true}}},{"address":"random_shuffle.random_nouns[98]","mode":"managed","type":"random_shuffle","name":"random_nouns","index":98,"provider_name":"registry.terraform.io/hashicorp/random","change":{"actions":["create"],"before":null,"after":{"input":["ARMY","PANTHER","WALNUTS","SANDWICH","ZEUS","BANANA","CAT","JELLYFISH","JIGSAW","VIOLIN","MILK","SUN"],"keepers":null,"result_count":null,"seed":null},"after_unknown":{"id":true,"input":[false,false,false,false,false,false,false,false,false,false,false,false],"result":true}}},{"address":"random_shuffle.random_nouns[99]","mode":"managed","type":"random_shuffle","name":"random_nouns","index":99,"provider_name":"registry.terraform.io/hashicorp/random","change":{"actions":["create"],"before":null,"after":{"input":["ARMY","PANTHER","WALNUTS","SANDWICH","ZEUS","BANANA","CAT","JELLYFISH","JIGSAW","VIOLIN","MILK","SUN"],"keepers":null,"result_count":null,"seed":null},"after_unknown":{"id":true,"input":[false,false,false,false,false,false,false,false,false,false,false,false],"result":true}}},{"address":"random_shuffle.random_nouns[9]","mode":"managed","type":"random_shuffle","name":"random_nouns","index":9,"provider_name":"registry.terraform.io/hashicorp/random","change":{"actions":["create"],"before":null,"after":{"input":["ARMY","PANTHER","WALNUTS","SANDWICH","ZEUS","BANANA","CAT","JELLYFISH","JIGSAW","VIOLIN","MILK","SUN"],"keepers":null,"result_count":null,"seed":null},"after_unknown":{"id":true,"input":[false,false,false,false,false,false,false,false,false,false,false,false],"result":true}}},{"address":"random_shuffle.random_numbers[0]","mode":"managed","type":"random_shuffle","name":"random_numbers","index":0,"provider_name":"registry.terraform.io/hashicorp/random","change":{"actions":["no-op"],"before":{"id":"-","input":["42","27","101","73","-5","0"],"keepers":null,"result":["101","-5","42","73","0","27"],"result_count":null,"seed":null},"after":{"id":"-","input":["42","27","101","73","-5","0"],"keepers":null,"result":["101","-5","42","73","0","27"],"result_count":null,"seed":null},"after_unknown":{}}},{"address":"random_shuffle.random_numbers[10]","mode":"managed","type":"random_shuffle","name":"random_numbers","index":10,"provider_name":"registry.terraform.io/hashicorp/random","change":{"actions":["create"],"before":null,"after":{"input":["42","27","101","73","-5","0"],"keepers":null,"result_count":null,"seed":null},"after_unknown":{"id":true,"input":[false,false,false,false,false,false],"result":true}}},{"address":"random_shuffle.random_numbers[11]","mode":"managed","type":"random_shuffle","name":"random_numbers","index":11,"provider_name":"registry.terraform.io/hashicorp/random","change":{"actions":["create"],"before":null,"after":{"input":["42","27","101","73","-5","0"],"keepers":null,"result_count":null,"seed":null},"after_unknown":{"id":true,"input":[false,false,false,false,false,false],"result":true}}},{"address":"random_shuffle.random_numbers[12]","mode":"managed","type":"random_shuffle","name":"random_numbers","index":12,"provider_name":"registry.terraform.io/hashicorp/random","change":{"actions":["create"],"before":null,"after":{"input":["42","27","101","73","-5","0"],"keepers":null,"result_count":null,"seed":null},"after_unknown":{"id":true,"input":[false,false,false,false,false,false],"result":true}}},{"address":"random_shuffle.random_numbers[13]","mode":"managed","type":"random_shuffle","name":"random_numbers","index":13,"provider_name":"registry.terraform.io/hashicorp/random","change":{"actions":["create"],"before":null,"after":{"input":["42","27","101","73","-5","0"],"keepers":null,"result_count":null,"seed":null},"after_unknown":{"id":true,"input":[false,false,false,false,false,false],"result":true}}},{"address":"random_shuffle.random_numbers[14]","mode":"managed","type":"random_shuffle","name":"random_numbers","index":14,"provider_name":"registry.terraform.io/hashicorp/random","change":{"actions":["create"],"before":null,"after":{"input":["42","27","101","73","-5","0"],"keepers":null,"result_count":null,"seed":null},"after_unknown":{"id":true,"input":[false,false,false,false,false,false],"result":true}}},{"address":"random_shuffle.random_numbers[15]","mode":"managed","type":"random_shuffle","name":"random_numbers","index":15,"provider_name":"registry.terraform.io/hashicorp/random","change":{"actions":["create"],"before":null,"after":{"input":["42","27","101","73","-5","0"],"keepers":null,"result_count":null,"seed":null},"after_unknown":{"id":true,"input":[false,false,false,false,false,false],"result":true}}},{"address":"random_shuffle.random_numbers[16]","mode":"managed","type":"random_shuffle","name":"random_numbers","index":16,"provider_name":"registry.terraform.io/hashicorp/random","change":{"actions":["create"],"before":null,"after":{"input":["42","27","101","73","-5","0"],"keepers":null,"result_count":null,"seed":null},"after_unknown":{"id":true,"input":[false,false,false,false,false,false],"result":true}}},{"address":"random_shuffle.random_numbers[17]","mode":"managed","type":"random_shuffle","name":"random_numbers","index":17,"provider_name":"registry.terraform.io/hashicorp/random","change":{"actions":["create"],"before":null,"after":{"input":["42","27","101","73","-5","0"],"keepers":null,"result_count":null,"seed":null},"after_unknown":{"id":true,"input":[false,false,false,false,false,false],"result":true}}},{"address":"random_shuffle.random_numbers[18]","mode":"managed","type":"random_shuffle","name":"random_numbers","index":18,"provider_name":"registry.terraform.io/hashicorp/random","change":{"actions":["create"],"before":null,"after":{"input":["42","27","101","73","-5","0"],"keepers":null,"result_count":null,"seed":null},"after_unknown":{"id":true,"input":[false,false,false,false,false,false],"result":true}}},{"address":"random_shuffle.random_numbers[19]","mode":"managed","type":"random_shuffle","name":"random_numbers","index":19,"provider_name":"registry.terraform.io/hashicorp/random","change":{"actions":["create"],"before":null,"after":{"input":["42","27","101","73","-5","0"],"keepers":null,"result_count":null,"seed":null},"after_unknown":{"id":true,"input":[false,false,false,false,false,false],"result":true}}},{"address":"random_shuffle.random_numbers[1]","mode":"managed","type":"random_shuffle","name":"random_numbers","index":1,"provider_name":"registry.terraform.io/hashicorp/random","change":{"actions":["create"],"before":null,"after":{"input":["42","27","101","73","-5","0"],"keepers":null,"result_count":null,"seed":null},"after_unknown":{"id":true,"input":[false,false,false,false,false,false],"result":true}}},{"address":"random_shuffle.random_numbers[20]","mode":"managed","type":"random_shuffle","name":"random_numbers","index":20,"provider_name":"registry.terraform.io/hashicorp/random","change":{"actions":["create"],"before":null,"after":{"input":["42","27","101","73","-5","0"],"keepers":null,"result_count":null,"seed":null},"after_unknown":{"id":true,"input":[false,false,false,false,false,false],"result":true}}},{"address":"random_shuffle.random_numbers[21]","mode":"managed","type":"random_shuffle","name":"random_numbers","index":21,"provider_name":"registry.terraform.io/hashicorp/random","change":{"actions":["create"],"before":null,"after":{"input":["42","27","101","73","-5","0"],"keepers":null,"result_count":null,"seed":null},"after_unknown":{"id":true,"input":[false,false,false,false,false,false],"result":true}}},{"address":"random_shuffle.random_numbers[22]","mode":"managed","type":"random_shuffle","name":"random_numbers","index":22,"provider_name":"registry.terraform.io/hashicorp/random","change":{"actions":["create"],"before":null,"after":{"input":["42","27","101","73","-5","0"],"keepers":null,"result_count":null,"seed":null},"after_unknown":{"id":true,"input":[false,false,false,false,false,false],"result":true}}},{"address":"random_shuffle.random_numbers[23]","mode":"managed","type":"random_shuffle","name":"random_numbers","index":23,"provider_name":"registry.terraform.io/hashicorp/random","change":{"actions":["create"],"before":null,"after":{"input":["42","27","101","73","-5","0"],"keepers":null,"result_count":null,"seed":null},"after_unknown":{"id":true,"input":[false,false,false,false,false,false],"result":true}}},{"address":"random_shuffle.random_numbers[24]","mode":"managed","type":"random_shuffle","name":"random_numbers","index":24,"provider_name":"registry.terraform.io/hashicorp/random","change":{"actions":["create"],"before":null,"after":{"input":["42","27","101","73","-5","0"],"keepers":null,"result_count":null,"seed":null},"after_unknown":{"id":true,"input":[false,false,false,false,false,false],"result":true}}},{"address":"random_shuffle.random_numbers[25]","mode":"managed","type":"random_shuffle","name":"random_numbers","index":25,"provider_name":"registry.terraform.io/hashicorp/random","change":{"actions":["create"],"before":null,"after":{"input":["42","27","101","73","-5","0"],"keepers":null,"result_count":null,"seed":null},"after_unknown":{"id":true,"input":[false,false,false,false,false,false],"result":true}}},{"address":"random_shuffle.random_numbers[26]","mode":"managed","type":"random_shuffle","name":"random_numbers","index":26,"provider_name":"registry.terraform.io/hashicorp/random","change":{"actions":["create"],"before":null,"after":{"input":["42","27","101","73","-5","0"],"keepers":null,"result_count":null,"seed":null},"after_unknown":{"id":true,"input":[false,false,false,false,false,false],"result":true}}},{"address":"random_shuffle.random_numbers[27]","mode":"managed","type":"random_shuffle","name":"random_numbers","index":27,"provider_name":"registry.terraform.io/hashicorp/random","change":{"actions":["create"],"before":null,"after":{"input":["42","27","101","73","-5","0"],"keepers":null,"result_count":null,"seed":null},"after_unknown":{"id":true,"input":[false,false,false,false,false,false],"result":true}}},{"address":"random_shuffle.random_numbers[28]","mode":"managed","type":"random_shuffle","name":"random_numbers","index":28,"provider_name":"registry.terraform.io/hashicorp/random","change":{"actions":["create"],"before":null,"after":{"input":["42","27","101","73","-5","0"],"keepers":null,"result_count":null,"seed":null},"after_unknown":{"id":true,"input":[false,false,false,false,false,false],"result":true}}},{"address":"random_shuffle.random_numbers[29]","mode":"managed","type":"random_shuffle","name":"random_numbers","index":29,"provider_name":"registry.terraform.io/hashicorp/random","change":{"actions":["create"],"before":null,"after":{"input":["42","27","101","73","-5","0"],"keepers":null,"result_count":null,"seed":null},"after_unknown":{"id":true,"input":[false,false,false,false,false,false],"result":true}}},{"address":"random_shuffle.random_numbers[2]","mode":"managed","type":"random_shuffle","name":"random_numbers","index":2,"provider_name":"registry.terraform.io/hashicorp/random","change":{"actions":["create"],"before":null,"after":{"input":["42","27","101","73","-5","0"],"keepers":null,"result_count":null,"seed":null},"after_unknown":{"id":true,"input":[false,false,false,false,false,false],"result":true}}},{"address":"random_shuffle.random_numbers[30]","mode":"managed","type":"random_shuffle","name":"random_numbers","index":30,"provider_name":"registry.terraform.io/hashicorp/random","change":{"actions":["create"],"before":null,"after":{"input":["42","27","101","73","-5","0"],"keepers":null,"result_count":null,"seed":null},"after_unknown":{"id":true,"input":[false,false,false,false,false,false],"result":true}}},{"address":"random_shuffle.random_numbers[31]","mode":"managed","type":"random_shuffle","name":"random_numbers","index":31,"provider_name":"registry.terraform.io/hashicorp/random","change":{"actions":["create"],"before":null,"after":{"input":["42","27","101","73","-5","0"],"keepers":null,"result_count":null,"seed":null},"after_unknown":{"id":true,"input":[false,false,false,false,false,false],"result":true}}},{"address":"random_shuffle.random_numbers[32]","mode":"managed","type":"random_shuffle","name":"random_numbers","index":32,"provider_name":"registry.terraform.io/hashicorp/random","change":{"actions":["create"],"before":null,"after":{"input":["42","27","101","73","-5","0"],"keepers":null,"result_count":null,"seed":null},"after_unknown":{"id":true,"input":[false,false,false,false,false,false],"result":true}}},{"address":"random_shuffle.random_numbers[33]","mode":"managed","type":"random_shuffle","name":"random_numbers","index":33,"provider_name":"registry.terraform.io/hashicorp/random","change":{"actions":["create"],"before":null,"after":{"input":["42","27","101","73","-5","0"],"keepers":null,"result_count":null,"seed":null},"after_unknown":{"id":true,"input":[false,false,false,false,false,false],"result":true}}},{"address":"random_shuffle.random_numbers[34]","mode":"managed","type":"random_shuffle","name":"random_numbers","index":34,"provider_name":"registry.terraform.io/hashicorp/random","change":{"actions":["create"],"before":null,"after":{"input":["42","27","101","73","-5","0"],"keepers":null,"result_count":null,"seed":null},"after_unknown":{"id":true,"input":[false,false,false,false,false,false],"result":true}}},{"address":"random_shuffle.random_numbers[35]","mode":"managed","type":"random_shuffle","name":"random_numbers","index":35,"provider_name":"registry.terraform.io/hashicorp/random","change":{"actions":["create"],"before":null,"after":{"input":["42","27","101","73","-5","0"],"keepers":null,"result_count":null,"seed":null},"after_unknown":{"id":true,"input":[false,false,false,false,false,false],"result":true}}},{"address":"random_shuffle.random_numbers[36]","mode":"managed","type":"random_shuffle","name":"random_numbers","index":36,"provider_name":"registry.terraform.io/hashicorp/random","change":{"actions":["create"],"before":null,"after":{"input":["42","27","101","73","-5","0"],"keepers":null,"result_count":null,"seed":null},"after_unknown":{"id":true,"input":[false,false,false,false,false,false],"result":true}}},{"address":"random_shuffle.random_numbers[37]","mode":"managed","type":"random_shuffle","name":"random_numbers","index":37,"provider_name":"registry.terraform.io/hashicorp/random","change":{"actions":["create"],"before":null,"after":{"input":["42","27","101","73","-5","0"],"keepers":null,"result_count":null,"seed":null},"after_unknown":{"id":true,"input":[false,false,false,false,false,false],"result":true}}},{"address":"random_shuffle.random_numbers[38]","mode":"managed","type":"random_shuffle","name":"random_numbers","index":38,"provider_name":"registry.terraform.io/hashicorp/random","change":{"actions":["create"],"before":null,"after":{"input":["42","27","101","73","-5","0"],"keepers":null,"result_count":null,"seed":null},"after_unknown":{"id":true,"input":[false,false,false,false,false,false],"result":true}}},{"address":"random_shuffle.random_numbers[39]","mode":"managed","type":"random_shuffle","name":"random_numbers","index":39,"provider_name":"registry.terraform.io/hashicorp/random","change":{"actions":["create"],"before":null,"after":{"input":["42","27","101","73","-5","0"],"keepers":null,"result_count":null,"seed":null},"after_unknown":{"id":true,"input":[false,false,false,false,false,false],"result":true}}},{"address":"random_shuffle.random_numbers[3]","mode":"managed","type":"random_shuffle","name":"random_numbers","index":3,"provider_name":"registry.terraform.io/hashicorp/random","change":{"actions":["create"],"before":null,"after":{"input":["42","27","101","73","-5","0"],"keepers":null,"result_count":null,"seed":null},"after_unknown":{"id":true,"input":[false,false,false,false,false,false],"result":true}}},{"address":"random_shuffle.random_numbers[40]","mode":"managed","type":"random_shuffle","name":"random_numbers","index":40,"provider_name":"registry.terraform.io/hashicorp/random","change":{"actions":["create"],"before":null,"after":{"input":["42","27","101","73","-5","0"],"keepers":null,"result_count":null,"seed":null},"after_unknown":{"id":true,"input":[false,false,false,false,false,false],"result":true}}},{"address":"random_shuffle.random_numbers[41]","mode":"managed","type":"random_shuffle","name":"random_numbers","index":41,"provider_name":"registry.terraform.io/hashicorp/random","change":{"actions":["create"],"before":null,"after":{"input":["42","27","101","73","-5","0"],"keepers":null,"result_count":null,"seed":null},"after_unknown":{"id":true,"input":[false,false,false,false,false,false],"result":true}}},{"address":"random_shuffle.random_numbers[42]","mode":"managed","type":"random_shuffle","name":"random_numbers","index":42,"provider_name":"registry.terraform.io/hashicorp/random","change":{"actions":["create"],"before":null,"after":{"input":["42","27","101","73","-5","0"],"keepers":null,"result_count":null,"seed":null},"after_unknown":{"id":true,"input":[false,false,false,false,false,false],"result":true}}},{"address":"random_shuffle.random_numbers[43]","mode":"managed","type":"random_shuffle","name":"random_numbers","index":43,"provider_name":"registry.terraform.io/hashicorp/random","change":{"actions":["create"],"before":null,"after":{"input":["42","27","101","73","-5","0"],"keepers":null,"result_count":null,"seed":null},"after_unknown":{"id":true,"input":[false,false,false,false,false,false],"result":true}}},{"address":"random_shuffle.random_numbers[44]","mode":"managed","type":"random_shuffle","name":"random_numbers","index":44,"provider_name":"registry.terraform.io/hashicorp/random","change":{"actions":["create"],"before":null,"after":{"input":["42","27","101","73","-5","0"],"keepers":null,"result_count":null,"seed":null},"after_unknown":{"id":true,"input":[false,false,false,false,false,false],"result":true}}},{"address":"random_shuffle.random_numbers[45]","mode":"managed","type":"random_shuffle","name":"random_numbers","index":45,"provider_name":"registry.terraform.io/hashicorp/random","change":{"actions":["create"],"before":null,"after":{"input":["42","27","101","73","-5","0"],"keepers":null,"result_count":null,"seed":null},"after_unknown":{"id":true,"input":[false,false,false,false,false,false],"result":true}}},{"address":"random_shuffle.random_numbers[46]","mode":"managed","type":"random_shuffle","name":"random_numbers","index":46,"provider_name":"registry.terraform.io/hashicorp/random","change":{"actions":["create"],"before":null,"after":{"input":["42","27","101","73","-5","0"],"keepers":null,"result_count":null,"seed":null},"after_unknown":{"id":true,"input":[false,false,false,false,false,false],"result":true}}},{"address":"random_shuffle.random_numbers[47]","mode":"managed","type":"random_shuffle","name":"random_numbers","index":47,"provider_name":"registry.terraform.io/hashicorp/random","change":{"actions":["create"],"before":null,"after":{"input":["42","27","101","73","-5","0"],"keepers":null,"result_count":null,"seed":null},"after_unknown":{"id":true,"input":[false,false,false,false,false,false],"result":true}}},{"address":"random_shuffle.random_numbers[48]","mode":"managed","type":"random_shuffle","name":"random_numbers","index":48,"provider_name":"registry.terraform.io/hashicorp/random","change":{"actions":["create"],"before":null,"after":{"input":["42","27","101","73","-5","0"],"keepers":null,"result_count":null,"seed":null},"after_unknown":{"id":true,"input":[false,false,false,false,false,false],"result":true}}},{"address":"random_shuffle.random_numbers[49]","mode":"managed","type":"random_shuffle","name":"random_numbers","index":49,"provider_name":"registry.terraform.io/hashicorp/random","change":{"actions":["create"],"before":null,"after":{"input":["42","27","101","73","-5","0"],"keepers":null,"result_count":null,"seed":null},"after_unknown":{"id":true,"input":[false,false,false,false,false,false],"result":true}}},{"address":"random_shuffle.random_numbers[4]","mode":"managed","type":"random_shuffle","name":"random_numbers","index":4,"provider_name":"registry.terraform.io/hashicorp/random","change":{"actions":["create"],"before":null,"after":{"input":["42","27","101","73","-5","0"],"keepers":null,"result_count":null,"seed":null},"after_unknown":{"id":true,"input":[false,false,false,false,false,false],"result":true}}},{"address":"random_shuffle.random_numbers[50]","mode":"managed","type":"random_shuffle","name":"random_numbers","index":50,"provider_name":"registry.terraform.io/hashicorp/random","change":{"actions":["create"],"before":null,"after":{"input":["42","27","101","73","-5","0"],"keepers":null,"result_count":null,"seed":null},"after_unknown":{"id":true,"input":[false,false,false,false,false,false],"result":true}}},{"address":"random_shuffle.random_numbers[51]","mode":"managed","type":"random_shuffle","name":"random_numbers","index":51,"provider_name":"registry.terraform.io/hashicorp/random","change":{"actions":["create"],"before":null,"after":{"input":["42","27","101","73","-5","0"],"keepers":null,"result_count":null,"seed":null},"after_unknown":{"id":true,"input":[false,false,false,false,false,false],"result":true}}},{"address":"random_shuffle.random_numbers[52]","mode":"managed","type":"random_shuffle","name":"random_numbers","index":52,"provider_name":"registry.terraform.io/hashicorp/random","change":{"actions":["create"],"before":null,"after":{"input":["42","27","101","73","-5","0"],"keepers":null,"result_count":null,"seed":null},"after_unknown":{"id":true,"input":[false,false,false,false,false,false],"result":true}}},{"address":"random_shuffle.random_numbers[53]","mode":"managed","type":"random_shuffle","name":"random_numbers","index":53,"provider_name":"registry.terraform.io/hashicorp/random","change":{"actions":["create"],"before":null,"after":{"input":["42","27","101","73","-5","0"],"keepers":null,"result_count":null,"seed":null},"after_unknown":{"id":true,"input":[false,false,false,false,false,false],"result":true}}},{"address":"random_shuffle.random_numbers[54]","mode":"managed","type":"random_shuffle","name":"random_numbers","index":54,"provider_name":"registry.terraform.io/hashicorp/random","change":{"actions":["create"],"before":null,"after":{"input":["42","27","101","73","-5","0"],"keepers":null,"result_count":null,"seed":null},"after_unknown":{"id":true,"input":[false,false,false,false,false,false],"result":true}}},{"address":"random_shuffle.random_numbers[55]","mode":"managed","type":"random_shuffle","name":"random_numbers","index":55,"provider_name":"registry.terraform.io/hashicorp/random","change":{"actions":["create"],"before":null,"after":{"input":["42","27","101","73","-5","0"],"keepers":null,"result_count":null,"seed":null},"after_unknown":{"id":true,"input":[false,false,false,false,false,false],"result":true}}},{"address":"random_shuffle.random_numbers[56]","mode":"managed","type":"random_shuffle","name":"random_numbers","index":56,"provider_name":"registry.terraform.io/hashicorp/random","change":{"actions":["create"],"before":null,"after":{"input":["42","27","101","73","-5","0"],"keepers":null,"result_count":null,"seed":null},"after_unknown":{"id":true,"input":[false,false,false,false,false,false],"result":true}}},{"address":"random_shuffle.random_numbers[57]","mode":"managed","type":"random_shuffle","name":"random_numbers","index":57,"provider_name":"registry.terraform.io/hashicorp/random","change":{"actions":["create"],"before":null,"after":{"input":["42","27","101","73","-5","0"],"keepers":null,"result_count":null,"seed":null},"after_unknown":{"id":true,"input":[false,false,false,false,false,false],"result":true}}},{"address":"random_shuffle.random_numbers[58]","mode":"managed","type":"random_shuffle","name":"random_numbers","index":58,"provider_name":"registry.terraform.io/hashicorp/random","change":{"actions":["create"],"before":null,"after":{"input":["42","27","101","73","-5","0"],"keepers":null,"result_count":null,"seed":null},"after_unknown":{"id":true,"input":[false,false,false,false,false,false],"result":true}}},{"address":"random_shuffle.random_numbers[59]","mode":"managed","type":"random_shuffle","name":"random_numbers","index":59,"provider_name":"registry.terraform.io/hashicorp/random","change":{"actions":["create"],"before":null,"after":{"input":["42","27","101","73","-5","0"],"keepers":null,"result_count":null,"seed":null},"after_unknown":{"id":true,"input":[false,false,false,false,false,false],"result":true}}},{"address":"random_shuffle.random_numbers[5]","mode":"managed","type":"random_shuffle","name":"random_numbers","index":5,"provider_name":"registry.terraform.io/hashicorp/random","change":{"actions":["create"],"before":null,"after":{"input":["42","27","101","73","-5","0"],"keepers":null,"result_count":null,"seed":null},"after_unknown":{"id":true,"input":[false,false,false,false,false,false],"result":true}}},{"address":"random_shuffle.random_numbers[60]","mode":"managed","type":"random_shuffle","name":"random_numbers","index":60,"provider_name":"registry.terraform.io/hashicorp/random","change":{"actions":["create"],"before":null,"after":{"input":["42","27","101","73","-5","0"],"keepers":null,"result_count":null,"seed":null},"after_unknown":{"id":true,"input":[false,false,false,false,false,false],"result":true}}},{"address":"random_shuffle.random_numbers[61]","mode":"managed","type":"random_shuffle","name":"random_numbers","index":61,"provider_name":"registry.terraform.io/hashicorp/random","change":{"actions":["create"],"before":null,"after":{"input":["42","27","101","73","-5","0"],"keepers":null,"result_count":null,"seed":null},"after_unknown":{"id":true,"input":[false,false,false,false,false,false],"result":true}}},{"address":"random_shuffle.random_numbers[62]","mode":"managed","type":"random_shuffle","name":"random_numbers","index":62,"provider_name":"registry.terraform.io/hashicorp/random","change":{"actions":["create"],"before":null,"after":{"input":["42","27","101","73","-5","0"],"keepers":null,"result_count":null,"seed":null},"after_unknown":{"id":true,"input":[false,false,false,false,false,false],"result":true}}},{"address":"random_shuffle.random_numbers[63]","mode":"managed","type":"random_shuffle","name":"random_numbers","index":63,"provider_name":"registry.terraform.io/hashicorp/random","change":{"actions":["create"],"before":null,"after":{"input":["42","27","101","73","-5","0"],"keepers":null,"result_count":null,"seed":null},"after_unknown":{"id":true,"input":[false,false,false,false,false,false],"result":true}}},{"address":"random_shuffle.random_numbers[64]","mode":"managed","type":"random_shuffle","name":"random_numbers","index":64,"provider_name":"registry.terraform.io/hashicorp/random","change":{"actions":["create"],"before":null,"after":{"input":["42","27","101","73","-5","0"],"keepers":null,"result_count":null,"seed":null},"after_unknown":{"id":true,"input":[false,false,false,false,false,false],"result":true}}},{"address":"random_shuffle.random_numbers[65]","mode":"managed","type":"random_shuffle","name":"random_numbers","index":65,"provider_name":"registry.terraform.io/hashicorp/random","change":{"actions":["create"],"before":null,"after":{"input":["42","27","101","73","-5","0"],"keepers":null,"result_count":null,"seed":null},"after_unknown":{"id":true,"input":[false,false,false,false,false,false],"result":true}}},{"address":"random_shuffle.random_numbers[66]","mode":"managed","type":"random_shuffle","name":"random_numbers","index":66,"provider_name":"registry.terraform.io/hashicorp/random","change":{"actions":["create"],"before":null,"after":{"input":["42","27","101","73","-5","0"],"keepers":null,"result_count":null,"seed":null},"after_unknown":{"id":true,"input":[false,false,false,false,false,false],"result":true}}},{"address":"random_shuffle.random_numbers[67]","mode":"managed","type":"random_shuffle","name":"random_numbers","index":67,"provider_name":"registry.terraform.io/hashicorp/random","change":{"actions":["create"],"before":null,"after":{"input":["42","27","101","73","-5","0"],"keepers":null,"result_count":null,"seed":null},"after_unknown":{"id":true,"input":[false,false,false,false,false,false],"result":true}}},{"address":"random_shuffle.random_numbers[68]","mode":"managed","type":"random_shuffle","name":"random_numbers","index":68,"provider_name":"registry.terraform.io/hashicorp/random","change":{"actions":["create"],"before":null,"after":{"input":["42","27","101","73","-5","0"],"keepers":null,"result_count":null,"seed":null},"after_unknown":{"id":true,"input":[false,false,false,false,false,false],"result":true}}},{"address":"random_shuffle.random_numbers[69]","mode":"managed","type":"random_shuffle","name":"random_numbers","index":69,"provider_name":"registry.terraform.io/hashicorp/random","change":{"actions":["create"],"before":null,"after":{"input":["42","27","101","73","-5","0"],"keepers":null,"result_count":null,"seed":null},"after_unknown":{"id":true,"input":[false,false,false,false,false,false],"result":true}}},{"address":"random_shuffle.random_numbers[6]","mode":"managed","type":"random_shuffle","name":"random_numbers","index":6,"provider_name":"registry.terraform.io/hashicorp/random","change":{"actions":["create"],"before":null,"after":{"input":["42","27","101","73","-5","0"],"keepers":null,"result_count":null,"seed":null},"after_unknown":{"id":true,"input":[false,false,false,false,false,false],"result":true}}},{"address":"random_shuffle.random_numbers[70]","mode":"managed","type":"random_shuffle","name":"random_numbers","index":70,"provider_name":"registry.terraform.io/hashicorp/random","change":{"actions":["create"],"before":null,"after":{"input":["42","27","101","73","-5","0"],"keepers":null,"result_count":null,"seed":null},"after_unknown":{"id":true,"input":[false,false,false,false,false,false],"result":true}}},{"address":"random_shuffle.random_numbers[71]","mode":"managed","type":"random_shuffle","name":"random_numbers","index":71,"provider_name":"registry.terraform.io/hashicorp/random","change":{"actions":["create"],"before":null,"after":{"input":["42","27","101","73","-5","0"],"keepers":null,"result_count":null,"seed":null},"after_unknown":{"id":true,"input":[false,false,false,false,false,false],"result":true}}},{"address":"random_shuffle.random_numbers[72]","mode":"managed","type":"random_shuffle","name":"random_numbers","index":72,"provider_name":"registry.terraform.io/hashicorp/random","change":{"actions":["create"],"before":null,"after":{"input":["42","27","101","73","-5","0"],"keepers":null,"result_count":null,"seed":null},"after_unknown":{"id":true,"input":[false,false,false,false,false,false],"result":true}}},{"address":"random_shuffle.random_numbers[73]","mode":"managed","type":"random_shuffle","name":"random_numbers","index":73,"provider_name":"registry.terraform.io/hashicorp/random","change":{"actions":["create"],"before":null,"after":{"input":["42","27","101","73","-5","0"],"keepers":null,"result_count":null,"seed":null},"after_unknown":{"id":true,"input":[false,false,false,false,false,false],"result":true}}},{"address":"random_shuffle.random_numbers[74]","mode":"managed","type":"random_shuffle","name":"random_numbers","index":74,"provider_name":"registry.terraform.io/hashicorp/random","change":{"actions":["create"],"before":null,"after":{"input":["42","27","101","73","-5","0"],"keepers":null,"result_count":null,"seed":null},"after_unknown":{"id":true,"input":[false,false,false,false,false,false],"result":true}}},{"address":"random_shuffle.random_numbers[75]","mode":"managed","type":"random_shuffle","name":"random_numbers","index":75,"provider_name":"registry.terraform.io/hashicorp/random","change":{"actions":["create"],"before":null,"after":{"input":["42","27","101","73","-5","0"],"keepers":null,"result_count":null,"seed":null},"after_unknown":{"id":true,"input":[false,false,false,false,false,false],"result":true}}},{"address":"random_shuffle.random_numbers[76]","mode":"managed","type":"random_shuffle","name":"random_numbers","index":76,"provider_name":"registry.terraform.io/hashicorp/random","change":{"actions":["create"],"before":null,"after":{"input":["42","27","101","73","-5","0"],"keepers":null,"result_count":null,"seed":null},"after_unknown":{"id":true,"input":[false,false,false,false,false,false],"result":true}}},{"address":"random_shuffle.random_numbers[77]","mode":"managed","type":"random_shuffle","name":"random_numbers","index":77,"provider_name":"registry.terraform.io/hashicorp/random","change":{"actions":["create"],"before":null,"after":{"input":["42","27","101","73","-5","0"],"keepers":null,"result_count":null,"seed":null},"after_unknown":{"id":true,"input":[false,false,false,false,false,false],"result":true}}},{"address":"random_shuffle.random_numbers[78]","mode":"managed","type":"random_shuffle","name":"random_numbers","index":78,"provider_name":"registry.terraform.io/hashicorp/random","change":{"actions":["create"],"before":null,"after":{"input":["42","27","101","73","-5","0"],"keepers":null,"result_count":null,"seed":null},"after_unknown":{"id":true,"input":[false,false,false,false,false,false],"result":true}}},{"address":"random_shuffle.random_numbers[79]","mode":"managed","type":"random_shuffle","name":"random_numbers","index":79,"provider_name":"registry.terraform.io/hashicorp/random","change":{"actions":["create"],"before":null,"after":{"input":["42","27","101","73","-5","0"],"keepers":null,"result_count":null,"seed":null},"after_unknown":{"id":true,"input":[false,false,false,false,false,false],"result":true}}},{"address":"random_shuffle.random_numbers[7]","mode":"managed","type":"random_shuffle","name":"random_numbers","index":7,"provider_name":"registry.terraform.io/hashicorp/random","change":{"actions":["create"],"before":null,"after":{"input":["42","27","101","73","-5","0"],"keepers":null,"result_count":null,"seed":null},"after_unknown":{"id":true,"input":[false,false,false,false,false,false],"result":true}}},{"address":"random_shuffle.random_numbers[80]","mode":"managed","type":"random_shuffle","name":"random_numbers","index":80,"provider_name":"registry.terraform.io/hashicorp/random","change":{"actions":["create"],"before":null,"after":{"input":["42","27","101","73","-5","0"],"keepers":null,"result_count":null,"seed":null},"after_unknown":{"id":true,"input":[false,false,false,false,false,false],"result":true}}},{"address":"random_shuffle.random_numbers[81]","mode":"managed","type":"random_shuffle","name":"random_numbers","index":81,"provider_name":"registry.terraform.io/hashicorp/random","change":{"actions":["create"],"before":null,"after":{"input":["42","27","101","73","-5","0"],"keepers":null,"result_count":null,"seed":null},"after_unknown":{"id":true,"input":[false,false,false,false,false,false],"result":true}}},{"address":"random_shuffle.random_numbers[82]","mode":"managed","type":"random_shuffle","name":"random_numbers","index":82,"provider_name":"registry.terraform.io/hashicorp/random","change":{"actions":["create"],"before":null,"after":{"input":["42","27","101","73","-5","0"],"keepers":null,"result_count":null,"seed":null},"after_unknown":{"id":true,"input":[false,false,false,false,false,false],"result":true}}},{"address":"random_shuffle.random_numbers[83]","mode":"managed","type":"random_shuffle","name":"random_numbers","index":83,"provider_name":"registry.terraform.io/hashicorp/random","change":{"actions":["create"],"before":null,"after":{"input":["42","27","101","73","-5","0"],"keepers":null,"result_count":null,"seed":null},"after_unknown":{"id":true,"input":[false,false,false,false,false,false],"result":true}}},{"address":"random_shuffle.random_numbers[84]","mode":"managed","type":"random_shuffle","name":"random_numbers","index":84,"provider_name":"registry.terraform.io/hashicorp/random","change":{"actions":["create"],"before":null,"after":{"input":["42","27","101","73","-5","0"],"keepers":null,"result_count":null,"seed":null},"after_unknown":{"id":true,"input":[false,false,false,false,false,false],"result":true}}},{"address":"random_shuffle.random_numbers[85]","mode":"managed","type":"random_shuffle","name":"random_numbers","index":85,"provider_name":"registry.terraform.io/hashicorp/random","change":{"actions":["create"],"before":null,"after":{"input":["42","27","101","73","-5","0"],"keepers":null,"result_count":null,"seed":null},"after_unknown":{"id":true,"input":[false,false,false,false,false,false],"result":true}}},{"address":"random_shuffle.random_numbers[86]","mode":"managed","type":"random_shuffle","name":"random_numbers","index":86,"provider_name":"registry.terraform.io/hashicorp/random","change":{"actions":["create"],"before":null,"after":{"input":["42","27","101","73","-5","0"],"keepers":null,"result_count":null,"seed":null},"after_unknown":{"id":true,"input":[false,false,false,false,false,false],"result":true}}},{"address":"random_shuffle.random_numbers[87]","mode":"managed","type":"random_shuffle","name":"random_numbers","index":87,"provider_name":"registry.terraform.io/hashicorp/random","change":{"actions":["create"],"before":null,"after":{"input":["42","27","101","73","-5","0"],"keepers":null,"result_count":null,"seed":null},"after_unknown":{"id":true,"input":[false,false,false,false,false,false],"result":true}}},{"address":"random_shuffle.random_numbers[88]","mode":"managed","type":"random_shuffle","name":"random_numbers","index":88,"provider_name":"registry.terraform.io/hashicorp/random","change":{"actions":["create"],"before":null,"after":{"input":["42","27","101","73","-5","0"],"keepers":null,"result_count":null,"seed":null},"after_unknown":{"id":true,"input":[false,false,false,false,false,false],"result":true}}},{"address":"random_shuffle.random_numbers[89]","mode":"managed","type":"random_shuffle","name":"random_numbers","index":89,"provider_name":"registry.terraform.io/hashicorp/random","change":{"actions":["create"],"before":null,"after":{"input":["42","27","101","73","-5","0"],"keepers":null,"result_count":null,"seed":null},"after_unknown":{"id":true,"input":[false,false,false,false,false,false],"result":true}}},{"address":"random_shuffle.random_numbers[8]","mode":"managed","type":"random_shuffle","name":"random_numbers","index":8,"provider_name":"registry.terraform.io/hashicorp/random","change":{"actions":["create"],"before":null,"after":{"input":["42","27","101","73","-5","0"],"keepers":null,"result_count":null,"seed":null},"after_unknown":{"id":true,"input":[false,false,false,false,false,false],"result":true}}},{"address":"random_shuffle.random_numbers[90]","mode":"managed","type":"random_shuffle","name":"random_numbers","index":90,"provider_name":"registry.terraform.io/hashicorp/random","change":{"actions":["create"],"before":null,"after":{"input":["42","27","101","73","-5","0"],"keepers":null,"result_count":null,"seed":null},"after_unknown":{"id":true,"input":[false,false,false,false,false,false],"result":true}}},{"address":"random_shuffle.random_numbers[91]","mode":"managed","type":"random_shuffle","name":"random_numbers","index":91,"provider_name":"registry.terraform.io/hashicorp/random","change":{"actions":["create"],"before":null,"after":{"input":["42","27","101","73","-5","0"],"keepers":null,"result_count":null,"seed":null},"after_unknown":{"id":true,"input":[false,false,false,false,false,false],"result":true}}},{"address":"random_shuffle.random_numbers[92]","mode":"managed","type":"random_shuffle","name":"random_numbers","index":92,"provider_name":"registry.terraform.io/hashicorp/random","change":{"actions":["create"],"before":null,"after":{"input":["42","27","101","73","-5","0"],"keepers":null,"result_count":null,"seed":null},"after_unknown":{"id":true,"input":[false,false,false,false,false,false],"result":true}}},{"address":"random_shuffle.random_numbers[93]","mode":"managed","type":"random_shuffle","name":"random_numbers","index":93,"provider_name":"registry.terraform.io/hashicorp/random","change":{"actions":["create"],"before":null,"after":{"input":["42","27","101","73","-5","0"],"keepers":null,"result_count":null,"seed":null},"after_unknown":{"id":true,"input":[false,false,false,false,false,false],"result":true}}},{"address":"random_shuffle.random_numbers[94]","mode":"managed","type":"random_shuffle","name":"random_numbers","index":94,"provider_name":"registry.terraform.io/hashicorp/random","change":{"actions":["create"],"before":null,"after":{"input":["42","27","101","73","-5","0"],"keepers":null,"result_count":null,"seed":null},"after_unknown":{"id":true,"input":[false,false,false,false,false,false],"result":true}}},{"address":"random_shuffle.random_numbers[95]","mode":"managed","type":"random_shuffle","name":"random_numbers","index":95,"provider_name":"registry.terraform.io/hashicorp/random","change":{"actions":["create"],"before":null,"after":{"input":["42","27","101","73","-5","0"],"keepers":null,"result_count":null,"seed":null},"after_unknown":{"id":true,"input":[false,false,false,false,false,false],"result":true}}},{"address":"random_shuffle.random_numbers[96]","mode":"managed","type":"random_shuffle","name":"random_numbers","index":96,"provider_name":"registry.terraform.io/hashicorp/random","change":{"actions":["create"],"before":null,"after":{"input":["42","27","101","73","-5","0"],"keepers":null,"result_count":null,"seed":null},"after_unknown":{"id":true,"input":[false,false,false,false,false,false],"result":true}}},{"address":"random_shuffle.random_numbers[97]","mode":"managed","type":"random_shuffle","name":"random_numbers","index":97,"provider_name":"registry.terraform.io/hashicorp/random","change":{"actions":["create"],"before":null,"after":{"input":["42","27","101","73","-5","0"],"keepers":null,"result_count":null,"seed":null},"after_unknown":{"id":true,"input":[false,false,false,false,false,false],"result":true}}},{"address":"random_shuffle.random_numbers[98]","mode":"managed","type":"random_shuffle","name":"random_numbers","index":98,"provider_name":"registry.terraform.io/hashicorp/random","change":{"actions":["create"],"before":null,"after":{"input":["42","27","101","73","-5","0"],"keepers":null,"result_count":null,"seed":null},"after_unknown":{"id":true,"input":[false,false,false,false,false,false],"result":true}}},{"address":"random_shuffle.random_numbers[99]","mode":"managed","type":"random_shuffle","name":"random_numbers","index":99,"provider_name":"registry.terraform.io/hashicorp/random","change":{"actions":["create"],"before":null,"after":{"input":["42","27","101","73","-5","0"],"keepers":null,"result_count":null,"seed":null},"after_unknown":{"id":true,"input":[false,false,false,false,false,false],"result":true}}},{"address":"random_shuffle.random_numbers[9]","mode":"managed","type":"random_shuffle","name":"random_numbers","index":9,"provider_name":"registry.terraform.io/hashicorp/random","change":{"actions":["create"],"before":null,"after":{"input":["42","27","101","73","-5","0"],"keepers":null,"result_count":null,"seed":null},"after_unknown":{"id":true,"input":[false,false,false,false,false,false],"result":true}}},{"address":"random_shuffle.random_verbs[0]","mode":"managed","type":"random_shuffle","name":"random_verbs","index":0,"provider_name":"registry.terraform.io/hashicorp/random","change":{"actions":["delete","create"],"before":{"id":"-","input":["run","dance","love","respect","kicked","baked"],"keepers":null,"result":["run","kicked","dance","respect","love","baked"],"result_count":null,"seed":null},"after":{"input":["RUN","DANCE","LOVE","RESPECT","KICKED","BAKED"],"keepers":null,"result_count":null,"seed":null},"after_unknown":{"id":true,"input":[false,false,false,false,false,false],"result":true}}},{"address":"random_shuffle.random_verbs[10]","mode":"managed","type":"random_shuffle","name":"random_verbs","index":10,"provider_name":"registry.terraform.io/hashicorp/random","change":{"actions":["create"],"before":null,"after":{"input":["RUN","DANCE","LOVE","RESPECT","KICKED","BAKED"],"keepers":null,"result_count":null,"seed":null},"after_unknown":{"id":true,"input":[false,false,false,false,false,false],"result":true}}},{"address":"random_shuffle.random_verbs[11]","mode":"managed","type":"random_shuffle","name":"random_verbs","index":11,"provider_name":"registry.terraform.io/hashicorp/random","change":{"actions":["create"],"before":null,"after":{"input":["RUN","DANCE","LOVE","RESPECT","KICKED","BAKED"],"keepers":null,"result_count":null,"seed":null},"after_unknown":{"id":true,"input":[false,false,false,false,false,false],"result":true}}},{"address":"random_shuffle.random_verbs[12]","mode":"managed","type":"random_shuffle","name":"random_verbs","index":12,"provider_name":"registry.terraform.io/hashicorp/random","change":{"actions":["create"],"before":null,"after":{"input":["RUN","DANCE","LOVE","RESPECT","KICKED","BAKED"],"keepers":null,"result_count":null,"seed":null},"after_unknown":{"id":true,"input":[false,false,false,false,false,false],"result":true}}},{"address":"random_shuffle.random_verbs[13]","mode":"managed","type":"random_shuffle","name":"random_verbs","index":13,"provider_name":"registry.terraform.io/hashicorp/random","change":{"actions":["create"],"before":null,"after":{"input":["RUN","DANCE","LOVE","RESPECT","KICKED","BAKED"],"keepers":null,"result_count":null,"seed":null},"after_unknown":{"id":true,"input":[false,false,false,false,false,false],"result":true}}},{"address":"random_shuffle.random_verbs[14]","mode":"managed","type":"random_shuffle","name":"random_verbs","index":14,"provider_name":"registry.terraform.io/hashicorp/random","change":{"actions":["create"],"before":null,"after":{"input":["RUN","DANCE","LOVE","RESPECT","KICKED","BAKED"],"keepers":null,"result_count":null,"seed":null},"after_unknown":{"id":true,"input":[false,false,false,false,false,false],"result":true}}},{"address":"random_shuffle.random_verbs[15]","mode":"managed","type":"random_shuffle","name":"random_verbs","index":15,"provider_name":"registry.terraform.io/hashicorp/random","change":{"actions":["create"],"before":null,"after":{"input":["RUN","DANCE","LOVE","RESPECT","KICKED","BAKED"],"keepers":null,"result_count":null,"seed":null},"after_unknown":{"id":true,"input":[false,false,false,false,false,false],"result":true}}},{"address":"random_shuffle.random_verbs[16]","mode":"managed","type":"random_shuffle","name":"random_verbs","index":16,"provider_name":"registry.terraform.io/hashicorp/random","change":{"actions":["create"],"before":null,"after":{"input":["RUN","DANCE","LOVE","RESPECT","KICKED","BAKED"],"keepers":null,"result_count":null,"seed":null},"after_unknown":{"id":true,"input":[false,false,false,false,false,false],"result":true}}},{"address":"random_shuffle.random_verbs[17]","mode":"managed","type":"random_shuffle","name":"random_verbs","index":17,"provider_name":"registry.terraform.io/hashicorp/random","change":{"actions":["create"],"before":null,"after":{"input":["RUN","DANCE","LOVE","RESPECT","KICKED","BAKED"],"keepers":null,"result_count":null,"seed":null},"after_unknown":{"id":true,"input":[false,false,false,false,false,false],"result":true}}},{"address":"random_shuffle.random_verbs[18]","mode":"managed","type":"random_shuffle","name":"random_verbs","index":18,"provider_name":"registry.terraform.io/hashicorp/random","change":{"actions":["create"],"before":null,"after":{"input":["RUN","DANCE","LOVE","RESPECT","KICKED","BAKED"],"keepers":null,"result_count":null,"seed":null},"after_unknown":{"id":true,"input":[false,false,false,false,false,false],"result":true}}},{"address":"random_shuffle.random_verbs[19]","mode":"managed","type":"random_shuffle","name":"random_verbs","index":19,"provider_name":"registry.terraform.io/hashicorp/random","change":{"actions":["create"],"before":null,"after":{"input":["RUN","DANCE","LOVE","RESPECT","KICKED","BAKED"],"keepers":null,"result_count":null,"seed":null},"after_unknown":{"id":true,"input":[false,false,false,false,false,false],"result":true}}},{"address":"random_shuffle.random_verbs[1]","mode":"managed","type":"random_shuffle","name":"random_verbs","index":1,"provider_name":"registry.terraform.io/hashicorp/random","change":{"actions":["create"],"before":null,"after":{"input":["RUN","DANCE","LOVE","RESPECT","KICKED","BAKED"],"keepers":null,"result_count":null,"seed":null},"after_unknown":{"id":true,"input":[false,false,false,false,false,false],"result":true}}},{"address":"random_shuffle.random_verbs[20]","mode":"managed","type":"random_shuffle","name":"random_verbs","index":20,"provider_name":"registry.terraform.io/hashicorp/random","change":{"actions":["create"],"before":null,"after":{"input":["RUN","DANCE","LOVE","RESPECT","KICKED","BAKED"],"keepers":null,"result_count":null,"seed":null},"after_unknown":{"id":true,"input":[false,false,false,false,false,false],"result":true}}},{"address":"random_shuffle.random_verbs[21]","mode":"managed","type":"random_shuffle","name":"random_verbs","index":21,"provider_name":"registry.terraform.io/hashicorp/random","change":{"actions":["create"],"before":null,"after":{"input":["RUN","DANCE","LOVE","RESPECT","KICKED","BAKED"],"keepers":null,"result_count":null,"seed":null},"after_unknown":{"id":true,"input":[false,false,false,false,false,false],"result":true}}},{"address":"random_shuffle.random_verbs[22]","mode":"managed","type":"random_shuffle","name":"random_verbs","index":22,"provider_name":"registry.terraform.io/hashicorp/random","change":{"actions":["create"],"before":null,"after":{"input":["RUN","DANCE","LOVE","RESPECT","KICKED","BAKED"],"keepers":null,"result_count":null,"seed":null},"after_unknown":{"id":true,"input":[false,false,false,false,false,false],"result":true}}},{"address":"random_shuffle.random_verbs[23]","mode":"managed","type":"random_shuffle","name":"random_verbs","index":23,"provider_name":"registry.terraform.io/hashicorp/random","change":{"actions":["create"],"before":null,"after":{"input":["RUN","DANCE","LOVE","RESPECT","KICKED","BAKED"],"keepers":null,"result_count":null,"seed":null},"after_unknown":{"id":true,"input":[false,false,false,false,false,false],"result":true}}},{"address":"random_shuffle.random_verbs[24]","mode":"managed","type":"random_shuffle","name":"random_verbs","index":24,"provider_name":"registry.terraform.io/hashicorp/random","change":{"actions":["create"],"before":null,"after":{"input":["RUN","DANCE","LOVE","RESPECT","KICKED","BAKED"],"keepers":null,"result_count":null,"seed":null},"after_unknown":{"id":true,"input":[false,false,false,false,false,false],"result":true}}},{"address":"random_shuffle.random_verbs[25]","mode":"managed","type":"random_shuffle","name":"random_verbs","index":25,"provider_name":"registry.terraform.io/hashicorp/random","change":{"actions":["create"],"before":null,"after":{"input":["RUN","DANCE","LOVE","RESPECT","KICKED","BAKED"],"keepers":null,"result_count":null,"seed":null},"after_unknown":{"id":true,"input":[false,false,false,false,false,false],"result":true}}},{"address":"random_shuffle.random_verbs[26]","mode":"managed","type":"random_shuffle","name":"random_verbs","index":26,"provider_name":"registry.terraform.io/hashicorp/random","change":{"actions":["create"],"before":null,"after":{"input":["RUN","DANCE","LOVE","RESPECT","KICKED","BAKED"],"keepers":null,"result_count":null,"seed":null},"after_unknown":{"id":true,"input":[false,false,false,false,false,false],"result":true}}},{"address":"random_shuffle.random_verbs[27]","mode":"managed","type":"random_shuffle","name":"random_verbs","index":27,"provider_name":"registry.terraform.io/hashicorp/random","change":{"actions":["create"],"before":null,"after":{"input":["RUN","DANCE","LOVE","RESPECT","KICKED","BAKED"],"keepers":null,"result_count":null,"seed":null},"after_unknown":{"id":true,"input":[false,false,false,false,false,false],"result":true}}},{"address":"random_shuffle.random_verbs[28]","mode":"managed","type":"random_shuffle","name":"random_verbs","index":28,"provider_name":"registry.terraform.io/hashicorp/random","change":{"actions":["create"],"before":null,"after":{"input":["RUN","DANCE","LOVE","RESPECT","KICKED","BAKED"],"keepers":null,"result_count":null,"seed":null},"after_unknown":{"id":true,"input":[false,false,false,false,false,false],"result":true}}},{"address":"random_shuffle.random_verbs[29]","mode":"managed","type":"random_shuffle","name":"random_verbs","index":29,"provider_name":"registry.terraform.io/hashicorp/random","change":{"actions":["create"],"before":null,"after":{"input":["RUN","DANCE","LOVE","RESPECT","KICKED","BAKED"],"keepers":null,"result_count":null,"seed":null},"after_unknown":{"id":true,"input":[false,false,false,false,false,false],"result":true}}},{"address":"random_shuffle.random_verbs[2]","mode":"managed","type":"random_shuffle","name":"random_verbs","index":2,"provider_name":"registry.terraform.io/hashicorp/random","change":{"actions":["create"],"before":null,"after":{"input":["RUN","DANCE","LOVE","RESPECT","KICKED","BAKED"],"keepers":null,"result_count":null,"seed":null},"after_unknown":{"id":true,"input":[false,false,false,false,false,false],"result":true}}},{"address":"random_shuffle.random_verbs[30]","mode":"managed","type":"random_shuffle","name":"random_verbs","index":30,"provider_name":"registry.terraform.io/hashicorp/random","change":{"actions":["create"],"before":null,"after":{"input":["RUN","DANCE","LOVE","RESPECT","KICKED","BAKED"],"keepers":null,"result_count":null,"seed":null},"after_unknown":{"id":true,"input":[false,false,false,false,false,false],"result":true}}},{"address":"random_shuffle.random_verbs[31]","mode":"managed","type":"random_shuffle","name":"random_verbs","index":31,"provider_name":"registry.terraform.io/hashicorp/random","change":{"actions":["create"],"before":null,"after":{"input":["RUN","DANCE","LOVE","RESPECT","KICKED","BAKED"],"keepers":null,"result_count":null,"seed":null},"after_unknown":{"id":true,"input":[false,false,false,false,false,false],"result":true}}},{"address":"random_shuffle.random_verbs[32]","mode":"managed","type":"random_shuffle","name":"random_verbs","index":32,"provider_name":"registry.terraform.io/hashicorp/random","change":{"actions":["create"],"before":null,"after":{"input":["RUN","DANCE","LOVE","RESPECT","KICKED","BAKED"],"keepers":null,"result_count":null,"seed":null},"after_unknown":{"id":true,"input":[false,false,false,false,false,false],"result":true}}},{"address":"random_shuffle.random_verbs[33]","mode":"managed","type":"random_shuffle","name":"random_verbs","index":33,"provider_name":"registry.terraform.io/hashicorp/random","change":{"actions":["create"],"before":null,"after":{"input":["RUN","DANCE","LOVE","RESPECT","KICKED","BAKED"],"keepers":null,"result_count":null,"seed":null},"after_unknown":{"id":true,"input":[false,false,false,false,false,false],"result":true}}},{"address":"random_shuffle.random_verbs[34]","mode":"managed","type":"random_shuffle","name":"random_verbs","index":34,"provider_name":"registry.terraform.io/hashicorp/random","change":{"actions":["create"],"before":null,"after":{"input":["RUN","DANCE","LOVE","RESPECT","KICKED","BAKED"],"keepers":null,"result_count":null,"seed":null},"after_unknown":{"id":true,"input":[false,false,false,false,false,false],"result":true}}},{"address":"random_shuffle.random_verbs[35]","mode":"managed","type":"random_shuffle","name":"random_verbs","index":35,"provider_name":"registry.terraform.io/hashicorp/random","change":{"actions":["create"],"before":null,"after":{"input":["RUN","DANCE","LOVE","RESPECT","KICKED","BAKED"],"keepers":null,"result_count":null,"seed":null},"after_unknown":{"id":true,"input":[false,false,false,false,false,false],"result":true}}},{"address":"random_shuffle.random_verbs[36]","mode":"managed","type":"random_shuffle","name":"random_verbs","index":36,"provider_name":"registry.terraform.io/hashicorp/random","change":{"actions":["create"],"before":null,"after":{"input":["RUN","DANCE","LOVE","RESPECT","KICKED","BAKED"],"keepers":null,"result_count":null,"seed":null},"after_unknown":{"id":true,"input":[false,false,false,false,false,false],"result":true}}},{"address":"random_shuffle.random_verbs[37]","mode":"managed","type":"random_shuffle","name":"random_verbs","index":37,"provider_name":"registry.terraform.io/hashicorp/random","change":{"actions":["create"],"before":null,"after":{"input":["RUN","DANCE","LOVE","RESPECT","KICKED","BAKED"],"keepers":null,"result_count":null,"seed":null},"after_unknown":{"id":true,"input":[false,false,false,false,false,false],"result":true}}},{"address":"random_shuffle.random_verbs[38]","mode":"managed","type":"random_shuffle","name":"random_verbs","index":38,"provider_name":"registry.terraform.io/hashicorp/random","change":{"actions":["create"],"before":null,"after":{"input":["RUN","DANCE","LOVE","RESPECT","KICKED","BAKED"],"keepers":null,"result_count":null,"seed":null},"after_unknown":{"id":true,"input":[false,false,false,false,false,false],"result":true}}},{"address":"random_shuffle.random_verbs[39]","mode":"managed","type":"random_shuffle","name":"random_verbs","index":39,"provider_name":"registry.terraform.io/hashicorp/random","change":{"actions":["create"],"before":null,"after":{"input":["RUN","DANCE","LOVE","RESPECT","KICKED","BAKED"],"keepers":null,"result_count":null,"seed":null},"after_unknown":{"id":true,"input":[false,false,false,false,false,false],"result":true}}},{"address":"random_shuffle.random_verbs[3]","mode":"managed","type":"random_shuffle","name":"random_verbs","index":3,"provider_name":"registry.terraform.io/hashicorp/random","change":{"actions":["create"],"before":null,"after":{"input":["RUN","DANCE","LOVE","RESPECT","KICKED","BAKED"],"keepers":null,"result_count":null,"seed":null},"after_unknown":{"id":true,"input":[false,false,false,false,false,false],"result":true}}},{"address":"random_shuffle.random_verbs[40]","mode":"managed","type":"random_shuffle","name":"random_verbs","index":40,"provider_name":"registry.terraform.io/hashicorp/random","change":{"actions":["create"],"before":null,"after":{"input":["RUN","DANCE","LOVE","RESPECT","KICKED","BAKED"],"keepers":null,"result_count":null,"seed":null},"after_unknown":{"id":true,"input":[false,false,false,false,false,false],"result":true}}},{"address":"random_shuffle.random_verbs[41]","mode":"managed","type":"random_shuffle","name":"random_verbs","index":41,"provider_name":"registry.terraform.io/hashicorp/random","change":{"actions":["create"],"before":null,"after":{"input":["RUN","DANCE","LOVE","RESPECT","KICKED","BAKED"],"keepers":null,"result_count":null,"seed":null},"after_unknown":{"id":true,"input":[false,false,false,false,false,false],"result":true}}},{"address":"random_shuffle.random_verbs[42]","mode":"managed","type":"random_shuffle","name":"random_verbs","index":42,"provider_name":"registry.terraform.io/hashicorp/random","change":{"actions":["create"],"before":null,"after":{"input":["RUN","DANCE","LOVE","RESPECT","KICKED","BAKED"],"keepers":null,"result_count":null,"seed":null},"after_unknown":{"id":true,"input":[false,false,false,false,false,false],"result":true}}},{"address":"random_shuffle.random_verbs[43]","mode":"managed","type":"random_shuffle","name":"random_verbs","index":43,"provider_name":"registry.terraform.io/hashicorp/random","change":{"actions":["create"],"before":null,"after":{"input":["RUN","DANCE","LOVE","RESPECT","KICKED","BAKED"],"keepers":null,"result_count":null,"seed":null},"after_unknown":{"id":true,"input":[false,false,false,false,false,false],"result":true}}},{"address":"random_shuffle.random_verbs[44]","mode":"managed","type":"random_shuffle","name":"random_verbs","index":44,"provider_name":"registry.terraform.io/hashicorp/random","change":{"actions":["create"],"before":null,"after":{"input":["RUN","DANCE","LOVE","RESPECT","KICKED","BAKED"],"keepers":null,"result_count":null,"seed":null},"after_unknown":{"id":true,"input":[false,false,false,false,false,false],"result":true}}},{"address":"random_shuffle.random_verbs[45]","mode":"managed","type":"random_shuffle","name":"random_verbs","index":45,"provider_name":"registry.terraform.io/hashicorp/random","change":{"actions":["create"],"before":null,"after":{"input":["RUN","DANCE","LOVE","RESPECT","KICKED","BAKED"],"keepers":null,"result_count":null,"seed":null},"after_unknown":{"id":true,"input":[false,false,false,false,false,false],"result":true}}},{"address":"random_shuffle.random_verbs[46]","mode":"managed","type":"random_shuffle","name":"random_verbs","index":46,"provider_name":"registry.terraform.io/hashicorp/random","change":{"actions":["create"],"before":null,"after":{"input":["RUN","DANCE","LOVE","RESPECT","KICKED","BAKED"],"keepers":null,"result_count":null,"seed":null},"after_unknown":{"id":true,"input":[false,false,false,false,false,false],"result":true}}},{"address":"random_shuffle.random_verbs[47]","mode":"managed","type":"random_shuffle","name":"random_verbs","index":47,"provider_name":"registry.terraform.io/hashicorp/random","change":{"actions":["create"],"before":null,"after":{"input":["RUN","DANCE","LOVE","RESPECT","KICKED","BAKED"],"keepers":null,"result_count":null,"seed":null},"after_unknown":{"id":true,"input":[false,false,false,false,false,false],"result":true}}},{"address":"random_shuffle.random_verbs[48]","mode":"managed","type":"random_shuffle","name":"random_verbs","index":48,"provider_name":"registry.terraform.io/hashicorp/random","change":{"actions":["create"],"before":null,"after":{"input":["RUN","DANCE","LOVE","RESPECT","KICKED","BAKED"],"keepers":null,"result_count":null,"seed":null},"after_unknown":{"id":true,"input":[false,false,false,false,false,false],"result":true}}},{"address":"random_shuffle.random_verbs[49]","mode":"managed","type":"random_shuffle","name":"random_verbs","index":49,"provider_name":"registry.terraform.io/hashicorp/random","change":{"actions":["create"],"before":null,"after":{"input":["RUN","DANCE","LOVE","RESPECT","KICKED","BAKED"],"keepers":null,"result_count":null,"seed":null},"after_unknown":{"id":true,"input":[false,false,false,false,false,false],"result":true}}},{"address":"random_shuffle.random_verbs[4]","mode":"managed","type":"random_shuffle","name":"random_verbs","index":4,"provider_name":"registry.terraform.io/hashicorp/random","change":{"actions":["create"],"before":null,"after":{"input":["RUN","DANCE","LOVE","RESPECT","KICKED","BAKED"],"keepers":null,"result_count":null,"seed":null},"after_unknown":{"id":true,"input":[false,false,false,false,false,false],"result":true}}},{"address":"random_shuffle.random_verbs[50]","mode":"managed","type":"random_shuffle","name":"random_verbs","index":50,"provider_name":"registry.terraform.io/hashicorp/random","change":{"actions":["create"],"before":null,"after":{"input":["RUN","DANCE","LOVE","RESPECT","KICKED","BAKED"],"keepers":null,"result_count":null,"seed":null},"after_unknown":{"id":true,"input":[false,false,false,false,false,false],"result":true}}},{"address":"random_shuffle.random_verbs[51]","mode":"managed","type":"random_shuffle","name":"random_verbs","index":51,"provider_name":"registry.terraform.io/hashicorp/random","change":{"actions":["create"],"before":null,"after":{"input":["RUN","DANCE","LOVE","RESPECT","KICKED","BAKED"],"keepers":null,"result_count":null,"seed":null},"after_unknown":{"id":true,"input":[false,false,false,false,false,false],"result":true}}},{"address":"random_shuffle.random_verbs[52]","mode":"managed","type":"random_shuffle","name":"random_verbs","index":52,"provider_name":"registry.terraform.io/hashicorp/random","change":{"actions":["create"],"before":null,"after":{"input":["RUN","DANCE","LOVE","RESPECT","KICKED","BAKED"],"keepers":null,"result_count":null,"seed":null},"after_unknown":{"id":true,"input":[false,false,false,false,false,false],"result":true}}},{"address":"random_shuffle.random_verbs[53]","mode":"managed","type":"random_shuffle","name":"random_verbs","index":53,"provider_name":"registry.terraform.io/hashicorp/random","change":{"actions":["create"],"before":null,"after":{"input":["RUN","DANCE","LOVE","RESPECT","KICKED","BAKED"],"keepers":null,"result_count":null,"seed":null},"after_unknown":{"id":true,"input":[false,false,false,false,false,false],"result":true}}},{"address":"random_shuffle.random_verbs[54]","mode":"managed","type":"random_shuffle","name":"random_verbs","index":54,"provider_name":"registry.terraform.io/hashicorp/random","change":{"actions":["create"],"before":null,"after":{"input":["RUN","DANCE","LOVE","RESPECT","KICKED","BAKED"],"keepers":null,"result_count":null,"seed":null},"after_unknown":{"id":true,"input":[false,false,false,false,false,false],"result":true}}},{"address":"random_shuffle.random_verbs[55]","mode":"managed","type":"random_shuffle","name":"random_verbs","index":55,"provider_name":"registry.terraform.io/hashicorp/random","change":{"actions":["create"],"before":null,"after":{"input":["RUN","DANCE","LOVE","RESPECT","KICKED","BAKED"],"keepers":null,"result_count":null,"seed":null},"after_unknown":{"id":true,"input":[false,false,false,false,false,false],"result":true}}},{"address":"random_shuffle.random_verbs[56]","mode":"managed","type":"random_shuffle","name":"random_verbs","index":56,"provider_name":"registry.terraform.io/hashicorp/random","change":{"actions":["create"],"before":null,"after":{"input":["RUN","DANCE","LOVE","RESPECT","KICKED","BAKED"],"keepers":null,"result_count":null,"seed":null},"after_unknown":{"id":true,"input":[false,false,false,false,false,false],"result":true}}},{"address":"random_shuffle.random_verbs[57]","mode":"managed","type":"random_shuffle","name":"random_verbs","index":57,"provider_name":"registry.terraform.io/hashicorp/random","change":{"actions":["create"],"before":null,"after":{"input":["RUN","DANCE","LOVE","RESPECT","KICKED","BAKED"],"keepers":null,"result_count":null,"seed":null},"after_unknown":{"id":true,"input":[false,false,false,false,false,false],"result":true}}},{"address":"random_shuffle.random_verbs[58]","mode":"managed","type":"random_shuffle","name":"random_verbs","index":58,"provider_name":"registry.terraform.io/hashicorp/random","change":{"actions":["create"],"before":null,"after":{"input":["RUN","DANCE","LOVE","RESPECT","KICKED","BAKED"],"keepers":null,"result_count":null,"seed":null},"after_unknown":{"id":true,"input":[false,false,false,false,false,false],"result":true}}},{"address":"random_shuffle.random_verbs[59]","mode":"managed","type":"random_shuffle","name":"random_verbs","index":59,"provider_name":"registry.terraform.io/hashicorp/random","change":{"actions":["create"],"before":null,"after":{"input":["RUN","DANCE","LOVE","RESPECT","KICKED","BAKED"],"keepers":null,"result_count":null,"seed":null},"after_unknown":{"id":true,"input":[false,false,false,false,false,false],"result":true}}},{"address":"random_shuffle.random_verbs[5]","mode":"managed","type":"random_shuffle","name":"random_verbs","index":5,"provider_name":"registry.terraform.io/hashicorp/random","change":{"actions":["create"],"before":null,"after":{"input":["RUN","DANCE","LOVE","RESPECT","KICKED","BAKED"],"keepers":null,"result_count":null,"seed":null},"after_unknown":{"id":true,"input":[false,false,false,false,false,false],"result":true}}},{"address":"random_shuffle.random_verbs[60]","mode":"managed","type":"random_shuffle","name":"random_verbs","index":60,"provider_name":"registry.terraform.io/hashicorp/random","change":{"actions":["create"],"before":null,"after":{"input":["RUN","DANCE","LOVE","RESPECT","KICKED","BAKED"],"keepers":null,"result_count":null,"seed":null},"after_unknown":{"id":true,"input":[false,false,false,false,false,false],"result":true}}},{"address":"random_shuffle.random_verbs[61]","mode":"managed","type":"random_shuffle","name":"random_verbs","index":61,"provider_name":"registry.terraform.io/hashicorp/random","change":{"actions":["create"],"before":null,"after":{"input":["RUN","DANCE","LOVE","RESPECT","KICKED","BAKED"],"keepers":null,"result_count":null,"seed":null},"after_unknown":{"id":true,"input":[false,false,false,false,false,false],"result":true}}},{"address":"random_shuffle.random_verbs[62]","mode":"managed","type":"random_shuffle","name":"random_verbs","index":62,"provider_name":"registry.terraform.io/hashicorp/random","change":{"actions":["create"],"before":null,"after":{"input":["RUN","DANCE","LOVE","RESPECT","KICKED","BAKED"],"keepers":null,"result_count":null,"seed":null},"after_unknown":{"id":true,"input":[false,false,false,false,false,false],"result":true}}},{"address":"random_shuffle.random_verbs[63]","mode":"managed","type":"random_shuffle","name":"random_verbs","index":63,"provider_name":"registry.terraform.io/hashicorp/random","change":{"actions":["create"],"before":null,"after":{"input":["RUN","DANCE","LOVE","RESPECT","KICKED","BAKED"],"keepers":null,"result_count":null,"seed":null},"after_unknown":{"id":true,"input":[false,false,false,false,false,false],"result":true}}},{"address":"random_shuffle.random_verbs[64]","mode":"managed","type":"random_shuffle","name":"random_verbs","index":64,"provider_name":"registry.terraform.io/hashicorp/random","change":{"actions":["create"],"before":null,"after":{"input":["RUN","DANCE","LOVE","RESPECT","KICKED","BAKED"],"keepers":null,"result_count":null,"seed":null},"after_unknown":{"id":true,"input":[false,false,false,false,false,false],"result":true}}},{"address":"random_shuffle.random_verbs[65]","mode":"managed","type":"random_shuffle","name":"random_verbs","index":65,"provider_name":"registry.terraform.io/hashicorp/random","change":{"actions":["create"],"before":null,"after":{"input":["RUN","DANCE","LOVE","RESPECT","KICKED","BAKED"],"keepers":null,"result_count":null,"seed":null},"after_unknown":{"id":true,"input":[false,false,false,false,false,false],"result":true}}},{"address":"random_shuffle.random_verbs[66]","mode":"managed","type":"random_shuffle","name":"random_verbs","index":66,"provider_name":"registry.terraform.io/hashicorp/random","change":{"actions":["create"],"before":null,"after":{"input":["RUN","DANCE","LOVE","RESPECT","KICKED","BAKED"],"keepers":null,"result_count":null,"seed":null},"after_unknown":{"id":true,"input":[false,false,false,false,false,false],"result":true}}},{"address":"random_shuffle.random_verbs[67]","mode":"managed","type":"random_shuffle","name":"random_verbs","index":67,"provider_name":"registry.terraform.io/hashicorp/random","change":{"actions":["create"],"before":null,"after":{"input":["RUN","DANCE","LOVE","RESPECT","KICKED","BAKED"],"keepers":null,"result_count":null,"seed":null},"after_unknown":{"id":true,"input":[false,false,false,false,false,false],"result":true}}},{"address":"random_shuffle.random_verbs[68]","mode":"managed","type":"random_shuffle","name":"random_verbs","index":68,"provider_name":"registry.terraform.io/hashicorp/random","change":{"actions":["create"],"before":null,"after":{"input":["RUN","DANCE","LOVE","RESPECT","KICKED","BAKED"],"keepers":null,"result_count":null,"seed":null},"after_unknown":{"id":true,"input":[false,false,false,false,false,false],"result":true}}},{"address":"random_shuffle.random_verbs[69]","mode":"managed","type":"random_shuffle","name":"random_verbs","index":69,"provider_name":"registry.terraform.io/hashicorp/random","change":{"actions":["create"],"before":null,"after":{"input":["RUN","DANCE","LOVE","RESPECT","KICKED","BAKED"],"keepers":null,"result_count":null,"seed":null},"after_unknown":{"id":true,"input":[false,false,false,false,false,false],"result":true}}},{"address":"random_shuffle.random_verbs[6]","mode":"managed","type":"random_shuffle","name":"random_verbs","index":6,"provider_name":"registry.terraform.io/hashicorp/random","change":{"actions":["create"],"before":null,"after":{"input":["RUN","DANCE","LOVE","RESPECT","KICKED","BAKED"],"keepers":null,"result_count":null,"seed":null},"after_unknown":{"id":true,"input":[false,false,false,false,false,false],"result":true}}},{"address":"random_shuffle.random_verbs[70]","mode":"managed","type":"random_shuffle","name":"random_verbs","index":70,"provider_name":"registry.terraform.io/hashicorp/random","change":{"actions":["create"],"before":null,"after":{"input":["RUN","DANCE","LOVE","RESPECT","KICKED","BAKED"],"keepers":null,"result_count":null,"seed":null},"after_unknown":{"id":true,"input":[false,false,false,false,false,false],"result":true}}},{"address":"random_shuffle.random_verbs[71]","mode":"managed","type":"random_shuffle","name":"random_verbs","index":71,"provider_name":"registry.terraform.io/hashicorp/random","change":{"actions":["create"],"before":null,"after":{"input":["RUN","DANCE","LOVE","RESPECT","KICKED","BAKED"],"keepers":null,"result_count":null,"seed":null},"after_unknown":{"id":true,"input":[false,false,false,false,false,false],"result":true}}},{"address":"random_shuffle.random_verbs[72]","mode":"managed","type":"random_shuffle","name":"random_verbs","index":72,"provider_name":"registry.terraform.io/hashicorp/random","change":{"actions":["create"],"before":null,"after":{"input":["RUN","DANCE","LOVE","RESPECT","KICKED","BAKED"],"keepers":null,"result_count":null,"seed":null},"after_unknown":{"id":true,"input":[false,false,false,false,false,false],"result":true}}},{"address":"random_shuffle.random_verbs[73]","mode":"managed","type":"random_shuffle","name":"random_verbs","index":73,"provider_name":"registry.terraform.io/hashicorp/random","change":{"actions":["create"],"before":null,"after":{"input":["RUN","DANCE","LOVE","RESPECT","KICKED","BAKED"],"keepers":null,"result_count":null,"seed":null},"after_unknown":{"id":true,"input":[false,false,false,false,false,false],"result":true}}},{"address":"random_shuffle.random_verbs[74]","mode":"managed","type":"random_shuffle","name":"random_verbs","index":74,"provider_name":"registry.terraform.io/hashicorp/random","change":{"actions":["create"],"before":null,"after":{"input":["RUN","DANCE","LOVE","RESPECT","KICKED","BAKED"],"keepers":null,"result_count":null,"seed":null},"after_unknown":{"id":true,"input":[false,false,false,false,false,false],"result":true}}},{"address":"random_shuffle.random_verbs[75]","mode":"managed","type":"random_shuffle","name":"random_verbs","index":75,"provider_name":"registry.terraform.io/hashicorp/random","change":{"actions":["create"],"before":null,"after":{"input":["RUN","DANCE","LOVE","RESPECT","KICKED","BAKED"],"keepers":null,"result_count":null,"seed":null},"after_unknown":{"id":true,"input":[false,false,false,false,false,false],"result":true}}},{"address":"random_shuffle.random_verbs[76]","mode":"managed","type":"random_shuffle","name":"random_verbs","index":76,"provider_name":"registry.terraform.io/hashicorp/random","change":{"actions":["create"],"before":null,"after":{"input":["RUN","DANCE","LOVE","RESPECT","KICKED","BAKED"],"keepers":null,"result_count":null,"seed":null},"after_unknown":{"id":true,"input":[false,false,false,false,false,false],"result":true}}},{"address":"random_shuffle.random_verbs[77]","mode":"managed","type":"random_shuffle","name":"random_verbs","index":77,"provider_name":"registry.terraform.io/hashicorp/random","change":{"actions":["create"],"before":null,"after":{"input":["RUN","DANCE","LOVE","RESPECT","KICKED","BAKED"],"keepers":null,"result_count":null,"seed":null},"after_unknown":{"id":true,"input":[false,false,false,false,false,false],"result":true}}},{"address":"random_shuffle.random_verbs[78]","mode":"managed","type":"random_shuffle","name":"random_verbs","index":78,"provider_name":"registry.terraform.io/hashicorp/random","change":{"actions":["create"],"before":null,"after":{"input":["RUN","DANCE","LOVE","RESPECT","KICKED","BAKED"],"keepers":null,"result_count":null,"seed":null},"after_unknown":{"id":true,"input":[false,false,false,false,false,false],"result":true}}},{"address":"random_shuffle.random_verbs[79]","mode":"managed","type":"random_shuffle","name":"random_verbs","index":79,"provider_name":"registry.terraform.io/hashicorp/random","change":{"actions":["create"],"before":null,"after":{"input":["RUN","DANCE","LOVE","RESPECT","KICKED","BAKED"],"keepers":null,"result_count":null,"seed":null},"after_unknown":{"id":true,"input":[false,false,false,false,false,false],"result":true}}},{"address":"random_shuffle.random_verbs[7]","mode":"managed","type":"random_shuffle","name":"random_verbs","index":7,"provider_name":"registry.terraform.io/hashicorp/random","change":{"actions":["create"],"before":null,"after":{"input":["RUN","DANCE","LOVE","RESPECT","KICKED","BAKED"],"keepers":null,"result_count":null,"seed":null},"after_unknown":{"id":true,"input":[false,false,false,false,false,false],"result":true}}},{"address":"random_shuffle.random_verbs[80]","mode":"managed","type":"random_shuffle","name":"random_verbs","index":80,"provider_name":"registry.terraform.io/hashicorp/random","change":{"actions":["create"],"before":null,"after":{"input":["RUN","DANCE","LOVE","RESPECT","KICKED","BAKED"],"keepers":null,"result_count":null,"seed":null},"after_unknown":{"id":true,"input":[false,false,false,false,false,false],"result":true}}},{"address":"random_shuffle.random_verbs[81]","mode":"managed","type":"random_shuffle","name":"random_verbs","index":81,"provider_name":"registry.terraform.io/hashicorp/random","change":{"actions":["create"],"before":null,"after":{"input":["RUN","DANCE","LOVE","RESPECT","KICKED","BAKED"],"keepers":null,"result_count":null,"seed":null},"after_unknown":{"id":true,"input":[false,false,false,false,false,false],"result":true}}},{"address":"random_shuffle.random_verbs[82]","mode":"managed","type":"random_shuffle","name":"random_verbs","index":82,"provider_name":"registry.terraform.io/hashicorp/random","change":{"actions":["create"],"before":null,"after":{"input":["RUN","DANCE","LOVE","RESPECT","KICKED","BAKED"],"keepers":null,"result_count":null,"seed":null},"after_unknown":{"id":true,"input":[false,false,false,false,false,false],"result":true}}},{"address":"random_shuffle.random_verbs[83]","mode":"managed","type":"random_shuffle","name":"random_verbs","index":83,"provider_name":"registry.terraform.io/hashicorp/random","change":{"actions":["create"],"before":null,"after":{"input":["RUN","DANCE","LOVE","RESPECT","KICKED","BAKED"],"keepers":null,"result_count":null,"seed":null},"after_unknown":{"id":true,"input":[false,false,false,false,false,false],"result":true}}},{"address":"random_shuffle.random_verbs[84]","mode":"managed","type":"random_shuffle","name":"random_verbs","index":84,"provider_name":"registry.terraform.io/hashicorp/random","change":{"actions":["create"],"before":null,"after":{"input":["RUN","DANCE","LOVE","RESPECT","KICKED","BAKED"],"keepers":null,"result_count":null,"seed":null},"after_unknown":{"id":true,"input":[false,false,false,false,false,false],"result":true}}},{"address":"random_shuffle.random_verbs[85]","mode":"managed","type":"random_shuffle","name":"random_verbs","index":85,"provider_name":"registry.terraform.io/hashicorp/random","change":{"actions":["create"],"before":null,"after":{"input":["RUN","DANCE","LOVE","RESPECT","KICKED","BAKED"],"keepers":null,"result_count":null,"seed":null},"after_unknown":{"id":true,"input":[false,false,false,false,false,false],"result":true}}},{"address":"random_shuffle.random_verbs[86]","mode":"managed","type":"random_shuffle","name":"random_verbs","index":86,"provider_name":"registry.terraform.io/hashicorp/random","change":{"actions":["create"],"before":null,"after":{"input":["RUN","DANCE","LOVE","RESPECT","KICKED","BAKED"],"keepers":null,"result_count":null,"seed":null},"after_unknown":{"id":true,"input":[false,false,false,false,false,false],"result":true}}},{"address":"random_shuffle.random_verbs[87]","mode":"managed","type":"random_shuffle","name":"random_verbs","index":87,"provider_name":"registry.terraform.io/hashicorp/random","change":{"actions":["create"],"before":null,"after":{"input":["RUN","DANCE","LOVE","RESPECT","KICKED","BAKED"],"keepers":null,"result_count":null,"seed":null},"after_unknown":{"id":true,"input":[false,false,false,false,false,false],"result":true}}},{"address":"random_shuffle.random_verbs[88]","mode":"managed","type":"random_shuffle","name":"random_verbs","index":88,"provider_name":"registry.terraform.io/hashicorp/random","change":{"actions":["create"],"before":null,"after":{"input":["RUN","DANCE","LOVE","RESPECT","KICKED","BAKED"],"keepers":null,"result_count":null,"seed":null},"after_unknown":{"id":true,"input":[false,false,false,false,false,false],"result":true}}},{"address":"random_shuffle.random_verbs[89]","mode":"managed","type":"random_shuffle","name":"random_verbs","index":89,"provider_name":"registry.terraform.io/hashicorp/random","change":{"actions":["create"],"before":null,"after":{"input":["RUN","DANCE","LOVE","RESPECT","KICKED","BAKED"],"keepers":null,"result_count":null,"seed":null},"after_unknown":{"id":true,"input":[false,false,false,false,false,false],"result":true}}},{"address":"random_shuffle.random_verbs[8]","mode":"managed","type":"random_shuffle","name":"random_verbs","index":8,"provider_name":"registry.terraform.io/hashicorp/random","change":{"actions":["create"],"before":null,"after":{"input":["RUN","DANCE","LOVE","RESPECT","KICKED","BAKED"],"keepers":null,"result_count":null,"seed":null},"after_unknown":{"id":true,"input":[false,false,false,false,false,false],"result":true}}},{"address":"random_shuffle.random_verbs[90]","mode":"managed","type":"random_shuffle","name":"random_verbs","index":90,"provider_name":"registry.terraform.io/hashicorp/random","change":{"actions":["create"],"before":null,"after":{"input":["RUN","DANCE","LOVE","RESPECT","KICKED","BAKED"],"keepers":null,"result_count":null,"seed":null},"after_unknown":{"id":true,"input":[false,false,false,false,false,false],"result":true}}},{"address":"random_shuffle.random_verbs[91]","mode":"managed","type":"random_shuffle","name":"random_verbs","index":91,"provider_name":"registry.terraform.io/hashicorp/random","change":{"actions":["create"],"before":null,"after":{"input":["RUN","DANCE","LOVE","RESPECT","KICKED","BAKED"],"keepers":null,"result_count":null,"seed":null},"after_unknown":{"id":true,"input":[false,false,false,false,false,false],"result":true}}},{"address":"random_shuffle.random_verbs[92]","mode":"managed","type":"random_shuffle","name":"random_verbs","index":92,"provider_name":"registry.terraform.io/hashicorp/random","change":{"actions":["create"],"before":null,"after":{"input":["RUN","DANCE","LOVE","RESPECT","KICKED","BAKED"],"keepers":null,"result_count":null,"seed":null},"after_unknown":{"id":true,"input":[false,false,false,false,false,false],"result":true}}},{"address":"random_shuffle.random_verbs[93]","mode":"managed","type":"random_shuffle","name":"random_verbs","index":93,"provider_name":"registry.terraform.io/hashicorp/random","change":{"actions":["create"],"before":null,"after":{"input":["RUN","DANCE","LOVE","RESPECT","KICKED","BAKED"],"keepers":null,"result_count":null,"seed":null},"after_unknown":{"id":true,"input":[false,false,false,false,false,false],"result":true}}},{"address":"random_shuffle.random_verbs[94]","mode":"managed","type":"random_shuffle","name":"random_verbs","index":94,"provider_name":"registry.terraform.io/hashicorp/random","change":{"actions":["create"],"before":null,"after":{"input":["RUN","DANCE","LOVE","RESPECT","KICKED","BAKED"],"keepers":null,"result_count":null,"seed":null},"after_unknown":{"id":true,"input":[false,false,false,false,false,false],"result":true}}},{"address":"random_shuffle.random_verbs[95]","mode":"managed","type":"random_shuffle","name":"random_verbs","index":95,"provider_name":"registry.terraform.io/hashicorp/random","change":{"actions":["create"],"before":null,"after":{"input":["RUN","DANCE","LOVE","RESPECT","KICKED","BAKED"],"keepers":null,"result_count":null,"seed":null},"after_unknown":{"id":true,"input":[false,false,false,false,false,false],"result":true}}},{"address":"random_shuffle.random_verbs[96]","mode":"managed","type":"random_shuffle","name":"random_verbs","index":96,"provider_name":"registry.terraform.io/hashicorp/random","change":{"actions":["create"],"before":null,"after":{"input":["RUN","DANCE","LOVE","RESPECT","KICKED","BAKED"],"keepers":null,"result_count":null,"seed":null},"after_unknown":{"id":true,"input":[false,false,false,false,false,false],"result":true}}},{"address":"random_shuffle.random_verbs[97]","mode":"managed","type":"random_shuffle","name":"random_verbs","index":97,"provider_name":"registry.terraform.io/hashicorp/random","change":{"actions":["create"],"before":null,"after":{"input":["RUN","DANCE","LOVE","RESPECT","KICKED","BAKED"],"keepers":null,"result_count":null,"seed":null},"after_unknown":{"id":true,"input":[false,false,false,false,false,false],"result":true}}},{"address":"random_shuffle.random_verbs[98]","mode":"managed","type":"random_shuffle","name":"random_verbs","index":98,"provider_name":"registry.terraform.io/hashicorp/random","change":{"actions":["create"],"before":null,"after":{"input":["RUN","DANCE","LOVE","RESPECT","KICKED","BAKED"],"keepers":null,"result_count":null,"seed":null},"after_unknown":{"id":true,"input":[false,false,false,false,false,false],"result":true}}},{"address":"random_shuffle.random_verbs[99]","mode":"managed","type":"random_shuffle","name":"random_verbs","index":99,"provider_name":"registry.terraform.io/hashicorp/random","change":{"actions":["create"],"before":null,"after":{"input":["RUN","DANCE","LOVE","RESPECT","KICKED","BAKED"],"keepers":null,"result_count":null,"seed":null},"after_unknown":{"id":true,"input":[false,false,false,false,false,false],"result":true}}},{"address":"random_shuffle.random_verbs[9]","mode":"managed","type":"random_shuffle","name":"random_verbs","index":9,"provider_name":"registry.terraform.io/hashicorp/random","change":{"actions":["create"],"before":null,"after":{"input":["RUN","DANCE","LOVE","RESPECT","KICKED","BAKED"],"keepers":null,"result_count":null,"seed":null},"after_unknown":{"id":true,"input":[false,false,false,false,false,false],"result":true}}}],"output_changes":{"mad_libs":{"actions":["delete"],"before":"LICE'S UPSIDE-DOWN WORLD\nLewis Carroll's classic, \"Alice's Adventures in Wonderland\", as well\nas its sticky sequel, \"Through the Looking sun\",\nhave enchanted both the young and old walnutss for the last\n101 years, Alice's chubby adventures begin\nwhen she runs down a/an bitter hole and lands\nin a strange and topsy-turvy army. There she discovers she\ncan become a tall banana or a small jellyfish simply by\nnibbling on alternate sides of a magic violin. In her travels\nthrough Wonderland, Alice kickeds such remarkable\ncharacters as the White milk, the grumpy Hatter,\nthe Cheshire jigsaw, and even the Queen of Zeuss.\nUnfortunately, Alice's adventures come to a/an abundant\nend when Alice awakens from her Zeus.\n","after":null,"after_unknown":false}},"prior_state":{"format_version":"0.1","terraform_version":"0.14.0","values":{"outputs":{"mad_libs":{"sensitive":false,"value":"LICE'S UPSIDE-DOWN WORLD\nLewis Carroll's classic, \"Alice's Adventures in Wonderland\", as well\nas its sticky sequel, \"Through the Looking sun\",\nhave enchanted both the young and old walnutss for the last\n101 years, Alice's chubby adventures begin\nwhen she runs down a/an bitter hole and lands\nin a strange and topsy-turvy army. There she discovers she\ncan become a tall banana or a small jellyfish simply by\nnibbling on alternate sides of a magic violin. In her travels\nthrough Wonderland, Alice kickeds such remarkable\ncharacters as the White milk, the grumpy Hatter,\nthe Cheshire jigsaw, and even the Queen of Zeuss.\nUnfortunately, Alice's adventures come to a/an abundant\nend when Alice awakens from her Zeus.\n"}},"root_module":{"resources":[{"address":"random_shuffle.random_adjectives[0]","mode":"managed","type":"random_shuffle","name":"random_adjectives","index":0,"provider_name":"registry.terraform.io/hashicorp/random","schema_version":0,"values":{"id":"-","input":["bitter","sticky","thundering","abundant","chubby","grumpy"],"keepers":null,"result":["sticky","chubby","bitter","grumpy","abundant","thundering"],"result_count":null,"seed":null}},{"address":"random_shuffle.random_adverbs[0]","mode":"managed","type":"random_shuffle","name":"random_adverbs","index":0,"provider_name":"registry.terraform.io/hashicorp/random","schema_version":0,"values":{"id":"-","input":["delicately","beautifully","quickly","truthfully","wearily"],"keepers":null,"result":["beautifully","delicately","wearily","truthfully","quickly"],"result_count":null,"seed":null}},{"address":"random_shuffle.random_nouns[0]","mode":"managed","type":"random_shuffle","name":"random_nouns","index":0,"provider_name":"registry.terraform.io/hashicorp/random","schema_version":0,"values":{"id":"-","input":["army","panther","walnuts","sandwich","Zeus","banana","cat","jellyfish","jigsaw","violin","milk","sun"],"keepers":null,"result":["sun","walnuts","army","banana","jellyfish","violin","milk","jigsaw","Zeus","cat","panther","sandwich"],"result_count":null,"seed":null}},{"address":"random_shuffle.random_numbers[0]","mode":"managed","type":"random_shuffle","name":"random_numbers","index":0,"provider_name":"registry.terraform.io/hashicorp/random","schema_version":0,"values":{"id":"-","input":["42","27","101","73","-5","0"],"keepers":null,"result":["101","-5","42","73","0","27"],"result_count":null,"seed":null}},{"address":"random_shuffle.random_verbs[0]","mode":"managed","type":"random_shuffle","name":"random_verbs","index":0,"provider_name":"registry.terraform.io/hashicorp/random","schema_version":0,"values":{"id":"-","input":["run","dance","love","respect","kicked","baked"],"keepers":null,"result":["run","kicked","dance","respect","love","baked"],"result_count":null,"seed":null}}]}}},"configuration":{"root_module":{"resources":[{"address":"local_file.mad_libs","mode":"managed","type":"local_file","name":"mad_libs","provider_config_key":"local","expressions":{"content":{"references":["local.templates","count.index","random_shuffle.random_nouns","count.index","random_shuffle.random_adjectives","count.index","random_shuffle.random_verbs","count.index","random_shuffle.random_adverbs","count.index","random_shuffle.random_numbers","count.index"]},"filename":{"references":["count.index"]}},"schema_version":0,"count_expression":{"references":["var.num_files"]}},{"address":"random_shuffle.random_adjectives","mode":"managed","type":"random_shuffle","name":"random_adjectives","provider_config_key":"random","expressions":{"input":{"references":["local.uppercase_words"]}},"schema_version":0,"count_expression":{"references":["var.num_files"]}},{"address":"random_shuffle.random_adverbs","mode":"managed","type":"random_shuffle","name":"random_adverbs","provider_config_key":"random","expressions":{"input":{"references":["local.uppercase_words"]}},"schema_version":0,"count_expression":{"references":["var.num_files"]}},{"address":"random_shuffle.random_nouns","mode":"managed","type":"random_shuffle","name":"random_nouns","provider_config_key":"random","expressions":{"input":{"references":["local.uppercase_words"]}},"schema_version":0,"count_expression":{"references":["var.num_files"]}},{"address":"random_shuffle.random_numbers","mode":"managed","type":"random_shuffle","name":"random_numbers","provider_config_key":"random","expressions":{"input":{"references":["local.uppercase_words"]}},"schema_version":0,"count_expression":{"references":["var.num_files"]}},{"address":"random_shuffle.random_verbs","mode":"managed","type":"random_shuffle","name":"random_verbs","provider_config_key":"random","expressions":{"input":{"references":["local.uppercase_words"]}},"schema_version":0,"count_expression":{"references":["var.num_files"]}},{"address":"data.archive_file.mad_libs","mode":"data","type":"archive_file","name":"mad_libs","provider_config_key":"archive","expressions":{"output_path":{"references":["path.cwd"]},"source_dir":{"references":["path.module"]},"type":{"constant_value":"zip"}},"schema_version":0,"depends_on":["local_file.mad_libs"]}],"variables":{"num_files":{"default":100,"description":"This holds the number of count"},"words":{"description":"A word pool to use for Mad libs"}}}}}
